{
  "version": 4,
  "terraform_version": "1.14.3",
  "serial": 8822,
  "lineage": "b4ee9b71-f31c-9a13-9ade-a5fe185a2945",
  "outputs": {
    "acm_cert_arn": {
      "value": "arn:aws:acm:ap-northeast-1:950876749850:certificate/fd289523-7004-48cf-98a7-5dfcf7331d2e",
      "type": "string"
    },
    "acm_dns_validation_records_to_send": {
      "value": {
        "*.librashift.com": {
          "name": "_99c160143e2dff5e0f61ac1ca2084d0e.librashift.com.",
          "type": "CNAME",
          "value": "_f42852dffde5b4262e0e05f068062ccf.jkddzztszm.acm-validations.aws."
        },
        "librashift.com": {
          "name": "_99c160143e2dff5e0f61ac1ca2084d0e.librashift.com.",
          "type": "CNAME",
          "value": "_f42852dffde5b4262e0e05f068062ccf.jkddzztszm.acm-validations.aws."
        }
      },
      "type": [
        "object",
        {
          "*.librashift.com": [
            "object",
            {
              "name": "string",
              "type": "string",
              "value": "string"
            }
          ],
          "librashift.com": [
            "object",
            {
              "name": "string",
              "type": "string",
              "value": "string"
            }
          ]
        }
      ]
    },
    "alb_dns_name": {
      "value": "armageddon-alb-1568355755.ap-northeast-1.elb.amazonaws.com",
      "type": "string"
    },
    "alb_logs_bucket_name": {
      "value": "armageddon-alb-logs-950876749850",
      "type": "string"
    },
    "apex_url_https": {
      "value": "https://librashift.com",
      "type": "string"
    },
    "armageddon_waf_firehose_name": {
      "value": "aws-waf-logs-armageddon-apne1-firehose01",
      "type": "string"
    },
    "armageddon_waf_log_destination": {
      "value": "firehose",
      "type": "string"
    },
    "dashboard_name": {
      "value": "armageddon-dashboard",
      "type": "string"
    },
    "ec2pri_logs_id": {
      "value": "vpce-0f9aa8f5c57b03551",
      "type": "string"
    },
    "ec2pri_s3_id": {
      "value": "vpce-084d727ebe5d6fa5f",
      "type": "string"
    },
    "ec2pri_secrets_id": {
      "value": "vpce-0a7ea6b340d424935",
      "type": "string"
    },
    "ec2pri_ssm_id": {
      "value": "vpce-015d4aa21a68fb0da",
      "type": "string"
    },
    "log_group_name": {
      "value": "rds-app",
      "type": "string"
    },
    "private_ec2_instance_id_bonus": {
      "value": "i-076e3bccafef6a37e",
      "type": "string"
    },
    "route53_zone_id": {
      "value": "Z09460323O5YUC5578EQ3",
      "type": "string"
    },
    "sns_topic_arn": {
      "value": "arn:aws:sns:ap-northeast-1:950876749850:db-incidents",
      "type": "string"
    },
    "target_group_arn": {
      "value": "arn:aws:elasticloadbalancing:ap-northeast-1:950876749850:targetgroup/armageddon-tg/c13519cb0900814b",
      "type": "string"
    },
    "waf_arn": {
      "value": "arn:aws:wafv2:ap-northeast-1:950876749850:regional/webacl/armageddon-waf/2c86bb10-17f8-4a95-a72c-54a8dba2f46f",
      "type": "string"
    }
  },
  "resources": [
    {
      "mode": "data",
      "type": "aws_acm_certificate",
      "name": "cf",
      "provider": "provider[\"registry.terraform.io/hashicorp/aws\"].use1",
      "instances": [
        {
          "schema_version": 0,
          "attributes": {
            "arn": "arn:aws:acm:us-east-1:950876749850:certificate/a4a98b2d-cded-4623-91e3-4a1bcc51b389",
            "certificate": "-----BEGIN CERTIFICATE-----\nMIIF6TCCBNGgAwIBAgIQAwkWFT5zG/ojsJhZX3VL/zANBgkqhkiG9w0BAQsFADA8\nMQswCQYDVQQGEwJVUzEPMA0GA1UEChMGQW1hem9uMRwwGgYDVQQDExNBbWF6b24g\nUlNBIDIwNDggTTA0MB4XDTI2MDIwNDAwMDAwMFoXDTI3MDMwNTIzNTk1OVowGTEX\nMBUGA1UEAxMObGlicmFzaGlmdC5jb20wggEiMA0GCSqGSIb3DQEBAQUAA4IBDwAw\nggEKAoIBAQCVx9xZEZL5tE6Arg1WhxsxXA6Vis9zZ6/2BtpNQ42MhAcxcpJ28KLQ\n3GSa19QxpGGgW2GjOLGUNjYzszllN/k9NOQ2wFqFufvBvL1cVW5W45cQbNzLJWcl\nyb45PRaBS70bdAizlB5s+wqSlytDPATPZsRUAX1+rUR8pnMTRBi1TaO2X4sJfMC8\nUWIfWCyZq/B2M5FKvVIMs0wPhqfbvy90njwpvAP+3y2urt9V9ojepXNLRkjKtN9s\ns8WUSFVBcjX6rytAr05r7+arnPEgMWrmsQdd6T5jqBpMOqc0xIec4knWGiEj8hjg\n59gceGRcbYhs6Hl1eHtTxPs7lhf1ymT1AgMBAAGjggMIMIIDBDAfBgNVHSMEGDAW\ngBQfUpJhVoJUf4Fm2B09CqoyXIfdCDAdBgNVHQ4EFgQUWReCItKOh7TuwMhcbJFH\n3L7RYYUwRAYDVR0RBD0wO4IObGlicmFzaGlmdC5jb22CEmFwcC5saWJyYXNoaWZ0\nLmNvbYIVb3JpZ2luLmxpYnJhc2hpZnQuY29tMBMGA1UdIAQMMAowCAYGZ4EMAQIB\nMA4GA1UdDwEB/wQEAwIFoDATBgNVHSUEDDAKBggrBgEFBQcDATA7BgNVHR8ENDAy\nMDCgLqAshipodHRwOi8vY3JsLnIybTA0LmFtYXpvbnRydXN0LmNvbS9yMm0wNC5j\ncmwwdQYIKwYBBQUHAQEEaTBnMC0GCCsGAQUFBzABhiFodHRwOi8vb2NzcC5yMm0w\nNC5hbWF6b250cnVzdC5jb20wNgYIKwYBBQUHMAKGKmh0dHA6Ly9jcnQucjJtMDQu\nYW1hem9udHJ1c3QuY29tL3IybTA0LmNlcjAMBgNVHRMBAf8EAjAAMIIBfgYKKwYB\nBAHWeQIEAgSCAW4EggFqAWgAdwBMY9yY5Zwdq4j2Hoo93q6Pq0SjN3tfm5TD+6Gc\n/MG+JgAAAZwoy8XIAAAEAwBIMEYCIQCXsJLeFiwFnvxImgtQqQkVjlSiZXKGTOPI\nZhG0J9HY4QIhAJm0zFsRBhznP1anrLs0J+e04QAsfZdf91nkVmWF1vFfAHUAHJ9o\nLOn68EVpUPgbloqH3dsyENhM5siy44JSSsTPWZ8AAAGcKMvF1AAABAMARjBEAiAx\nDcZkFylK7yIPXmLwilijBR8K30hC0Hmj5xD15Vv5MQIgBXESDac3QZacQvv86Uff\n0Ta0cr9Hz2b2VS85oRfXgeQAdgBgTJqven93XwHUBvySDciZ6wscffjJUhv6+hd3\nO5eLyQAAAZwoy8Z5AAAEAwBHMEUCIAl9tqw/xJwja5kAZ99EhdrxTKPyMBBJjfkU\nc5jB+bjLAiEAs3mZqcEXo3ZyKAQywg5qJjykNoBq0ItiyH+cAAbyn/MwDQYJKoZI\nhvcNAQELBQADggEBAHT/XMPj8wL5rgg2BS1wxNFmz2zkPQ3FSyvVJmcyb+L/z2IZ\n6uIuQVy2CvSVOK8k8LmUue6iEgruOFG9e98PuplBYAfrQQuSJvC+VJln7eyHLwzZ\nyskBNlK+3c0Xgbq8Ebwb5/iuM9VhZ5qhLguHHyvtEyalFgjclO2N9qPNNaYsbsn7\n/2xwagMwuYwTykFCgmUCT/W4lgM1+1l8P2VMSXRlTN/bA2v2URqgCkNsTALRwDWx\nIU9ogL+q864C13FyL6MuKxuzp7rfsas7vDSfKduRpHTosrgrbh7/gb2+QqZHmYb4\nOblPILZUV0m2xyrcIsSQyEkNz18WZ7LslHvSXPk=\n-----END CERTIFICATE-----\n",
            "certificate_chain": "-----BEGIN CERTIFICATE-----\nMIIEXjCCA0agAwIBAgITB3MSTyqVLj7Rili9uF0bwM5fJzANBgkqhkiG9w0BAQsF\nADA5MQswCQYDVQQGEwJVUzEPMA0GA1UEChMGQW1hem9uMRkwFwYDVQQDExBBbWF6\nb24gUm9vdCBDQSAxMB4XDTIyMDgyMzIyMjYzNVoXDTMwMDgyMzIyMjYzNVowPDEL\nMAkGA1UEBhMCVVMxDzANBgNVBAoTBkFtYXpvbjEcMBoGA1UEAxMTQW1hem9uIFJT\nQSAyMDQ4IE0wNDCCASIwDQYJKoZIhvcNAQEBBQADggEPADCCAQoCggEBAM3pVR6A\nlQOp4xe776FdePXyejgA38mYx1ou9/jrpV6Sfn+/oqBKgwhY6ePsQHHQayWBJdBn\nv4Wz363qRI4XUh9swBFJ11TnZ3LqOMvHmWq2+loA0QPtOfXdJ2fHBLrBrngtJ/GB\n0p5olAVYrSZgvQGP16Rf8ddtNyxEEhYm3HuhmNi+vSeAq1tLYJPAvRCXonTpWdSD\nxY6hvdmxlqTYi82AtBXSfpGQ58HHM0hw0C6aQakghrwWi5fGslLOqzpimNMIsT7c\nqa0GJx6JfKqJqmQQNplO2h8n9ZsFJgBowof01ppdoLAWg6caMOM0om/VILKaa30F\n9W/r8Qjah7ltGVkCAwEAAaOCAVowggFWMBIGA1UdEwEB/wQIMAYBAf8CAQAwDgYD\nVR0PAQH/BAQDAgGGMB0GA1UdJQQWMBQGCCsGAQUFBwMBBggrBgEFBQcDAjAdBgNV\nHQ4EFgQUH1KSYVaCVH+BZtgdPQqqMlyH3QgwHwYDVR0jBBgwFoAUhBjMhTTsvAyU\nlC4IWZzHshBOCggwewYIKwYBBQUHAQEEbzBtMC8GCCsGAQUFBzABhiNodHRwOi8v\nb2NzcC5yb290Y2ExLmFtYXpvbnRydXN0LmNvbTA6BggrBgEFBQcwAoYuaHR0cDov\nL2NydC5yb290Y2ExLmFtYXpvbnRydXN0LmNvbS9yb290Y2ExLmNlcjA/BgNVHR8E\nODA2MDSgMqAwhi5odHRwOi8vY3JsLnJvb3RjYTEuYW1hem9udHJ1c3QuY29tL3Jv\nb3RjYTEuY3JsMBMGA1UdIAQMMAowCAYGZ4EMAQIBMA0GCSqGSIb3DQEBCwUAA4IB\nAQA+1O5UsAaNuW3lHzJtpNGwBnZd9QEYFtxpiAnIaV4qApnGS9OCw5ZPwie7YSlD\nZF5yyFPsFhUC2Q9uJHY/CRV1b5hIiGH0+6+w5PgKiY1MWuWT8VAaJjFxvuhM7a/e\nfN2TIw1Wd6WCl6YRisunjQOrSP+unqC8A540JNyZ1JOE3jVqat3OZBGgMvihdj2w\nY23EpwesrKiQzkHzmvSH67PVW4ycbPy08HVZnBxZ5NrlGG9bwXR3fNTaz+c+Ej6c\n5AnwI3qkOFgSkg3Y75cdFz6pO/olK+e3AqygAcv0WjzmkDPuBjssuZjCHMC56oH3\nGJkV29Di2j5prHJbwZjG1inU\n-----END CERTIFICATE-----\n-----BEGIN CERTIFICATE-----\nMIIEkjCCA3qgAwIBAgITBn+USionzfP6wq4rAfkI7rnExjANBgkqhkiG9w0BAQsF\nADCBmDELMAkGA1UEBhMCVVMxEDAOBgNVBAgTB0FyaXpvbmExEzARBgNVBAcTClNj\nb3R0c2RhbGUxJTAjBgNVBAoTHFN0YXJmaWVsZCBUZWNobm9sb2dpZXMsIEluYy4x\nOzA5BgNVBAMTMlN0YXJmaWVsZCBTZXJ2aWNlcyBSb290IENlcnRpZmljYXRlIEF1\ndGhvcml0eSAtIEcyMB4XDTE1MDUyNTEyMDAwMFoXDTM3MTIzMTAxMDAwMFowOTEL\nMAkGA1UEBhMCVVMxDzANBgNVBAoTBkFtYXpvbjEZMBcGA1UEAxMQQW1hem9uIFJv\nb3QgQ0EgMTCCASIwDQYJKoZIhvcNAQEBBQADggEPADCCAQoCggEBALJ4gHHKeNXj\nca9HgFB0fW7Y14h29Jlo91ghYPl0hAEvrAIthtOgQ3pOsqTQNroBvo3bSMgHFzZM\n9O6II8c+6zf1tRn4SWiw3te5djgdYZ6k/oI2peVKVuRF4fn9tBb6dNqcmzU5L/qw\nIFAGbHrQgLKm+a/sRxmPUDgH3KKHOVj4utWp+UhnMJbulHheb4mjUcAwhmahRWa6\nVOujw5H5SNz/0egwLX0tdHA114gk957EWW67c4cX8jJGKLhD+rcdqsq08p8kDi1L\n93FcXmn/6pUCyziKrlA4b9v7LWIbxcceVOF34GfID5yHI9Y/QCB/IIDEgEw+OyQm\njgSubJrIqg0CAwEAAaOCATEwggEtMA8GA1UdEwEB/wQFMAMBAf8wDgYDVR0PAQH/\nBAQDAgGGMB0GA1UdDgQWBBSEGMyFNOy8DJSULghZnMeyEE4KCDAfBgNVHSMEGDAW\ngBScXwDfqgHXMCs4iKK4bUqc8hGRgzB4BggrBgEFBQcBAQRsMGowLgYIKwYBBQUH\nMAGGImh0dHA6Ly9vY3NwLnJvb3RnMi5hbWF6b250cnVzdC5jb20wOAYIKwYBBQUH\nMAKGLGh0dHA6Ly9jcnQucm9vdGcyLmFtYXpvbnRydXN0LmNvbS9yb290ZzIuY2Vy\nMD0GA1UdHwQ2MDQwMqAwoC6GLGh0dHA6Ly9jcmwucm9vdGcyLmFtYXpvbnRydXN0\nLmNvbS9yb290ZzIuY3JsMBEGA1UdIAQKMAgwBgYEVR0gADANBgkqhkiG9w0BAQsF\nAAOCAQEAYjdCXLwQtT6LLOkMm2xF4gcAevnFWAu5CIw+7bMlPLVvUOTNNWqnkzSW\nMiGpSESrnO09tKpzbeR/FoCJbM8oAxiDR3mjEH4wW6w7sGDgd9QIpuEdfF7Au/ma\neyKdpwAJfqxGF4PcnCZXmTA5YpaP7dreqsXMGz7KQ2hsVxa81Q4gLv7/wmpdLqBK\nbRRYh5TmOTFffHPLkIhqhBGWJ6bt2YFGpn6jcgAKUj6DiAdjd4lpFw85hdKrCEVN\n0FE6/V1dN2RMfjCyVSRCnTawXZwXgWHxyvkQAiSr6w10kY17RSlQOYiypok1JR4U\nakcjMS9cmvqtmg5iUaQqqcT5NJ0hGA==\n-----END CERTIFICATE-----\n",
            "domain": "librashift.com",
            "id": "arn:aws:acm:us-east-1:950876749850:certificate/a4a98b2d-cded-4623-91e3-4a1bcc51b389",
            "key_types": null,
            "most_recent": true,
            "region": "us-east-1",
            "status": "ISSUED",
            "statuses": [
              "ISSUED"
            ],
            "tags": {},
            "types": null
          },
          "sensitive_attributes": [],
          "identity_schema_version": 0
        }
      ]
    },
    {
      "mode": "data",
      "type": "aws_availability_zones",
      "name": "available",
      "provider": "provider[\"registry.terraform.io/hashicorp/aws\"]",
      "instances": [
        {
          "schema_version": 0,
          "attributes": {
            "all_availability_zones": null,
            "exclude_names": null,
            "exclude_zone_ids": null,
            "filter": null,
            "group_names": [
              "ap-northeast-1-zg-1"
            ],
            "id": "ap-northeast-1",
            "names": [
              "ap-northeast-1a",
              "ap-northeast-1c",
              "ap-northeast-1d"
            ],
            "region": "ap-northeast-1",
            "state": "available",
            "timeouts": null,
            "zone_ids": [
              "apne1-az4",
              "apne1-az1",
              "apne1-az2"
            ]
          },
          "sensitive_attributes": [],
          "identity_schema_version": 0
        }
      ]
    },
    {
      "mode": "data",
      "type": "aws_availability_zones",
      "name": "sao_available",
      "provider": "provider[\"registry.terraform.io/hashicorp/aws\"].saopaulo",
      "instances": [
        {
          "schema_version": 0,
          "attributes": {
            "all_availability_zones": null,
            "exclude_names": null,
            "exclude_zone_ids": null,
            "filter": null,
            "group_names": [
              "sa-east-1-zg-1"
            ],
            "id": "sa-east-1",
            "names": [
              "sa-east-1a",
              "sa-east-1b",
              "sa-east-1c"
            ],
            "region": "sa-east-1",
            "state": "available",
            "timeouts": null,
            "zone_ids": [
              "sae1-az1",
              "sae1-az2",
              "sae1-az3"
            ]
          },
          "sensitive_attributes": [],
          "identity_schema_version": 0
        }
      ]
    },
    {
      "mode": "data",
      "type": "aws_caller_identity",
      "name": "armageddon_self",
      "provider": "provider[\"registry.terraform.io/hashicorp/aws\"]",
      "instances": [
        {
          "schema_version": 0,
          "attributes": {
            "account_id": "950876749850",
            "arn": "arn:aws:iam::950876749850:root",
            "id": "950876749850",
            "user_id": "950876749850"
          },
          "sensitive_attributes": [],
          "identity_schema_version": 0
        }
      ]
    },
    {
      "mode": "data",
      "type": "aws_caller_identity",
      "name": "current",
      "provider": "provider[\"registry.terraform.io/hashicorp/aws\"]",
      "instances": [
        {
          "schema_version": 0,
          "attributes": {
            "account_id": "950876749850",
            "arn": "arn:aws:iam::950876749850:root",
            "id": "950876749850",
            "user_id": "950876749850"
          },
          "sensitive_attributes": [],
          "identity_schema_version": 0
        }
      ]
    },
    {
      "mode": "data",
      "type": "aws_caller_identity",
      "name": "sao_armageddon_self",
      "provider": "provider[\"registry.terraform.io/hashicorp/aws\"].saopaulo",
      "instances": [
        {
          "schema_version": 0,
          "attributes": {
            "account_id": "950876749850",
            "arn": "arn:aws:iam::950876749850:root",
            "id": "950876749850",
            "user_id": "950876749850"
          },
          "sensitive_attributes": [],
          "identity_schema_version": 0
        }
      ]
    },
    {
      "mode": "data",
      "type": "aws_caller_identity",
      "name": "sao_current",
      "provider": "provider[\"registry.terraform.io/hashicorp/aws\"].saopaulo",
      "instances": [
        {
          "schema_version": 0,
          "attributes": {
            "account_id": "950876749850",
            "arn": "arn:aws:iam::950876749850:root",
            "id": "950876749850",
            "user_id": "950876749850"
          },
          "sensitive_attributes": [],
          "identity_schema_version": 0
        }
      ]
    },
    {
      "mode": "data",
      "type": "aws_cloudfront_cache_policy",
      "name": "armageddon_caching_disabled01",
      "provider": "provider[\"registry.terraform.io/hashicorp/aws\"]",
      "instances": [
        {
          "schema_version": 0,
          "attributes": {
            "arn": "arn:aws:cloudfront::950876749850:cache-policy/4135ea2d-6df8-44a3-9df3-4b5a84be39ad",
            "comment": "Policy with caching disabled",
            "default_ttl": 0,
            "etag": "E23ZP02F085DFQ",
            "id": "4135ea2d-6df8-44a3-9df3-4b5a84be39ad",
            "max_ttl": 0,
            "min_ttl": 0,
            "name": "Managed-CachingDisabled",
            "parameters_in_cache_key_and_forwarded_to_origin": [
              {
                "cookies_config": [
                  {
                    "cookie_behavior": "none",
                    "cookies": []
                  }
                ],
                "enable_accept_encoding_brotli": false,
                "enable_accept_encoding_gzip": false,
                "headers_config": [
                  {
                    "header_behavior": "none",
                    "headers": []
                  }
                ],
                "query_strings_config": [
                  {
                    "query_string_behavior": "none",
                    "query_strings": []
                  }
                ]
              }
            ]
          },
          "sensitive_attributes": [],
          "identity_schema_version": 0
        }
      ]
    },
    {
      "mode": "data",
      "type": "aws_cloudfront_cache_policy",
      "name": "armageddon_use_origin_cache_headers01",
      "provider": "provider[\"registry.terraform.io/hashicorp/aws\"]",
      "instances": [
        {
          "schema_version": 0,
          "attributes": {
            "arn": "arn:aws:cloudfront::950876749850:cache-policy/83da9c7e-98b4-4e11-a168-04f0df8e2c65",
            "comment": "Policy for origins that return Cache-Control headers. Query strings are not included in the cache key.",
            "default_ttl": 0,
            "etag": "E23ZP02F085DFQ",
            "id": "83da9c7e-98b4-4e11-a168-04f0df8e2c65",
            "max_ttl": 31536000,
            "min_ttl": 0,
            "name": "UseOriginCacheControlHeaders",
            "parameters_in_cache_key_and_forwarded_to_origin": [
              {
                "cookies_config": [
                  {
                    "cookie_behavior": "all",
                    "cookies": []
                  }
                ],
                "enable_accept_encoding_brotli": true,
                "enable_accept_encoding_gzip": true,
                "headers_config": [
                  {
                    "header_behavior": "whitelist",
                    "headers": [
                      {
                        "items": [
                          "host",
                          "origin",
                          "x-http-method",
                          "x-http-method-override",
                          "x-method-override"
                        ]
                      }
                    ]
                  }
                ],
                "query_strings_config": [
                  {
                    "query_string_behavior": "none",
                    "query_strings": []
                  }
                ]
              }
            ]
          },
          "sensitive_attributes": [],
          "identity_schema_version": 0
        }
      ]
    },
    {
      "mode": "data",
      "type": "aws_cloudfront_cache_policy",
      "name": "armageddon_use_origin_cache_headers_qs01",
      "provider": "provider[\"registry.terraform.io/hashicorp/aws\"]",
      "instances": [
        {
          "schema_version": 0,
          "attributes": {
            "arn": "arn:aws:cloudfront::950876749850:cache-policy/4cc15a8a-d715-48a4-82b8-cc0b614638fe",
            "comment": "Policy for origins that return Cache-Control headers and serve different content based on values present in the query string.",
            "default_ttl": 0,
            "etag": "E23ZP02F085DFQ",
            "id": "4cc15a8a-d715-48a4-82b8-cc0b614638fe",
            "max_ttl": 31536000,
            "min_ttl": 0,
            "name": "UseOriginCacheControlHeaders-QueryStrings",
            "parameters_in_cache_key_and_forwarded_to_origin": [
              {
                "cookies_config": [
                  {
                    "cookie_behavior": "all",
                    "cookies": []
                  }
                ],
                "enable_accept_encoding_brotli": true,
                "enable_accept_encoding_gzip": true,
                "headers_config": [
                  {
                    "header_behavior": "whitelist",
                    "headers": [
                      {
                        "items": [
                          "host",
                          "origin",
                          "x-http-method",
                          "x-http-method-override",
                          "x-method-override"
                        ]
                      }
                    ]
                  }
                ],
                "query_strings_config": [
                  {
                    "query_string_behavior": "all",
                    "query_strings": []
                  }
                ]
              }
            ]
          },
          "sensitive_attributes": [],
          "identity_schema_version": 0
        }
      ]
    },
    {
      "mode": "data",
      "type": "aws_cloudfront_origin_request_policy",
      "name": "armageddon_orp_all_viewer01",
      "provider": "provider[\"registry.terraform.io/hashicorp/aws\"]",
      "instances": [
        {
          "schema_version": 0,
          "attributes": {
            "arn": "arn:aws:cloudfront::950876749850:origin-request-policy/216adef6-5c7f-47e4-b989-5492eafa07d3",
            "comment": "Policy to forward all parameters in viewer requests",
            "cookies_config": [
              {
                "cookie_behavior": "all",
                "cookies": []
              }
            ],
            "etag": "E23ZP02F085DFQ",
            "headers_config": [
              {
                "header_behavior": "allViewer",
                "headers": []
              }
            ],
            "id": "216adef6-5c7f-47e4-b989-5492eafa07d3",
            "name": "Managed-AllViewer",
            "query_strings_config": [
              {
                "query_string_behavior": "all",
                "query_strings": []
              }
            ]
          },
          "sensitive_attributes": [],
          "identity_schema_version": 0
        }
      ]
    },
    {
      "mode": "data",
      "type": "aws_cloudfront_origin_request_policy",
      "name": "armageddon_orp_all_viewer_except_host01",
      "provider": "provider[\"registry.terraform.io/hashicorp/aws\"]",
      "instances": [
        {
          "schema_version": 0,
          "attributes": {
            "arn": "arn:aws:cloudfront::950876749850:origin-request-policy/b689b0a8-53d0-40ab-baf2-68738e2966ac",
            "comment": "Policy to forward all parameters in viewer requests except for the Host header",
            "cookies_config": [
              {
                "cookie_behavior": "all",
                "cookies": []
              }
            ],
            "etag": "E23ZP02F085DFQ",
            "headers_config": [
              {
                "header_behavior": "allExcept",
                "headers": [
                  {
                    "items": [
                      "host"
                    ]
                  }
                ]
              }
            ],
            "id": "b689b0a8-53d0-40ab-baf2-68738e2966ac",
            "name": "Managed-AllViewerExceptHostHeader",
            "query_strings_config": [
              {
                "query_string_behavior": "all",
                "query_strings": []
              }
            ]
          },
          "sensitive_attributes": [],
          "identity_schema_version": 0
        }
      ]
    },
    {
      "mode": "data",
      "type": "aws_ec2_managed_prefix_list",
      "name": "armageddon_cf_origin_facing01",
      "provider": "provider[\"registry.terraform.io/hashicorp/aws\"]",
      "instances": [
        {
          "schema_version": 0,
          "attributes": {
            "address_family": "IPv4",
            "arn": "arn:aws:ec2:ap-northeast-1:aws:prefix-list/pl-58a04531",
            "entries": [
              {
                "cidr": "13.124.199.0/24",
                "description": ""
              },
              {
                "cidr": "130.176.0.0/18",
                "description": ""
              },
              {
                "cidr": "130.176.128.0/21",
                "description": ""
              },
              {
                "cidr": "130.176.136.0/23",
                "description": ""
              },
              {
                "cidr": "130.176.140.0/22",
                "description": ""
              },
              {
                "cidr": "130.176.144.0/20",
                "description": ""
              },
              {
                "cidr": "130.176.160.0/19",
                "description": ""
              },
              {
                "cidr": "130.176.192.0/19",
                "description": ""
              },
              {
                "cidr": "130.176.64.0/21",
                "description": ""
              },
              {
                "cidr": "130.176.72.0/22",
                "description": ""
              },
              {
                "cidr": "130.176.76.0/24",
                "description": ""
              },
              {
                "cidr": "130.176.78.0/23",
                "description": ""
              },
              {
                "cidr": "130.176.80.0/22",
                "description": ""
              },
              {
                "cidr": "130.176.86.0/23",
                "description": ""
              },
              {
                "cidr": "130.176.88.0/21",
                "description": ""
              },
              {
                "cidr": "130.176.96.0/19",
                "description": ""
              },
              {
                "cidr": "15.158.0.0/16",
                "description": ""
              },
              {
                "cidr": "18.68.0.0/16",
                "description": ""
              },
              {
                "cidr": "204.246.166.0/24",
                "description": ""
              },
              {
                "cidr": "205.251.218.0/24",
                "description": ""
              },
              {
                "cidr": "3.172.0.0/18",
                "description": ""
              },
              {
                "cidr": "3.172.64.0/18",
                "description": ""
              },
              {
                "cidr": "3.29.57.0/26",
                "description": ""
              },
              {
                "cidr": "52.46.0.0/18",
                "description": ""
              },
              {
                "cidr": "52.82.128.0/23",
                "description": ""
              },
              {
                "cidr": "52.82.134.0/23",
                "description": ""
              },
              {
                "cidr": "54.182.128.0/20",
                "description": ""
              },
              {
                "cidr": "54.182.144.0/21",
                "description": ""
              },
              {
                "cidr": "54.182.154.0/23",
                "description": ""
              },
              {
                "cidr": "54.182.156.0/22",
                "description": ""
              },
              {
                "cidr": "54.182.160.0/21",
                "description": ""
              },
              {
                "cidr": "54.182.172.0/22",
                "description": ""
              },
              {
                "cidr": "54.182.176.0/21",
                "description": ""
              },
              {
                "cidr": "54.182.184.0/22",
                "description": ""
              },
              {
                "cidr": "54.182.188.0/23",
                "description": ""
              },
              {
                "cidr": "54.182.224.0/21",
                "description": ""
              },
              {
                "cidr": "54.182.240.0/21",
                "description": ""
              },
              {
                "cidr": "54.182.248.0/22",
                "description": ""
              },
              {
                "cidr": "54.239.134.0/23",
                "description": ""
              },
              {
                "cidr": "54.239.170.0/23",
                "description": ""
              },
              {
                "cidr": "54.239.204.0/22",
                "description": ""
              },
              {
                "cidr": "54.239.208.0/21",
                "description": ""
              },
              {
                "cidr": "64.252.128.0/18",
                "description": ""
              },
              {
                "cidr": "64.252.64.0/18",
                "description": ""
              },
              {
                "cidr": "70.132.0.0/18",
                "description": ""
              }
            ],
            "filter": null,
            "id": "pl-58a04531",
            "max_entries": 0,
            "name": "com.amazonaws.global.cloudfront.origin-facing",
            "owner_id": "AWS",
            "region": "ap-northeast-1",
            "tags": {},
            "timeouts": null,
            "version": 0
          },
          "sensitive_attributes": [],
          "identity_schema_version": 0
        }
      ]
    },
    {
      "mode": "data",
      "type": "aws_region",
      "name": "current_region",
      "provider": "provider[\"registry.terraform.io/hashicorp/aws\"]",
      "instances": [
        {
          "schema_version": 0,
          "attributes": {
            "description": "Asia Pacific (Tokyo)",
            "endpoint": "ec2.ap-northeast-1.amazonaws.com",
            "id": "ap-northeast-1",
            "name": "ap-northeast-1",
            "region": "ap-northeast-1"
          },
          "sensitive_attributes": [],
          "identity_schema_version": 0
        }
      ]
    },
    {
      "mode": "data",
      "type": "aws_region",
      "name": "sao_current_region",
      "provider": "provider[\"registry.terraform.io/hashicorp/aws\"].saopaulo",
      "instances": [
        {
          "schema_version": 0,
          "attributes": {
            "description": "South America (Sao Paulo)",
            "endpoint": "ec2.sa-east-1.amazonaws.com",
            "id": "sa-east-1",
            "name": "sa-east-1",
            "region": "sa-east-1"
          },
          "sensitive_attributes": [],
          "identity_schema_version": 0
        }
      ]
    },
    {
      "mode": "data",
      "type": "aws_ssm_parameter",
      "name": "al2023",
      "provider": "provider[\"registry.terraform.io/hashicorp/aws\"]",
      "instances": [
        {
          "schema_version": 0,
          "attributes": {
            "arn": "arn:aws:ssm:ap-northeast-1::parameter/aws/service/ami-amazon-linux-latest/al2023-ami-kernel-6.1-x86_64",
            "id": "/aws/service/ami-amazon-linux-latest/al2023-ami-kernel-6.1-x86_64",
            "insecure_value": "ami-070d2b24928913a49",
            "name": "/aws/service/ami-amazon-linux-latest/al2023-ami-kernel-6.1-x86_64",
            "region": "ap-northeast-1",
            "type": "String",
            "value": "ami-070d2b24928913a49",
            "version": 146,
            "with_decryption": true
          },
          "sensitive_attributes": [
            [
              {
                "type": "get_attr",
                "value": "value"
              }
            ]
          ],
          "identity_schema_version": 0
        }
      ]
    },
    {
      "mode": "data",
      "type": "aws_ssm_parameter",
      "name": "sao_al2023",
      "provider": "provider[\"registry.terraform.io/hashicorp/aws\"].saopaulo",
      "instances": [
        {
          "schema_version": 0,
          "attributes": {
            "arn": "arn:aws:ssm:sa-east-1::parameter/aws/service/ami-amazon-linux-latest/al2023-ami-kernel-default-x86_64",
            "id": "/aws/service/ami-amazon-linux-latest/al2023-ami-kernel-default-x86_64",
            "insecure_value": "ami-08dd439af9c3f1639",
            "name": "/aws/service/ami-amazon-linux-latest/al2023-ami-kernel-default-x86_64",
            "region": "sa-east-1",
            "type": "String",
            "value": "ami-08dd439af9c3f1639",
            "version": 146,
            "with_decryption": true
          },
          "sensitive_attributes": [
            [
              {
                "type": "get_attr",
                "value": "value"
              }
            ]
          ],
          "identity_schema_version": 0
        }
      ]
    },
    {
      "mode": "data",
      "type": "aws_ssm_parameter",
      "name": "sao_ec2_al2023",
      "provider": "provider[\"registry.terraform.io/hashicorp/aws\"].saopaulo",
      "instances": [
        {
          "schema_version": 0,
          "attributes": {
            "arn": "arn:aws:ssm:sa-east-1::parameter/aws/service/ami-amazon-linux-latest/al2023-ami-kernel-6.1-x86_64",
            "id": "/aws/service/ami-amazon-linux-latest/al2023-ami-kernel-6.1-x86_64",
            "insecure_value": "ami-08dd439af9c3f1639",
            "name": "/aws/service/ami-amazon-linux-latest/al2023-ami-kernel-6.1-x86_64",
            "region": "sa-east-1",
            "type": "String",
            "value": "ami-08dd439af9c3f1639",
            "version": 146,
            "with_decryption": true
          },
          "sensitive_attributes": [
            [
              {
                "type": "get_attr",
                "value": "value"
              }
            ]
          ],
          "identity_schema_version": 0
        }
      ]
    },
    {
      "mode": "managed",
      "type": "aws_acm_certificate",
      "name": "armageddon_acm_cert01",
      "provider": "provider[\"registry.terraform.io/hashicorp/aws\"]",
      "instances": [
        {
          "index_key": 0,
          "schema_version": 0,
          "attributes": {
            "arn": "arn:aws:acm:ap-northeast-1:950876749850:certificate/fd289523-7004-48cf-98a7-5dfcf7331d2e",
            "certificate_authority_arn": "",
            "certificate_body": null,
            "certificate_chain": null,
            "domain_name": "librashift.com",
            "domain_validation_options": [
              {
                "domain_name": "*.librashift.com",
                "resource_record_name": "_99c160143e2dff5e0f61ac1ca2084d0e.librashift.com.",
                "resource_record_type": "CNAME",
                "resource_record_value": "_f42852dffde5b4262e0e05f068062ccf.jkddzztszm.acm-validations.aws."
              },
              {
                "domain_name": "librashift.com",
                "resource_record_name": "_99c160143e2dff5e0f61ac1ca2084d0e.librashift.com.",
                "resource_record_type": "CNAME",
                "resource_record_value": "_f42852dffde5b4262e0e05f068062ccf.jkddzztszm.acm-validations.aws."
              }
            ],
            "early_renewal_duration": "",
            "id": "arn:aws:acm:ap-northeast-1:950876749850:certificate/fd289523-7004-48cf-98a7-5dfcf7331d2e",
            "key_algorithm": "RSA_2048",
            "not_after": "2027-03-10T23:59:59Z",
            "not_before": "2026-02-09T00:00:00Z",
            "options": [
              {
                "certificate_transparency_logging_preference": "ENABLED",
                "export": "DISABLED"
              }
            ],
            "pending_renewal": false,
            "private_key": null,
            "region": "ap-northeast-1",
            "renewal_eligibility": "ELIGIBLE",
            "renewal_summary": [],
            "status": "ISSUED",
            "subject_alternative_names": [
              "*.librashift.com",
              "librashift.com"
            ],
            "tags": {
              "Name": "acm-cert01"
            },
            "tags_all": {
              "Name": "acm-cert01"
            },
            "type": "AMAZON_ISSUED",
            "validation_emails": [],
            "validation_method": "DNS",
            "validation_option": []
          },
          "sensitive_attributes": [
            [
              {
                "type": "get_attr",
                "value": "private_key"
              }
            ]
          ],
          "identity_schema_version": 0,
          "identity": {
            "arn": "arn:aws:acm:ap-northeast-1:950876749850:certificate/fd289523-7004-48cf-98a7-5dfcf7331d2e"
          },
          "private": "bnVsbA=="
        }
      ]
    },
    {
      "mode": "managed",
      "type": "aws_acm_certificate",
      "name": "sao_armageddon_acm_cert01",
      "provider": "provider[\"registry.terraform.io/hashicorp/aws\"].saopaulo",
      "instances": [
        {
          "index_key": 0,
          "schema_version": 0,
          "attributes": {
            "arn": "arn:aws:acm:sa-east-1:950876749850:certificate/cb955275-bf3a-44db-8f13-c856590673d5",
            "certificate_authority_arn": "",
            "certificate_body": null,
            "certificate_chain": null,
            "domain_name": "librashift.com",
            "domain_validation_options": [
              {
                "domain_name": "*.librashift.com",
                "resource_record_name": "_99c160143e2dff5e0f61ac1ca2084d0e.librashift.com.",
                "resource_record_type": "CNAME",
                "resource_record_value": "_f42852dffde5b4262e0e05f068062ccf.jkddzztszm.acm-validations.aws."
              },
              {
                "domain_name": "librashift.com",
                "resource_record_name": "_99c160143e2dff5e0f61ac1ca2084d0e.librashift.com.",
                "resource_record_type": "CNAME",
                "resource_record_value": "_f42852dffde5b4262e0e05f068062ccf.jkddzztszm.acm-validations.aws."
              }
            ],
            "early_renewal_duration": "",
            "id": "arn:aws:acm:sa-east-1:950876749850:certificate/cb955275-bf3a-44db-8f13-c856590673d5",
            "key_algorithm": "RSA_2048",
            "not_after": "2027-03-10T23:59:59Z",
            "not_before": "2026-02-09T00:00:00Z",
            "options": [
              {
                "certificate_transparency_logging_preference": "ENABLED",
                "export": "DISABLED"
              }
            ],
            "pending_renewal": false,
            "private_key": null,
            "region": "sa-east-1",
            "renewal_eligibility": "ELIGIBLE",
            "renewal_summary": [],
            "status": "ISSUED",
            "subject_alternative_names": [
              "*.librashift.com",
              "librashift.com"
            ],
            "tags": {
              "Name": "sao-acm-cert01"
            },
            "tags_all": {
              "Name": "sao-acm-cert01"
            },
            "type": "AMAZON_ISSUED",
            "validation_emails": [],
            "validation_method": "DNS",
            "validation_option": []
          },
          "sensitive_attributes": [
            [
              {
                "type": "get_attr",
                "value": "private_key"
              }
            ]
          ],
          "identity_schema_version": 0,
          "identity": {
            "arn": "arn:aws:acm:sa-east-1:950876749850:certificate/cb955275-bf3a-44db-8f13-c856590673d5"
          },
          "private": "bnVsbA=="
        }
      ]
    },
    {
      "mode": "managed",
      "type": "aws_acm_certificate_validation",
      "name": "armageddon_acm_validation01",
      "provider": "provider[\"registry.terraform.io/hashicorp/aws\"]",
      "instances": [
        {
          "index_key": 0,
          "schema_version": 0,
          "attributes": {
            "certificate_arn": "arn:aws:acm:ap-northeast-1:950876749850:certificate/fd289523-7004-48cf-98a7-5dfcf7331d2e",
            "id": "2026-02-09 18:15:52.955 +0000 UTC",
            "region": "ap-northeast-1",
            "timeouts": null,
            "validation_record_fqdns": [
              "_99c160143e2dff5e0f61ac1ca2084d0e.librashift.com"
            ]
          },
          "sensitive_attributes": [],
          "identity_schema_version": 0,
          "private": "eyJlMmJmYjczMC1lY2FhLTExZTYtOGY4OC0zNDM2M2JjN2M0YzAiOnsiY3JlYXRlIjo0NTAwMDAwMDAwMDAwfX0=",
          "dependencies": [
            "aws_acm_certificate.armageddon_acm_cert01",
            "aws_route53_record.armageddon_record",
            "aws_route53_zone.armageddon_zone01"
          ]
        }
      ]
    },
    {
      "mode": "managed",
      "type": "aws_acm_certificate_validation",
      "name": "sao_armageddon_acm_validation01",
      "provider": "provider[\"registry.terraform.io/hashicorp/aws\"].saopaulo",
      "instances": [
        {
          "index_key": 0,
          "schema_version": 0,
          "attributes": {
            "certificate_arn": "arn:aws:acm:sa-east-1:950876749850:certificate/cb955275-bf3a-44db-8f13-c856590673d5",
            "id": "2026-02-09 18:15:52.719 +0000 UTC",
            "region": "sa-east-1",
            "timeouts": null,
            "validation_record_fqdns": [
              "_99c160143e2dff5e0f61ac1ca2084d0e.librashift.com"
            ]
          },
          "sensitive_attributes": [],
          "identity_schema_version": 0,
          "private": "eyJlMmJmYjczMC1lY2FhLTExZTYtOGY4OC0zNDM2M2JjN2M0YzAiOnsiY3JlYXRlIjo0NTAwMDAwMDAwMDAwfX0=",
          "dependencies": [
            "aws_acm_certificate.sao_armageddon_acm_cert01",
            "aws_route53_record.sao_armageddon_record"
          ]
        }
      ]
    },
    {
      "mode": "managed",
      "type": "aws_autoscaling_group",
      "name": "sao_asg",
      "provider": "provider[\"registry.terraform.io/hashicorp/aws\"].saopaulo",
      "instances": [
        {
          "schema_version": 1,
          "attributes": {
            "arn": "arn:aws:autoscaling:sa-east-1:950876749850:autoScalingGroup:16dba054-1861-40e8-b05e-923d7b72526e:autoScalingGroupName/sao-asg",
            "availability_zone_distribution": [
              {
                "capacity_distribution_strategy": "balanced-best-effort"
              }
            ],
            "availability_zones": [
              "sa-east-1a",
              "sa-east-1b",
              "sa-east-1c"
            ],
            "capacity_rebalance": false,
            "capacity_reservation_specification": [
              {
                "capacity_reservation_preference": "default",
                "capacity_reservation_target": []
              }
            ],
            "context": "",
            "default_cooldown": 300,
            "default_instance_warmup": 0,
            "desired_capacity": 2,
            "desired_capacity_type": "",
            "enabled_metrics": [],
            "force_delete": true,
            "force_delete_warm_pool": false,
            "health_check_grace_period": 120,
            "health_check_type": "ELB",
            "id": "sao-asg",
            "ignore_failed_scaling_activities": false,
            "initial_lifecycle_hook": [],
            "instance_maintenance_policy": [],
            "instance_refresh": [],
            "launch_configuration": "",
            "launch_template": [
              {
                "id": "lt-0b59e8c477feab28a",
                "name": "sao-armageddon-web20260209181613912400000002",
                "version": "$Latest"
              }
            ],
            "load_balancers": [],
            "max_instance_lifetime": 0,
            "max_size": 3,
            "metrics_granularity": "1Minute",
            "min_elb_capacity": null,
            "min_size": 1,
            "mixed_instances_policy": [],
            "name": "sao-asg",
            "name_prefix": "",
            "placement_group": "",
            "predicted_capacity": 0,
            "protect_from_scale_in": false,
            "region": "sa-east-1",
            "service_linked_role_arn": "arn:aws:iam::950876749850:role/aws-service-role/autoscaling.amazonaws.com/AWSServiceRoleForAutoScaling",
            "suspended_processes": [],
            "tag": [
              {
                "key": "name",
                "propagate_at_launch": true,
                "value": "web-instance"
              }
            ],
            "target_group_arns": [
              "arn:aws:elasticloadbalancing:sa-east-1:950876749850:targetgroup/sao-armageddon-tg/ed222875e038196c"
            ],
            "termination_policies": [],
            "timeouts": null,
            "traffic_source": [
              {
                "identifier": "arn:aws:elasticloadbalancing:sa-east-1:950876749850:targetgroup/sao-armageddon-tg/ed222875e038196c",
                "type": "elbv2"
              }
            ],
            "vpc_zone_identifier": [
              "subnet-06d5c75c6accf200c",
              "subnet-07dbf568111e634f5",
              "subnet-0873ecf862bb2eb5b"
            ],
            "wait_for_capacity_timeout": "10m",
            "wait_for_elb_capacity": null,
            "warm_pool": [],
            "warm_pool_size": 0
          },
          "sensitive_attributes": [],
          "identity_schema_version": 0,
          "private": "eyJlMmJmYjczMC1lY2FhLTExZTYtOGY4OC0zNDM2M2JjN2M0YzAiOnsiZGVsZXRlIjo2MDAwMDAwMDAwMDAsInVwZGF0ZSI6NjAwMDAwMDAwMDAwfSwic2NoZW1hX3ZlcnNpb24iOiIxIn0=",
          "dependencies": [
            "aws_iam_instance_profile.sao_iam_profile",
            "aws_iam_role.sao_ec2_role",
            "aws_launch_template.sao_armageddon_web",
            "aws_lb_target_group.sao_armageddon_tg",
            "aws_security_group.sao_ec2pri_sg",
            "aws_subnet.sao_private",
            "aws_vpc.sao_main_vpc",
            "data.aws_availability_zones.sao_available",
            "data.aws_ssm_parameter.sao_al2023"
          ]
        }
      ]
    },
    {
      "mode": "managed",
      "type": "aws_autoscaling_policy",
      "name": "sao_policy",
      "provider": "provider[\"registry.terraform.io/hashicorp/aws\"].saopaulo",
      "instances": [
        {
          "schema_version": 0,
          "attributes": {
            "adjustment_type": "",
            "arn": "arn:aws:autoscaling:sa-east-1:950876749850:scalingPolicy:d2d3134c-57af-4627-8bf2-870d11c5cff9:autoScalingGroupName/sao-asg:policyName/sao-policy",
            "autoscaling_group_name": "sao-asg",
            "cooldown": 0,
            "enabled": true,
            "estimated_instance_warmup": 120,
            "id": "sao-policy",
            "metric_aggregation_type": "",
            "min_adjustment_magnitude": 0,
            "name": "sao-policy",
            "policy_type": "TargetTrackingScaling",
            "predictive_scaling_configuration": [],
            "region": "sa-east-1",
            "scaling_adjustment": 0,
            "step_adjustment": [],
            "target_tracking_configuration": [
              {
                "customized_metric_specification": [],
                "disable_scale_in": false,
                "predefined_metric_specification": [
                  {
                    "predefined_metric_type": "ASGAverageCPUUtilization",
                    "resource_label": ""
                  }
                ],
                "target_value": 50
              }
            ]
          },
          "sensitive_attributes": [],
          "identity_schema_version": 0,
          "private": "bnVsbA==",
          "dependencies": [
            "aws_autoscaling_group.sao_asg",
            "aws_iam_instance_profile.sao_iam_profile",
            "aws_iam_role.sao_ec2_role",
            "aws_launch_template.sao_armageddon_web",
            "aws_lb_target_group.sao_armageddon_tg",
            "aws_security_group.sao_ec2pri_sg",
            "aws_subnet.sao_private",
            "aws_vpc.sao_main_vpc",
            "data.aws_availability_zones.sao_available",
            "data.aws_ssm_parameter.sao_al2023"
          ]
        }
      ]
    },
    {
      "mode": "managed",
      "type": "aws_cloudfront_cache_policy",
      "name": "armageddon_cache_api_disabled01",
      "provider": "provider[\"registry.terraform.io/hashicorp/aws\"].use1",
      "instances": [
        {
          "schema_version": 0,
          "attributes": {
            "arn": "arn:aws:cloudfront::950876749850:cache-policy/9c29fadc-b47e-49a1-b162-49457576d2bc",
            "comment": "Disable caching for API",
            "default_ttl": 0,
            "etag": "E23ZP02F085DFQ",
            "id": "9c29fadc-b47e-49a1-b162-49457576d2bc",
            "max_ttl": 0,
            "min_ttl": 0,
            "name": "armageddon-cache-api-disabled01",
            "parameters_in_cache_key_and_forwarded_to_origin": [
              {
                "cookies_config": [
                  {
                    "cookie_behavior": "none",
                    "cookies": []
                  }
                ],
                "enable_accept_encoding_brotli": false,
                "enable_accept_encoding_gzip": false,
                "headers_config": [
                  {
                    "header_behavior": "none",
                    "headers": []
                  }
                ],
                "query_strings_config": [
                  {
                    "query_string_behavior": "none",
                    "query_strings": []
                  }
                ]
              }
            ]
          },
          "sensitive_attributes": [],
          "identity_schema_version": 0,
          "private": "bnVsbA=="
        }
      ]
    },
    {
      "mode": "managed",
      "type": "aws_cloudfront_cache_policy",
      "name": "armageddon_cache_static01",
      "provider": "provider[\"registry.terraform.io/hashicorp/aws\"].use1",
      "instances": [
        {
          "schema_version": 0,
          "attributes": {
            "arn": "arn:aws:cloudfront::950876749850:cache-policy/7c22ea2b-d782-4693-a582-f66bcf19ec8e",
            "comment": "Aggressive caching for /static/*",
            "default_ttl": 86400,
            "etag": "E23ZP02F085DFQ",
            "id": "7c22ea2b-d782-4693-a582-f66bcf19ec8e",
            "max_ttl": 31536000,
            "min_ttl": 0,
            "name": "armageddon-cache-static01",
            "parameters_in_cache_key_and_forwarded_to_origin": [
              {
                "cookies_config": [
                  {
                    "cookie_behavior": "none",
                    "cookies": []
                  }
                ],
                "enable_accept_encoding_brotli": true,
                "enable_accept_encoding_gzip": true,
                "headers_config": [
                  {
                    "header_behavior": "none",
                    "headers": []
                  }
                ],
                "query_strings_config": [
                  {
                    "query_string_behavior": "none",
                    "query_strings": []
                  }
                ]
              }
            ]
          },
          "sensitive_attributes": [],
          "identity_schema_version": 0,
          "private": "bnVsbA=="
        }
      ]
    },
    {
      "mode": "managed",
      "type": "aws_cloudfront_distribution",
      "name": "armageddon_cf_dis",
      "provider": "provider[\"registry.terraform.io/hashicorp/aws\"].use1",
      "instances": [
        {
          "schema_version": 1,
          "attributes": {
            "aliases": [
              "app.librashift.com",
              "librashift.com"
            ],
            "anycast_ip_list_id": "",
            "arn": "arn:aws:cloudfront::950876749850:distribution/EUGWTOYBG7XDC",
            "caller_reference": "terraform-20260209181532718400000001",
            "comment": "armageddon-cf01-dis",
            "connection_function_association": [],
            "continuous_deployment_policy_id": "",
            "custom_error_response": [],
            "default_cache_behavior": [
              {
                "allowed_methods": [
                  "DELETE",
                  "GET",
                  "HEAD",
                  "OPTIONS",
                  "PATCH",
                  "POST",
                  "PUT"
                ],
                "cache_policy_id": "4135ea2d-6df8-44a3-9df3-4b5a84be39ad",
                "cached_methods": [
                  "GET",
                  "HEAD"
                ],
                "compress": false,
                "default_ttl": 0,
                "field_level_encryption_id": "",
                "forwarded_values": [],
                "function_association": [],
                "grpc_config": [
                  {
                    "enabled": false
                  }
                ],
                "lambda_function_association": [],
                "max_ttl": 0,
                "min_ttl": 0,
                "origin_request_policy_id": "b689b0a8-53d0-40ab-baf2-68738e2966ac",
                "realtime_log_config_arn": "",
                "response_headers_policy_id": "",
                "smooth_streaming": false,
                "target_origin_id": "armageddon-alb-origin01",
                "trusted_key_groups": [],
                "trusted_signers": [],
                "viewer_protocol_policy": "redirect-to-https"
              }
            ],
            "default_root_object": "",
            "domain_name": "d3l56geq5mrb87.cloudfront.net",
            "enabled": true,
            "etag": "E23ZP02F085DFQ",
            "hosted_zone_id": "Z2FDTNDATAQYW2",
            "http_version": "http2",
            "id": "EUGWTOYBG7XDC",
            "in_progress_validation_batches": 0,
            "is_ipv6_enabled": true,
            "last_modified_time": "2026-02-09 18:15:32.81 +0000 UTC",
            "logging_config": [],
            "logging_v1_enabled": false,
            "ordered_cache_behavior": [
              {
                "allowed_methods": [
                  "GET",
                  "HEAD",
                  "OPTIONS"
                ],
                "cache_policy_id": "83da9c7e-98b4-4e11-a168-04f0df8e2c65",
                "cached_methods": [
                  "GET",
                  "HEAD"
                ],
                "compress": false,
                "default_ttl": 0,
                "field_level_encryption_id": "",
                "forwarded_values": [],
                "function_association": [],
                "grpc_config": [
                  {
                    "enabled": false
                  }
                ],
                "lambda_function_association": [],
                "max_ttl": 0,
                "min_ttl": 0,
                "origin_request_policy_id": "be9bbf77-d87b-4350-9d04-94e93c79d7db",
                "path_pattern": "/api/public-feed",
                "realtime_log_config_arn": "",
                "response_headers_policy_id": "",
                "smooth_streaming": false,
                "target_origin_id": "armageddon-alb-origin01",
                "trusted_key_groups": [],
                "trusted_signers": [],
                "viewer_protocol_policy": "redirect-to-https"
              },
              {
                "allowed_methods": [
                  "DELETE",
                  "GET",
                  "HEAD",
                  "OPTIONS",
                  "PATCH",
                  "POST",
                  "PUT"
                ],
                "cache_policy_id": "4135ea2d-6df8-44a3-9df3-4b5a84be39ad",
                "cached_methods": [
                  "GET",
                  "HEAD"
                ],
                "compress": false,
                "default_ttl": 0,
                "field_level_encryption_id": "",
                "forwarded_values": [],
                "function_association": [],
                "grpc_config": [
                  {
                    "enabled": false
                  }
                ],
                "lambda_function_association": [],
                "max_ttl": 0,
                "min_ttl": 0,
                "origin_request_policy_id": "b689b0a8-53d0-40ab-baf2-68738e2966ac",
                "path_pattern": "/api/*",
                "realtime_log_config_arn": "",
                "response_headers_policy_id": "",
                "smooth_streaming": false,
                "target_origin_id": "armageddon-alb-origin01",
                "trusted_key_groups": [],
                "trusted_signers": [],
                "viewer_protocol_policy": "redirect-to-https"
              },
              {
                "allowed_methods": [
                  "GET",
                  "HEAD",
                  "OPTIONS"
                ],
                "cache_policy_id": "7c22ea2b-d782-4693-a582-f66bcf19ec8e",
                "cached_methods": [
                  "GET",
                  "HEAD"
                ],
                "compress": false,
                "default_ttl": 0,
                "field_level_encryption_id": "",
                "forwarded_values": [],
                "function_association": [],
                "grpc_config": [
                  {
                    "enabled": false
                  }
                ],
                "lambda_function_association": [],
                "max_ttl": 0,
                "min_ttl": 0,
                "origin_request_policy_id": "be9bbf77-d87b-4350-9d04-94e93c79d7db",
                "path_pattern": "/static/*",
                "realtime_log_config_arn": "",
                "response_headers_policy_id": "d7878ed3-1413-489c-9668-9d57cb884da0",
                "smooth_streaming": false,
                "target_origin_id": "armageddon-alb-origin01",
                "trusted_key_groups": [],
                "trusted_signers": [],
                "viewer_protocol_policy": "redirect-to-https"
              }
            ],
            "origin": [
              {
                "connection_attempts": 3,
                "connection_timeout": 10,
                "custom_header": [
                  {
                    "name": "King-Iron-Fist",
                    "value": "jzWgzeCMSDJv1z1iF9huDT3zorXwcReE"
                  }
                ],
                "custom_origin_config": [
                  {
                    "http_port": 80,
                    "https_port": 443,
                    "ip_address_type": "",
                    "origin_keepalive_timeout": 5,
                    "origin_protocol_policy": "https-only",
                    "origin_read_timeout": 30,
                    "origin_ssl_protocols": [
                      "TLSv1.2"
                    ]
                  }
                ],
                "domain_name": "origin.librashift.com",
                "origin_access_control_id": "",
                "origin_id": "armageddon-alb-origin01",
                "origin_path": "",
                "origin_shield": [],
                "response_completion_timeout": 0,
                "s3_origin_config": [],
                "vpc_origin_config": []
              }
            ],
            "origin_group": [],
            "price_class": "PriceClass_All",
            "restrictions": [
              {
                "geo_restriction": [
                  {
                    "locations": [],
                    "restriction_type": "none"
                  }
                ]
              }
            ],
            "retain_on_delete": false,
            "staging": false,
            "status": "Deployed",
            "tags": {},
            "tags_all": {},
            "trusted_key_groups": [
              {
                "enabled": false,
                "items": []
              }
            ],
            "trusted_signers": [
              {
                "enabled": false,
                "items": []
              }
            ],
            "viewer_certificate": [
              {
                "acm_certificate_arn": "arn:aws:acm:us-east-1:950876749850:certificate/a4a98b2d-cded-4623-91e3-4a1bcc51b389",
                "cloudfront_default_certificate": false,
                "iam_certificate_id": "",
                "minimum_protocol_version": "TLSv1.2_2021",
                "ssl_support_method": "sni-only"
              }
            ],
            "viewer_mtls_config": [],
            "wait_for_deployment": true,
            "web_acl_id": "arn:aws:wafv2:us-east-1:950876749850:global/webacl/armageddon-cf-waf/e7eaacf6-fbad-4c7b-b249-779813e5fb2b"
          },
          "sensitive_attributes": [
            [
              {
                "type": "get_attr",
                "value": "origin"
              }
            ]
          ],
          "identity_schema_version": 0,
          "private": "eyJzY2hlbWFfdmVyc2lvbiI6IjEifQ==",
          "dependencies": [
            "aws_cloudfront_cache_policy.armageddon_cache_static01",
            "aws_cloudfront_origin_request_policy.armageddon_orp_static01",
            "aws_cloudfront_response_headers_policy.armageddon_rsp_static01",
            "aws_wafv2_web_acl.armageddon_cf_waf",
            "data.aws_acm_certificate.cf",
            "data.aws_cloudfront_cache_policy.armageddon_caching_disabled01",
            "data.aws_cloudfront_cache_policy.armageddon_use_origin_cache_headers01",
            "data.aws_cloudfront_origin_request_policy.armageddon_orp_all_viewer_except_host01",
            "random_password.armageddon_origin_header_value01"
          ]
        }
      ]
    },
    {
      "mode": "managed",
      "type": "aws_cloudfront_origin_request_policy",
      "name": "armageddon_orp_api01",
      "provider": "provider[\"registry.terraform.io/hashicorp/aws\"].use1",
      "instances": [
        {
          "schema_version": 0,
          "attributes": {
            "arn": "arn:aws:cloudfront::950876749850:origin-request-policy/6fd077f6-f582-417a-bde0-db44857e1133",
            "comment": "Forward necessary values for API calls",
            "cookies_config": [
              {
                "cookie_behavior": "all",
                "cookies": []
              }
            ],
            "etag": "E23ZP02F085DFQ",
            "headers_config": [
              {
                "header_behavior": "whitelist",
                "headers": [
                  {
                    "items": [
                      "Content-Type",
                      "Host",
                      "Origin"
                    ]
                  }
                ]
              }
            ],
            "id": "6fd077f6-f582-417a-bde0-db44857e1133",
            "name": "armageddon-orp-api01",
            "query_strings_config": [
              {
                "query_string_behavior": "all",
                "query_strings": []
              }
            ]
          },
          "sensitive_attributes": [],
          "identity_schema_version": 0,
          "private": "bnVsbA=="
        }
      ]
    },
    {
      "mode": "managed",
      "type": "aws_cloudfront_origin_request_policy",
      "name": "armageddon_orp_static01",
      "provider": "provider[\"registry.terraform.io/hashicorp/aws\"].use1",
      "instances": [
        {
          "schema_version": 0,
          "attributes": {
            "arn": "arn:aws:cloudfront::950876749850:origin-request-policy/be9bbf77-d87b-4350-9d04-94e93c79d7db",
            "comment": "Minimal forwarding for static assets",
            "cookies_config": [
              {
                "cookie_behavior": "none",
                "cookies": []
              }
            ],
            "etag": "E23ZP02F085DFQ",
            "headers_config": [
              {
                "header_behavior": "none",
                "headers": []
              }
            ],
            "id": "be9bbf77-d87b-4350-9d04-94e93c79d7db",
            "name": "armageddon-orp-static01",
            "query_strings_config": [
              {
                "query_string_behavior": "none",
                "query_strings": []
              }
            ]
          },
          "sensitive_attributes": [],
          "identity_schema_version": 0,
          "private": "bnVsbA=="
        }
      ]
    },
    {
      "mode": "managed",
      "type": "aws_cloudfront_response_headers_policy",
      "name": "armageddon_rsp_static01",
      "provider": "provider[\"registry.terraform.io/hashicorp/aws\"].use1",
      "instances": [
        {
          "schema_version": 0,
          "attributes": {
            "arn": "arn:aws:cloudfront::950876749850:response-headers-policy/d7878ed3-1413-489c-9668-9d57cb884da0",
            "comment": "Add explicit Cache-Control for static content",
            "cors_config": [],
            "custom_headers_config": [
              {
                "items": [
                  {
                    "header": "Cache-Control",
                    "override": true,
                    "value": "public, max-age=86400, immutable"
                  }
                ]
              }
            ],
            "etag": "E23ZP02F085DFQ",
            "id": "d7878ed3-1413-489c-9668-9d57cb884da0",
            "name": "armageddon-rsp-static01",
            "remove_headers_config": [],
            "security_headers_config": [],
            "server_timing_headers_config": []
          },
          "sensitive_attributes": [],
          "identity_schema_version": 0,
          "private": "bnVsbA=="
        }
      ]
    },
    {
      "mode": "managed",
      "type": "aws_cloudwatch_dashboard",
      "name": "armageddon_dashboard",
      "provider": "provider[\"registry.terraform.io/hashicorp/aws\"]",
      "instances": [
        {
          "schema_version": 0,
          "attributes": {
            "dashboard_arn": "arn:aws:cloudwatch::950876749850:dashboard/armageddon-dashboard",
            "dashboard_body": "{\"widgets\":[{\"height\":6,\"properties\":{\"metrics\":[[\"AWS/ApplicationELB\",\"RequestCount\",\"LoadBalancer\",\"app/armageddon-alb/f4a0ef42f3edc1b1\"],[\".\",\"HTTPCode_ELB_5XX_Count\",\".\",\"app/armageddon-alb/f4a0ef42f3edc1b1\"]],\"period\":300,\"region\":\"ap-northeast-1\",\"stat\":\"Sum\",\"title\":\"Armageddon ALB: Requests + 5XX\"},\"type\":\"metric\",\"width\":12,\"x\":0,\"y\":0},{\"height\":6,\"properties\":{\"metrics\":[[\"AWS/ApplicationELB\",\"TargetResponseTime\",\"LoadBalancer\",\"app/armageddon-alb/f4a0ef42f3edc1b1\"]],\"period\":300,\"region\":\"ap-northeast-1\",\"stat\":\"Average\",\"title\":\"Armageddon ALB: Target Response Time\"},\"type\":\"metric\",\"width\":12,\"x\":12,\"y\":0}]}",
            "dashboard_name": "armageddon-dashboard",
            "id": "armageddon-dashboard",
            "region": "ap-northeast-1"
          },
          "sensitive_attributes": [],
          "identity_schema_version": 0,
          "private": "bnVsbA==",
          "dependencies": [
            "aws_lb.armageddon_alb",
            "aws_s3_bucket.armageddon_alb_logs_bucket",
            "aws_security_group.alb_sg",
            "aws_subnet.public",
            "aws_vpc.main_vpc",
            "data.aws_availability_zones.available",
            "data.aws_caller_identity.armageddon_self"
          ]
        }
      ]
    },
    {
      "mode": "managed",
      "type": "aws_cloudwatch_dashboard",
      "name": "sao_armageddon_dashboard",
      "provider": "provider[\"registry.terraform.io/hashicorp/aws\"].saopaulo",
      "instances": [
        {
          "schema_version": 0,
          "attributes": {
            "dashboard_arn": "arn:aws:cloudwatch::950876749850:dashboard/sao-armageddon-dashboard",
            "dashboard_body": "{\"widgets\":[{\"height\":6,\"properties\":{\"metrics\":[[\"AWS/ApplicationELB\",\"RequestCount\",\"LoadBalancer\",\"app/sao-armageddon-alb/21fe6d104cd5e1cb\"],[\".\",\"HTTPCode_ELB_5XX_Count\",\".\",\"app/sao-armageddon-alb/21fe6d104cd5e1cb\"]],\"period\":300,\"region\":\"sa-east-1\",\"stat\":\"Sum\",\"title\":\"Armageddon ALB: Requests + 5XX\"},\"type\":\"metric\",\"width\":12,\"x\":0,\"y\":0},{\"height\":6,\"properties\":{\"metrics\":[[\"AWS/ApplicationELB\",\"TargetResponseTime\",\"LoadBalancer\",\"app/sao-armageddon-alb/21fe6d104cd5e1cb\"]],\"period\":300,\"region\":\"sa-east-1\",\"stat\":\"Average\",\"title\":\"Armageddon ALB: Target Response Time\"},\"type\":\"metric\",\"width\":12,\"x\":12,\"y\":0}]}",
            "dashboard_name": "sao-armageddon-dashboard",
            "id": "sao-armageddon-dashboard",
            "region": "sa-east-1"
          },
          "sensitive_attributes": [],
          "identity_schema_version": 0,
          "private": "bnVsbA==",
          "dependencies": [
            "aws_lb.sao_armageddon_alb",
            "aws_s3_bucket.sao_armageddon_alb_logs_bucket",
            "aws_security_group.sao_alb_sg",
            "aws_subnet.sao_public",
            "aws_vpc.sao_main_vpc",
            "data.aws_availability_zones.sao_available",
            "data.aws_caller_identity.sao_armageddon_self"
          ]
        }
      ]
    },
    {
      "mode": "managed",
      "type": "aws_cloudwatch_log_group",
      "name": "rds_log_group",
      "provider": "provider[\"registry.terraform.io/hashicorp/aws\"]",
      "instances": [
        {
          "schema_version": 0,
          "attributes": {
            "arn": "arn:aws:logs:ap-northeast-1:950876749850:log-group:rds-app",
            "deletion_protection_enabled": false,
            "id": "rds-app",
            "kms_key_id": "",
            "log_group_class": "STANDARD",
            "name": "rds-app",
            "name_prefix": "",
            "region": "ap-northeast-1",
            "retention_in_days": 7,
            "skip_destroy": false,
            "tags": {
              "Name": "rds-log-group"
            },
            "tags_all": {
              "Name": "rds-log-group"
            }
          },
          "sensitive_attributes": [],
          "identity_schema_version": 0,
          "identity": {
            "account_id": "950876749850",
            "name": "rds-app",
            "region": "ap-northeast-1"
          },
          "private": "bnVsbA=="
        }
      ]
    },
    {
      "mode": "managed",
      "type": "aws_cloudwatch_log_metric_filter",
      "name": "rds_connection_error",
      "provider": "provider[\"registry.terraform.io/hashicorp/aws\"]",
      "instances": [
        {
          "schema_version": 0,
          "attributes": {
            "apply_on_transformed_logs": false,
            "id": "rds-connection-error",
            "log_group_name": "rds-app",
            "metric_transformation": [
              {
                "default_value": "",
                "dimensions": {},
                "name": "DBConnectionErrors",
                "namespace": "Lab/RDSApp",
                "unit": "None",
                "value": "1"
              }
            ],
            "name": "rds-connection-error",
            "pattern": "OperationalError",
            "region": "ap-northeast-1"
          },
          "sensitive_attributes": [],
          "identity_schema_version": 0,
          "private": "bnVsbA==",
          "dependencies": [
            "aws_cloudwatch_log_group.rds_log_group"
          ]
        }
      ]
    },
    {
      "mode": "managed",
      "type": "aws_cloudwatch_metric_alarm",
      "name": "alarm_db_fail",
      "provider": "provider[\"registry.terraform.io/hashicorp/aws\"]",
      "instances": [
        {
          "schema_version": 1,
          "attributes": {
            "actions_enabled": true,
            "alarm_actions": [
              "arn:aws:sns:ap-northeast-1:950876749850:db-incidents"
            ],
            "alarm_description": "",
            "alarm_name": "alarm-db-fail",
            "arn": "arn:aws:cloudwatch:ap-northeast-1:950876749850:alarm:alarm-db-fail",
            "comparison_operator": "GreaterThanOrEqualToThreshold",
            "datapoints_to_alarm": 0,
            "dimensions": {},
            "evaluate_low_sample_count_percentiles": "",
            "evaluation_periods": 1,
            "extended_statistic": "",
            "id": "alarm-db-fail",
            "insufficient_data_actions": [],
            "metric_name": "DBConnectionErrors",
            "metric_query": [],
            "namespace": "Lab/RDSApp",
            "ok_actions": [],
            "period": 60,
            "region": "ap-northeast-1",
            "statistic": "Sum",
            "tags": {
              "Name": "alarm-db-fail"
            },
            "tags_all": {
              "Name": "alarm-db-fail"
            },
            "threshold": 3,
            "threshold_metric_id": "",
            "treat_missing_data": "notBreaching",
            "unit": ""
          },
          "sensitive_attributes": [],
          "identity_schema_version": 0,
          "identity": {
            "account_id": "950876749850",
            "alarm_name": "alarm-db-fail",
            "region": "ap-northeast-1"
          },
          "private": "eyJzY2hlbWFfdmVyc2lvbiI6IjEifQ==",
          "dependencies": [
            "aws_sns_topic.lab_db_incidents"
          ]
        }
      ]
    },
    {
      "mode": "managed",
      "type": "aws_cloudwatch_metric_alarm",
      "name": "armage_alb_5xx_alarm01",
      "provider": "provider[\"registry.terraform.io/hashicorp/aws\"]",
      "instances": [
        {
          "schema_version": 1,
          "attributes": {
            "actions_enabled": true,
            "alarm_actions": [
              "arn:aws:sns:ap-northeast-1:950876749850:db-incidents"
            ],
            "alarm_description": "",
            "alarm_name": "armage-alb-5xx-alarm01",
            "arn": "arn:aws:cloudwatch:ap-northeast-1:950876749850:alarm:armage-alb-5xx-alarm01",
            "comparison_operator": "GreaterThanOrEqualToThreshold",
            "datapoints_to_alarm": 0,
            "dimensions": {
              "LoadBalancer": "app/armageddon-alb/f4a0ef42f3edc1b1"
            },
            "evaluate_low_sample_count_percentiles": "",
            "evaluation_periods": 1,
            "extended_statistic": "",
            "id": "armage-alb-5xx-alarm01",
            "insufficient_data_actions": [],
            "metric_name": "HTTPCode_ELB_5XX_Count",
            "metric_query": [],
            "namespace": "AWS/ApplicationELB",
            "ok_actions": [],
            "period": 300,
            "region": "ap-northeast-1",
            "statistic": "Sum",
            "tags": {
              "Name": "armage-alb-5xx-alarm01"
            },
            "tags_all": {
              "Name": "armage-alb-5xx-alarm01"
            },
            "threshold": 10,
            "threshold_metric_id": "",
            "treat_missing_data": "missing",
            "unit": ""
          },
          "sensitive_attributes": [],
          "identity_schema_version": 0,
          "identity": {
            "account_id": "950876749850",
            "alarm_name": "armage-alb-5xx-alarm01",
            "region": "ap-northeast-1"
          },
          "private": "eyJzY2hlbWFfdmVyc2lvbiI6IjEifQ==",
          "dependencies": [
            "aws_lb.armageddon_alb",
            "aws_s3_bucket.armageddon_alb_logs_bucket",
            "aws_security_group.alb_sg",
            "aws_sns_topic.lab_db_incidents",
            "aws_subnet.public",
            "aws_vpc.main_vpc",
            "data.aws_availability_zones.available",
            "data.aws_caller_identity.armageddon_self"
          ]
        }
      ]
    },
    {
      "mode": "managed",
      "type": "aws_cloudwatch_metric_alarm",
      "name": "sao_armage_alb_5xx_alarm01",
      "provider": "provider[\"registry.terraform.io/hashicorp/aws\"].saopaulo",
      "instances": [
        {
          "schema_version": 1,
          "attributes": {
            "actions_enabled": true,
            "alarm_actions": [
              "arn:aws:sns:sa-east-1:950876749850:incidents-sao"
            ],
            "alarm_description": "",
            "alarm_name": "sao-armage-alb-5xx-alarm01",
            "arn": "arn:aws:cloudwatch:sa-east-1:950876749850:alarm:sao-armage-alb-5xx-alarm01",
            "comparison_operator": "GreaterThanOrEqualToThreshold",
            "datapoints_to_alarm": 0,
            "dimensions": {
              "LoadBalancer": "app/sao-armageddon-alb/21fe6d104cd5e1cb"
            },
            "evaluate_low_sample_count_percentiles": "",
            "evaluation_periods": 1,
            "extended_statistic": "",
            "id": "sao-armage-alb-5xx-alarm01",
            "insufficient_data_actions": [],
            "metric_name": "HTTPCode_ELB_5XX_Count",
            "metric_query": [],
            "namespace": "AWS/ApplicationELB",
            "ok_actions": [],
            "period": 300,
            "region": "sa-east-1",
            "statistic": "Sum",
            "tags": {
              "Name": "armage-alb-5xx-alarm01"
            },
            "tags_all": {
              "Name": "armage-alb-5xx-alarm01"
            },
            "threshold": 10,
            "threshold_metric_id": "",
            "treat_missing_data": "missing",
            "unit": ""
          },
          "sensitive_attributes": [],
          "identity_schema_version": 0,
          "identity": {
            "account_id": "950876749850",
            "alarm_name": "sao-armage-alb-5xx-alarm01",
            "region": "sa-east-1"
          },
          "private": "eyJzY2hlbWFfdmVyc2lvbiI6IjEifQ==",
          "dependencies": [
            "aws_lb.sao_armageddon_alb",
            "aws_s3_bucket.sao_armageddon_alb_logs_bucket",
            "aws_security_group.sao_alb_sg",
            "aws_sns_topic.incidents_sao",
            "aws_subnet.sao_public",
            "aws_vpc.sao_main_vpc",
            "data.aws_availability_zones.sao_available",
            "data.aws_caller_identity.sao_armageddon_self"
          ]
        }
      ]
    },
    {
      "mode": "managed",
      "type": "aws_db_instance",
      "name": "rds_lab_mysql",
      "provider": "provider[\"registry.terraform.io/hashicorp/aws\"]",
      "instances": [
        {
          "schema_version": 2,
          "attributes": {
            "address": "lab-mysql.cvg02cgm0zpq.ap-northeast-1.rds.amazonaws.com",
            "allocated_storage": 20,
            "allow_major_version_upgrade": null,
            "apply_immediately": false,
            "arn": "arn:aws:rds:ap-northeast-1:950876749850:db:lab-mysql",
            "auto_minor_version_upgrade": true,
            "availability_zone": "ap-northeast-1c",
            "backup_retention_period": 0,
            "backup_target": "region",
            "backup_window": "14:55-15:25",
            "blue_green_update": [],
            "ca_cert_identifier": "rds-ca-rsa2048-g1",
            "character_set_name": "",
            "copy_tags_to_snapshot": false,
            "custom_iam_instance_profile": "",
            "customer_owned_ip_enabled": false,
            "database_insights_mode": "standard",
            "db_name": "labdb",
            "db_subnet_group_name": "rds-subnet-group",
            "dedicated_log_volume": false,
            "delete_automated_backups": true,
            "deletion_protection": false,
            "domain": "",
            "domain_auth_secret_arn": "",
            "domain_dns_ips": [],
            "domain_fqdn": "",
            "domain_iam_role_name": "",
            "domain_ou": "",
            "enabled_cloudwatch_logs_exports": [],
            "endpoint": "lab-mysql.cvg02cgm0zpq.ap-northeast-1.rds.amazonaws.com:3306",
            "engine": "mysql",
            "engine_lifecycle_support": "open-source-rds-extended-support",
            "engine_version": "8.4.7",
            "engine_version_actual": "8.4.7",
            "final_snapshot_identifier": null,
            "hosted_zone_id": "Z24O6O9L7SGTNB",
            "iam_database_authentication_enabled": false,
            "id": "db-EV2LDY4BO3MDMSAYI2OP3NDV4Q",
            "identifier": "lab-mysql",
            "identifier_prefix": "",
            "instance_class": "db.t3.micro",
            "iops": 0,
            "kms_key_id": "",
            "latest_restorable_time": "",
            "license_model": "general-public-license",
            "listener_endpoint": [],
            "maintenance_window": "tue:13:05-tue:13:35",
            "manage_master_user_password": null,
            "master_user_secret": [],
            "master_user_secret_kms_key_id": null,
            "max_allocated_storage": 0,
            "monitoring_interval": 0,
            "monitoring_role_arn": "",
            "multi_az": false,
            "nchar_character_set_name": "",
            "network_type": "IPV4",
            "option_group_name": "default:mysql-8-4",
            "parameter_group_name": "default.mysql8.4",
            "password": "KingofIronFist1997",
            "password_wo": null,
            "password_wo_version": null,
            "performance_insights_enabled": false,
            "performance_insights_kms_key_id": "",
            "performance_insights_retention_period": 0,
            "port": 3306,
            "publicly_accessible": false,
            "region": "ap-northeast-1",
            "replica_mode": "",
            "replicas": [],
            "replicate_source_db": "",
            "resource_id": "db-EV2LDY4BO3MDMSAYI2OP3NDV4Q",
            "restore_to_point_in_time": [],
            "s3_import": [],
            "skip_final_snapshot": true,
            "snapshot_identifier": null,
            "status": "available",
            "storage_encrypted": false,
            "storage_throughput": 0,
            "storage_type": "gp2",
            "tags": {
              "Name": "rds-lab-mysql"
            },
            "tags_all": {
              "Name": "rds-lab-mysql"
            },
            "timeouts": null,
            "timezone": "",
            "upgrade_rollout_order": "second",
            "upgrade_storage_config": null,
            "username": "admin",
            "vpc_security_group_ids": [
              "sg-0b9fb6a9e4b7d48e9"
            ]
          },
          "sensitive_attributes": [
            [
              {
                "type": "get_attr",
                "value": "password"
              }
            ],
            [
              {
                "type": "get_attr",
                "value": "password_wo"
              }
            ]
          ],
          "identity_schema_version": 0,
          "private": "eyJlMmJmYjczMC1lY2FhLTExZTYtOGY4OC0zNDM2M2JjN2M0YzAiOnsiY3JlYXRlIjozMDAwMDAwMDAwMDAwLCJkZWxldGUiOjM2MDAwMDAwMDAwMDAsInVwZGF0ZSI6NDgwMDAwMDAwMDAwMH0sInNjaGVtYV92ZXJzaW9uIjoiMiJ9",
          "dependencies": [
            "aws_db_subnet_group.rds_subnet_group",
            "aws_security_group.rds_lab_sg",
            "aws_subnet.private",
            "aws_vpc.main_vpc",
            "data.aws_availability_zones.available"
          ]
        }
      ]
    },
    {
      "mode": "managed",
      "type": "aws_db_subnet_group",
      "name": "rds_subnet_group",
      "provider": "provider[\"registry.terraform.io/hashicorp/aws\"]",
      "instances": [
        {
          "schema_version": 0,
          "attributes": {
            "arn": "arn:aws:rds:ap-northeast-1:950876749850:subgrp:rds-subnet-group",
            "description": "Managed by Terraform",
            "id": "rds-subnet-group",
            "name": "rds-subnet-group",
            "name_prefix": "",
            "region": "ap-northeast-1",
            "subnet_ids": [
              "subnet-00f33d24cc6f4c692",
              "subnet-049f9a70a0cc913c3",
              "subnet-0cb9f5c1c3f49e1df"
            ],
            "supported_network_types": [
              "IPV4"
            ],
            "tags": {
              "Name": "rds-subnet-group"
            },
            "tags_all": {
              "Name": "rds-subnet-group"
            },
            "vpc_id": "vpc-0749dcd9e4d0b62f2"
          },
          "sensitive_attributes": [],
          "identity_schema_version": 0,
          "private": "bnVsbA==",
          "dependencies": [
            "aws_subnet.private",
            "aws_vpc.main_vpc",
            "data.aws_availability_zones.available"
          ]
        }
      ]
    },
    {
      "mode": "managed",
      "type": "aws_ec2_transit_gateway",
      "name": "armageddon_liberdade_tgw01",
      "provider": "provider[\"registry.terraform.io/hashicorp/aws\"].saopaulo",
      "instances": [
        {
          "schema_version": 0,
          "attributes": {
            "amazon_side_asn": 64512,
            "arn": "arn:aws:ec2:sa-east-1:950876749850:transit-gateway/tgw-0bdce88949568936b",
            "association_default_route_table_id": "tgw-rtb-0d445c6ad35c38d6c",
            "auto_accept_shared_attachments": "disable",
            "default_route_table_association": "enable",
            "default_route_table_propagation": "enable",
            "description": "armageddon-liberdade-tgw01 (Sao Paulo spoke)",
            "dns_support": "enable",
            "encryption_support": "disable",
            "id": "tgw-0bdce88949568936b",
            "multicast_support": "disable",
            "owner_id": "950876749850",
            "propagation_default_route_table_id": "tgw-rtb-0d445c6ad35c38d6c",
            "region": "sa-east-1",
            "security_group_referencing_support": "disable",
            "tags": {
              "Name": "armageddon-liberdade-tgw01"
            },
            "tags_all": {
              "Name": "armageddon-liberdade-tgw01"
            },
            "timeouts": null,
            "transit_gateway_cidr_blocks": [],
            "vpn_ecmp_support": "enable"
          },
          "sensitive_attributes": [],
          "identity_schema_version": 0,
          "private": "eyJlMmJmYjczMC1lY2FhLTExZTYtOGY4OC0zNDM2M2JjN2M0YzAiOnsiY3JlYXRlIjo2MDAwMDAwMDAwMDAsImRlbGV0ZSI6NjAwMDAwMDAwMDAwLCJ1cGRhdGUiOjYwMDAwMDAwMDAwMH19"
        }
      ]
    },
    {
      "mode": "managed",
      "type": "aws_ec2_transit_gateway",
      "name": "armageddon_shinjuku_tgw01",
      "provider": "provider[\"registry.terraform.io/hashicorp/aws\"]",
      "instances": [
        {
          "schema_version": 0,
          "attributes": {
            "amazon_side_asn": 64512,
            "arn": "arn:aws:ec2:ap-northeast-1:950876749850:transit-gateway/tgw-0c2d689ab11a0a4f4",
            "association_default_route_table_id": "tgw-rtb-035d84c5791104e56",
            "auto_accept_shared_attachments": "disable",
            "default_route_table_association": "enable",
            "default_route_table_propagation": "enable",
            "description": "armageddon-shinjuku-tgw01 (Tokyo hub)",
            "dns_support": "enable",
            "encryption_support": "disable",
            "id": "tgw-0c2d689ab11a0a4f4",
            "multicast_support": "disable",
            "owner_id": "950876749850",
            "propagation_default_route_table_id": "tgw-rtb-035d84c5791104e56",
            "region": "ap-northeast-1",
            "security_group_referencing_support": "disable",
            "tags": {
              "Name": "armageddon-shinjuku-tgw01"
            },
            "tags_all": {
              "Name": "armageddon-shinjuku-tgw01"
            },
            "timeouts": null,
            "transit_gateway_cidr_blocks": [],
            "vpn_ecmp_support": "enable"
          },
          "sensitive_attributes": [],
          "identity_schema_version": 0,
          "private": "eyJlMmJmYjczMC1lY2FhLTExZTYtOGY4OC0zNDM2M2JjN2M0YzAiOnsiY3JlYXRlIjo2MDAwMDAwMDAwMDAsImRlbGV0ZSI6NjAwMDAwMDAwMDAwLCJ1cGRhdGUiOjYwMDAwMDAwMDAwMH19"
        }
      ]
    },
    {
      "mode": "managed",
      "type": "aws_ec2_transit_gateway_peering_attachment",
      "name": "armageddon_shinjuku_to_liberdade_peer01",
      "provider": "provider[\"registry.terraform.io/hashicorp/aws\"]",
      "instances": [
        {
          "schema_version": 0,
          "attributes": {
            "arn": "arn:aws:ec2:ap-northeast-1:950876749850:transit-gateway-attachment/tgw-attach-02d34e7fdd01c440d",
            "id": "tgw-attach-02d34e7fdd01c440d",
            "options": [],
            "peer_account_id": "950876749850",
            "peer_region": "sa-east-1",
            "peer_transit_gateway_id": "tgw-0bdce88949568936b",
            "region": "ap-northeast-1",
            "state": "available",
            "tags": {
              "Name": "shinjuku-to-liberdade-peer01"
            },
            "tags_all": {
              "Name": "shinjuku-to-liberdade-peer01"
            },
            "transit_gateway_id": "tgw-0c2d689ab11a0a4f4"
          },
          "sensitive_attributes": [],
          "identity_schema_version": 0,
          "private": "bnVsbA==",
          "dependencies": [
            "aws_ec2_transit_gateway.armageddon_liberdade_tgw01",
            "aws_ec2_transit_gateway.armageddon_shinjuku_tgw01"
          ]
        }
      ]
    },
    {
      "mode": "managed",
      "type": "aws_ec2_transit_gateway_peering_attachment_accepter",
      "name": "armageddon_liberdade_accept_peer01",
      "provider": "provider[\"registry.terraform.io/hashicorp/aws\"].saopaulo",
      "instances": [
        {
          "schema_version": 0,
          "attributes": {
            "id": "tgw-attach-02d34e7fdd01c440d",
            "peer_account_id": "950876749850",
            "peer_region": "ap-northeast-1",
            "peer_transit_gateway_id": "tgw-0c2d689ab11a0a4f4",
            "region": "sa-east-1",
            "tags": {
              "Name": "armageddon-liberdade-accept-peer01"
            },
            "tags_all": {
              "Name": "armageddon-liberdade-accept-peer01"
            },
            "transit_gateway_attachment_id": "tgw-attach-02d34e7fdd01c440d",
            "transit_gateway_id": "tgw-0bdce88949568936b"
          },
          "sensitive_attributes": [],
          "identity_schema_version": 0,
          "private": "bnVsbA==",
          "dependencies": [
            "aws_ec2_transit_gateway.armageddon_liberdade_tgw01",
            "aws_ec2_transit_gateway.armageddon_shinjuku_tgw01",
            "aws_ec2_transit_gateway_peering_attachment.armageddon_shinjuku_to_liberdade_peer01"
          ]
        }
      ]
    },
    {
      "mode": "managed",
      "type": "aws_ec2_transit_gateway_route",
      "name": "liberdade_to_tokyo",
      "provider": "provider[\"registry.terraform.io/hashicorp/aws\"].saopaulo",
      "instances": [
        {
          "schema_version": 0,
          "attributes": {
            "blackhole": false,
            "destination_cidr_block": "10.30.0.0/16",
            "id": "tgw-rtb-0d445c6ad35c38d6c_10.30.0.0/16",
            "region": "sa-east-1",
            "transit_gateway_attachment_id": "tgw-attach-02d34e7fdd01c440d",
            "transit_gateway_route_table_id": "tgw-rtb-0d445c6ad35c38d6c"
          },
          "sensitive_attributes": [],
          "identity_schema_version": 0,
          "private": "bnVsbA==",
          "dependencies": [
            "aws_ec2_transit_gateway.armageddon_liberdade_tgw01",
            "aws_ec2_transit_gateway.armageddon_shinjuku_tgw01",
            "aws_ec2_transit_gateway_peering_attachment.armageddon_shinjuku_to_liberdade_peer01",
            "aws_ec2_transit_gateway_peering_attachment_accepter.armageddon_liberdade_accept_peer01"
          ]
        }
      ]
    },
    {
      "mode": "managed",
      "type": "aws_ec2_transit_gateway_route",
      "name": "shinjuku_to_sao",
      "provider": "provider[\"registry.terraform.io/hashicorp/aws\"]",
      "instances": [
        {
          "schema_version": 0,
          "attributes": {
            "blackhole": false,
            "destination_cidr_block": "10.80.0.0/16",
            "id": "tgw-rtb-035d84c5791104e56_10.80.0.0/16",
            "region": "ap-northeast-1",
            "transit_gateway_attachment_id": "tgw-attach-02d34e7fdd01c440d",
            "transit_gateway_route_table_id": "tgw-rtb-035d84c5791104e56"
          },
          "sensitive_attributes": [],
          "identity_schema_version": 0,
          "private": "bnVsbA==",
          "dependencies": [
            "aws_ec2_transit_gateway.armageddon_liberdade_tgw01",
            "aws_ec2_transit_gateway.armageddon_shinjuku_tgw01",
            "aws_ec2_transit_gateway_peering_attachment.armageddon_shinjuku_to_liberdade_peer01",
            "aws_ec2_transit_gateway_peering_attachment_accepter.armageddon_liberdade_accept_peer01"
          ]
        }
      ]
    },
    {
      "mode": "managed",
      "type": "aws_ec2_transit_gateway_vpc_attachment",
      "name": "armageddon_liberdade_attach_sp_vpc01",
      "provider": "provider[\"registry.terraform.io/hashicorp/aws\"].saopaulo",
      "instances": [
        {
          "schema_version": 0,
          "attributes": {
            "appliance_mode_support": "disable",
            "arn": "arn:aws:ec2:sa-east-1:950876749850:transit-gateway-attachment/tgw-attach-04b2fdf243dd3f163",
            "dns_support": "enable",
            "id": "tgw-attach-04b2fdf243dd3f163",
            "ipv6_support": "disable",
            "region": "sa-east-1",
            "security_group_referencing_support": "enable",
            "subnet_ids": [
              "subnet-06d5c75c6accf200c",
              "subnet-07dbf568111e634f5"
            ],
            "tags": {
              "Name": "armageddon-liberdade-attach-sp-vpc01"
            },
            "tags_all": {
              "Name": "armageddon-liberdade-attach-sp-vpc01"
            },
            "transit_gateway_default_route_table_association": true,
            "transit_gateway_default_route_table_propagation": true,
            "transit_gateway_id": "tgw-0bdce88949568936b",
            "vpc_id": "vpc-09496ac03847d0650",
            "vpc_owner_id": "950876749850"
          },
          "sensitive_attributes": [],
          "identity_schema_version": 0,
          "private": "bnVsbA==",
          "dependencies": [
            "aws_ec2_transit_gateway.armageddon_liberdade_tgw01",
            "aws_subnet.sao_private",
            "aws_vpc.sao_main_vpc",
            "data.aws_availability_zones.sao_available"
          ]
        }
      ]
    },
    {
      "mode": "managed",
      "type": "aws_ec2_transit_gateway_vpc_attachment",
      "name": "armageddon_shinjuku_attach_tokyo_vpc01",
      "provider": "provider[\"registry.terraform.io/hashicorp/aws\"]",
      "instances": [
        {
          "schema_version": 0,
          "attributes": {
            "appliance_mode_support": "disable",
            "arn": "arn:aws:ec2:ap-northeast-1:950876749850:transit-gateway-attachment/tgw-attach-0cf81aeab86f84487",
            "dns_support": "enable",
            "id": "tgw-attach-0cf81aeab86f84487",
            "ipv6_support": "disable",
            "region": "ap-northeast-1",
            "security_group_referencing_support": "enable",
            "subnet_ids": [
              "subnet-00f33d24cc6f4c692",
              "subnet-049f9a70a0cc913c3",
              "subnet-0cb9f5c1c3f49e1df"
            ],
            "tags": {
              "Name": "shinjuku-attach-tokyo-vpc01"
            },
            "tags_all": {
              "Name": "shinjuku-attach-tokyo-vpc01"
            },
            "transit_gateway_default_route_table_association": true,
            "transit_gateway_default_route_table_propagation": true,
            "transit_gateway_id": "tgw-0c2d689ab11a0a4f4",
            "vpc_id": "vpc-0749dcd9e4d0b62f2",
            "vpc_owner_id": "950876749850"
          },
          "sensitive_attributes": [],
          "identity_schema_version": 0,
          "private": "bnVsbA==",
          "dependencies": [
            "aws_ec2_transit_gateway.armageddon_shinjuku_tgw01",
            "aws_subnet.private",
            "aws_vpc.main_vpc",
            "data.aws_availability_zones.available"
          ]
        }
      ]
    },
    {
      "mode": "managed",
      "type": "aws_eip",
      "name": "main_nat_eip",
      "provider": "provider[\"registry.terraform.io/hashicorp/aws\"]",
      "instances": [
        {
          "schema_version": 0,
          "attributes": {
            "address": null,
            "allocation_id": "eipalloc-08fdca181193477cf",
            "arn": "arn:aws:ec2:ap-northeast-1:950876749850:elastic-ip/eipalloc-08fdca181193477cf",
            "associate_with_private_ip": null,
            "association_id": "eipassoc-03f1240f62972c1fd",
            "carrier_ip": "",
            "customer_owned_ip": "",
            "customer_owned_ipv4_pool": "",
            "domain": "vpc",
            "id": "eipalloc-08fdca181193477cf",
            "instance": "",
            "ipam_pool_id": null,
            "network_border_group": "ap-northeast-1",
            "network_interface": "eni-0f6b64e5a317ba595",
            "private_dns": "ip-10-30-1-48.ap-northeast-1.compute.internal",
            "private_ip": "10.30.1.48",
            "ptr_record": "",
            "public_dns": "ec2-13-158-184-107.ap-northeast-1.compute.amazonaws.com",
            "public_ip": "13.158.184.107",
            "public_ipv4_pool": "amazon",
            "region": "ap-northeast-1",
            "tags": {
              "Name": "nat-eip"
            },
            "tags_all": {
              "Name": "nat-eip"
            },
            "timeouts": null
          },
          "sensitive_attributes": [],
          "identity_schema_version": 0,
          "private": "eyJlMmJmYjczMC1lY2FhLTExZTYtOGY4OC0zNDM2M2JjN2M0YzAiOnsiZGVsZXRlIjoxODAwMDAwMDAwMDAsInJlYWQiOjkwMDAwMDAwMDAwMCwidXBkYXRlIjozMDAwMDAwMDAwMDB9fQ=="
        }
      ]
    },
    {
      "mode": "managed",
      "type": "aws_eip",
      "name": "sao_main_nat_eip",
      "provider": "provider[\"registry.terraform.io/hashicorp/aws\"].saopaulo",
      "instances": [
        {
          "schema_version": 0,
          "attributes": {
            "address": null,
            "allocation_id": "eipalloc-0339f1862e8417403",
            "arn": "arn:aws:ec2:sa-east-1:950876749850:elastic-ip/eipalloc-0339f1862e8417403",
            "associate_with_private_ip": null,
            "association_id": "eipassoc-01b41eddb4987ff8a",
            "carrier_ip": "",
            "customer_owned_ip": "",
            "customer_owned_ipv4_pool": "",
            "domain": "vpc",
            "id": "eipalloc-0339f1862e8417403",
            "instance": "",
            "ipam_pool_id": null,
            "network_border_group": "sa-east-1",
            "network_interface": "eni-081babff829478dea",
            "private_dns": "ip-10-80-1-154.sa-east-1.compute.internal",
            "private_ip": "10.80.1.154",
            "ptr_record": "",
            "public_dns": "ec2-18-230-238-198.sa-east-1.compute.amazonaws.com",
            "public_ip": "18.230.238.198",
            "public_ipv4_pool": "amazon",
            "region": "sa-east-1",
            "tags": {
              "Name": "sao-nat-eip"
            },
            "tags_all": {
              "Name": "sao-nat-eip"
            },
            "timeouts": null
          },
          "sensitive_attributes": [],
          "identity_schema_version": 0,
          "private": "eyJlMmJmYjczMC1lY2FhLTExZTYtOGY4OC0zNDM2M2JjN2M0YzAiOnsiZGVsZXRlIjoxODAwMDAwMDAwMDAsInJlYWQiOjkwMDAwMDAwMDAwMCwidXBkYXRlIjozMDAwMDAwMDAwMDB9fQ=="
        }
      ]
    },
    {
      "mode": "managed",
      "type": "aws_iam_instance_profile",
      "name": "iam_profile",
      "provider": "provider[\"registry.terraform.io/hashicorp/aws\"]",
      "instances": [
        {
          "schema_version": 0,
          "attributes": {
            "arn": "arn:aws:iam::950876749850:instance-profile/iam-profile",
            "create_date": "2026-02-09T18:15:33Z",
            "id": "iam-profile",
            "name": "iam-profile",
            "name_prefix": "",
            "path": "/",
            "role": "ec2-role",
            "tags": {},
            "tags_all": {},
            "unique_id": "AIPA52ZFLYANANSHBJ2EZ"
          },
          "sensitive_attributes": [],
          "identity_schema_version": 0,
          "private": "bnVsbA==",
          "dependencies": [
            "aws_iam_role.ec2_role"
          ]
        }
      ]
    },
    {
      "mode": "managed",
      "type": "aws_iam_instance_profile",
      "name": "sao_iam_profile",
      "provider": "provider[\"registry.terraform.io/hashicorp/aws\"].saopaulo",
      "instances": [
        {
          "schema_version": 0,
          "attributes": {
            "arn": "arn:aws:iam::950876749850:instance-profile/sao-iam-profile",
            "create_date": "2026-02-09T18:15:31Z",
            "id": "sao-iam-profile",
            "name": "sao-iam-profile",
            "name_prefix": "",
            "path": "/",
            "role": "sao-ec2-role",
            "tags": {},
            "tags_all": {},
            "unique_id": "AIPA52ZFLYANLHMHZEDVH"
          },
          "sensitive_attributes": [],
          "identity_schema_version": 0,
          "private": "bnVsbA==",
          "dependencies": [
            "aws_iam_role.sao_ec2_role"
          ]
        }
      ]
    },
    {
      "mode": "managed",
      "type": "aws_iam_policy",
      "name": "cloudwatch_agent_custom",
      "provider": "provider[\"registry.terraform.io/hashicorp/aws\"]",
      "instances": [
        {
          "schema_version": 0,
          "attributes": {
            "arn": "arn:aws:iam::950876749850:policy/cloudwatch-agent-custom",
            "attachment_count": 1,
            "delay_after_policy_creation_in_ms": null,
            "description": "Permissions for CloudWatch Agent + SSM parameter reads for AmazonCloudWatch-*",
            "id": "arn:aws:iam::950876749850:policy/cloudwatch-agent-custom",
            "name": "cloudwatch-agent-custom",
            "name_prefix": "",
            "path": "/",
            "policy": "{\"Statement\":[{\"Action\":[\"logs:PutLogEvents\",\"logs:DescribeLogStreams\",\"logs:CreateLogStream\"],\"Effect\":\"Allow\",\"Resource\":\"*\",\"Sid\":\"CWACloudWatchServerPermissions\"},{\"Action\":[\"ssm:GetParameter\"],\"Effect\":\"Allow\",\"Resource\":\"arn:aws:ssm:*:*:parameter/AmazonCloudWatch-*\",\"Sid\":\"CWASSMServerPermissions\"}],\"Version\":\"2012-10-17\"}",
            "policy_id": "ANPA52ZFLYANLONGUWHRI",
            "tags": {},
            "tags_all": {}
          },
          "sensitive_attributes": [],
          "identity_schema_version": 0,
          "identity": {
            "arn": "arn:aws:iam::950876749850:policy/cloudwatch-agent-custom"
          },
          "private": "bnVsbA=="
        }
      ]
    },
    {
      "mode": "managed",
      "type": "aws_iam_policy",
      "name": "read_armageddon_db_params",
      "provider": "provider[\"registry.terraform.io/hashicorp/aws\"]",
      "instances": [
        {
          "schema_version": 0,
          "attributes": {
            "arn": "arn:aws:iam::950876749850:policy/read-armageddon-db-params",
            "attachment_count": 1,
            "delay_after_policy_creation_in_ms": null,
            "description": "Allow ssm:GetParameters for lab-db endpoint/port/name parameters",
            "id": "arn:aws:iam::950876749850:policy/read-armageddon-db-params",
            "name": "read-armageddon-db-params",
            "name_prefix": "",
            "path": "/",
            "policy": "{\"Statement\":[{\"Action\":[\"ssm:GetParameter\",\"ssm:GetParameters\"],\"Effect\":\"Allow\",\"Resource\":[\"arn:aws:ssm:ap-northeast-1:950876749850:parameter/lab-db-endpoint\",\"arn:aws:ssm:ap-northeast-1:950876749850:parameter/lab-db-port\",\"arn:aws:ssm:ap-northeast-1:950876749850:parameter/lab-db-name\"],\"Sid\":\"ReadLabDbParams\"}],\"Version\":\"2012-10-17\"}",
            "policy_id": "ANPA52ZFLYANO6X4PQAWY",
            "tags": {},
            "tags_all": {}
          },
          "sensitive_attributes": [],
          "identity_schema_version": 0,
          "identity": {
            "arn": "arn:aws:iam::950876749850:policy/read-armageddon-db-params"
          },
          "private": "bnVsbA==",
          "dependencies": [
            "aws_db_instance.rds_lab_mysql",
            "aws_db_subnet_group.rds_subnet_group",
            "aws_security_group.rds_lab_sg",
            "aws_ssm_parameter.armageddon_db_endpoint",
            "aws_ssm_parameter.armageddon_db_name",
            "aws_ssm_parameter.armageddona_db_port",
            "aws_subnet.private",
            "aws_vpc.main_vpc",
            "data.aws_availability_zones.available"
          ]
        }
      ]
    },
    {
      "mode": "managed",
      "type": "aws_iam_policy",
      "name": "read_specific_secret",
      "provider": "provider[\"registry.terraform.io/hashicorp/aws\"]",
      "instances": [
        {
          "schema_version": 0,
          "attributes": {
            "arn": "arn:aws:iam::950876749850:policy/read-lab-rds-mysql",
            "attachment_count": 1,
            "delay_after_policy_creation_in_ms": null,
            "description": "",
            "id": "arn:aws:iam::950876749850:policy/read-lab-rds-mysql",
            "name": "read-lab-rds-mysql",
            "name_prefix": "",
            "path": "/",
            "policy": "{\"Statement\":[{\"Action\":[\"secretsmanager:GetSecretValue\"],\"Effect\":\"Allow\",\"Resource\":\"arn:aws:secretsmanager:ap-northeast-1:950876749850:secret:lab/rds/mysql*\",\"Sid\":\"ReadSpecificSecret\"}],\"Version\":\"2012-10-17\"}",
            "policy_id": "ANPA52ZFLYANFWYYKLPDG",
            "tags": {},
            "tags_all": {}
          },
          "sensitive_attributes": [],
          "identity_schema_version": 0,
          "identity": {
            "arn": "arn:aws:iam::950876749850:policy/read-lab-rds-mysql"
          },
          "private": "bnVsbA==",
          "dependencies": [
            "data.aws_caller_identity.current",
            "data.aws_region.current_region"
          ]
        }
      ]
    },
    {
      "mode": "managed",
      "type": "aws_iam_policy",
      "name": "sao_ssm_managed_instance_core_custom",
      "provider": "provider[\"registry.terraform.io/hashicorp/aws\"].saopaulo",
      "instances": [
        {
          "schema_version": 0,
          "attributes": {
            "arn": "arn:aws:iam::950876749850:policy/sao-ssm-managed-instance-core-custom",
            "attachment_count": 1,
            "delay_after_policy_creation_in_ms": null,
            "description": "Custom SSM Managed Instance Core permissions (SSM + ssmmessages + ec2messages)",
            "id": "arn:aws:iam::950876749850:policy/sao-ssm-managed-instance-core-custom",
            "name": "sao-ssm-managed-instance-core-custom",
            "name_prefix": "",
            "path": "/",
            "policy": "{\"Statement\":[{\"Action\":[\"ssm:DescribeAssociation\",\"ssm:GetDeployablePatchSnapshotForInstance\",\"ssm:GetDocument\",\"ssm:DescribeDocument\",\"ssm:GetManifest\",\"ssm:GetParameter\",\"ssm:GetParameters\",\"ssm:ListAssociations\",\"ssm:ListInstanceAssociations\",\"ssm:PutInventory\",\"ssm:PutComplianceItems\",\"ssm:PutConfigurePackageResult\",\"ssm:UpdateAssociationStatus\",\"ssm:UpdateInstanceAssociationStatus\",\"ssm:UpdateInstanceInformation\"],\"Effect\":\"Allow\",\"Resource\":\"*\"},{\"Action\":[\"ssmmessages:CreateControlChannel\",\"ssmmessages:CreateDataChannel\",\"ssmmessages:OpenControlChannel\",\"ssmmessages:OpenDataChannel\"],\"Effect\":\"Allow\",\"Resource\":\"*\"},{\"Action\":[\"ec2messages:AcknowledgeMessage\",\"ec2messages:DeleteMessage\",\"ec2messages:FailMessage\",\"ec2messages:GetEndpoint\",\"ec2messages:GetMessages\",\"ec2messages:SendReply\"],\"Effect\":\"Allow\",\"Resource\":\"*\"}],\"Version\":\"2012-10-17\"}",
            "policy_id": "ANPA52ZFLYANKXCLC7QBT",
            "tags": {},
            "tags_all": {}
          },
          "sensitive_attributes": [],
          "identity_schema_version": 0,
          "identity": {
            "arn": "arn:aws:iam::950876749850:policy/sao-ssm-managed-instance-core-custom"
          },
          "private": "bnVsbA=="
        }
      ]
    },
    {
      "mode": "managed",
      "type": "aws_iam_policy",
      "name": "ssm_managed_instance_core_custom",
      "provider": "provider[\"registry.terraform.io/hashicorp/aws\"]",
      "instances": [
        {
          "schema_version": 0,
          "attributes": {
            "arn": "arn:aws:iam::950876749850:policy/ssm-managed-instance-core-custom",
            "attachment_count": 1,
            "delay_after_policy_creation_in_ms": null,
            "description": "Custom SSM Managed Instance Core permissions (SSM + ssmmessages + ec2messages)",
            "id": "arn:aws:iam::950876749850:policy/ssm-managed-instance-core-custom",
            "name": "ssm-managed-instance-core-custom",
            "name_prefix": "",
            "path": "/",
            "policy": "{\"Statement\":[{\"Action\":[\"ssm:DescribeAssociation\",\"ssm:GetDeployablePatchSnapshotForInstance\",\"ssm:GetDocument\",\"ssm:DescribeDocument\",\"ssm:GetManifest\",\"ssm:GetParameter\",\"ssm:GetParameters\",\"ssm:ListAssociations\",\"ssm:ListInstanceAssociations\",\"ssm:PutInventory\",\"ssm:PutComplianceItems\",\"ssm:PutConfigurePackageResult\",\"ssm:UpdateAssociationStatus\",\"ssm:UpdateInstanceAssociationStatus\",\"ssm:UpdateInstanceInformation\"],\"Effect\":\"Allow\",\"Resource\":\"*\"},{\"Action\":[\"ssmmessages:CreateControlChannel\",\"ssmmessages:CreateDataChannel\",\"ssmmessages:OpenControlChannel\",\"ssmmessages:OpenDataChannel\"],\"Effect\":\"Allow\",\"Resource\":\"*\"},{\"Action\":[\"ec2messages:AcknowledgeMessage\",\"ec2messages:DeleteMessage\",\"ec2messages:FailMessage\",\"ec2messages:GetEndpoint\",\"ec2messages:GetMessages\",\"ec2messages:SendReply\"],\"Effect\":\"Allow\",\"Resource\":\"*\"}],\"Version\":\"2012-10-17\"}",
            "policy_id": "ANPA52ZFLYANI62JCB35L",
            "tags": {},
            "tags_all": {}
          },
          "sensitive_attributes": [],
          "identity_schema_version": 0,
          "identity": {
            "arn": "arn:aws:iam::950876749850:policy/ssm-managed-instance-core-custom"
          },
          "private": "bnVsbA=="
        }
      ]
    },
    {
      "mode": "managed",
      "type": "aws_iam_role",
      "name": "armageddon_firehose_role_tokyo01",
      "provider": "provider[\"registry.terraform.io/hashicorp/aws\"]",
      "instances": [
        {
          "index_key": 0,
          "schema_version": 0,
          "attributes": {
            "arn": "arn:aws:iam::950876749850:role/armageddon-firehose-role-apne1",
            "assume_role_policy": "{\"Statement\":[{\"Action\":\"sts:AssumeRole\",\"Effect\":\"Allow\",\"Principal\":{\"Service\":\"firehose.amazonaws.com\"}}],\"Version\":\"2012-10-17\"}",
            "create_date": "2026-02-09T18:15:30Z",
            "description": "",
            "force_detach_policies": false,
            "id": "armageddon-firehose-role-apne1",
            "inline_policy": [
              {
                "name": "armageddon-firehose-policy-apne1",
                "policy": "{\"Version\":\"2012-10-17\",\"Statement\":[{\"Action\":[\"s3:AbortMultipartUpload\",\"s3:GetBucketLocation\",\"s3:GetObject\",\"s3:ListBucket\",\"s3:ListBucketMultipartUploads\",\"s3:PutObject\"],\"Effect\":\"Allow\",\"Resource\":[\"arn:aws:s3:::armageddon-waf-firehose-dest-apne1-950876749850\",\"arn:aws:s3:::armageddon-waf-firehose-dest-apne1-950876749850/*\"]}]}"
              }
            ],
            "managed_policy_arns": [],
            "max_session_duration": 3600,
            "name": "armageddon-firehose-role-apne1",
            "name_prefix": "",
            "path": "/",
            "permissions_boundary": "",
            "tags": {},
            "tags_all": {},
            "unique_id": "AROA52ZFLYANMNROFJYCQ"
          },
          "sensitive_attributes": [],
          "identity_schema_version": 0,
          "identity": {
            "account_id": "950876749850",
            "name": "armageddon-firehose-role-apne1"
          },
          "private": "bnVsbA=="
        }
      ]
    },
    {
      "mode": "managed",
      "type": "aws_iam_role",
      "name": "ec2_role",
      "provider": "provider[\"registry.terraform.io/hashicorp/aws\"]",
      "instances": [
        {
          "schema_version": 0,
          "attributes": {
            "arn": "arn:aws:iam::950876749850:role/ec2-role",
            "assume_role_policy": "{\"Statement\":[{\"Action\":\"sts:AssumeRole\",\"Effect\":\"Allow\",\"Principal\":{\"Service\":\"ec2.amazonaws.com\"}}],\"Version\":\"2012-10-17\"}",
            "create_date": "2026-02-09T18:15:25Z",
            "description": "",
            "force_detach_policies": false,
            "id": "ec2-role",
            "inline_policy": [],
            "managed_policy_arns": [
              "arn:aws:iam::950876749850:policy/cloudwatch-agent-custom",
              "arn:aws:iam::950876749850:policy/read-armageddon-db-params",
              "arn:aws:iam::950876749850:policy/read-lab-rds-mysql",
              "arn:aws:iam::950876749850:policy/ssm-managed-instance-core-custom"
            ],
            "max_session_duration": 3600,
            "name": "ec2-role",
            "name_prefix": "",
            "path": "/",
            "permissions_boundary": "",
            "tags": {},
            "tags_all": {},
            "unique_id": "AROA52ZFLYANCYW53WUMZ"
          },
          "sensitive_attributes": [],
          "identity_schema_version": 0,
          "identity": {
            "account_id": "950876749850",
            "name": "ec2-role"
          },
          "private": "bnVsbA=="
        }
      ]
    },
    {
      "mode": "managed",
      "type": "aws_iam_role",
      "name": "sao_armageddon_firehose_role01",
      "provider": "provider[\"registry.terraform.io/hashicorp/aws\"].saopaulo",
      "instances": [
        {
          "index_key": 0,
          "schema_version": 0,
          "attributes": {
            "arn": "arn:aws:iam::950876749850:role/armageddon-sao-firehose-role01",
            "assume_role_policy": "{\"Statement\":[{\"Action\":\"sts:AssumeRole\",\"Effect\":\"Allow\",\"Principal\":{\"Service\":\"firehose.amazonaws.com\"}}],\"Version\":\"2012-10-17\"}",
            "create_date": "2026-02-09T18:15:24Z",
            "description": "",
            "force_detach_policies": false,
            "id": "armageddon-sao-firehose-role01",
            "inline_policy": [
              {
                "name": "armageddon-sao-firehose-policy01",
                "policy": "{\"Version\":\"2012-10-17\",\"Statement\":[{\"Action\":[\"s3:AbortMultipartUpload\",\"s3:GetBucketLocation\",\"s3:GetObject\",\"s3:ListBucket\",\"s3:ListBucketMultipartUploads\",\"s3:PutObject\"],\"Effect\":\"Allow\",\"Resource\":[\"arn:aws:s3:::armageddon-sao-waf-firehose-dest-950876749850\",\"arn:aws:s3:::armageddon-sao-waf-firehose-dest-950876749850/*\"]}]}"
              }
            ],
            "managed_policy_arns": [],
            "max_session_duration": 3600,
            "name": "armageddon-sao-firehose-role01",
            "name_prefix": "",
            "path": "/",
            "permissions_boundary": "",
            "tags": {},
            "tags_all": {},
            "unique_id": "AROA52ZFLYANB6U2EFT4K"
          },
          "sensitive_attributes": [],
          "identity_schema_version": 0,
          "identity": {
            "account_id": "950876749850",
            "name": "armageddon-sao-firehose-role01"
          },
          "private": "bnVsbA=="
        }
      ]
    },
    {
      "mode": "managed",
      "type": "aws_iam_role",
      "name": "sao_ec2_role",
      "provider": "provider[\"registry.terraform.io/hashicorp/aws\"].saopaulo",
      "instances": [
        {
          "schema_version": 0,
          "attributes": {
            "arn": "arn:aws:iam::950876749850:role/sao-ec2-role",
            "assume_role_policy": "{\"Statement\":[{\"Action\":\"sts:AssumeRole\",\"Effect\":\"Allow\",\"Principal\":{\"Service\":\"ec2.amazonaws.com\"}}],\"Version\":\"2012-10-17\"}",
            "create_date": "2026-02-09T18:15:24Z",
            "description": "",
            "force_detach_policies": false,
            "id": "sao-ec2-role",
            "inline_policy": [
              {
                "name": "sao-ec2-describe-min",
                "policy": "{\"Version\":\"2012-10-17\",\"Statement\":[{\"Action\":[\"ec2:DescribeVpcs\",\"ec2:DescribeRouteTables\",\"ec2:DescribeSubnets\",\"ec2:DescribeNetworkAcls\",\"ec2:DescribeTransitGateways\",\"ec2:DescribeTransitGatewayAttachments\",\"ec2:DescribeTransitGatewayRouteTables\",\"ec2:SearchTransitGatewayRoutes\"],\"Effect\":\"Allow\",\"Resource\":\"*\"}]}"
              }
            ],
            "managed_policy_arns": [
              "arn:aws:iam::950876749850:policy/sao-ssm-managed-instance-core-custom"
            ],
            "max_session_duration": 3600,
            "name": "sao-ec2-role",
            "name_prefix": "",
            "path": "/",
            "permissions_boundary": "",
            "tags": {},
            "tags_all": {},
            "unique_id": "AROA52ZFLYANLB2EWDGKO"
          },
          "sensitive_attributes": [],
          "identity_schema_version": 0,
          "identity": {
            "account_id": "950876749850",
            "name": "sao-ec2-role"
          },
          "private": "bnVsbA=="
        }
      ]
    },
    {
      "mode": "managed",
      "type": "aws_iam_role_policy",
      "name": "armageddon_firehose_policy_tokyo01",
      "provider": "provider[\"registry.terraform.io/hashicorp/aws\"]",
      "instances": [
        {
          "index_key": 0,
          "schema_version": 0,
          "attributes": {
            "id": "armageddon-firehose-role-apne1:armageddon-firehose-policy-apne1",
            "name": "armageddon-firehose-policy-apne1",
            "name_prefix": "",
            "policy": "{\"Version\":\"2012-10-17\",\"Statement\":[{\"Action\":[\"s3:AbortMultipartUpload\",\"s3:GetBucketLocation\",\"s3:GetObject\",\"s3:ListBucket\",\"s3:ListBucketMultipartUploads\",\"s3:PutObject\"],\"Effect\":\"Allow\",\"Resource\":[\"arn:aws:s3:::armageddon-waf-firehose-dest-apne1-950876749850\",\"arn:aws:s3:::armageddon-waf-firehose-dest-apne1-950876749850/*\"]}]}",
            "role": "armageddon-firehose-role-apne1"
          },
          "sensitive_attributes": [],
          "identity_schema_version": 0,
          "identity": {
            "account_id": "950876749850",
            "name": "armageddon-firehose-policy-apne1",
            "role": "armageddon-firehose-role-apne1"
          },
          "private": "bnVsbA==",
          "dependencies": [
            "aws_iam_role.armageddon_firehose_role_tokyo01",
            "aws_s3_bucket.armageddon_firehose_waf_dest_bucket_tokyo01",
            "data.aws_caller_identity.armageddon_self"
          ]
        }
      ]
    },
    {
      "mode": "managed",
      "type": "aws_iam_role_policy",
      "name": "sao_armageddon_firehose_policy01",
      "provider": "provider[\"registry.terraform.io/hashicorp/aws\"].saopaulo",
      "instances": [
        {
          "index_key": 0,
          "schema_version": 0,
          "attributes": {
            "id": "armageddon-sao-firehose-role01:armageddon-sao-firehose-policy01",
            "name": "armageddon-sao-firehose-policy01",
            "name_prefix": "",
            "policy": "{\"Version\":\"2012-10-17\",\"Statement\":[{\"Action\":[\"s3:AbortMultipartUpload\",\"s3:GetBucketLocation\",\"s3:GetObject\",\"s3:ListBucket\",\"s3:ListBucketMultipartUploads\",\"s3:PutObject\"],\"Effect\":\"Allow\",\"Resource\":[\"arn:aws:s3:::armageddon-sao-waf-firehose-dest-950876749850\",\"arn:aws:s3:::armageddon-sao-waf-firehose-dest-950876749850/*\"]}]}",
            "role": "armageddon-sao-firehose-role01"
          },
          "sensitive_attributes": [],
          "identity_schema_version": 0,
          "identity": {
            "account_id": "950876749850",
            "name": "armageddon-sao-firehose-policy01",
            "role": "armageddon-sao-firehose-role01"
          },
          "private": "bnVsbA==",
          "dependencies": [
            "aws_iam_role.sao_armageddon_firehose_role01",
            "aws_s3_bucket.sao_armageddon_firehose_waf_dest_bucket01",
            "data.aws_caller_identity.sao_armageddon_self"
          ]
        }
      ]
    },
    {
      "mode": "managed",
      "type": "aws_iam_role_policy",
      "name": "sao_ec2_describe_min",
      "provider": "provider[\"registry.terraform.io/hashicorp/aws\"].saopaulo",
      "instances": [
        {
          "schema_version": 0,
          "attributes": {
            "id": "sao-ec2-role:sao-ec2-describe-min",
            "name": "sao-ec2-describe-min",
            "name_prefix": "",
            "policy": "{\"Version\":\"2012-10-17\",\"Statement\":[{\"Action\":[\"ec2:DescribeVpcs\",\"ec2:DescribeRouteTables\",\"ec2:DescribeSubnets\",\"ec2:DescribeNetworkAcls\",\"ec2:DescribeTransitGateways\",\"ec2:DescribeTransitGatewayAttachments\",\"ec2:DescribeTransitGatewayRouteTables\",\"ec2:SearchTransitGatewayRoutes\"],\"Effect\":\"Allow\",\"Resource\":\"*\"}]}",
            "role": "sao-ec2-role"
          },
          "sensitive_attributes": [],
          "identity_schema_version": 0,
          "identity": {
            "account_id": "950876749850",
            "name": "sao-ec2-describe-min",
            "role": "sao-ec2-role"
          },
          "private": "bnVsbA==",
          "dependencies": [
            "aws_iam_role.sao_ec2_role"
          ]
        }
      ]
    },
    {
      "mode": "managed",
      "type": "aws_iam_role_policy_attachment",
      "name": "attach_cloudwatch_agent_custom",
      "provider": "provider[\"registry.terraform.io/hashicorp/aws\"]",
      "instances": [
        {
          "schema_version": 0,
          "attributes": {
            "id": "ec2-role/arn:aws:iam::950876749850:policy/cloudwatch-agent-custom",
            "policy_arn": "arn:aws:iam::950876749850:policy/cloudwatch-agent-custom",
            "role": "ec2-role"
          },
          "sensitive_attributes": [],
          "identity_schema_version": 0,
          "identity": {
            "account_id": "950876749850",
            "policy_arn": "arn:aws:iam::950876749850:policy/cloudwatch-agent-custom",
            "role": "ec2-role"
          },
          "private": "bnVsbA==",
          "dependencies": [
            "aws_iam_policy.cloudwatch_agent_custom",
            "aws_iam_role.ec2_role"
          ]
        }
      ]
    },
    {
      "mode": "managed",
      "type": "aws_iam_role_policy_attachment",
      "name": "attach_read_armageddon_db_params",
      "provider": "provider[\"registry.terraform.io/hashicorp/aws\"]",
      "instances": [
        {
          "schema_version": 0,
          "attributes": {
            "id": "ec2-role/arn:aws:iam::950876749850:policy/read-armageddon-db-params",
            "policy_arn": "arn:aws:iam::950876749850:policy/read-armageddon-db-params",
            "role": "ec2-role"
          },
          "sensitive_attributes": [],
          "identity_schema_version": 0,
          "identity": {
            "account_id": "950876749850",
            "policy_arn": "arn:aws:iam::950876749850:policy/read-armageddon-db-params",
            "role": "ec2-role"
          },
          "private": "bnVsbA==",
          "dependencies": [
            "aws_db_instance.rds_lab_mysql",
            "aws_db_subnet_group.rds_subnet_group",
            "aws_iam_policy.read_armageddon_db_params",
            "aws_iam_role.ec2_role",
            "aws_security_group.rds_lab_sg",
            "aws_ssm_parameter.armageddon_db_endpoint",
            "aws_ssm_parameter.armageddon_db_name",
            "aws_ssm_parameter.armageddona_db_port",
            "aws_subnet.private",
            "aws_vpc.main_vpc",
            "data.aws_availability_zones.available"
          ]
        }
      ]
    },
    {
      "mode": "managed",
      "type": "aws_iam_role_policy_attachment",
      "name": "attach_read_specific_secret",
      "provider": "provider[\"registry.terraform.io/hashicorp/aws\"]",
      "instances": [
        {
          "schema_version": 0,
          "attributes": {
            "id": "ec2-role/arn:aws:iam::950876749850:policy/read-lab-rds-mysql",
            "policy_arn": "arn:aws:iam::950876749850:policy/read-lab-rds-mysql",
            "role": "ec2-role"
          },
          "sensitive_attributes": [],
          "identity_schema_version": 0,
          "identity": {
            "account_id": "950876749850",
            "policy_arn": "arn:aws:iam::950876749850:policy/read-lab-rds-mysql",
            "role": "ec2-role"
          },
          "private": "bnVsbA==",
          "dependencies": [
            "aws_iam_policy.read_specific_secret",
            "aws_iam_role.ec2_role",
            "data.aws_caller_identity.current",
            "data.aws_region.current_region"
          ]
        }
      ]
    },
    {
      "mode": "managed",
      "type": "aws_iam_role_policy_attachment",
      "name": "attach_ssm_core_custom",
      "provider": "provider[\"registry.terraform.io/hashicorp/aws\"]",
      "instances": [
        {
          "schema_version": 0,
          "attributes": {
            "id": "ec2-role/arn:aws:iam::950876749850:policy/ssm-managed-instance-core-custom",
            "policy_arn": "arn:aws:iam::950876749850:policy/ssm-managed-instance-core-custom",
            "role": "ec2-role"
          },
          "sensitive_attributes": [],
          "identity_schema_version": 0,
          "identity": {
            "account_id": "950876749850",
            "policy_arn": "arn:aws:iam::950876749850:policy/ssm-managed-instance-core-custom",
            "role": "ec2-role"
          },
          "private": "bnVsbA==",
          "dependencies": [
            "aws_iam_policy.ssm_managed_instance_core_custom",
            "aws_iam_role.ec2_role"
          ]
        }
      ]
    },
    {
      "mode": "managed",
      "type": "aws_iam_role_policy_attachment",
      "name": "sao_attach_ssm_core_custom",
      "provider": "provider[\"registry.terraform.io/hashicorp/aws\"].saopaulo",
      "instances": [
        {
          "schema_version": 0,
          "attributes": {
            "id": "sao-ec2-role/arn:aws:iam::950876749850:policy/sao-ssm-managed-instance-core-custom",
            "policy_arn": "arn:aws:iam::950876749850:policy/sao-ssm-managed-instance-core-custom",
            "role": "sao-ec2-role"
          },
          "sensitive_attributes": [],
          "identity_schema_version": 0,
          "identity": {
            "account_id": "950876749850",
            "policy_arn": "arn:aws:iam::950876749850:policy/sao-ssm-managed-instance-core-custom",
            "role": "sao-ec2-role"
          },
          "private": "bnVsbA==",
          "dependencies": [
            "aws_iam_policy.sao_ssm_managed_instance_core_custom",
            "aws_iam_role.sao_ec2_role"
          ]
        }
      ]
    },
    {
      "mode": "managed",
      "type": "aws_instance",
      "name": "ec2_lab",
      "provider": "provider[\"registry.terraform.io/hashicorp/aws\"]",
      "instances": [
        {
          "schema_version": 2,
          "attributes": {
            "ami": "ami-070d2b24928913a49",
            "arn": "arn:aws:ec2:ap-northeast-1:950876749850:instance/i-01c7668ece060707c",
            "associate_public_ip_address": true,
            "availability_zone": "ap-northeast-1a",
            "capacity_reservation_specification": [
              {
                "capacity_reservation_preference": "open",
                "capacity_reservation_target": []
              }
            ],
            "cpu_options": [
              {
                "amd_sev_snp": "",
                "core_count": 1,
                "threads_per_core": 2
              }
            ],
            "credit_specification": [
              {
                "cpu_credits": "unlimited"
              }
            ],
            "disable_api_stop": false,
            "disable_api_termination": false,
            "ebs_block_device": [],
            "ebs_optimized": false,
            "enable_primary_ipv6": null,
            "enclave_options": [
              {
                "enabled": false
              }
            ],
            "ephemeral_block_device": [],
            "force_destroy": false,
            "get_password_data": false,
            "hibernation": false,
            "host_id": "",
            "host_resource_group_arn": null,
            "iam_instance_profile": "iam-profile",
            "id": "i-01c7668ece060707c",
            "instance_initiated_shutdown_behavior": "stop",
            "instance_lifecycle": "",
            "instance_market_options": [],
            "instance_state": "running",
            "instance_type": "t3.small",
            "ipv6_address_count": 0,
            "ipv6_addresses": [],
            "key_name": "",
            "launch_template": [],
            "maintenance_options": [
              {
                "auto_recovery": "default"
              }
            ],
            "metadata_options": [
              {
                "http_endpoint": "enabled",
                "http_protocol_ipv6": "disabled",
                "http_put_response_hop_limit": 2,
                "http_tokens": "required",
                "instance_metadata_tags": "disabled"
              }
            ],
            "monitoring": false,
            "network_interface": [],
            "outpost_arn": "",
            "password_data": "",
            "placement_group": "",
            "placement_group_id": "",
            "placement_partition_number": 0,
            "primary_network_interface": [
              {
                "delete_on_termination": true,
                "network_interface_id": "eni-0e39902742c7b4d68"
              }
            ],
            "primary_network_interface_id": "eni-0e39902742c7b4d68",
            "private_dns": "ip-10-30-1-92.ap-northeast-1.compute.internal",
            "private_dns_name_options": [
              {
                "enable_resource_name_dns_a_record": false,
                "enable_resource_name_dns_aaaa_record": false,
                "hostname_type": "ip-name"
              }
            ],
            "private_ip": "10.30.1.92",
            "public_dns": "ec2-52-195-176-251.ap-northeast-1.compute.amazonaws.com",
            "public_ip": "52.195.176.251",
            "region": "ap-northeast-1",
            "root_block_device": [
              {
                "delete_on_termination": true,
                "device_name": "/dev/xvda",
                "encrypted": false,
                "iops": 3000,
                "kms_key_id": "",
                "tags": {},
                "tags_all": {},
                "throughput": 125,
                "volume_id": "vol-0f24659b4ae5dd0af",
                "volume_size": 8,
                "volume_type": "gp3"
              }
            ],
            "secondary_private_ips": [],
            "security_groups": [],
            "source_dest_check": true,
            "spot_instance_request_id": "",
            "subnet_id": "subnet-0f07690dbd8ecb3e6",
            "tags": {
              "Name": "ec2-lab"
            },
            "tags_all": {
              "Name": "ec2-lab"
            },
            "tenancy": "default",
            "timeouts": null,
            "user_data": "#!/bin/bash\nset -euo pipefail\n\n# (Optional) log user-data output for debugging\nexec \u003e \u003e(tee -a /var/log/user-data.log | logger -t user-data ) 2\u003e\u00261\n\ndnf update -y\ndnf install -y python3 python3-pip\n\n# -----------------------------\n# AUTO-DETECT REGION \n# -----------------------------\nREGION=\"$(python3 - \u003c\u003c'PY'\nimport urllib.request\n\n# IMDSv2 token\ntoken_req = urllib.request.Request(\n    \"http://169.254.169.254/latest/api/token\",\n    method=\"PUT\",\n    headers={\"X-aws-ec2-metadata-token-ttl-seconds\": \"21600\"},\n)\ntoken = urllib.request.urlopen(token_req, timeout=2).read().decode()\n\n# AZ -\u003e region (us-west-2a -\u003e us-west-2)\naz_req = urllib.request.Request(\n    \"http://169.254.169.254/latest/meta-data/placement/availability-zone\",\n    headers={\"X-aws-ec2-metadata-token\": token},\n)\naz = urllib.request.urlopen(az_req, timeout=2).read().decode()\nprint(az[:-1])\nPY\n)\"\nexport AWS_REGION=\"$REGION\"\nexport AWS_DEFAULT_REGION=\"$REGION\"\n\n# --- App + venv so boto3/pymysql are guaranteed for the service ---\nmkdir -p /opt/rdsapp\npython3 -m venv /opt/rdsapp/venv\n/opt/rdsapp/venv/bin/pip install --upgrade pip\n/opt/rdsapp/venv/bin/pip install --upgrade pip setuptools wheel\n/opt/rdsapp/venv/bin/pip install flask boto3 pymysql cryptography\n\n\ncat \u003e/opt/rdsapp/app.py \u003c\u003c'PY'\nimport json\nimport os\nimport time\nfrom datetime import datetime, timezone\n\nimport boto3\nimport pymysql\nfrom flask import Flask, request\n\n# -----------------------------\n# JSON LOGGING (emit JSON logs)\n# -----------------------------\ndef jlog(**fields):\n    fields[\"ts\"] = datetime.now(timezone.utc).isoformat()\n    print(json.dumps(fields, default=str), flush=True)\n\n# Use detected region from env; if not present, let boto3 decide\nREGION = os.environ.get(\"AWS_REGION\") or os.environ.get(\"AWS_DEFAULT_REGION\")\nSECRET_ID = os.environ.get(\"SECRET_ID\", \"lab/rds/mysql\")\n\nsecrets = boto3.client(\"secretsmanager\", region_name=REGION) if REGION else boto3.client(\"secretsmanager\")\n\ndef get_db_creds():\n    resp = secrets.get_secret_value(SecretId=SECRET_ID)\n    return json.loads(resp[\"SecretString\"])\n\ndef get_conn():\n    c = get_db_creds()\n    return pymysql.connect(\n        host=c[\"host\"],\n        user=c[\"username\"],\n        password=c[\"password\"],\n        port=int(c.get(\"port\", 3306)),\n        database=c.get(\"dbname\", \"labdb\"),\n        autocommit=True,\n        connect_timeout=5\n    )\n\napp = Flask(__name__)\n\n@app.before_request\ndef _start_timer():\n    request._start = time.time()\n\n@app.after_request\ndef _log_response(resp):\n    dur_ms = int((time.time() - getattr(request, \"_start\", time.time())) * 1000)\n    jlog(\n        level=\"INFO\",\n        method=request.method,\n        path=request.path,\n        status=resp.status_code,\n        client_ip=(request.headers.get(\"X-Forwarded-For\", \"\").split(\",\")[0].strip() or request.remote_addr),\n        duration_ms=dur_ms\n    )\n    return resp\n\nfrom werkzeug.exceptions import HTTPException\n\n@app.errorhandler(HTTPException)\ndef handle_http_exception(e):\n    # Logs 404/403/etc without a traceback\n    jlog(\n        level=\"WARN\",\n        method=request.method,\n        path=request.path,\n        status=e.code,\n        client_ip=(request.headers.get(\"X-Forwarded-For\", \"\").split(\",\")[0].strip() or request.remote_addr),\n        error_type=type(e).__name__,\n        message=e.description\n    )\n    return e  # returns correct HTTP response\n\n@app.errorhandler(Exception)\ndef handle_exception(e):\n    # Logs unexpected errors as 500 without dumping a traceback\n    jlog(\n        level=\"ERROR\",\n        method=getattr(request, \"method\", None),\n        path=getattr(request, \"path\", None),\n        status=500,\n        client_ip=(request.headers.get(\"X-Forwarded-For\", \"\").split(\",\")[0].strip() or getattr(request, \"remote_addr\", None)),\n        error_type=type(e).__name__,\n        message=str(e)\n    )\n    return \"Internal Server Error\", 500\n\n@app.route(\"/\")\ndef home():\n    return \"\"\"\n    \u003ch2\u003eEC2 → RDS Notes App\u003c/h2\u003e\n    \u003cp\u003eGET /init\u003c/p\u003e\n    \u003cp\u003ePOST /add?note=hello\u003c/p\u003e\n    \u003cp\u003eGET /list\u003c/p\u003e\n    \"\"\"\n\n@app.route(\"/init\")\ndef init_db():\n    c = get_db_creds()\n    conn = pymysql.connect(\n        host=c[\"host\"],\n        user=c[\"username\"],\n        password=c[\"password\"],\n        port=int(c.get(\"port\", 3306)),\n        autocommit=True,\n        connect_timeout=5\n    )\n    cur = conn.cursor()\n    cur.execute(\"CREATE DATABASE IF NOT EXISTS labdb;\")\n    cur.execute(\"USE labdb;\")\n    cur.execute(\"\"\"\n        CREATE TABLE IF NOT EXISTS notes (\n            id INT AUTO_INCREMENT PRIMARY KEY,\n            note VARCHAR(255) NOT NULL\n        );\n    \"\"\")\n    cur.close()\n    conn.close()\n    return \"Initialized labdb + notes table.\"\n\n@app.route(\"/add\", methods=[\"POST\", \"GET\"])\ndef add_note():\n    note = request.args.get(\"note\", \"\").strip()\n    if not note:\n        return \"Missing note param. Try: /add?note=hello\", 400\n    conn = get_conn()\n    cur = conn.cursor()\n    cur.execute(\"INSERT INTO notes(note) VALUES(%s);\", (note,))\n    cur.close()\n    conn.close()\n    return f\"Inserted note: {note}\"\n\n@app.route(\"/list\")\ndef list_notes():\n    conn = get_conn()\n    cur = conn.cursor()\n    cur.execute(\"SELECT id, note FROM notes ORDER BY id DESC;\")\n    rows = cur.fetchall()\n    cur.close()\n    conn.close()\n    out = \"\u003ch3\u003eNotes\u003c/h3\u003e\u003cul\u003e\"\n    for r in rows:\n        out += f\"\u003cli\u003e{r[0]}: {r[1]}\u003c/li\u003e\"\n    out += \"\u003c/ul\u003e\"\n    return out\n\nif __name__ == \"__main__\":\n    app.run(host=\"0.0.0.0\", port=80)\nPY\n\n# Put env vars in a file systemd can read (so region matches automatically)\ncat \u003e/etc/rdsapp.env \u003c\u003cEOF\nSECRET_ID=lab/rds/mysql\nAWS_REGION=${AWS_REGION}\nAWS_DEFAULT_REGION=${AWS_DEFAULT_REGION}\nEOF\nchmod 600 /etc/rdsapp.env\n\n# --- systemd service (NAME MUST BE rdsapp) ---\ncat \u003e/etc/systemd/system/rdsapp.service \u003c\u003c'SERVICE'\n[Unit]\nDescription=EC2 to RDS Notes App\nAfter=network.target\n\n[Service]\nWorkingDirectory=/opt/rdsapp\nEnvironmentFile=/etc/rdsapp.env\nExecStart=/opt/rdsapp/venv/bin/python /opt/rdsapp/app.py\nRestart=always\nRestartSec=3\n\n[Install]\nWantedBy=multi-user.target\nSERVICE\n\nsystemctl daemon-reload\nsystemctl enable rdsapp\nsystemctl start rdsapp\n\n#############################################\n# CloudWatch Logs: ship /var/log/rdsapp.log to log group rds-app\n#############################################\n\ntouch /var/log/rdsapp.log\nchmod 644 /var/log/rdsapp.log\n\nmkdir -p /etc/systemd/system/rdsapp.service.d\ncat \u003e/etc/systemd/system/rdsapp.service.d/override.conf \u003c\u003c'EOF'\n[Service]\nStandardOutput=append:/var/log/rdsapp.log\nStandardError=append:/var/log/rdsapp.log\nEOF\n\nsystemctl daemon-reload\nsystemctl restart rdsapp\n\ndnf install -y amazon-cloudwatch-agent || true\n\nif [ ! -f /opt/aws/amazon-cloudwatch-agent/bin/amazon-cloudwatch-agent-ctl ]; then\n  python3 - \u003c\u003c'PY'\nimport urllib.request\nurl = \"https://s3.amazonaws.com/amazoncloudwatch-agent/amazon_linux/amd64/latest/amazon-cloudwatch-agent.rpm\"\ndst = \"/tmp/amazon-cloudwatch-agent.rpm\"\nurllib.request.urlretrieve(url, dst)\nprint(\"Downloaded\", dst)\nPY\n  rpm -Uvh /tmp/amazon-cloudwatch-agent.rpm\nfi\n\nmkdir -p /opt/aws/amazon-cloudwatch-agent/etc\ncat \u003e/opt/aws/amazon-cloudwatch-agent/etc/amazon-cloudwatch-agent.json \u003c\u003c'JSON'\n{\n  \"logs\": {\n    \"logs_collected\": {\n      \"files\": {\n        \"collect_list\": [\n          {\n            \"file_path\": \"/var/log/rdsapp.log\",\n            \"log_group_name\": \"rds-app\",\n            \"log_stream_name\": \"{instance_id}\",\n            \"timezone\": \"UTC\"\n          }\n        ]\n      }\n    }\n  }\n}\nJSON\n\n/opt/aws/amazon-cloudwatch-agent/bin/amazon-cloudwatch-agent-ctl \\\n  -a fetch-config -m ec2 \\\n  -c file:/opt/aws/amazon-cloudwatch-agent/etc/amazon-cloudwatch-agent.json \\\n  -s\n\necho \"CW_STREAM_TEST $(date -Is) cloudwatch agent configured in ${AWS_REGION}\" \u003e\u003e /var/log/rdsapp.log\n",
            "user_data_base64": null,
            "user_data_replace_on_change": false,
            "volume_tags": null,
            "vpc_security_group_ids": [
              "sg-0e80c2eae8e0c2c67"
            ]
          },
          "sensitive_attributes": [
            [
              {
                "type": "get_attr",
                "value": "ami"
              }
            ]
          ],
          "identity_schema_version": 0,
          "identity": {
            "account_id": "950876749850",
            "id": "i-01c7668ece060707c",
            "region": "ap-northeast-1"
          },
          "private": "eyJlMmJmYjczMC1lY2FhLTExZTYtOGY4OC0zNDM2M2JjN2M0YzAiOnsiY3JlYXRlIjo2MDAwMDAwMDAwMDAsImRlbGV0ZSI6MTIwMDAwMDAwMDAwMCwicmVhZCI6OTAwMDAwMDAwMDAwLCJ1cGRhdGUiOjYwMDAwMDAwMDAwMH0sInNjaGVtYV92ZXJzaW9uIjoiMiJ9",
          "dependencies": [
            "aws_iam_instance_profile.iam_profile",
            "aws_iam_role.ec2_role",
            "aws_security_group.ec2_lab_sg",
            "aws_subnet.public",
            "aws_vpc.main_vpc",
            "data.aws_availability_zones.available",
            "data.aws_ssm_parameter.al2023"
          ]
        }
      ]
    },
    {
      "mode": "managed",
      "type": "aws_instance",
      "name": "ec2_private_b",
      "provider": "provider[\"registry.terraform.io/hashicorp/aws\"]",
      "instances": [
        {
          "schema_version": 2,
          "attributes": {
            "ami": "ami-070d2b24928913a49",
            "arn": "arn:aws:ec2:ap-northeast-1:950876749850:instance/i-076e3bccafef6a37e",
            "associate_public_ip_address": false,
            "availability_zone": "ap-northeast-1a",
            "capacity_reservation_specification": [
              {
                "capacity_reservation_preference": "open",
                "capacity_reservation_target": []
              }
            ],
            "cpu_options": [
              {
                "amd_sev_snp": "",
                "core_count": 1,
                "threads_per_core": 2
              }
            ],
            "credit_specification": [
              {
                "cpu_credits": "unlimited"
              }
            ],
            "disable_api_stop": false,
            "disable_api_termination": false,
            "ebs_block_device": [],
            "ebs_optimized": false,
            "enable_primary_ipv6": null,
            "enclave_options": [
              {
                "enabled": false
              }
            ],
            "ephemeral_block_device": [],
            "force_destroy": false,
            "get_password_data": false,
            "hibernation": false,
            "host_id": "",
            "host_resource_group_arn": null,
            "iam_instance_profile": "iam-profile",
            "id": "i-076e3bccafef6a37e",
            "instance_initiated_shutdown_behavior": "stop",
            "instance_lifecycle": "",
            "instance_market_options": [],
            "instance_state": "running",
            "instance_type": "t3.small",
            "ipv6_address_count": 0,
            "ipv6_addresses": [],
            "key_name": "",
            "launch_template": [],
            "maintenance_options": [
              {
                "auto_recovery": "default"
              }
            ],
            "metadata_options": [
              {
                "http_endpoint": "enabled",
                "http_protocol_ipv6": "disabled",
                "http_put_response_hop_limit": 2,
                "http_tokens": "required",
                "instance_metadata_tags": "disabled"
              }
            ],
            "monitoring": false,
            "network_interface": [],
            "outpost_arn": "",
            "password_data": "",
            "placement_group": "",
            "placement_group_id": "",
            "placement_partition_number": 0,
            "primary_network_interface": [
              {
                "delete_on_termination": true,
                "network_interface_id": "eni-05d3e350c6e762d28"
              }
            ],
            "primary_network_interface_id": "eni-05d3e350c6e762d28",
            "private_dns": "ip-10-30-11-91.ap-northeast-1.compute.internal",
            "private_dns_name_options": [
              {
                "enable_resource_name_dns_a_record": false,
                "enable_resource_name_dns_aaaa_record": false,
                "hostname_type": "ip-name"
              }
            ],
            "private_ip": "10.30.11.91",
            "public_dns": "",
            "public_ip": "",
            "region": "ap-northeast-1",
            "root_block_device": [
              {
                "delete_on_termination": true,
                "device_name": "/dev/xvda",
                "encrypted": false,
                "iops": 3000,
                "kms_key_id": "",
                "tags": {},
                "tags_all": {},
                "throughput": 125,
                "volume_id": "vol-0397a5070ba0ed47c",
                "volume_size": 8,
                "volume_type": "gp3"
              }
            ],
            "secondary_private_ips": [],
            "security_groups": [],
            "source_dest_check": true,
            "spot_instance_request_id": "",
            "subnet_id": "subnet-049f9a70a0cc913c3",
            "tags": {
              "Name": "ec2-private"
            },
            "tags_all": {
              "Name": "ec2-private"
            },
            "tenancy": "default",
            "timeouts": null,
            "user_data": "#!/bin/bash\nset -euxo pipefail\n\ndnf -y install nginx python3\n\n# Remove nginx default site if it exists (prevents duplicate default_server errors)\nrm -f /etc/nginx/conf.d/default.conf || true\n\nmkdir -p /opt/armageddon\nmkdir -p /usr/share/nginx/html/static\n\n# ----- Static files (fixes /static/example.txt and /static/index.html) -----\ncat \u003e/usr/share/nginx/html/static/example.txt \u003c\u003c'TXT'\nhello from static\nTXT\n\ncat \u003e/usr/share/nginx/html/static/index.html \u003c\u003c'HTML'\n\u003c!doctype html\u003e\n\u003chtml\u003e\n  \u003chead\u003e\u003cmeta charset=\"utf-8\"\u003e\u003ctitle\u003eStatic OK\u003c/title\u003e\u003c/head\u003e\n  \u003cbody\u003e\u003ch1\u003eStatic index.html OK\u003c/h1\u003e\u003c/body\u003e\n\u003c/html\u003e\nHTML\n\n# ----- Mini API server (adds do_HEAD so curl -I won't 501) -----\ncat \u003e/opt/armageddon/api_server.py \u003c\u003c'PY'\nfrom http.server import BaseHTTPRequestHandler, HTTPServer\nimport json, time, datetime, random\n\ndef utc_iso():\n    return datetime.datetime.now(datetime.timezone.utc).isoformat().replace(\"+00:00\",\"Z\")\n\nclass Handler(BaseHTTPRequestHandler):\n    def _send_json(self, code, body_dict, cache_control):\n        body = json.dumps(body_dict).encode(\"utf-8\")\n        self.send_response(code)\n        self.send_header(\"Content-Type\", \"application/json\")\n        self.send_header(\"Cache-Control\", cache_control)\n        self.send_header(\"Content-Length\", str(len(body)))\n        self.end_headers()\n        self.wfile.write(body)\n\n    def _send_headers_only(self, code, cache_control):\n        self.send_response(code)\n        self.send_header(\"Content-Type\", \"application/json\")\n        self.send_header(\"Cache-Control\", cache_control)\n        self.send_header(\"Content-Length\", \"0\")\n        self.end_headers()\n\n    def do_HEAD(self):\n        # Same routing as GET, but no body\n        if self.path == \"/api/public-feed\":\n            self._send_headers_only(200, \"public, s-maxage=30, max-age=0\")\n            return\n        if self.path in (\"/api/list\", \"/api/user-feed\"):\n            self._send_headers_only(200, \"private, no-store\")\n            return\n        self._send_headers_only(404, \"no-store\")\n\n    def do_GET(self):\n        if self.path == \"/api/public-feed\":\n            minute = int(time.time() // 60)\n            self._send_json(200, {\n                \"server_time_utc\": utc_iso(),\n                \"message_of_the_minute\": f\"minute-{minute}\"\n            }, \"public, s-maxage=30, max-age=0\")\n            return\n\n        if self.path in (\"/api/list\", \"/api/user-feed\"):\n            self._send_json(200, {\n                \"server_time_utc\": utc_iso(),\n                \"request_id\": f\"{time.time_ns()}-{random.randint(1000,9999)}\",\n                \"items\": [\"alpha\",\"bravo\",\"charlie\"]\n            }, \"private, no-store\")\n            return\n\n        self._send_json(404, {\"error\":\"not found\"}, \"no-store\")\n\nHTTPServer((\"127.0.0.1\", 9000), Handler).serve_forever()\nPY\n\ncat \u003e/etc/systemd/system/armageddon-api.service \u003c\u003c'UNIT'\n[Unit]\nDescription=Armageddon mini API\nAfter=network.target\n\n[Service]\nExecStart=/usr/bin/python3 /opt/armageddon/api_server.py\nRestart=always\n\n[Install]\nWantedBy=multi-user.target\nUNIT\n\nsystemctl daemon-reload\nsystemctl enable --now armageddon-api\n\n# ----- Nginx: keep your existing endpoints + add /static/ serving -----\ncat \u003e/etc/nginx/conf.d/armageddon.conf \u003c\u003c'NGINX'\nserver {\n  listen 80 default_server;\n  listen [::]:80 default_server;\n  server_name _;\n\n  root /usr/share/nginx/html;\n  index index.html;\n\n  location = /health {\n    default_type text/plain;\n    return 200 \"ok\\n\";\n  }\n\n  location = / {\n    default_type text/plain;\n    return 200 \"armageddon target OK\\n\";\n  }\n\n  # Serve /static/* from disk (now includes example.txt + index.html)\n  location /static/ {\n    try_files $uri =404;\n    add_header Cache-Control \"public, max-age=86400, immutable\" always;\n  }\n\n  # Proxy API to python\n  location = /api/public-feed {\n    proxy_set_header Host $host;\n    proxy_set_header X-Forwarded-Proto $scheme;\n    proxy_set_header X-Forwarded-For $proxy_add_x_forwarded_for;\n    proxy_pass http://127.0.0.1:9000;\n  }\n\n  location = /api/list {\n    proxy_set_header Host $host;\n    proxy_set_header X-Forwarded-Proto $scheme;\n    proxy_set_header X-Forwarded-For $proxy_add_x_forwarded_for;\n    proxy_pass http://127.0.0.1:9000;\n  }\n\n  location = /api/user-feed {\n    proxy_set_header Host $host;\n    proxy_set_header X-Forwarded-Proto $scheme;\n    proxy_set_header X-Forwarded-For $proxy_add_x_forwarded_for;\n    proxy_pass http://127.0.0.1:9000;\n  }\n}\nNGINX\n\nnginx -t\nsystemctl enable --now nginx\nPY\n",
            "user_data_base64": null,
            "user_data_replace_on_change": false,
            "volume_tags": null,
            "vpc_security_group_ids": [
              "sg-0f4a71233c11678e0"
            ]
          },
          "sensitive_attributes": [
            [
              {
                "type": "get_attr",
                "value": "ami"
              }
            ]
          ],
          "identity_schema_version": 0,
          "identity": {
            "account_id": "950876749850",
            "id": "i-076e3bccafef6a37e",
            "region": "ap-northeast-1"
          },
          "private": "eyJlMmJmYjczMC1lY2FhLTExZTYtOGY4OC0zNDM2M2JjN2M0YzAiOnsiY3JlYXRlIjo2MDAwMDAwMDAwMDAsImRlbGV0ZSI6MTIwMDAwMDAwMDAwMCwicmVhZCI6OTAwMDAwMDAwMDAwLCJ1cGRhdGUiOjYwMDAwMDAwMDAwMH0sInNjaGVtYV92ZXJzaW9uIjoiMiJ9",
          "dependencies": [
            "aws_iam_instance_profile.iam_profile",
            "aws_iam_role.ec2_role",
            "aws_security_group.ec2_private_sg",
            "aws_subnet.private",
            "aws_vpc.main_vpc",
            "data.aws_availability_zones.available",
            "data.aws_ssm_parameter.al2023"
          ]
        }
      ]
    },
    {
      "mode": "managed",
      "type": "aws_instance",
      "name": "sao_ec2_lab",
      "provider": "provider[\"registry.terraform.io/hashicorp/aws\"].saopaulo",
      "instances": [
        {
          "schema_version": 2,
          "attributes": {
            "ami": "ami-08dd439af9c3f1639",
            "arn": "arn:aws:ec2:sa-east-1:950876749850:instance/i-0d0e1f21b73d73338",
            "associate_public_ip_address": true,
            "availability_zone": "sa-east-1a",
            "capacity_reservation_specification": [
              {
                "capacity_reservation_preference": "open",
                "capacity_reservation_target": []
              }
            ],
            "cpu_options": [
              {
                "amd_sev_snp": "",
                "core_count": 1,
                "threads_per_core": 2
              }
            ],
            "credit_specification": [
              {
                "cpu_credits": "unlimited"
              }
            ],
            "disable_api_stop": false,
            "disable_api_termination": false,
            "ebs_block_device": [],
            "ebs_optimized": false,
            "enable_primary_ipv6": null,
            "enclave_options": [
              {
                "enabled": false
              }
            ],
            "ephemeral_block_device": [],
            "force_destroy": false,
            "get_password_data": false,
            "hibernation": false,
            "host_id": "",
            "host_resource_group_arn": null,
            "iam_instance_profile": "sao-iam-profile",
            "id": "i-0d0e1f21b73d73338",
            "instance_initiated_shutdown_behavior": "stop",
            "instance_lifecycle": "",
            "instance_market_options": [],
            "instance_state": "running",
            "instance_type": "t3.small",
            "ipv6_address_count": 0,
            "ipv6_addresses": [],
            "key_name": "",
            "launch_template": [],
            "maintenance_options": [
              {
                "auto_recovery": "default"
              }
            ],
            "metadata_options": [
              {
                "http_endpoint": "enabled",
                "http_protocol_ipv6": "disabled",
                "http_put_response_hop_limit": 2,
                "http_tokens": "required",
                "instance_metadata_tags": "disabled"
              }
            ],
            "monitoring": false,
            "network_interface": [],
            "outpost_arn": "",
            "password_data": "",
            "placement_group": "",
            "placement_group_id": "",
            "placement_partition_number": 0,
            "primary_network_interface": [
              {
                "delete_on_termination": true,
                "network_interface_id": "eni-0741a1bc5347e5a1d"
              }
            ],
            "primary_network_interface_id": "eni-0741a1bc5347e5a1d",
            "private_dns": "ip-10-80-1-89.sa-east-1.compute.internal",
            "private_dns_name_options": [
              {
                "enable_resource_name_dns_a_record": false,
                "enable_resource_name_dns_aaaa_record": false,
                "hostname_type": "ip-name"
              }
            ],
            "private_ip": "10.80.1.89",
            "public_dns": "ec2-52-67-145-79.sa-east-1.compute.amazonaws.com",
            "public_ip": "52.67.145.79",
            "region": "sa-east-1",
            "root_block_device": [
              {
                "delete_on_termination": true,
                "device_name": "/dev/xvda",
                "encrypted": false,
                "iops": 3000,
                "kms_key_id": "",
                "tags": {},
                "tags_all": {},
                "throughput": 125,
                "volume_id": "vol-03e14db046e11b91a",
                "volume_size": 8,
                "volume_type": "gp3"
              }
            ],
            "secondary_private_ips": [],
            "security_groups": [],
            "source_dest_check": true,
            "spot_instance_request_id": "",
            "subnet_id": "subnet-08fea6611c110d68b",
            "tags": {
              "Name": "sao-ec2-lab"
            },
            "tags_all": {
              "Name": "sao-ec2-lab"
            },
            "tenancy": "default",
            "timeouts": null,
            "user_data": "#!/bin/bash\nset -euo pipefail\n\n# (Optional) log user-data output for debugging\nexec \u003e \u003e(tee -a /var/log/user-data.log | logger -t user-data ) 2\u003e\u00261\n\ndnf update -y\ndnf install -y python3 python3-pip\n\n# -----------------------------\n# AUTO-DETECT REGION \n# -----------------------------\nREGION=\"$(python3 - \u003c\u003c'PY'\nimport urllib.request\n\n# IMDSv2 token\ntoken_req = urllib.request.Request(\n    \"http://169.254.169.254/latest/api/token\",\n    method=\"PUT\",\n    headers={\"X-aws-ec2-metadata-token-ttl-seconds\": \"21600\"},\n)\ntoken = urllib.request.urlopen(token_req, timeout=2).read().decode()\n\n# AZ -\u003e region (us-west-2a -\u003e us-west-2)\naz_req = urllib.request.Request(\n    \"http://169.254.169.254/latest/meta-data/placement/availability-zone\",\n    headers={\"X-aws-ec2-metadata-token\": token},\n)\naz = urllib.request.urlopen(az_req, timeout=2).read().decode()\nprint(az[:-1])\nPY\n)\"\nexport AWS_REGION=\"$REGION\"\nexport AWS_DEFAULT_REGION=\"$REGION\"\n\n# --- App + venv so boto3/pymysql are guaranteed for the service ---\nmkdir -p /opt/rdsapp\npython3 -m venv /opt/rdsapp/venv\n/opt/rdsapp/venv/bin/pip install --upgrade pip\n/opt/rdsapp/venv/bin/pip install --upgrade pip setuptools wheel\n/opt/rdsapp/venv/bin/pip install flask boto3 pymysql cryptography\n\n\ncat \u003e/opt/rdsapp/app.py \u003c\u003c'PY'\nimport json\nimport os\nimport time\nfrom datetime import datetime, timezone\n\nimport boto3\nimport pymysql\nfrom flask import Flask, request\n\n# -----------------------------\n# JSON LOGGING (emit JSON logs)\n# -----------------------------\ndef jlog(**fields):\n    fields[\"ts\"] = datetime.now(timezone.utc).isoformat()\n    print(json.dumps(fields, default=str), flush=True)\n\n# Use detected region from env; if not present, let boto3 decide\nREGION = os.environ.get(\"AWS_REGION\") or os.environ.get(\"AWS_DEFAULT_REGION\")\nSECRET_ID = os.environ.get(\"SECRET_ID\", \"lab/rds/mysql\")\n\nsecrets = boto3.client(\"secretsmanager\", region_name=REGION) if REGION else boto3.client(\"secretsmanager\")\n\ndef get_db_creds():\n    resp = secrets.get_secret_value(SecretId=SECRET_ID)\n    return json.loads(resp[\"SecretString\"])\n\ndef get_conn():\n    c = get_db_creds()\n    return pymysql.connect(\n        host=c[\"host\"],\n        user=c[\"username\"],\n        password=c[\"password\"],\n        port=int(c.get(\"port\", 3306)),\n        database=c.get(\"dbname\", \"labdb\"),\n        autocommit=True,\n        connect_timeout=5\n    )\n\napp = Flask(__name__)\n\n@app.before_request\ndef _start_timer():\n    request._start = time.time()\n\n@app.after_request\ndef _log_response(resp):\n    dur_ms = int((time.time() - getattr(request, \"_start\", time.time())) * 1000)\n    jlog(\n        level=\"INFO\",\n        method=request.method,\n        path=request.path,\n        status=resp.status_code,\n        client_ip=(request.headers.get(\"X-Forwarded-For\", \"\").split(\",\")[0].strip() or request.remote_addr),\n        duration_ms=dur_ms\n    )\n    return resp\n\nfrom werkzeug.exceptions import HTTPException\n\n@app.errorhandler(HTTPException)\ndef handle_http_exception(e):\n    # Logs 404/403/etc without a traceback\n    jlog(\n        level=\"WARN\",\n        method=request.method,\n        path=request.path,\n        status=e.code,\n        client_ip=(request.headers.get(\"X-Forwarded-For\", \"\").split(\",\")[0].strip() or request.remote_addr),\n        error_type=type(e).__name__,\n        message=e.description\n    )\n    return e  # returns correct HTTP response\n\n@app.errorhandler(Exception)\ndef handle_exception(e):\n    # Logs unexpected errors as 500 without dumping a traceback\n    jlog(\n        level=\"ERROR\",\n        method=getattr(request, \"method\", None),\n        path=getattr(request, \"path\", None),\n        status=500,\n        client_ip=(request.headers.get(\"X-Forwarded-For\", \"\").split(\",\")[0].strip() or getattr(request, \"remote_addr\", None)),\n        error_type=type(e).__name__,\n        message=str(e)\n    )\n    return \"Internal Server Error\", 500\n\n@app.route(\"/\")\ndef home():\n    return \"\"\"\n    \u003ch2\u003eEC2 → RDS Notes App\u003c/h2\u003e\n    \u003cp\u003eGET /init\u003c/p\u003e\n    \u003cp\u003ePOST /add?note=hello\u003c/p\u003e\n    \u003cp\u003eGET /list\u003c/p\u003e\n    \"\"\"\n\n@app.route(\"/init\")\ndef init_db():\n    c = get_db_creds()\n    conn = pymysql.connect(\n        host=c[\"host\"],\n        user=c[\"username\"],\n        password=c[\"password\"],\n        port=int(c.get(\"port\", 3306)),\n        autocommit=True,\n        connect_timeout=5\n    )\n    cur = conn.cursor()\n    cur.execute(\"CREATE DATABASE IF NOT EXISTS labdb;\")\n    cur.execute(\"USE labdb;\")\n    cur.execute(\"\"\"\n        CREATE TABLE IF NOT EXISTS notes (\n            id INT AUTO_INCREMENT PRIMARY KEY,\n            note VARCHAR(255) NOT NULL\n        );\n    \"\"\")\n    cur.close()\n    conn.close()\n    return \"Initialized labdb + notes table.\"\n\n@app.route(\"/add\", methods=[\"POST\", \"GET\"])\ndef add_note():\n    note = request.args.get(\"note\", \"\").strip()\n    if not note:\n        return \"Missing note param. Try: /add?note=hello\", 400\n    conn = get_conn()\n    cur = conn.cursor()\n    cur.execute(\"INSERT INTO notes(note) VALUES(%s);\", (note,))\n    cur.close()\n    conn.close()\n    return f\"Inserted note: {note}\"\n\n@app.route(\"/list\")\ndef list_notes():\n    conn = get_conn()\n    cur = conn.cursor()\n    cur.execute(\"SELECT id, note FROM notes ORDER BY id DESC;\")\n    rows = cur.fetchall()\n    cur.close()\n    conn.close()\n    out = \"\u003ch3\u003eNotes\u003c/h3\u003e\u003cul\u003e\"\n    for r in rows:\n        out += f\"\u003cli\u003e{r[0]}: {r[1]}\u003c/li\u003e\"\n    out += \"\u003c/ul\u003e\"\n    return out\n\nif __name__ == \"__main__\":\n    app.run(host=\"0.0.0.0\", port=80)\nPY\n\n# Put env vars in a file systemd can read (so region matches automatically)\ncat \u003e/etc/rdsapp.env \u003c\u003cEOF\nSECRET_ID=lab/rds/mysql\nAWS_REGION=${AWS_REGION}\nAWS_DEFAULT_REGION=${AWS_DEFAULT_REGION}\nEOF\nchmod 600 /etc/rdsapp.env\n\n# --- systemd service (NAME MUST BE rdsapp) ---\ncat \u003e/etc/systemd/system/rdsapp.service \u003c\u003c'SERVICE'\n[Unit]\nDescription=EC2 to RDS Notes App\nAfter=network.target\n\n[Service]\nWorkingDirectory=/opt/rdsapp\nEnvironmentFile=/etc/rdsapp.env\nExecStart=/opt/rdsapp/venv/bin/python /opt/rdsapp/app.py\nRestart=always\nRestartSec=3\n\n[Install]\nWantedBy=multi-user.target\nSERVICE\n\nsystemctl daemon-reload\nsystemctl enable rdsapp\nsystemctl start rdsapp\n\n#############################################\n# CloudWatch Logs: ship /var/log/rdsapp.log to log group rds-app\n#############################################\n\ntouch /var/log/rdsapp.log\nchmod 644 /var/log/rdsapp.log\n\nmkdir -p /etc/systemd/system/rdsapp.service.d\ncat \u003e/etc/systemd/system/rdsapp.service.d/override.conf \u003c\u003c'EOF'\n[Service]\nStandardOutput=append:/var/log/rdsapp.log\nStandardError=append:/var/log/rdsapp.log\nEOF\n\nsystemctl daemon-reload\nsystemctl restart rdsapp\n\ndnf install -y amazon-cloudwatch-agent || true\n\nif [ ! -f /opt/aws/amazon-cloudwatch-agent/bin/amazon-cloudwatch-agent-ctl ]; then\n  python3 - \u003c\u003c'PY'\nimport urllib.request\nurl = \"https://s3.amazonaws.com/amazoncloudwatch-agent/amazon_linux/amd64/latest/amazon-cloudwatch-agent.rpm\"\ndst = \"/tmp/amazon-cloudwatch-agent.rpm\"\nurllib.request.urlretrieve(url, dst)\nprint(\"Downloaded\", dst)\nPY\n  rpm -Uvh /tmp/amazon-cloudwatch-agent.rpm\nfi\n\nmkdir -p /opt/aws/amazon-cloudwatch-agent/etc\ncat \u003e/opt/aws/amazon-cloudwatch-agent/etc/amazon-cloudwatch-agent.json \u003c\u003c'JSON'\n{\n  \"logs\": {\n    \"logs_collected\": {\n      \"files\": {\n        \"collect_list\": [\n          {\n            \"file_path\": \"/var/log/rdsapp.log\",\n            \"log_group_name\": \"rds-app\",\n            \"log_stream_name\": \"{instance_id}\",\n            \"timezone\": \"UTC\"\n          }\n        ]\n      }\n    }\n  }\n}\nJSON\n\n/opt/aws/amazon-cloudwatch-agent/bin/amazon-cloudwatch-agent-ctl \\\n  -a fetch-config -m ec2 \\\n  -c file:/opt/aws/amazon-cloudwatch-agent/etc/amazon-cloudwatch-agent.json \\\n  -s\n\necho \"CW_STREAM_TEST $(date -Is) cloudwatch agent configured in ${AWS_REGION}\" \u003e\u003e /var/log/rdsapp.log\n",
            "user_data_base64": null,
            "user_data_replace_on_change": false,
            "volume_tags": null,
            "vpc_security_group_ids": [
              "sg-0635c16a71aa83e36"
            ]
          },
          "sensitive_attributes": [
            [
              {
                "type": "get_attr",
                "value": "ami"
              }
            ]
          ],
          "identity_schema_version": 0,
          "identity": {
            "account_id": "950876749850",
            "id": "i-0d0e1f21b73d73338",
            "region": "sa-east-1"
          },
          "private": "eyJlMmJmYjczMC1lY2FhLTExZTYtOGY4OC0zNDM2M2JjN2M0YzAiOnsiY3JlYXRlIjo2MDAwMDAwMDAwMDAsImRlbGV0ZSI6MTIwMDAwMDAwMDAwMCwicmVhZCI6OTAwMDAwMDAwMDAwLCJ1cGRhdGUiOjYwMDAwMDAwMDAwMH0sInNjaGVtYV92ZXJzaW9uIjoiMiJ9",
          "dependencies": [
            "aws_iam_instance_profile.sao_iam_profile",
            "aws_iam_role.sao_ec2_role",
            "aws_security_group.sao_ec2_lab_sg",
            "aws_subnet.sao_public",
            "aws_vpc.sao_main_vpc",
            "data.aws_availability_zones.sao_available",
            "data.aws_ssm_parameter.sao_ec2_al2023"
          ]
        }
      ]
    },
    {
      "mode": "managed",
      "type": "aws_instance",
      "name": "sao_ec2_private_b",
      "provider": "provider[\"registry.terraform.io/hashicorp/aws\"].saopaulo",
      "instances": [
        {
          "schema_version": 2,
          "attributes": {
            "ami": "ami-08dd439af9c3f1639",
            "arn": "arn:aws:ec2:sa-east-1:950876749850:instance/i-0045921e332b135f6",
            "associate_public_ip_address": false,
            "availability_zone": "sa-east-1a",
            "capacity_reservation_specification": [
              {
                "capacity_reservation_preference": "open",
                "capacity_reservation_target": []
              }
            ],
            "cpu_options": [
              {
                "amd_sev_snp": "",
                "core_count": 1,
                "threads_per_core": 2
              }
            ],
            "credit_specification": [
              {
                "cpu_credits": "unlimited"
              }
            ],
            "disable_api_stop": false,
            "disable_api_termination": false,
            "ebs_block_device": [],
            "ebs_optimized": false,
            "enable_primary_ipv6": null,
            "enclave_options": [
              {
                "enabled": false
              }
            ],
            "ephemeral_block_device": [],
            "force_destroy": false,
            "get_password_data": false,
            "hibernation": false,
            "host_id": "",
            "host_resource_group_arn": null,
            "iam_instance_profile": "sao-iam-profile",
            "id": "i-0045921e332b135f6",
            "instance_initiated_shutdown_behavior": "stop",
            "instance_lifecycle": "",
            "instance_market_options": [],
            "instance_state": "running",
            "instance_type": "t3.small",
            "ipv6_address_count": 0,
            "ipv6_addresses": [],
            "key_name": "",
            "launch_template": [],
            "maintenance_options": [
              {
                "auto_recovery": "default"
              }
            ],
            "metadata_options": [
              {
                "http_endpoint": "enabled",
                "http_protocol_ipv6": "disabled",
                "http_put_response_hop_limit": 2,
                "http_tokens": "required",
                "instance_metadata_tags": "disabled"
              }
            ],
            "monitoring": false,
            "network_interface": [],
            "outpost_arn": "",
            "password_data": "",
            "placement_group": "",
            "placement_group_id": "",
            "placement_partition_number": 0,
            "primary_network_interface": [
              {
                "delete_on_termination": true,
                "network_interface_id": "eni-0fe2905587afe38e8"
              }
            ],
            "primary_network_interface_id": "eni-0fe2905587afe38e8",
            "private_dns": "ip-10-80-11-240.sa-east-1.compute.internal",
            "private_dns_name_options": [
              {
                "enable_resource_name_dns_a_record": false,
                "enable_resource_name_dns_aaaa_record": false,
                "hostname_type": "ip-name"
              }
            ],
            "private_ip": "10.80.11.240",
            "public_dns": "",
            "public_ip": "",
            "region": "sa-east-1",
            "root_block_device": [
              {
                "delete_on_termination": true,
                "device_name": "/dev/xvda",
                "encrypted": false,
                "iops": 3000,
                "kms_key_id": "",
                "tags": {},
                "tags_all": {},
                "throughput": 125,
                "volume_id": "vol-0a72023ec728cb12a",
                "volume_size": 8,
                "volume_type": "gp3"
              }
            ],
            "secondary_private_ips": [],
            "security_groups": [],
            "source_dest_check": true,
            "spot_instance_request_id": "",
            "subnet_id": "subnet-07dbf568111e634f5",
            "tags": {
              "Name": "sao-ec2-private"
            },
            "tags_all": {
              "Name": "sao-ec2-private"
            },
            "tenancy": "default",
            "timeouts": null,
            "user_data": "#!/bin/bash\nset -euxo pipefail\n\ndnf -y install nginx python3\n\n# Remove nginx default site if it exists (prevents duplicate default_server errors)\nrm -f /etc/nginx/conf.d/default.conf || true\n\nmkdir -p /opt/armageddon\nmkdir -p /usr/share/nginx/html/static\n\n# ----- Static files (fixes /static/example.txt and /static/index.html) -----\ncat \u003e/usr/share/nginx/html/static/example.txt \u003c\u003c'TXT'\nhello from static\nTXT\n\ncat \u003e/usr/share/nginx/html/static/index.html \u003c\u003c'HTML'\n\u003c!doctype html\u003e\n\u003chtml\u003e\n  \u003chead\u003e\u003cmeta charset=\"utf-8\"\u003e\u003ctitle\u003eStatic OK\u003c/title\u003e\u003c/head\u003e\n  \u003cbody\u003e\u003ch1\u003eStatic index.html OK\u003c/h1\u003e\u003c/body\u003e\n\u003c/html\u003e\nHTML\n\n# ----- Mini API server (adds do_HEAD so curl -I won't 501) -----\ncat \u003e/opt/armageddon/api_server.py \u003c\u003c'PY'\nfrom http.server import BaseHTTPRequestHandler, HTTPServer\nimport json, time, datetime, random\n\ndef utc_iso():\n    return datetime.datetime.now(datetime.timezone.utc).isoformat().replace(\"+00:00\",\"Z\")\n\nclass Handler(BaseHTTPRequestHandler):\n    def _send_json(self, code, body_dict, cache_control):\n        body = json.dumps(body_dict).encode(\"utf-8\")\n        self.send_response(code)\n        self.send_header(\"Content-Type\", \"application/json\")\n        self.send_header(\"Cache-Control\", cache_control)\n        self.send_header(\"Content-Length\", str(len(body)))\n        self.end_headers()\n        self.wfile.write(body)\n\n    def _send_headers_only(self, code, cache_control):\n        self.send_response(code)\n        self.send_header(\"Content-Type\", \"application/json\")\n        self.send_header(\"Cache-Control\", cache_control)\n        self.send_header(\"Content-Length\", \"0\")\n        self.end_headers()\n\n    def do_HEAD(self):\n        # Same routing as GET, but no body\n        if self.path == \"/api/public-feed\":\n            self._send_headers_only(200, \"public, s-maxage=30, max-age=0\")\n            return\n        if self.path in (\"/api/list\", \"/api/user-feed\"):\n            self._send_headers_only(200, \"private, no-store\")\n            return\n        self._send_headers_only(404, \"no-store\")\n\n    def do_GET(self):\n        if self.path == \"/api/public-feed\":\n            minute = int(time.time() // 60)\n            self._send_json(200, {\n                \"server_time_utc\": utc_iso(),\n                \"message_of_the_minute\": f\"minute-{minute}\"\n            }, \"public, s-maxage=30, max-age=0\")\n            return\n\n        if self.path in (\"/api/list\", \"/api/user-feed\"):\n            self._send_json(200, {\n                \"server_time_utc\": utc_iso(),\n                \"request_id\": f\"{time.time_ns()}-{random.randint(1000,9999)}\",\n                \"items\": [\"alpha\",\"bravo\",\"charlie\"]\n            }, \"private, no-store\")\n            return\n\n        self._send_json(404, {\"error\":\"not found\"}, \"no-store\")\n\nHTTPServer((\"127.0.0.1\", 9000), Handler).serve_forever()\nPY\n\ncat \u003e/etc/systemd/system/armageddon-api.service \u003c\u003c'UNIT'\n[Unit]\nDescription=Armageddon mini API\nAfter=network.target\n\n[Service]\nExecStart=/usr/bin/python3 /opt/armageddon/api_server.py\nRestart=always\n\n[Install]\nWantedBy=multi-user.target\nUNIT\n\nsystemctl daemon-reload\nsystemctl enable --now armageddon-api\n\n# ----- Nginx: keep your existing endpoints + add /static/ serving -----\ncat \u003e/etc/nginx/conf.d/armageddon.conf \u003c\u003c'NGINX'\nserver {\n  listen 80 default_server;\n  listen [::]:80 default_server;\n  server_name _;\n\n  root /usr/share/nginx/html;\n  index index.html;\n\n  location = /health {\n    default_type text/plain;\n    return 200 \"ok\\n\";\n  }\n\n  location = / {\n    default_type text/plain;\n    return 200 \"armageddon target OK\\n\";\n  }\n\n  # Serve /static/* from disk (now includes example.txt + index.html)\n  location /static/ {\n    try_files $uri =404;\n    add_header Cache-Control \"public, max-age=86400, immutable\" always;\n  }\n\n  # Proxy API to python\n  location = /api/public-feed {\n    proxy_set_header Host $host;\n    proxy_set_header X-Forwarded-Proto $scheme;\n    proxy_set_header X-Forwarded-For $proxy_add_x_forwarded_for;\n    proxy_pass http://127.0.0.1:9000;\n  }\n\n  location = /api/list {\n    proxy_set_header Host $host;\n    proxy_set_header X-Forwarded-Proto $scheme;\n    proxy_set_header X-Forwarded-For $proxy_add_x_forwarded_for;\n    proxy_pass http://127.0.0.1:9000;\n  }\n\n  location = /api/user-feed {\n    proxy_set_header Host $host;\n    proxy_set_header X-Forwarded-Proto $scheme;\n    proxy_set_header X-Forwarded-For $proxy_add_x_forwarded_for;\n    proxy_pass http://127.0.0.1:9000;\n  }\n}\nNGINX\n\nnginx -t\nsystemctl enable --now nginx\nPY\n",
            "user_data_base64": null,
            "user_data_replace_on_change": false,
            "volume_tags": null,
            "vpc_security_group_ids": [
              "sg-0933a6eb306a72286"
            ]
          },
          "sensitive_attributes": [
            [
              {
                "type": "get_attr",
                "value": "ami"
              }
            ]
          ],
          "identity_schema_version": 0,
          "identity": {
            "account_id": "950876749850",
            "id": "i-0045921e332b135f6",
            "region": "sa-east-1"
          },
          "private": "eyJlMmJmYjczMC1lY2FhLTExZTYtOGY4OC0zNDM2M2JjN2M0YzAiOnsiY3JlYXRlIjo2MDAwMDAwMDAwMDAsImRlbGV0ZSI6MTIwMDAwMDAwMDAwMCwicmVhZCI6OTAwMDAwMDAwMDAwLCJ1cGRhdGUiOjYwMDAwMDAwMDAwMH0sInNjaGVtYV92ZXJzaW9uIjoiMiJ9",
          "dependencies": [
            "aws_iam_instance_profile.sao_iam_profile",
            "aws_iam_role.sao_ec2_role",
            "aws_security_group.sao_ec2pri_sg",
            "aws_subnet.sao_private",
            "aws_vpc.sao_main_vpc",
            "data.aws_availability_zones.sao_available",
            "data.aws_ssm_parameter.sao_al2023"
          ]
        }
      ]
    },
    {
      "mode": "managed",
      "type": "aws_internet_gateway",
      "name": "main_igw",
      "provider": "provider[\"registry.terraform.io/hashicorp/aws\"]",
      "instances": [
        {
          "schema_version": 0,
          "attributes": {
            "arn": "arn:aws:ec2:ap-northeast-1:950876749850:internet-gateway/igw-0791fe294545c6805",
            "id": "igw-0791fe294545c6805",
            "owner_id": "950876749850",
            "region": "ap-northeast-1",
            "tags": {
              "Name": "main-igw"
            },
            "tags_all": {
              "Name": "main-igw"
            },
            "timeouts": null,
            "vpc_id": "vpc-0749dcd9e4d0b62f2"
          },
          "sensitive_attributes": [],
          "identity_schema_version": 0,
          "private": "eyJlMmJmYjczMC1lY2FhLTExZTYtOGY4OC0zNDM2M2JjN2M0YzAiOnsiY3JlYXRlIjoxMjAwMDAwMDAwMDAwLCJkZWxldGUiOjEyMDAwMDAwMDAwMDAsInVwZGF0ZSI6MTIwMDAwMDAwMDAwMH19",
          "dependencies": [
            "aws_vpc.main_vpc"
          ]
        }
      ]
    },
    {
      "mode": "managed",
      "type": "aws_internet_gateway",
      "name": "sao_main_igw",
      "provider": "provider[\"registry.terraform.io/hashicorp/aws\"].saopaulo",
      "instances": [
        {
          "schema_version": 0,
          "attributes": {
            "arn": "arn:aws:ec2:sa-east-1:950876749850:internet-gateway/igw-08370e79bda0a68a0",
            "id": "igw-08370e79bda0a68a0",
            "owner_id": "950876749850",
            "region": "sa-east-1",
            "tags": {
              "Name": "sao_main-igw"
            },
            "tags_all": {
              "Name": "sao_main-igw"
            },
            "timeouts": null,
            "vpc_id": "vpc-09496ac03847d0650"
          },
          "sensitive_attributes": [],
          "identity_schema_version": 0,
          "private": "eyJlMmJmYjczMC1lY2FhLTExZTYtOGY4OC0zNDM2M2JjN2M0YzAiOnsiY3JlYXRlIjoxMjAwMDAwMDAwMDAwLCJkZWxldGUiOjEyMDAwMDAwMDAwMDAsInVwZGF0ZSI6MTIwMDAwMDAwMDAwMH19",
          "dependencies": [
            "aws_vpc.sao_main_vpc"
          ]
        }
      ]
    },
    {
      "mode": "managed",
      "type": "aws_kinesis_firehose_delivery_stream",
      "name": "armageddon_waf_firehose_tokyo01",
      "provider": "provider[\"registry.terraform.io/hashicorp/aws\"]",
      "instances": [
        {
          "index_key": 0,
          "schema_version": 1,
          "attributes": {
            "arn": "arn:aws:firehose:ap-northeast-1:950876749850:deliverystream/aws-waf-logs-armageddon-apne1-firehose01",
            "destination": "extended_s3",
            "destination_id": "destinationId-000000000001",
            "elasticsearch_configuration": [],
            "extended_s3_configuration": [
              {
                "bucket_arn": "arn:aws:s3:::armageddon-waf-firehose-dest-apne1-950876749850",
                "buffering_interval": 300,
                "buffering_size": 5,
                "cloudwatch_logging_options": [
                  {
                    "enabled": false,
                    "log_group_name": "",
                    "log_stream_name": ""
                  }
                ],
                "compression_format": "UNCOMPRESSED",
                "custom_time_zone": "UTC",
                "data_format_conversion_configuration": [],
                "dynamic_partitioning_configuration": [],
                "error_output_prefix": "",
                "file_extension": "",
                "kms_key_arn": "",
                "prefix": "waf-logs/",
                "processing_configuration": [
                  {
                    "enabled": false,
                    "processors": []
                  }
                ],
                "role_arn": "arn:aws:iam::950876749850:role/armageddon-firehose-role-apne1",
                "s3_backup_configuration": [],
                "s3_backup_mode": "Disabled"
              }
            ],
            "http_endpoint_configuration": [],
            "iceberg_configuration": [],
            "id": "arn:aws:firehose:ap-northeast-1:950876749850:deliverystream/aws-waf-logs-armageddon-apne1-firehose01",
            "kinesis_source_configuration": [],
            "msk_source_configuration": [],
            "name": "aws-waf-logs-armageddon-apne1-firehose01",
            "opensearch_configuration": [],
            "opensearchserverless_configuration": [],
            "redshift_configuration": [],
            "region": "ap-northeast-1",
            "server_side_encryption": [
              {
                "enabled": false,
                "key_arn": "",
                "key_type": "AWS_OWNED_CMK"
              }
            ],
            "snowflake_configuration": [],
            "splunk_configuration": [],
            "tags": {},
            "tags_all": {},
            "timeouts": null,
            "version_id": "1"
          },
          "sensitive_attributes": [],
          "identity_schema_version": 0,
          "private": "eyJlMmJmYjczMC1lY2FhLTExZTYtOGY4OC0zNDM2M2JjN2M0YzAiOnsiY3JlYXRlIjoxODAwMDAwMDAwMDAwLCJkZWxldGUiOjE4MDAwMDAwMDAwMDAsInVwZGF0ZSI6NjAwMDAwMDAwMDAwfSwic2NoZW1hX3ZlcnNpb24iOiIxIn0=",
          "dependencies": [
            "aws_iam_role.armageddon_firehose_role_tokyo01",
            "aws_s3_bucket.armageddon_firehose_waf_dest_bucket_tokyo01",
            "data.aws_caller_identity.armageddon_self"
          ]
        }
      ]
    },
    {
      "mode": "managed",
      "type": "aws_kinesis_firehose_delivery_stream",
      "name": "sao_armageddon_waf_firehose01",
      "provider": "provider[\"registry.terraform.io/hashicorp/aws\"].saopaulo",
      "instances": [
        {
          "index_key": 0,
          "schema_version": 1,
          "attributes": {
            "arn": "arn:aws:firehose:sa-east-1:950876749850:deliverystream/aws-waf-logs-armageddon-sao-firehose01",
            "destination": "extended_s3",
            "destination_id": "destinationId-000000000001",
            "elasticsearch_configuration": [],
            "extended_s3_configuration": [
              {
                "bucket_arn": "arn:aws:s3:::armageddon-sao-waf-firehose-dest-950876749850",
                "buffering_interval": 300,
                "buffering_size": 5,
                "cloudwatch_logging_options": [
                  {
                    "enabled": false,
                    "log_group_name": "",
                    "log_stream_name": ""
                  }
                ],
                "compression_format": "UNCOMPRESSED",
                "custom_time_zone": "UTC",
                "data_format_conversion_configuration": [],
                "dynamic_partitioning_configuration": [],
                "error_output_prefix": "",
                "file_extension": "",
                "kms_key_arn": "",
                "prefix": "waf-logs/",
                "processing_configuration": [
                  {
                    "enabled": false,
                    "processors": []
                  }
                ],
                "role_arn": "arn:aws:iam::950876749850:role/armageddon-sao-firehose-role01",
                "s3_backup_configuration": [],
                "s3_backup_mode": "Disabled"
              }
            ],
            "http_endpoint_configuration": [],
            "iceberg_configuration": [],
            "id": "arn:aws:firehose:sa-east-1:950876749850:deliverystream/aws-waf-logs-armageddon-sao-firehose01",
            "kinesis_source_configuration": [],
            "msk_source_configuration": [],
            "name": "aws-waf-logs-armageddon-sao-firehose01",
            "opensearch_configuration": [],
            "opensearchserverless_configuration": [],
            "redshift_configuration": [],
            "region": "sa-east-1",
            "server_side_encryption": [
              {
                "enabled": false,
                "key_arn": "",
                "key_type": "AWS_OWNED_CMK"
              }
            ],
            "snowflake_configuration": [],
            "splunk_configuration": [],
            "tags": {},
            "tags_all": {},
            "timeouts": null,
            "version_id": "1"
          },
          "sensitive_attributes": [],
          "identity_schema_version": 0,
          "private": "eyJlMmJmYjczMC1lY2FhLTExZTYtOGY4OC0zNDM2M2JjN2M0YzAiOnsiY3JlYXRlIjoxODAwMDAwMDAwMDAwLCJkZWxldGUiOjE4MDAwMDAwMDAwMDAsInVwZGF0ZSI6NjAwMDAwMDAwMDAwfSwic2NoZW1hX3ZlcnNpb24iOiIxIn0=",
          "dependencies": [
            "aws_iam_role.sao_armageddon_firehose_role01",
            "aws_s3_bucket.sao_armageddon_firehose_waf_dest_bucket01",
            "data.aws_caller_identity.sao_armageddon_self"
          ]
        }
      ]
    },
    {
      "mode": "managed",
      "type": "aws_launch_template",
      "name": "sao_armageddon_web",
      "provider": "provider[\"registry.terraform.io/hashicorp/aws\"].saopaulo",
      "instances": [
        {
          "schema_version": 1,
          "attributes": {
            "arn": "arn:aws:ec2:sa-east-1:950876749850:launch-template/lt-0b59e8c477feab28a",
            "block_device_mappings": [],
            "capacity_reservation_specification": [],
            "cpu_options": [],
            "credit_specification": [],
            "default_version": 1,
            "description": "launch template for web tier servers",
            "disable_api_stop": false,
            "disable_api_termination": false,
            "ebs_optimized": "",
            "enclave_options": [],
            "hibernation_options": [],
            "iam_instance_profile": [
              {
                "arn": "",
                "name": "sao-iam-profile"
              }
            ],
            "id": "lt-0b59e8c477feab28a",
            "image_id": "ami-08dd439af9c3f1639",
            "instance_initiated_shutdown_behavior": "",
            "instance_market_options": [],
            "instance_requirements": [],
            "instance_type": "t3.small",
            "kernel_id": "",
            "key_name": "",
            "latest_version": 2,
            "license_specification": [],
            "maintenance_options": [],
            "metadata_options": [
              {
                "http_endpoint": "",
                "http_protocol_ipv6": "",
                "http_put_response_hop_limit": 0,
                "http_tokens": "required",
                "instance_metadata_tags": ""
              }
            ],
            "monitoring": [],
            "name": "sao-armageddon-web20260209181613912400000002",
            "name_prefix": "sao-armageddon-web",
            "network_interfaces": [],
            "placement": [],
            "private_dns_name_options": [],
            "ram_disk_id": "",
            "region": "sa-east-1",
            "security_group_names": [],
            "tag_specifications": [
              {
                "resource_type": "instance",
                "tags": {
                  "Name": "sao-web"
                }
              },
              {
                "resource_type": "volume",
                "tags": {
                  "Name": "sao-web"
                }
              }
            ],
            "tags": {
              "Name": "sao-armageddon-web"
            },
            "tags_all": {
              "Name": "sao-armageddon-web"
            },
            "update_default_version": null,
            "user_data": "IyEvYmluL2Jhc2gKc2V0IC1ldXhvIHBpcGVmYWlsCgpkbmYgLXkgaW5zdGFsbCBuZ2lueCBweXRob24zCgojIFJlbW92ZSBuZ2lueCBkZWZhdWx0IHNpdGUgaWYgaXQgZXhpc3RzIChwcmV2ZW50cyBkdXBsaWNhdGUgZGVmYXVsdF9zZXJ2ZXIgZXJyb3JzKQpybSAtZiAvZXRjL25naW54L2NvbmYuZC9kZWZhdWx0LmNvbmYgfHwgdHJ1ZQoKbWtkaXIgLXAgL29wdC9hcm1hZ2VkZG9uCm1rZGlyIC1wIC91c3Ivc2hhcmUvbmdpbngvaHRtbC9zdGF0aWMKCiMgLS0tLS0gU3RhdGljIGZpbGVzIChmaXhlcyAvc3RhdGljL2V4YW1wbGUudHh0IGFuZCAvc3RhdGljL2luZGV4Lmh0bWwpIC0tLS0tCmNhdCA+L3Vzci9zaGFyZS9uZ2lueC9odG1sL3N0YXRpYy9leGFtcGxlLnR4dCA8PCdUWFQnCmhlbGxvIGZyb20gc3RhdGljClRYVAoKY2F0ID4vdXNyL3NoYXJlL25naW54L2h0bWwvc3RhdGljL2luZGV4Lmh0bWwgPDwnSFRNTCcKPCFkb2N0eXBlIGh0bWw+CjxodG1sPgogIDxoZWFkPjxtZXRhIGNoYXJzZXQ9InV0Zi04Ij48dGl0bGU+U3RhdGljIE9LPC90aXRsZT48L2hlYWQ+CiAgPGJvZHk+PGgxPlN0YXRpYyBpbmRleC5odG1sIE9LPC9oMT48L2JvZHk+CjwvaHRtbD4KSFRNTAoKIyAtLS0tLSBNaW5pIEFQSSBzZXJ2ZXIgKGFkZHMgZG9fSEVBRCBzbyBjdXJsIC1JIHdvbid0IDUwMSkgLS0tLS0KY2F0ID4vb3B0L2FybWFnZWRkb24vYXBpX3NlcnZlci5weSA8PCdQWScKZnJvbSBodHRwLnNlcnZlciBpbXBvcnQgQmFzZUhUVFBSZXF1ZXN0SGFuZGxlciwgSFRUUFNlcnZlcgppbXBvcnQganNvbiwgdGltZSwgZGF0ZXRpbWUsIHJhbmRvbQoKZGVmIHV0Y19pc28oKToKICAgIHJldHVybiBkYXRldGltZS5kYXRldGltZS5ub3coZGF0ZXRpbWUudGltZXpvbmUudXRjKS5pc29mb3JtYXQoKS5yZXBsYWNlKCIrMDA6MDAiLCJaIikKCmNsYXNzIEhhbmRsZXIoQmFzZUhUVFBSZXF1ZXN0SGFuZGxlcik6CiAgICBkZWYgX3NlbmRfanNvbihzZWxmLCBjb2RlLCBib2R5X2RpY3QsIGNhY2hlX2NvbnRyb2wpOgogICAgICAgIGJvZHkgPSBqc29uLmR1bXBzKGJvZHlfZGljdCkuZW5jb2RlKCJ1dGYtOCIpCiAgICAgICAgc2VsZi5zZW5kX3Jlc3BvbnNlKGNvZGUpCiAgICAgICAgc2VsZi5zZW5kX2hlYWRlcigiQ29udGVudC1UeXBlIiwgImFwcGxpY2F0aW9uL2pzb24iKQogICAgICAgIHNlbGYuc2VuZF9oZWFkZXIoIkNhY2hlLUNvbnRyb2wiLCBjYWNoZV9jb250cm9sKQogICAgICAgIHNlbGYuc2VuZF9oZWFkZXIoIkNvbnRlbnQtTGVuZ3RoIiwgc3RyKGxlbihib2R5KSkpCiAgICAgICAgc2VsZi5lbmRfaGVhZGVycygpCiAgICAgICAgc2VsZi53ZmlsZS53cml0ZShib2R5KQoKICAgIGRlZiBfc2VuZF9oZWFkZXJzX29ubHkoc2VsZiwgY29kZSwgY2FjaGVfY29udHJvbCk6CiAgICAgICAgc2VsZi5zZW5kX3Jlc3BvbnNlKGNvZGUpCiAgICAgICAgc2VsZi5zZW5kX2hlYWRlcigiQ29udGVudC1UeXBlIiwgImFwcGxpY2F0aW9uL2pzb24iKQogICAgICAgIHNlbGYuc2VuZF9oZWFkZXIoIkNhY2hlLUNvbnRyb2wiLCBjYWNoZV9jb250cm9sKQogICAgICAgIHNlbGYuc2VuZF9oZWFkZXIoIkNvbnRlbnQtTGVuZ3RoIiwgIjAiKQogICAgICAgIHNlbGYuZW5kX2hlYWRlcnMoKQoKICAgIGRlZiBkb19IRUFEKHNlbGYpOgogICAgICAgICMgU2FtZSByb3V0aW5nIGFzIEdFVCwgYnV0IG5vIGJvZHkKICAgICAgICBpZiBzZWxmLnBhdGggPT0gIi9hcGkvcHVibGljLWZlZWQiOgogICAgICAgICAgICBzZWxmLl9zZW5kX2hlYWRlcnNfb25seSgyMDAsICJwdWJsaWMsIHMtbWF4YWdlPTMwLCBtYXgtYWdlPTAiKQogICAgICAgICAgICByZXR1cm4KICAgICAgICBpZiBzZWxmLnBhdGggaW4gKCIvYXBpL2xpc3QiLCAiL2FwaS91c2VyLWZlZWQiKToKICAgICAgICAgICAgc2VsZi5fc2VuZF9oZWFkZXJzX29ubHkoMjAwLCAicHJpdmF0ZSwgbm8tc3RvcmUiKQogICAgICAgICAgICByZXR1cm4KICAgICAgICBzZWxmLl9zZW5kX2hlYWRlcnNfb25seSg0MDQsICJuby1zdG9yZSIpCgogICAgZGVmIGRvX0dFVChzZWxmKToKICAgICAgICBpZiBzZWxmLnBhdGggPT0gIi9hcGkvcHVibGljLWZlZWQiOgogICAgICAgICAgICBtaW51dGUgPSBpbnQodGltZS50aW1lKCkgLy8gNjApCiAgICAgICAgICAgIHNlbGYuX3NlbmRfanNvbigyMDAsIHsKICAgICAgICAgICAgICAgICJzZXJ2ZXJfdGltZV91dGMiOiB1dGNfaXNvKCksCiAgICAgICAgICAgICAgICAibWVzc2FnZV9vZl90aGVfbWludXRlIjogZiJtaW51dGUte21pbnV0ZX0iCiAgICAgICAgICAgIH0sICJwdWJsaWMsIHMtbWF4YWdlPTMwLCBtYXgtYWdlPTAiKQogICAgICAgICAgICByZXR1cm4KCiAgICAgICAgaWYgc2VsZi5wYXRoIGluICgiL2FwaS9saXN0IiwgIi9hcGkvdXNlci1mZWVkIik6CiAgICAgICAgICAgIHNlbGYuX3NlbmRfanNvbigyMDAsIHsKICAgICAgICAgICAgICAgICJzZXJ2ZXJfdGltZV91dGMiOiB1dGNfaXNvKCksCiAgICAgICAgICAgICAgICAicmVxdWVzdF9pZCI6IGYie3RpbWUudGltZV9ucygpfS17cmFuZG9tLnJhbmRpbnQoMTAwMCw5OTk5KX0iLAogICAgICAgICAgICAgICAgIml0ZW1zIjogWyJhbHBoYSIsImJyYXZvIiwiY2hhcmxpZSJdCiAgICAgICAgICAgIH0sICJwcml2YXRlLCBuby1zdG9yZSIpCiAgICAgICAgICAgIHJldHVybgoKICAgICAgICBzZWxmLl9zZW5kX2pzb24oNDA0LCB7ImVycm9yIjoibm90IGZvdW5kIn0sICJuby1zdG9yZSIpCgpIVFRQU2VydmVyKCgiMTI3LjAuMC4xIiwgOTAwMCksIEhhbmRsZXIpLnNlcnZlX2ZvcmV2ZXIoKQpQWQoKY2F0ID4vZXRjL3N5c3RlbWQvc3lzdGVtL2FybWFnZWRkb24tYXBpLnNlcnZpY2UgPDwnVU5JVCcKW1VuaXRdCkRlc2NyaXB0aW9uPUFybWFnZWRkb24gbWluaSBBUEkKQWZ0ZXI9bmV0d29yay50YXJnZXQKCltTZXJ2aWNlXQpFeGVjU3RhcnQ9L3Vzci9iaW4vcHl0aG9uMyAvb3B0L2FybWFnZWRkb24vYXBpX3NlcnZlci5weQpSZXN0YXJ0PWFsd2F5cwoKW0luc3RhbGxdCldhbnRlZEJ5PW11bHRpLXVzZXIudGFyZ2V0ClVOSVQKCnN5c3RlbWN0bCBkYWVtb24tcmVsb2FkCnN5c3RlbWN0bCBlbmFibGUgLS1ub3cgYXJtYWdlZGRvbi1hcGkKCiMgLS0tLS0gTmdpbng6IGtlZXAgeW91ciBleGlzdGluZyBlbmRwb2ludHMgKyBhZGQgL3N0YXRpYy8gc2VydmluZyAtLS0tLQpjYXQgPi9ldGMvbmdpbngvY29uZi5kL2FybWFnZWRkb24uY29uZiA8PCdOR0lOWCcKc2VydmVyIHsKICBsaXN0ZW4gODAgZGVmYXVsdF9zZXJ2ZXI7CiAgbGlzdGVuIFs6Ol06ODAgZGVmYXVsdF9zZXJ2ZXI7CiAgc2VydmVyX25hbWUgXzsKCiAgcm9vdCAvdXNyL3NoYXJlL25naW54L2h0bWw7CiAgaW5kZXggaW5kZXguaHRtbDsKCiAgbG9jYXRpb24gPSAvaGVhbHRoIHsKICAgIGRlZmF1bHRfdHlwZSB0ZXh0L3BsYWluOwogICAgcmV0dXJuIDIwMCAib2tcbiI7CiAgfQoKICBsb2NhdGlvbiA9IC8gewogICAgZGVmYXVsdF90eXBlIHRleHQvcGxhaW47CiAgICByZXR1cm4gMjAwICJhcm1hZ2VkZG9uIHRhcmdldCBPS1xuIjsKICB9CgogICMgU2VydmUgL3N0YXRpYy8qIGZyb20gZGlzayAobm93IGluY2x1ZGVzIGV4YW1wbGUudHh0ICsgaW5kZXguaHRtbCkKICBsb2NhdGlvbiAvc3RhdGljLyB7CiAgICB0cnlfZmlsZXMgJHVyaSA9NDA0OwogICAgYWRkX2hlYWRlciBDYWNoZS1Db250cm9sICJwdWJsaWMsIG1heC1hZ2U9ODY0MDAsIGltbXV0YWJsZSIgYWx3YXlzOwogIH0KCiAgIyBQcm94eSBBUEkgdG8gcHl0aG9uCiAgbG9jYXRpb24gPSAvYXBpL3B1YmxpYy1mZWVkIHsKICAgIHByb3h5X3NldF9oZWFkZXIgSG9zdCAkaG9zdDsKICAgIHByb3h5X3NldF9oZWFkZXIgWC1Gb3J3YXJkZWQtUHJvdG8gJHNjaGVtZTsKICAgIHByb3h5X3NldF9oZWFkZXIgWC1Gb3J3YXJkZWQtRm9yICRwcm94eV9hZGRfeF9mb3J3YXJkZWRfZm9yOwogICAgcHJveHlfcGFzcyBodHRwOi8vMTI3LjAuMC4xOjkwMDA7CiAgfQoKICBsb2NhdGlvbiA9IC9hcGkvbGlzdCB7CiAgICBwcm94eV9zZXRfaGVhZGVyIEhvc3QgJGhvc3Q7CiAgICBwcm94eV9zZXRfaGVhZGVyIFgtRm9yd2FyZGVkLVByb3RvICRzY2hlbWU7CiAgICBwcm94eV9zZXRfaGVhZGVyIFgtRm9yd2FyZGVkLUZvciAkcHJveHlfYWRkX3hfZm9yd2FyZGVkX2ZvcjsKICAgIHByb3h5X3Bhc3MgaHR0cDovLzEyNy4wLjAuMTo5MDAwOwogIH0KCiAgbG9jYXRpb24gPSAvYXBpL3VzZXItZmVlZCB7CiAgICBwcm94eV9zZXRfaGVhZGVyIEhvc3QgJGhvc3Q7CiAgICBwcm94eV9zZXRfaGVhZGVyIFgtRm9yd2FyZGVkLVByb3RvICRzY2hlbWU7CiAgICBwcm94eV9zZXRfaGVhZGVyIFgtRm9yd2FyZGVkLUZvciAkcHJveHlfYWRkX3hfZm9yd2FyZGVkX2ZvcjsKICAgIHByb3h5X3Bhc3MgaHR0cDovLzEyNy4wLjAuMTo5MDAwOwogIH0KfQpOR0lOWAoKbmdpbnggLXQKc3lzdGVtY3RsIGVuYWJsZSAtLW5vdyBuZ2lueApQWQo=",
            "vpc_security_group_ids": [
              "sg-0933a6eb306a72286"
            ]
          },
          "sensitive_attributes": [
            [
              {
                "type": "get_attr",
                "value": "image_id"
              }
            ]
          ],
          "identity_schema_version": 0,
          "private": "eyJzY2hlbWFfdmVyc2lvbiI6IjEifQ==",
          "dependencies": [
            "aws_iam_instance_profile.sao_iam_profile",
            "aws_iam_role.sao_ec2_role",
            "aws_security_group.sao_ec2pri_sg",
            "aws_vpc.sao_main_vpc",
            "data.aws_ssm_parameter.sao_al2023"
          ]
        }
      ]
    },
    {
      "mode": "managed",
      "type": "aws_lb",
      "name": "armageddon_alb",
      "provider": "provider[\"registry.terraform.io/hashicorp/aws\"]",
      "instances": [
        {
          "schema_version": 0,
          "attributes": {
            "access_logs": [
              {
                "bucket": "armageddon-alb-logs-950876749850",
                "enabled": true,
                "prefix": "alb-access-logs"
              }
            ],
            "arn": "arn:aws:elasticloadbalancing:ap-northeast-1:950876749850:loadbalancer/app/armageddon-alb/f4a0ef42f3edc1b1",
            "arn_suffix": "app/armageddon-alb/f4a0ef42f3edc1b1",
            "client_keep_alive": 3600,
            "connection_logs": [
              {
                "bucket": "",
                "enabled": false,
                "prefix": ""
              }
            ],
            "customer_owned_ipv4_pool": "",
            "desync_mitigation_mode": "defensive",
            "dns_name": "armageddon-alb-1568355755.ap-northeast-1.elb.amazonaws.com",
            "dns_record_client_routing_policy": null,
            "drop_invalid_header_fields": false,
            "enable_cross_zone_load_balancing": true,
            "enable_deletion_protection": false,
            "enable_http2": true,
            "enable_tls_version_and_cipher_suite_headers": false,
            "enable_waf_fail_open": false,
            "enable_xff_client_port": false,
            "enable_zonal_shift": false,
            "enforce_security_group_inbound_rules_on_private_link_traffic": "",
            "health_check_logs": [
              {
                "bucket": "",
                "enabled": false,
                "prefix": ""
              }
            ],
            "id": "arn:aws:elasticloadbalancing:ap-northeast-1:950876749850:loadbalancer/app/armageddon-alb/f4a0ef42f3edc1b1",
            "idle_timeout": 60,
            "internal": false,
            "ip_address_type": "ipv4",
            "ipam_pools": [],
            "load_balancer_type": "application",
            "minimum_load_balancer_capacity": [],
            "name": "armageddon-alb",
            "name_prefix": "",
            "preserve_host_header": false,
            "region": "ap-northeast-1",
            "secondary_ips_auto_assigned_per_subnet": null,
            "security_groups": [
              "sg-041e9ba1255546532"
            ],
            "subnet_mapping": [
              {
                "allocation_id": "",
                "ipv6_address": "",
                "outpost_id": "",
                "private_ipv4_address": "",
                "subnet_id": "subnet-05d57d9bd2bd6141f"
              },
              {
                "allocation_id": "",
                "ipv6_address": "",
                "outpost_id": "",
                "private_ipv4_address": "",
                "subnet_id": "subnet-0f07690dbd8ecb3e6"
              }
            ],
            "subnets": [
              "subnet-05d57d9bd2bd6141f",
              "subnet-0f07690dbd8ecb3e6"
            ],
            "tags": {
              "Name": "armageddon-alb"
            },
            "tags_all": {
              "Name": "armageddon-alb"
            },
            "timeouts": null,
            "vpc_id": "vpc-0749dcd9e4d0b62f2",
            "xff_header_processing_mode": "append",
            "zone_id": "Z14GRHDCWA56QT"
          },
          "sensitive_attributes": [],
          "identity_schema_version": 0,
          "identity": {
            "arn": "arn:aws:elasticloadbalancing:ap-northeast-1:950876749850:loadbalancer/app/armageddon-alb/f4a0ef42f3edc1b1"
          },
          "private": "eyJlMmJmYjczMC1lY2FhLTExZTYtOGY4OC0zNDM2M2JjN2M0YzAiOnsiY3JlYXRlIjo2MDAwMDAwMDAwMDAsImRlbGV0ZSI6NjAwMDAwMDAwMDAwLCJ1cGRhdGUiOjYwMDAwMDAwMDAwMH19",
          "dependencies": [
            "aws_s3_bucket.armageddon_alb_logs_bucket",
            "aws_security_group.alb_sg",
            "aws_subnet.public",
            "aws_vpc.main_vpc",
            "data.aws_availability_zones.available",
            "data.aws_caller_identity.armageddon_self"
          ]
        }
      ]
    },
    {
      "mode": "managed",
      "type": "aws_lb",
      "name": "sao_armageddon_alb",
      "provider": "provider[\"registry.terraform.io/hashicorp/aws\"].saopaulo",
      "instances": [
        {
          "schema_version": 0,
          "attributes": {
            "access_logs": [
              {
                "bucket": "sao-armageddon-alb-logs-950876749850",
                "enabled": true,
                "prefix": "alb-access-logs"
              }
            ],
            "arn": "arn:aws:elasticloadbalancing:sa-east-1:950876749850:loadbalancer/app/sao-armageddon-alb/21fe6d104cd5e1cb",
            "arn_suffix": "app/sao-armageddon-alb/21fe6d104cd5e1cb",
            "client_keep_alive": 3600,
            "connection_logs": [
              {
                "bucket": "",
                "enabled": false,
                "prefix": ""
              }
            ],
            "customer_owned_ipv4_pool": "",
            "desync_mitigation_mode": "defensive",
            "dns_name": "sao-armageddon-alb-1989354355.sa-east-1.elb.amazonaws.com",
            "dns_record_client_routing_policy": null,
            "drop_invalid_header_fields": false,
            "enable_cross_zone_load_balancing": true,
            "enable_deletion_protection": false,
            "enable_http2": true,
            "enable_tls_version_and_cipher_suite_headers": false,
            "enable_waf_fail_open": false,
            "enable_xff_client_port": false,
            "enable_zonal_shift": false,
            "enforce_security_group_inbound_rules_on_private_link_traffic": "",
            "health_check_logs": [
              {
                "bucket": "",
                "enabled": false,
                "prefix": ""
              }
            ],
            "id": "arn:aws:elasticloadbalancing:sa-east-1:950876749850:loadbalancer/app/sao-armageddon-alb/21fe6d104cd5e1cb",
            "idle_timeout": 60,
            "internal": false,
            "ip_address_type": "ipv4",
            "ipam_pools": [],
            "load_balancer_type": "application",
            "minimum_load_balancer_capacity": [],
            "name": "sao-armageddon-alb",
            "name_prefix": "",
            "preserve_host_header": false,
            "region": "sa-east-1",
            "secondary_ips_auto_assigned_per_subnet": null,
            "security_groups": [
              "sg-057c0559388369e59"
            ],
            "subnet_mapping": [
              {
                "allocation_id": "",
                "ipv6_address": "",
                "outpost_id": "",
                "private_ipv4_address": "",
                "subnet_id": "subnet-02ac27edfcb694c34"
              },
              {
                "allocation_id": "",
                "ipv6_address": "",
                "outpost_id": "",
                "private_ipv4_address": "",
                "subnet_id": "subnet-08fea6611c110d68b"
              }
            ],
            "subnets": [
              "subnet-02ac27edfcb694c34",
              "subnet-08fea6611c110d68b"
            ],
            "tags": {
              "Name": "sao-armageddon-alb"
            },
            "tags_all": {
              "Name": "sao-armageddon-alb"
            },
            "timeouts": null,
            "vpc_id": "vpc-09496ac03847d0650",
            "xff_header_processing_mode": "append",
            "zone_id": "Z2P70J7HTTTPLU"
          },
          "sensitive_attributes": [],
          "identity_schema_version": 0,
          "identity": {
            "arn": "arn:aws:elasticloadbalancing:sa-east-1:950876749850:loadbalancer/app/sao-armageddon-alb/21fe6d104cd5e1cb"
          },
          "private": "eyJlMmJmYjczMC1lY2FhLTExZTYtOGY4OC0zNDM2M2JjN2M0YzAiOnsiY3JlYXRlIjo2MDAwMDAwMDAwMDAsImRlbGV0ZSI6NjAwMDAwMDAwMDAwLCJ1cGRhdGUiOjYwMDAwMDAwMDAwMH19",
          "dependencies": [
            "aws_s3_bucket.sao_armageddon_alb_logs_bucket",
            "aws_security_group.sao_alb_sg",
            "aws_subnet.sao_public",
            "aws_vpc.sao_main_vpc",
            "data.aws_availability_zones.sao_available",
            "data.aws_caller_identity.sao_armageddon_self"
          ]
        }
      ]
    },
    {
      "mode": "managed",
      "type": "aws_lb_listener",
      "name": "armageddon_http_listener",
      "provider": "provider[\"registry.terraform.io/hashicorp/aws\"]",
      "instances": [
        {
          "schema_version": 0,
          "attributes": {
            "alpn_policy": null,
            "arn": "arn:aws:elasticloadbalancing:ap-northeast-1:950876749850:listener/app/armageddon-alb/f4a0ef42f3edc1b1/baec43a94e70e4b9",
            "certificate_arn": null,
            "default_action": [
              {
                "authenticate_cognito": [],
                "authenticate_oidc": [],
                "fixed_response": [],
                "forward": [],
                "jwt_validation": [],
                "order": 1,
                "redirect": [
                  {
                    "host": "#{host}",
                    "path": "/#{path}",
                    "port": "443",
                    "protocol": "HTTPS",
                    "query": "#{query}",
                    "status_code": "HTTP_301"
                  }
                ],
                "target_group_arn": "",
                "type": "redirect"
              }
            ],
            "id": "arn:aws:elasticloadbalancing:ap-northeast-1:950876749850:listener/app/armageddon-alb/f4a0ef42f3edc1b1/baec43a94e70e4b9",
            "load_balancer_arn": "arn:aws:elasticloadbalancing:ap-northeast-1:950876749850:loadbalancer/app/armageddon-alb/f4a0ef42f3edc1b1",
            "mutual_authentication": [],
            "port": 80,
            "protocol": "HTTP",
            "region": "ap-northeast-1",
            "routing_http_request_x_amzn_mtls_clientcert_header_name": null,
            "routing_http_request_x_amzn_mtls_clientcert_issuer_header_name": null,
            "routing_http_request_x_amzn_mtls_clientcert_leaf_header_name": null,
            "routing_http_request_x_amzn_mtls_clientcert_serial_number_header_name": null,
            "routing_http_request_x_amzn_mtls_clientcert_subject_header_name": null,
            "routing_http_request_x_amzn_mtls_clientcert_validity_header_name": null,
            "routing_http_request_x_amzn_tls_cipher_suite_header_name": null,
            "routing_http_request_x_amzn_tls_version_header_name": null,
            "routing_http_response_access_control_allow_credentials_header_value": "",
            "routing_http_response_access_control_allow_headers_header_value": "",
            "routing_http_response_access_control_allow_methods_header_value": "",
            "routing_http_response_access_control_allow_origin_header_value": "",
            "routing_http_response_access_control_expose_headers_header_value": "",
            "routing_http_response_access_control_max_age_header_value": "",
            "routing_http_response_content_security_policy_header_value": "",
            "routing_http_response_server_enabled": true,
            "routing_http_response_strict_transport_security_header_value": "",
            "routing_http_response_x_content_type_options_header_value": "",
            "routing_http_response_x_frame_options_header_value": "",
            "ssl_policy": "",
            "tags": {},
            "tags_all": {},
            "tcp_idle_timeout_seconds": null,
            "timeouts": null
          },
          "sensitive_attributes": [],
          "identity_schema_version": 0,
          "identity": {
            "arn": "arn:aws:elasticloadbalancing:ap-northeast-1:950876749850:listener/app/armageddon-alb/f4a0ef42f3edc1b1/baec43a94e70e4b9"
          },
          "private": "eyJlMmJmYjczMC1lY2FhLTExZTYtOGY4OC0zNDM2M2JjN2M0YzAiOnsiY3JlYXRlIjozMDAwMDAwMDAwMDAsInVwZGF0ZSI6MzAwMDAwMDAwMDAwfX0=",
          "dependencies": [
            "aws_lb.armageddon_alb",
            "aws_s3_bucket.armageddon_alb_logs_bucket",
            "aws_security_group.alb_sg",
            "aws_subnet.public",
            "aws_vpc.main_vpc",
            "data.aws_availability_zones.available",
            "data.aws_caller_identity.armageddon_self"
          ]
        }
      ]
    },
    {
      "mode": "managed",
      "type": "aws_lb_listener",
      "name": "armageddon_https_listener",
      "provider": "provider[\"registry.terraform.io/hashicorp/aws\"]",
      "instances": [
        {
          "schema_version": 0,
          "attributes": {
            "alpn_policy": null,
            "arn": "arn:aws:elasticloadbalancing:ap-northeast-1:950876749850:listener/app/armageddon-alb/f4a0ef42f3edc1b1/cbaff9081d11e37e",
            "certificate_arn": "arn:aws:acm:ap-northeast-1:950876749850:certificate/fd289523-7004-48cf-98a7-5dfcf7331d2e",
            "default_action": [
              {
                "authenticate_cognito": [],
                "authenticate_oidc": [],
                "fixed_response": [],
                "forward": [],
                "jwt_validation": [],
                "order": 1,
                "redirect": [],
                "target_group_arn": "arn:aws:elasticloadbalancing:ap-northeast-1:950876749850:targetgroup/armageddon-tg/c13519cb0900814b",
                "type": "forward"
              }
            ],
            "id": "arn:aws:elasticloadbalancing:ap-northeast-1:950876749850:listener/app/armageddon-alb/f4a0ef42f3edc1b1/cbaff9081d11e37e",
            "load_balancer_arn": "arn:aws:elasticloadbalancing:ap-northeast-1:950876749850:loadbalancer/app/armageddon-alb/f4a0ef42f3edc1b1",
            "mutual_authentication": [
              {
                "advertise_trust_store_ca_names": "",
                "ignore_client_certificate_expiry": false,
                "mode": "off",
                "trust_store_arn": ""
              }
            ],
            "port": 443,
            "protocol": "HTTPS",
            "region": "ap-northeast-1",
            "routing_http_request_x_amzn_mtls_clientcert_header_name": "",
            "routing_http_request_x_amzn_mtls_clientcert_issuer_header_name": "",
            "routing_http_request_x_amzn_mtls_clientcert_leaf_header_name": "",
            "routing_http_request_x_amzn_mtls_clientcert_serial_number_header_name": "",
            "routing_http_request_x_amzn_mtls_clientcert_subject_header_name": "",
            "routing_http_request_x_amzn_mtls_clientcert_validity_header_name": "",
            "routing_http_request_x_amzn_tls_cipher_suite_header_name": "",
            "routing_http_request_x_amzn_tls_version_header_name": "",
            "routing_http_response_access_control_allow_credentials_header_value": "",
            "routing_http_response_access_control_allow_headers_header_value": "",
            "routing_http_response_access_control_allow_methods_header_value": "",
            "routing_http_response_access_control_allow_origin_header_value": "",
            "routing_http_response_access_control_expose_headers_header_value": "",
            "routing_http_response_access_control_max_age_header_value": "",
            "routing_http_response_content_security_policy_header_value": "",
            "routing_http_response_server_enabled": true,
            "routing_http_response_strict_transport_security_header_value": "",
            "routing_http_response_x_content_type_options_header_value": "",
            "routing_http_response_x_frame_options_header_value": "",
            "ssl_policy": "ELBSecurityPolicy-TLS13-1-2-2021-06",
            "tags": {},
            "tags_all": {},
            "tcp_idle_timeout_seconds": null,
            "timeouts": null
          },
          "sensitive_attributes": [],
          "identity_schema_version": 0,
          "identity": {
            "arn": "arn:aws:elasticloadbalancing:ap-northeast-1:950876749850:listener/app/armageddon-alb/f4a0ef42f3edc1b1/cbaff9081d11e37e"
          },
          "private": "eyJlMmJmYjczMC1lY2FhLTExZTYtOGY4OC0zNDM2M2JjN2M0YzAiOnsiY3JlYXRlIjozMDAwMDAwMDAwMDAsInVwZGF0ZSI6MzAwMDAwMDAwMDAwfX0=",
          "dependencies": [
            "aws_acm_certificate.armageddon_acm_cert01",
            "aws_acm_certificate_validation.armageddon_acm_validation01",
            "aws_lb.armageddon_alb",
            "aws_lb_target_group.armageddon_tg",
            "aws_route53_record.armageddon_record",
            "aws_route53_zone.armageddon_zone01",
            "aws_s3_bucket.armageddon_alb_logs_bucket",
            "aws_security_group.alb_sg",
            "aws_subnet.public",
            "aws_vpc.main_vpc",
            "data.aws_acm_certificate.existing",
            "data.aws_availability_zones.available",
            "data.aws_caller_identity.armageddon_self"
          ]
        }
      ]
    },
    {
      "mode": "managed",
      "type": "aws_lb_listener",
      "name": "sao_armageddon_https_listener",
      "provider": "provider[\"registry.terraform.io/hashicorp/aws\"].saopaulo",
      "instances": [
        {
          "schema_version": 0,
          "attributes": {
            "alpn_policy": null,
            "arn": "arn:aws:elasticloadbalancing:sa-east-1:950876749850:listener/app/sao-armageddon-alb/21fe6d104cd5e1cb/ef009c0723373e54",
            "certificate_arn": "arn:aws:acm:sa-east-1:950876749850:certificate/cb955275-bf3a-44db-8f13-c856590673d5",
            "default_action": [
              {
                "authenticate_cognito": [],
                "authenticate_oidc": [],
                "fixed_response": [],
                "forward": [],
                "jwt_validation": [],
                "order": 1,
                "redirect": [],
                "target_group_arn": "arn:aws:elasticloadbalancing:sa-east-1:950876749850:targetgroup/sao-armageddon-tg/ed222875e038196c",
                "type": "forward"
              }
            ],
            "id": "arn:aws:elasticloadbalancing:sa-east-1:950876749850:listener/app/sao-armageddon-alb/21fe6d104cd5e1cb/ef009c0723373e54",
            "load_balancer_arn": "arn:aws:elasticloadbalancing:sa-east-1:950876749850:loadbalancer/app/sao-armageddon-alb/21fe6d104cd5e1cb",
            "mutual_authentication": [
              {
                "advertise_trust_store_ca_names": "",
                "ignore_client_certificate_expiry": false,
                "mode": "off",
                "trust_store_arn": ""
              }
            ],
            "port": 443,
            "protocol": "HTTPS",
            "region": "sa-east-1",
            "routing_http_request_x_amzn_mtls_clientcert_header_name": "",
            "routing_http_request_x_amzn_mtls_clientcert_issuer_header_name": "",
            "routing_http_request_x_amzn_mtls_clientcert_leaf_header_name": "",
            "routing_http_request_x_amzn_mtls_clientcert_serial_number_header_name": "",
            "routing_http_request_x_amzn_mtls_clientcert_subject_header_name": "",
            "routing_http_request_x_amzn_mtls_clientcert_validity_header_name": "",
            "routing_http_request_x_amzn_tls_cipher_suite_header_name": "",
            "routing_http_request_x_amzn_tls_version_header_name": "",
            "routing_http_response_access_control_allow_credentials_header_value": "",
            "routing_http_response_access_control_allow_headers_header_value": "",
            "routing_http_response_access_control_allow_methods_header_value": "",
            "routing_http_response_access_control_allow_origin_header_value": "",
            "routing_http_response_access_control_expose_headers_header_value": "",
            "routing_http_response_access_control_max_age_header_value": "",
            "routing_http_response_content_security_policy_header_value": "",
            "routing_http_response_server_enabled": true,
            "routing_http_response_strict_transport_security_header_value": "",
            "routing_http_response_x_content_type_options_header_value": "",
            "routing_http_response_x_frame_options_header_value": "",
            "ssl_policy": "ELBSecurityPolicy-TLS13-1-2-2021-06",
            "tags": {},
            "tags_all": {},
            "tcp_idle_timeout_seconds": null,
            "timeouts": null
          },
          "sensitive_attributes": [],
          "identity_schema_version": 0,
          "identity": {
            "arn": "arn:aws:elasticloadbalancing:sa-east-1:950876749850:listener/app/sao-armageddon-alb/21fe6d104cd5e1cb/ef009c0723373e54"
          },
          "private": "eyJlMmJmYjczMC1lY2FhLTExZTYtOGY4OC0zNDM2M2JjN2M0YzAiOnsiY3JlYXRlIjozMDAwMDAwMDAwMDAsInVwZGF0ZSI6MzAwMDAwMDAwMDAwfX0=",
          "dependencies": [
            "aws_acm_certificate.sao_armageddon_acm_cert01",
            "aws_acm_certificate_validation.sao_armageddon_acm_validation01",
            "aws_lb.sao_armageddon_alb",
            "aws_lb_target_group.sao_armageddon_tg",
            "aws_route53_record.sao_armageddon_record",
            "aws_s3_bucket.sao_armageddon_alb_logs_bucket",
            "aws_security_group.sao_alb_sg",
            "aws_subnet.sao_public",
            "aws_vpc.sao_main_vpc",
            "data.aws_acm_certificate.sao_existing",
            "data.aws_availability_zones.sao_available",
            "data.aws_caller_identity.sao_armageddon_self"
          ]
        }
      ]
    },
    {
      "mode": "managed",
      "type": "aws_lb_listener_rule",
      "name": "armageddon_default_block",
      "provider": "provider[\"registry.terraform.io/hashicorp/aws\"]",
      "instances": [
        {
          "schema_version": 0,
          "attributes": {
            "action": [
              {
                "authenticate_cognito": [],
                "authenticate_oidc": [],
                "fixed_response": [
                  {
                    "content_type": "text/plain",
                    "message_body": "Forbidden",
                    "status_code": "403"
                  }
                ],
                "forward": [],
                "jwt_validation": [],
                "order": 1,
                "redirect": [],
                "target_group_arn": "",
                "type": "fixed-response"
              }
            ],
            "arn": "arn:aws:elasticloadbalancing:ap-northeast-1:950876749850:listener-rule/app/armageddon-alb/f4a0ef42f3edc1b1/cbaff9081d11e37e/74ef622903500824",
            "condition": [
              {
                "host_header": [],
                "http_header": [],
                "http_request_method": [],
                "path_pattern": [
                  {
                    "regex_values": [],
                    "values": [
                      "/*"
                    ]
                  }
                ],
                "query_string": [],
                "source_ip": []
              }
            ],
            "id": "arn:aws:elasticloadbalancing:ap-northeast-1:950876749850:listener-rule/app/armageddon-alb/f4a0ef42f3edc1b1/cbaff9081d11e37e/74ef622903500824",
            "listener_arn": "arn:aws:elasticloadbalancing:ap-northeast-1:950876749850:listener/app/armageddon-alb/f4a0ef42f3edc1b1/cbaff9081d11e37e",
            "priority": 99,
            "region": "ap-northeast-1",
            "tags": {},
            "tags_all": {},
            "transform": []
          },
          "sensitive_attributes": [],
          "identity_schema_version": 0,
          "identity": {
            "arn": "arn:aws:elasticloadbalancing:ap-northeast-1:950876749850:listener-rule/app/armageddon-alb/f4a0ef42f3edc1b1/cbaff9081d11e37e/74ef622903500824"
          },
          "private": "bnVsbA==",
          "dependencies": [
            "aws_acm_certificate.armageddon_acm_cert01",
            "aws_acm_certificate_validation.armageddon_acm_validation01",
            "aws_lb.armageddon_alb",
            "aws_lb_listener.armageddon_https_listener",
            "aws_lb_target_group.armageddon_tg",
            "aws_route53_record.armageddon_record",
            "aws_route53_zone.armageddon_zone01",
            "aws_s3_bucket.armageddon_alb_logs_bucket",
            "aws_security_group.alb_sg",
            "aws_subnet.public",
            "aws_vpc.main_vpc",
            "data.aws_acm_certificate.existing",
            "data.aws_availability_zones.available",
            "data.aws_caller_identity.armageddon_self"
          ]
        }
      ]
    },
    {
      "mode": "managed",
      "type": "aws_lb_listener_rule",
      "name": "armageddon_require_origin_header",
      "provider": "provider[\"registry.terraform.io/hashicorp/aws\"]",
      "instances": [
        {
          "schema_version": 0,
          "attributes": {
            "action": [
              {
                "authenticate_cognito": [],
                "authenticate_oidc": [],
                "fixed_response": [],
                "forward": [],
                "jwt_validation": [],
                "order": 1,
                "redirect": [],
                "target_group_arn": "arn:aws:elasticloadbalancing:ap-northeast-1:950876749850:targetgroup/armageddon-tg/c13519cb0900814b",
                "type": "forward"
              }
            ],
            "arn": "arn:aws:elasticloadbalancing:ap-northeast-1:950876749850:listener-rule/app/armageddon-alb/f4a0ef42f3edc1b1/cbaff9081d11e37e/894cf23c87b849ad",
            "condition": [
              {
                "host_header": [],
                "http_header": [
                  {
                    "http_header_name": "King-Iron-Fist",
                    "regex_values": [],
                    "values": [
                      "jzWgzeCMSDJv1z1iF9huDT3zorXwcReE"
                    ]
                  }
                ],
                "http_request_method": [],
                "path_pattern": [],
                "query_string": [],
                "source_ip": []
              }
            ],
            "id": "arn:aws:elasticloadbalancing:ap-northeast-1:950876749850:listener-rule/app/armageddon-alb/f4a0ef42f3edc1b1/cbaff9081d11e37e/894cf23c87b849ad",
            "listener_arn": "arn:aws:elasticloadbalancing:ap-northeast-1:950876749850:listener/app/armageddon-alb/f4a0ef42f3edc1b1/cbaff9081d11e37e",
            "priority": 10,
            "region": "ap-northeast-1",
            "tags": {},
            "tags_all": {},
            "transform": []
          },
          "sensitive_attributes": [
            [
              {
                "type": "get_attr",
                "value": "condition"
              }
            ]
          ],
          "identity_schema_version": 0,
          "identity": {
            "arn": "arn:aws:elasticloadbalancing:ap-northeast-1:950876749850:listener-rule/app/armageddon-alb/f4a0ef42f3edc1b1/cbaff9081d11e37e/894cf23c87b849ad"
          },
          "private": "bnVsbA==",
          "dependencies": [
            "aws_acm_certificate.armageddon_acm_cert01",
            "aws_acm_certificate_validation.armageddon_acm_validation01",
            "aws_lb.armageddon_alb",
            "aws_lb_listener.armageddon_https_listener",
            "aws_lb_target_group.armageddon_tg",
            "aws_route53_record.armageddon_record",
            "aws_route53_zone.armageddon_zone01",
            "aws_s3_bucket.armageddon_alb_logs_bucket",
            "aws_security_group.alb_sg",
            "aws_subnet.public",
            "aws_vpc.main_vpc",
            "data.aws_acm_certificate.existing",
            "data.aws_availability_zones.available",
            "data.aws_caller_identity.armageddon_self",
            "random_password.armageddon_origin_header_value01"
          ]
        }
      ]
    },
    {
      "mode": "managed",
      "type": "aws_lb_target_group",
      "name": "armageddon_tg",
      "provider": "provider[\"registry.terraform.io/hashicorp/aws\"]",
      "instances": [
        {
          "schema_version": 0,
          "attributes": {
            "arn": "arn:aws:elasticloadbalancing:ap-northeast-1:950876749850:targetgroup/armageddon-tg/c13519cb0900814b",
            "arn_suffix": "targetgroup/armageddon-tg/c13519cb0900814b",
            "connection_termination": null,
            "deregistration_delay": "300",
            "health_check": [
              {
                "enabled": true,
                "healthy_threshold": 2,
                "interval": 30,
                "matcher": "200-399",
                "path": "/",
                "port": "traffic-port",
                "protocol": "HTTP",
                "timeout": 5,
                "unhealthy_threshold": 2
              }
            ],
            "id": "arn:aws:elasticloadbalancing:ap-northeast-1:950876749850:targetgroup/armageddon-tg/c13519cb0900814b",
            "ip_address_type": "ipv4",
            "lambda_multi_value_headers_enabled": false,
            "load_balancer_arns": [
              "arn:aws:elasticloadbalancing:ap-northeast-1:950876749850:loadbalancer/app/armageddon-alb/f4a0ef42f3edc1b1"
            ],
            "load_balancing_algorithm_type": "round_robin",
            "load_balancing_anomaly_mitigation": "off",
            "load_balancing_cross_zone_enabled": "use_load_balancer_configuration",
            "name": "armageddon-tg",
            "name_prefix": "",
            "port": 80,
            "preserve_client_ip": null,
            "protocol": "HTTP",
            "protocol_version": "HTTP1",
            "proxy_protocol_v2": false,
            "region": "ap-northeast-1",
            "slow_start": 0,
            "stickiness": [
              {
                "cookie_duration": 86400,
                "cookie_name": "",
                "enabled": false,
                "type": "lb_cookie"
              }
            ],
            "tags": {
              "Name": "armageddon-tg"
            },
            "tags_all": {
              "Name": "armageddon-tg"
            },
            "target_control_port": 0,
            "target_failover": [
              {
                "on_deregistration": null,
                "on_unhealthy": null
              }
            ],
            "target_group_health": [
              {
                "dns_failover": [
                  {
                    "minimum_healthy_targets_count": "1",
                    "minimum_healthy_targets_percentage": "off"
                  }
                ],
                "unhealthy_state_routing": [
                  {
                    "minimum_healthy_targets_count": 1,
                    "minimum_healthy_targets_percentage": "off"
                  }
                ]
              }
            ],
            "target_health_state": [
              {
                "enable_unhealthy_connection_termination": null,
                "unhealthy_draining_interval": null
              }
            ],
            "target_type": "instance",
            "vpc_id": "vpc-0749dcd9e4d0b62f2"
          },
          "sensitive_attributes": [],
          "identity_schema_version": 0,
          "identity": {
            "arn": "arn:aws:elasticloadbalancing:ap-northeast-1:950876749850:targetgroup/armageddon-tg/c13519cb0900814b"
          },
          "private": "bnVsbA==",
          "dependencies": [
            "aws_vpc.main_vpc"
          ]
        }
      ]
    },
    {
      "mode": "managed",
      "type": "aws_lb_target_group",
      "name": "sao_armageddon_tg",
      "provider": "provider[\"registry.terraform.io/hashicorp/aws\"].saopaulo",
      "instances": [
        {
          "schema_version": 0,
          "attributes": {
            "arn": "arn:aws:elasticloadbalancing:sa-east-1:950876749850:targetgroup/sao-armageddon-tg/ed222875e038196c",
            "arn_suffix": "targetgroup/sao-armageddon-tg/ed222875e038196c",
            "connection_termination": null,
            "deregistration_delay": "300",
            "health_check": [
              {
                "enabled": true,
                "healthy_threshold": 2,
                "interval": 30,
                "matcher": "200-399",
                "path": "/",
                "port": "traffic-port",
                "protocol": "HTTP",
                "timeout": 5,
                "unhealthy_threshold": 2
              }
            ],
            "id": "arn:aws:elasticloadbalancing:sa-east-1:950876749850:targetgroup/sao-armageddon-tg/ed222875e038196c",
            "ip_address_type": "ipv4",
            "lambda_multi_value_headers_enabled": false,
            "load_balancer_arns": [
              "arn:aws:elasticloadbalancing:sa-east-1:950876749850:loadbalancer/app/sao-armageddon-alb/21fe6d104cd5e1cb"
            ],
            "load_balancing_algorithm_type": "round_robin",
            "load_balancing_anomaly_mitigation": "off",
            "load_balancing_cross_zone_enabled": "use_load_balancer_configuration",
            "name": "sao-armageddon-tg",
            "name_prefix": "",
            "port": 80,
            "preserve_client_ip": null,
            "protocol": "HTTP",
            "protocol_version": "HTTP1",
            "proxy_protocol_v2": false,
            "region": "sa-east-1",
            "slow_start": 0,
            "stickiness": [
              {
                "cookie_duration": 86400,
                "cookie_name": "",
                "enabled": false,
                "type": "lb_cookie"
              }
            ],
            "tags": {
              "Name": "sao-armageddon-tg"
            },
            "tags_all": {
              "Name": "sao-armageddon-tg"
            },
            "target_control_port": 0,
            "target_failover": [
              {
                "on_deregistration": null,
                "on_unhealthy": null
              }
            ],
            "target_group_health": [
              {
                "dns_failover": [
                  {
                    "minimum_healthy_targets_count": "1",
                    "minimum_healthy_targets_percentage": "off"
                  }
                ],
                "unhealthy_state_routing": [
                  {
                    "minimum_healthy_targets_count": 1,
                    "minimum_healthy_targets_percentage": "off"
                  }
                ]
              }
            ],
            "target_health_state": [
              {
                "enable_unhealthy_connection_termination": null,
                "unhealthy_draining_interval": null
              }
            ],
            "target_type": "instance",
            "vpc_id": "vpc-09496ac03847d0650"
          },
          "sensitive_attributes": [],
          "identity_schema_version": 0,
          "identity": {
            "arn": "arn:aws:elasticloadbalancing:sa-east-1:950876749850:targetgroup/sao-armageddon-tg/ed222875e038196c"
          },
          "private": "bnVsbA==",
          "dependencies": [
            "aws_vpc.sao_main_vpc"
          ]
        }
      ]
    },
    {
      "mode": "managed",
      "type": "aws_lb_target_group_attachment",
      "name": "armageddon_tg_attach",
      "provider": "provider[\"registry.terraform.io/hashicorp/aws\"]",
      "instances": [
        {
          "schema_version": 0,
          "attributes": {
            "availability_zone": null,
            "id": "arn:aws:elasticloadbalancing:ap-northeast-1:950876749850:targetgroup/armageddon-tg/c13519cb0900814b-20260209190012587100000003",
            "port": 80,
            "quic_server_id": null,
            "region": "ap-northeast-1",
            "target_group_arn": "arn:aws:elasticloadbalancing:ap-northeast-1:950876749850:targetgroup/armageddon-tg/c13519cb0900814b",
            "target_id": "i-076e3bccafef6a37e"
          },
          "sensitive_attributes": [],
          "identity_schema_version": 0,
          "private": "bnVsbA==",
          "dependencies": [
            "aws_iam_instance_profile.iam_profile",
            "aws_iam_role.ec2_role",
            "aws_instance.ec2_private_b",
            "aws_lb_target_group.armageddon_tg",
            "aws_security_group.ec2_private_sg",
            "aws_subnet.private",
            "aws_vpc.main_vpc",
            "data.aws_availability_zones.available",
            "data.aws_ssm_parameter.al2023"
          ]
        }
      ]
    },
    {
      "mode": "managed",
      "type": "aws_nat_gateway",
      "name": "main_nat",
      "provider": "provider[\"registry.terraform.io/hashicorp/aws\"]",
      "instances": [
        {
          "schema_version": 0,
          "attributes": {
            "allocation_id": "eipalloc-08fdca181193477cf",
            "association_id": "eipassoc-03f1240f62972c1fd",
            "auto_provision_zones": null,
            "auto_scaling_ips": null,
            "availability_mode": "zonal",
            "availability_zone_address": [],
            "connectivity_type": "public",
            "id": "nat-0f30b2058775efa3f",
            "network_interface_id": "eni-0f6b64e5a317ba595",
            "private_ip": "10.30.1.48",
            "public_ip": "13.158.184.107",
            "region": "ap-northeast-1",
            "regional_nat_gateway_address": [],
            "regional_nat_gateway_auto_mode": null,
            "route_table_id": null,
            "secondary_allocation_ids": [],
            "secondary_private_ip_address_count": 0,
            "secondary_private_ip_addresses": [],
            "subnet_id": "subnet-0f07690dbd8ecb3e6",
            "tags": {
              "Name": "main-nat"
            },
            "tags_all": {
              "Name": "main-nat"
            },
            "timeouts": null,
            "vpc_id": "vpc-0749dcd9e4d0b62f2"
          },
          "sensitive_attributes": [],
          "identity_schema_version": 0,
          "private": "eyJlMmJmYjczMC1lY2FhLTExZTYtOGY4OC0zNDM2M2JjN2M0YzAiOnsiY3JlYXRlIjo2MDAwMDAwMDAwMDAsImRlbGV0ZSI6MTgwMDAwMDAwMDAwMCwidXBkYXRlIjo2MDAwMDAwMDAwMDB9fQ==",
          "dependencies": [
            "aws_eip.main_nat_eip",
            "aws_internet_gateway.main_igw",
            "aws_subnet.public",
            "aws_vpc.main_vpc",
            "data.aws_availability_zones.available"
          ]
        }
      ]
    },
    {
      "mode": "managed",
      "type": "aws_nat_gateway",
      "name": "sao_main_nat",
      "provider": "provider[\"registry.terraform.io/hashicorp/aws\"].saopaulo",
      "instances": [
        {
          "schema_version": 0,
          "attributes": {
            "allocation_id": "eipalloc-0339f1862e8417403",
            "association_id": "eipassoc-01b41eddb4987ff8a",
            "auto_provision_zones": null,
            "auto_scaling_ips": null,
            "availability_mode": "zonal",
            "availability_zone_address": [],
            "connectivity_type": "public",
            "id": "nat-0f78f9655f6056a0c",
            "network_interface_id": "eni-081babff829478dea",
            "private_ip": "10.80.1.154",
            "public_ip": "18.230.238.198",
            "region": "sa-east-1",
            "regional_nat_gateway_address": [],
            "regional_nat_gateway_auto_mode": null,
            "route_table_id": null,
            "secondary_allocation_ids": [],
            "secondary_private_ip_address_count": 0,
            "secondary_private_ip_addresses": [],
            "subnet_id": "subnet-08fea6611c110d68b",
            "tags": {
              "Name": "sao-main-nat"
            },
            "tags_all": {
              "Name": "sao-main-nat"
            },
            "timeouts": null,
            "vpc_id": "vpc-09496ac03847d0650"
          },
          "sensitive_attributes": [],
          "identity_schema_version": 0,
          "private": "eyJlMmJmYjczMC1lY2FhLTExZTYtOGY4OC0zNDM2M2JjN2M0YzAiOnsiY3JlYXRlIjo2MDAwMDAwMDAwMDAsImRlbGV0ZSI6MTgwMDAwMDAwMDAwMCwidXBkYXRlIjo2MDAwMDAwMDAwMDB9fQ==",
          "dependencies": [
            "aws_eip.sao_main_nat_eip",
            "aws_internet_gateway.sao_main_igw",
            "aws_subnet.sao_public",
            "aws_vpc.sao_main_vpc",
            "data.aws_availability_zones.sao_available"
          ]
        }
      ]
    },
    {
      "mode": "managed",
      "type": "aws_route",
      "name": "armageddon_liberdade_to_tokyo_route01",
      "provider": "provider[\"registry.terraform.io/hashicorp/aws\"].saopaulo",
      "instances": [
        {
          "schema_version": 0,
          "attributes": {
            "carrier_gateway_id": "",
            "core_network_arn": "",
            "destination_cidr_block": "10.30.0.0/16",
            "destination_ipv6_cidr_block": "",
            "destination_prefix_list_id": "",
            "egress_only_gateway_id": "",
            "gateway_id": "",
            "id": "r-rtb-02f2a3c9c6bfdad59805491791",
            "instance_id": "",
            "instance_owner_id": "",
            "local_gateway_id": "",
            "nat_gateway_id": "",
            "network_interface_id": "",
            "origin": "CreateRoute",
            "region": "sa-east-1",
            "route_table_id": "rtb-02f2a3c9c6bfdad59",
            "state": "active",
            "timeouts": null,
            "transit_gateway_id": "tgw-0bdce88949568936b",
            "vpc_endpoint_id": "",
            "vpc_peering_connection_id": ""
          },
          "sensitive_attributes": [],
          "identity_schema_version": 0,
          "identity": {
            "account_id": "950876749850",
            "destination_cidr_block": "10.30.0.0/16",
            "destination_ipv6_cidr_block": null,
            "destination_prefix_list_id": null,
            "region": "sa-east-1",
            "route_table_id": "rtb-02f2a3c9c6bfdad59"
          },
          "private": "eyJlMmJmYjczMC1lY2FhLTExZTYtOGY4OC0zNDM2M2JjN2M0YzAiOnsiY3JlYXRlIjozMDAwMDAwMDAwMDAsImRlbGV0ZSI6MzAwMDAwMDAwMDAwLCJ1cGRhdGUiOjEyMDAwMDAwMDAwMH19",
          "dependencies": [
            "aws_ec2_transit_gateway.armageddon_liberdade_tgw01",
            "aws_eip.sao_main_nat_eip",
            "aws_internet_gateway.sao_main_igw",
            "aws_nat_gateway.sao_main_nat",
            "aws_route_table.sao_private_route",
            "aws_subnet.sao_public",
            "aws_vpc.sao_main_vpc",
            "data.aws_availability_zones.sao_available"
          ]
        }
      ]
    },
    {
      "mode": "managed",
      "type": "aws_route",
      "name": "armageddon_shinjuku_to_sp_route01",
      "provider": "provider[\"registry.terraform.io/hashicorp/aws\"]",
      "instances": [
        {
          "schema_version": 0,
          "attributes": {
            "carrier_gateway_id": "",
            "core_network_arn": "",
            "destination_cidr_block": "10.80.0.0/16",
            "destination_ipv6_cidr_block": "",
            "destination_prefix_list_id": "",
            "egress_only_gateway_id": "",
            "gateway_id": "",
            "id": "r-rtb-04210d35e3a513e4f2992065170",
            "instance_id": "",
            "instance_owner_id": "",
            "local_gateway_id": "",
            "nat_gateway_id": "",
            "network_interface_id": "",
            "origin": "CreateRoute",
            "region": "ap-northeast-1",
            "route_table_id": "rtb-04210d35e3a513e4f",
            "state": "active",
            "timeouts": null,
            "transit_gateway_id": "tgw-0c2d689ab11a0a4f4",
            "vpc_endpoint_id": "",
            "vpc_peering_connection_id": ""
          },
          "sensitive_attributes": [],
          "identity_schema_version": 0,
          "identity": {
            "account_id": "950876749850",
            "destination_cidr_block": "10.80.0.0/16",
            "destination_ipv6_cidr_block": null,
            "destination_prefix_list_id": null,
            "region": "ap-northeast-1",
            "route_table_id": "rtb-04210d35e3a513e4f"
          },
          "private": "eyJlMmJmYjczMC1lY2FhLTExZTYtOGY4OC0zNDM2M2JjN2M0YzAiOnsiY3JlYXRlIjozMDAwMDAwMDAwMDAsImRlbGV0ZSI6MzAwMDAwMDAwMDAwLCJ1cGRhdGUiOjEyMDAwMDAwMDAwMH19",
          "dependencies": [
            "aws_ec2_transit_gateway.armageddon_shinjuku_tgw01",
            "aws_eip.main_nat_eip",
            "aws_internet_gateway.main_igw",
            "aws_nat_gateway.main_nat",
            "aws_route_table.private_route",
            "aws_subnet.public",
            "aws_vpc.main_vpc",
            "data.aws_availability_zones.available"
          ]
        }
      ]
    },
    {
      "mode": "managed",
      "type": "aws_route",
      "name": "tokyo_ec2lab_to_sao",
      "provider": "provider[\"registry.terraform.io/hashicorp/aws\"]",
      "instances": [
        {
          "schema_version": 0,
          "attributes": {
            "carrier_gateway_id": "",
            "core_network_arn": "",
            "destination_cidr_block": "10.80.0.0/16",
            "destination_ipv6_cidr_block": "",
            "destination_prefix_list_id": "",
            "egress_only_gateway_id": "",
            "gateway_id": "",
            "id": "r-rtb-042e90d2f8095db2e2992065170",
            "instance_id": "",
            "instance_owner_id": "",
            "local_gateway_id": "",
            "nat_gateway_id": "",
            "network_interface_id": "",
            "origin": "CreateRoute",
            "region": "ap-northeast-1",
            "route_table_id": "rtb-042e90d2f8095db2e",
            "state": "active",
            "timeouts": null,
            "transit_gateway_id": "tgw-0c2d689ab11a0a4f4",
            "vpc_endpoint_id": "",
            "vpc_peering_connection_id": ""
          },
          "sensitive_attributes": [],
          "identity_schema_version": 0,
          "identity": {
            "account_id": "950876749850",
            "destination_cidr_block": "10.80.0.0/16",
            "destination_ipv6_cidr_block": null,
            "destination_prefix_list_id": null,
            "region": "ap-northeast-1",
            "route_table_id": "rtb-042e90d2f8095db2e"
          },
          "private": "eyJlMmJmYjczMC1lY2FhLTExZTYtOGY4OC0zNDM2M2JjN2M0YzAiOnsiY3JlYXRlIjozMDAwMDAwMDAwMDAsImRlbGV0ZSI6MzAwMDAwMDAwMDAwLCJ1cGRhdGUiOjEyMDAwMDAwMDAwMH19",
          "dependencies": [
            "aws_ec2_transit_gateway.armageddon_shinjuku_tgw01"
          ]
        }
      ]
    },
    {
      "mode": "managed",
      "type": "aws_route53_record",
      "name": "armageddon_apex_to_cf01",
      "provider": "provider[\"registry.terraform.io/hashicorp/aws\"]",
      "instances": [
        {
          "schema_version": 2,
          "attributes": {
            "alias": [
              {
                "evaluate_target_health": false,
                "name": "d3l56geq5mrb87.cloudfront.net",
                "zone_id": "Z2FDTNDATAQYW2"
              }
            ],
            "allow_overwrite": null,
            "cidr_routing_policy": [],
            "failover_routing_policy": [],
            "fqdn": "librashift.com",
            "geolocation_routing_policy": [],
            "geoproximity_routing_policy": [],
            "health_check_id": "",
            "id": "Z09460323O5YUC5578EQ3_librashift.com_A",
            "latency_routing_policy": [],
            "multivalue_answer_routing_policy": false,
            "name": "librashift.com",
            "records": [],
            "set_identifier": "",
            "timeouts": null,
            "ttl": 0,
            "type": "A",
            "weighted_routing_policy": [],
            "zone_id": "Z09460323O5YUC5578EQ3"
          },
          "sensitive_attributes": [],
          "identity_schema_version": 0,
          "identity": {
            "account_id": "950876749850",
            "name": "librashift.com",
            "set_identifier": null,
            "type": "A",
            "zone_id": "Z09460323O5YUC5578EQ3"
          },
          "private": "eyJlMmJmYjczMC1lY2FhLTExZTYtOGY4OC0zNDM2M2JjN2M0YzAiOnsiY3JlYXRlIjoxODAwMDAwMDAwMDAwLCJkZWxldGUiOjE4MDAwMDAwMDAwMDAsInVwZGF0ZSI6MTgwMDAwMDAwMDAwMH0sInNjaGVtYV92ZXJzaW9uIjoiMiJ9",
          "dependencies": [
            "aws_cloudfront_cache_policy.armageddon_cache_static01",
            "aws_cloudfront_distribution.armageddon_cf_dis",
            "aws_cloudfront_origin_request_policy.armageddon_orp_static01",
            "aws_cloudfront_response_headers_policy.armageddon_rsp_static01",
            "aws_route53_zone.armageddon_zone01",
            "aws_wafv2_web_acl.armageddon_cf_waf",
            "data.aws_acm_certificate.cf",
            "data.aws_cloudfront_cache_policy.armageddon_caching_disabled01",
            "data.aws_cloudfront_cache_policy.armageddon_use_origin_cache_headers01",
            "data.aws_cloudfront_origin_request_policy.armageddon_orp_all_viewer_except_host01",
            "random_password.armageddon_origin_header_value01"
          ]
        }
      ]
    },
    {
      "mode": "managed",
      "type": "aws_route53_record",
      "name": "armageddon_app_to_cf01",
      "provider": "provider[\"registry.terraform.io/hashicorp/aws\"]",
      "instances": [
        {
          "schema_version": 2,
          "attributes": {
            "alias": [
              {
                "evaluate_target_health": false,
                "name": "d3l56geq5mrb87.cloudfront.net",
                "zone_id": "Z2FDTNDATAQYW2"
              }
            ],
            "allow_overwrite": null,
            "cidr_routing_policy": [],
            "failover_routing_policy": [],
            "fqdn": "app.librashift.com",
            "geolocation_routing_policy": [],
            "geoproximity_routing_policy": [],
            "health_check_id": "",
            "id": "Z09460323O5YUC5578EQ3_app_A",
            "latency_routing_policy": [],
            "multivalue_answer_routing_policy": false,
            "name": "app",
            "records": [],
            "set_identifier": "",
            "timeouts": null,
            "ttl": 0,
            "type": "A",
            "weighted_routing_policy": [],
            "zone_id": "Z09460323O5YUC5578EQ3"
          },
          "sensitive_attributes": [],
          "identity_schema_version": 0,
          "identity": {
            "account_id": "950876749850",
            "name": "app",
            "set_identifier": null,
            "type": "A",
            "zone_id": "Z09460323O5YUC5578EQ3"
          },
          "private": "eyJlMmJmYjczMC1lY2FhLTExZTYtOGY4OC0zNDM2M2JjN2M0YzAiOnsiY3JlYXRlIjoxODAwMDAwMDAwMDAwLCJkZWxldGUiOjE4MDAwMDAwMDAwMDAsInVwZGF0ZSI6MTgwMDAwMDAwMDAwMH0sInNjaGVtYV92ZXJzaW9uIjoiMiJ9",
          "dependencies": [
            "aws_cloudfront_cache_policy.armageddon_cache_static01",
            "aws_cloudfront_distribution.armageddon_cf_dis",
            "aws_cloudfront_origin_request_policy.armageddon_orp_static01",
            "aws_cloudfront_response_headers_policy.armageddon_rsp_static01",
            "aws_route53_zone.armageddon_zone01",
            "aws_wafv2_web_acl.armageddon_cf_waf",
            "data.aws_acm_certificate.cf",
            "data.aws_cloudfront_cache_policy.armageddon_caching_disabled01",
            "data.aws_cloudfront_cache_policy.armageddon_use_origin_cache_headers01",
            "data.aws_cloudfront_origin_request_policy.armageddon_orp_all_viewer_except_host01",
            "random_password.armageddon_origin_header_value01"
          ]
        }
      ]
    },
    {
      "mode": "managed",
      "type": "aws_route53_record",
      "name": "armageddon_origin_to_alb01",
      "provider": "provider[\"registry.terraform.io/hashicorp/aws\"]",
      "instances": [
        {
          "schema_version": 2,
          "attributes": {
            "alias": [
              {
                "evaluate_target_health": false,
                "name": "armageddon-alb-1568355755.ap-northeast-1.elb.amazonaws.com",
                "zone_id": "Z14GRHDCWA56QT"
              }
            ],
            "allow_overwrite": null,
            "cidr_routing_policy": [],
            "failover_routing_policy": [],
            "fqdn": "origin.librashift.com",
            "geolocation_routing_policy": [],
            "geoproximity_routing_policy": [],
            "health_check_id": "",
            "id": "Z09460323O5YUC5578EQ3_origin.librashift.com_A",
            "latency_routing_policy": [],
            "multivalue_answer_routing_policy": false,
            "name": "origin.librashift.com",
            "records": [],
            "set_identifier": "",
            "timeouts": null,
            "ttl": 0,
            "type": "A",
            "weighted_routing_policy": [],
            "zone_id": "Z09460323O5YUC5578EQ3"
          },
          "sensitive_attributes": [],
          "identity_schema_version": 0,
          "identity": {
            "account_id": "950876749850",
            "name": "origin.librashift.com",
            "set_identifier": null,
            "type": "A",
            "zone_id": "Z09460323O5YUC5578EQ3"
          },
          "private": "eyJlMmJmYjczMC1lY2FhLTExZTYtOGY4OC0zNDM2M2JjN2M0YzAiOnsiY3JlYXRlIjoxODAwMDAwMDAwMDAwLCJkZWxldGUiOjE4MDAwMDAwMDAwMDAsInVwZGF0ZSI6MTgwMDAwMDAwMDAwMH0sInNjaGVtYV92ZXJzaW9uIjoiMiJ9",
          "dependencies": [
            "aws_lb.armageddon_alb",
            "aws_route53_zone.armageddon_zone01",
            "aws_s3_bucket.armageddon_alb_logs_bucket",
            "aws_security_group.alb_sg",
            "aws_subnet.public",
            "aws_vpc.main_vpc",
            "data.aws_availability_zones.available",
            "data.aws_caller_identity.armageddon_self"
          ]
        }
      ]
    },
    {
      "mode": "managed",
      "type": "aws_route53_record",
      "name": "armageddon_record",
      "provider": "provider[\"registry.terraform.io/hashicorp/aws\"]",
      "instances": [
        {
          "index_key": "*.librashift.com",
          "schema_version": 2,
          "attributes": {
            "alias": [],
            "allow_overwrite": true,
            "cidr_routing_policy": [],
            "failover_routing_policy": [],
            "fqdn": "_99c160143e2dff5e0f61ac1ca2084d0e.librashift.com",
            "geolocation_routing_policy": [],
            "geoproximity_routing_policy": [],
            "health_check_id": "",
            "id": "Z09460323O5YUC5578EQ3__99c160143e2dff5e0f61ac1ca2084d0e.librashift.com._CNAME",
            "latency_routing_policy": [],
            "multivalue_answer_routing_policy": false,
            "name": "_99c160143e2dff5e0f61ac1ca2084d0e.librashift.com",
            "records": [
              "_f42852dffde5b4262e0e05f068062ccf.jkddzztszm.acm-validations.aws."
            ],
            "set_identifier": "",
            "timeouts": null,
            "ttl": 60,
            "type": "CNAME",
            "weighted_routing_policy": [],
            "zone_id": "Z09460323O5YUC5578EQ3"
          },
          "sensitive_attributes": [],
          "identity_schema_version": 0,
          "identity": {
            "account_id": "950876749850",
            "name": "_99c160143e2dff5e0f61ac1ca2084d0e.librashift.com",
            "set_identifier": null,
            "type": "CNAME",
            "zone_id": "Z09460323O5YUC5578EQ3"
          },
          "private": "eyJlMmJmYjczMC1lY2FhLTExZTYtOGY4OC0zNDM2M2JjN2M0YzAiOnsiY3JlYXRlIjoxODAwMDAwMDAwMDAwLCJkZWxldGUiOjE4MDAwMDAwMDAwMDAsInVwZGF0ZSI6MTgwMDAwMDAwMDAwMH0sInNjaGVtYV92ZXJzaW9uIjoiMiJ9",
          "dependencies": [
            "aws_acm_certificate.armageddon_acm_cert01",
            "aws_route53_zone.armageddon_zone01"
          ]
        },
        {
          "index_key": "librashift.com",
          "schema_version": 2,
          "attributes": {
            "alias": [],
            "allow_overwrite": true,
            "cidr_routing_policy": [],
            "failover_routing_policy": [],
            "fqdn": "_99c160143e2dff5e0f61ac1ca2084d0e.librashift.com",
            "geolocation_routing_policy": [],
            "geoproximity_routing_policy": [],
            "health_check_id": "",
            "id": "Z09460323O5YUC5578EQ3__99c160143e2dff5e0f61ac1ca2084d0e.librashift.com._CNAME",
            "latency_routing_policy": [],
            "multivalue_answer_routing_policy": false,
            "name": "_99c160143e2dff5e0f61ac1ca2084d0e.librashift.com",
            "records": [
              "_f42852dffde5b4262e0e05f068062ccf.jkddzztszm.acm-validations.aws."
            ],
            "set_identifier": "",
            "timeouts": null,
            "ttl": 60,
            "type": "CNAME",
            "weighted_routing_policy": [],
            "zone_id": "Z09460323O5YUC5578EQ3"
          },
          "sensitive_attributes": [],
          "identity_schema_version": 0,
          "identity": {
            "account_id": "950876749850",
            "name": "_99c160143e2dff5e0f61ac1ca2084d0e.librashift.com",
            "set_identifier": null,
            "type": "CNAME",
            "zone_id": "Z09460323O5YUC5578EQ3"
          },
          "private": "eyJlMmJmYjczMC1lY2FhLTExZTYtOGY4OC0zNDM2M2JjN2M0YzAiOnsiY3JlYXRlIjoxODAwMDAwMDAwMDAwLCJkZWxldGUiOjE4MDAwMDAwMDAwMDAsInVwZGF0ZSI6MTgwMDAwMDAwMDAwMH0sInNjaGVtYV92ZXJzaW9uIjoiMiJ9",
          "dependencies": [
            "aws_acm_certificate.armageddon_acm_cert01",
            "aws_route53_zone.armageddon_zone01"
          ]
        }
      ]
    },
    {
      "mode": "managed",
      "type": "aws_route53_record",
      "name": "origin_sao_to_alb",
      "provider": "provider[\"registry.terraform.io/hashicorp/aws\"]",
      "instances": [
        {
          "schema_version": 2,
          "attributes": {
            "alias": [
              {
                "evaluate_target_health": true,
                "name": "sao-armageddon-alb-1989354355.sa-east-1.elb.amazonaws.com",
                "zone_id": "Z2P70J7HTTTPLU"
              }
            ],
            "allow_overwrite": null,
            "cidr_routing_policy": [],
            "failover_routing_policy": [],
            "fqdn": "origin-sao.librashift.com",
            "geolocation_routing_policy": [],
            "geoproximity_routing_policy": [],
            "health_check_id": "",
            "id": "Z09460323O5YUC5578EQ3_origin-sao.librashift.com_A",
            "latency_routing_policy": [],
            "multivalue_answer_routing_policy": false,
            "name": "origin-sao.librashift.com",
            "records": [],
            "set_identifier": "",
            "timeouts": null,
            "ttl": 0,
            "type": "A",
            "weighted_routing_policy": [],
            "zone_id": "Z09460323O5YUC5578EQ3"
          },
          "sensitive_attributes": [],
          "identity_schema_version": 0,
          "identity": {
            "account_id": "950876749850",
            "name": "origin-sao.librashift.com",
            "set_identifier": null,
            "type": "A",
            "zone_id": "Z09460323O5YUC5578EQ3"
          },
          "private": "eyJlMmJmYjczMC1lY2FhLTExZTYtOGY4OC0zNDM2M2JjN2M0YzAiOnsiY3JlYXRlIjoxODAwMDAwMDAwMDAwLCJkZWxldGUiOjE4MDAwMDAwMDAwMDAsInVwZGF0ZSI6MTgwMDAwMDAwMDAwMH0sInNjaGVtYV92ZXJzaW9uIjoiMiJ9",
          "dependencies": [
            "aws_lb.sao_armageddon_alb",
            "aws_s3_bucket.sao_armageddon_alb_logs_bucket",
            "aws_security_group.sao_alb_sg",
            "aws_subnet.sao_public",
            "aws_vpc.sao_main_vpc",
            "data.aws_availability_zones.sao_available",
            "data.aws_caller_identity.sao_armageddon_self"
          ]
        }
      ]
    },
    {
      "mode": "managed",
      "type": "aws_route53_record",
      "name": "sao_armageddon_record",
      "provider": "provider[\"registry.terraform.io/hashicorp/aws\"]",
      "instances": [
        {
          "index_key": "*.librashift.com",
          "schema_version": 2,
          "attributes": {
            "alias": [],
            "allow_overwrite": true,
            "cidr_routing_policy": [],
            "failover_routing_policy": [],
            "fqdn": "_99c160143e2dff5e0f61ac1ca2084d0e.librashift.com",
            "geolocation_routing_policy": [],
            "geoproximity_routing_policy": [],
            "health_check_id": "",
            "id": "Z09460323O5YUC5578EQ3__99c160143e2dff5e0f61ac1ca2084d0e.librashift.com._CNAME",
            "latency_routing_policy": [],
            "multivalue_answer_routing_policy": false,
            "name": "_99c160143e2dff5e0f61ac1ca2084d0e.librashift.com",
            "records": [
              "_f42852dffde5b4262e0e05f068062ccf.jkddzztszm.acm-validations.aws."
            ],
            "set_identifier": "",
            "timeouts": null,
            "ttl": 60,
            "type": "CNAME",
            "weighted_routing_policy": [],
            "zone_id": "Z09460323O5YUC5578EQ3"
          },
          "sensitive_attributes": [],
          "identity_schema_version": 0,
          "identity": {
            "account_id": "950876749850",
            "name": "_99c160143e2dff5e0f61ac1ca2084d0e.librashift.com",
            "set_identifier": null,
            "type": "CNAME",
            "zone_id": "Z09460323O5YUC5578EQ3"
          },
          "private": "eyJlMmJmYjczMC1lY2FhLTExZTYtOGY4OC0zNDM2M2JjN2M0YzAiOnsiY3JlYXRlIjoxODAwMDAwMDAwMDAwLCJkZWxldGUiOjE4MDAwMDAwMDAwMDAsInVwZGF0ZSI6MTgwMDAwMDAwMDAwMH0sInNjaGVtYV92ZXJzaW9uIjoiMiJ9",
          "dependencies": [
            "aws_acm_certificate.sao_armageddon_acm_cert01"
          ]
        },
        {
          "index_key": "librashift.com",
          "schema_version": 2,
          "attributes": {
            "alias": [],
            "allow_overwrite": true,
            "cidr_routing_policy": [],
            "failover_routing_policy": [],
            "fqdn": "_99c160143e2dff5e0f61ac1ca2084d0e.librashift.com",
            "geolocation_routing_policy": [],
            "geoproximity_routing_policy": [],
            "health_check_id": "",
            "id": "Z09460323O5YUC5578EQ3__99c160143e2dff5e0f61ac1ca2084d0e.librashift.com._CNAME",
            "latency_routing_policy": [],
            "multivalue_answer_routing_policy": false,
            "name": "_99c160143e2dff5e0f61ac1ca2084d0e.librashift.com",
            "records": [
              "_f42852dffde5b4262e0e05f068062ccf.jkddzztszm.acm-validations.aws."
            ],
            "set_identifier": "",
            "timeouts": null,
            "ttl": 60,
            "type": "CNAME",
            "weighted_routing_policy": [],
            "zone_id": "Z09460323O5YUC5578EQ3"
          },
          "sensitive_attributes": [],
          "identity_schema_version": 0,
          "identity": {
            "account_id": "950876749850",
            "name": "_99c160143e2dff5e0f61ac1ca2084d0e.librashift.com",
            "set_identifier": null,
            "type": "CNAME",
            "zone_id": "Z09460323O5YUC5578EQ3"
          },
          "private": "eyJlMmJmYjczMC1lY2FhLTExZTYtOGY4OC0zNDM2M2JjN2M0YzAiOnsiY3JlYXRlIjoxODAwMDAwMDAwMDAwLCJkZWxldGUiOjE4MDAwMDAwMDAwMDAsInVwZGF0ZSI6MTgwMDAwMDAwMDAwMH0sInNjaGVtYV92ZXJzaW9uIjoiMiJ9",
          "dependencies": [
            "aws_acm_certificate.sao_armageddon_acm_cert01"
          ]
        }
      ]
    },
    {
      "mode": "managed",
      "type": "aws_route_table",
      "name": "private_route",
      "provider": "provider[\"registry.terraform.io/hashicorp/aws\"]",
      "instances": [
        {
          "schema_version": 0,
          "attributes": {
            "arn": "arn:aws:ec2:ap-northeast-1:950876749850:route-table/rtb-04210d35e3a513e4f",
            "id": "rtb-04210d35e3a513e4f",
            "owner_id": "950876749850",
            "propagating_vgws": [],
            "region": "ap-northeast-1",
            "route": [
              {
                "carrier_gateway_id": "",
                "cidr_block": "0.0.0.0/0",
                "core_network_arn": "",
                "destination_prefix_list_id": "",
                "egress_only_gateway_id": "",
                "gateway_id": "",
                "ipv6_cidr_block": "",
                "local_gateway_id": "",
                "nat_gateway_id": "nat-0f30b2058775efa3f",
                "network_interface_id": "",
                "transit_gateway_id": "",
                "vpc_endpoint_id": "",
                "vpc_peering_connection_id": ""
              }
            ],
            "tags": {
              "Name": "private_route"
            },
            "tags_all": {
              "Name": "private_route"
            },
            "timeouts": null,
            "vpc_id": "vpc-0749dcd9e4d0b62f2"
          },
          "sensitive_attributes": [],
          "identity_schema_version": 0,
          "identity": {
            "account_id": "950876749850",
            "id": "rtb-04210d35e3a513e4f",
            "region": "ap-northeast-1"
          },
          "private": "eyJlMmJmYjczMC1lY2FhLTExZTYtOGY4OC0zNDM2M2JjN2M0YzAiOnsiY3JlYXRlIjozMDAwMDAwMDAwMDAsImRlbGV0ZSI6MzAwMDAwMDAwMDAwLCJ1cGRhdGUiOjEyMDAwMDAwMDAwMH19",
          "dependencies": [
            "aws_eip.main_nat_eip",
            "aws_internet_gateway.main_igw",
            "aws_nat_gateway.main_nat",
            "aws_subnet.public",
            "aws_vpc.main_vpc",
            "data.aws_availability_zones.available"
          ]
        }
      ]
    },
    {
      "mode": "managed",
      "type": "aws_route_table",
      "name": "public_route",
      "provider": "provider[\"registry.terraform.io/hashicorp/aws\"]",
      "instances": [
        {
          "schema_version": 0,
          "attributes": {
            "arn": "arn:aws:ec2:ap-northeast-1:950876749850:route-table/rtb-042e90d2f8095db2e",
            "id": "rtb-042e90d2f8095db2e",
            "owner_id": "950876749850",
            "propagating_vgws": [],
            "region": "ap-northeast-1",
            "route": [
              {
                "carrier_gateway_id": "",
                "cidr_block": "0.0.0.0/0",
                "core_network_arn": "",
                "destination_prefix_list_id": "",
                "egress_only_gateway_id": "",
                "gateway_id": "igw-0791fe294545c6805",
                "ipv6_cidr_block": "",
                "local_gateway_id": "",
                "nat_gateway_id": "",
                "network_interface_id": "",
                "transit_gateway_id": "",
                "vpc_endpoint_id": "",
                "vpc_peering_connection_id": ""
              }
            ],
            "tags": {
              "Name": "public-route"
            },
            "tags_all": {
              "Name": "public-route"
            },
            "timeouts": null,
            "vpc_id": "vpc-0749dcd9e4d0b62f2"
          },
          "sensitive_attributes": [],
          "identity_schema_version": 0,
          "identity": {
            "account_id": "950876749850",
            "id": "rtb-042e90d2f8095db2e",
            "region": "ap-northeast-1"
          },
          "private": "eyJlMmJmYjczMC1lY2FhLTExZTYtOGY4OC0zNDM2M2JjN2M0YzAiOnsiY3JlYXRlIjozMDAwMDAwMDAwMDAsImRlbGV0ZSI6MzAwMDAwMDAwMDAwLCJ1cGRhdGUiOjEyMDAwMDAwMDAwMH19",
          "dependencies": [
            "aws_internet_gateway.main_igw",
            "aws_vpc.main_vpc"
          ]
        }
      ]
    },
    {
      "mode": "managed",
      "type": "aws_route_table",
      "name": "sao_private_route",
      "provider": "provider[\"registry.terraform.io/hashicorp/aws\"].saopaulo",
      "instances": [
        {
          "schema_version": 0,
          "attributes": {
            "arn": "arn:aws:ec2:sa-east-1:950876749850:route-table/rtb-02f2a3c9c6bfdad59",
            "id": "rtb-02f2a3c9c6bfdad59",
            "owner_id": "950876749850",
            "propagating_vgws": [],
            "region": "sa-east-1",
            "route": [
              {
                "carrier_gateway_id": "",
                "cidr_block": "0.0.0.0/0",
                "core_network_arn": "",
                "destination_prefix_list_id": "",
                "egress_only_gateway_id": "",
                "gateway_id": "",
                "ipv6_cidr_block": "",
                "local_gateway_id": "",
                "nat_gateway_id": "nat-0f78f9655f6056a0c",
                "network_interface_id": "",
                "transit_gateway_id": "",
                "vpc_endpoint_id": "",
                "vpc_peering_connection_id": ""
              }
            ],
            "tags": {
              "Name": "sao-private-route"
            },
            "tags_all": {
              "Name": "sao-private-route"
            },
            "timeouts": null,
            "vpc_id": "vpc-09496ac03847d0650"
          },
          "sensitive_attributes": [],
          "identity_schema_version": 0,
          "identity": {
            "account_id": "950876749850",
            "id": "rtb-02f2a3c9c6bfdad59",
            "region": "sa-east-1"
          },
          "private": "eyJlMmJmYjczMC1lY2FhLTExZTYtOGY4OC0zNDM2M2JjN2M0YzAiOnsiY3JlYXRlIjozMDAwMDAwMDAwMDAsImRlbGV0ZSI6MzAwMDAwMDAwMDAwLCJ1cGRhdGUiOjEyMDAwMDAwMDAwMH19",
          "dependencies": [
            "aws_eip.sao_main_nat_eip",
            "aws_internet_gateway.sao_main_igw",
            "aws_nat_gateway.sao_main_nat",
            "aws_subnet.sao_public",
            "aws_vpc.sao_main_vpc",
            "data.aws_availability_zones.sao_available"
          ]
        }
      ]
    },
    {
      "mode": "managed",
      "type": "aws_route_table",
      "name": "sao_public_route",
      "provider": "provider[\"registry.terraform.io/hashicorp/aws\"].saopaulo",
      "instances": [
        {
          "schema_version": 0,
          "attributes": {
            "arn": "arn:aws:ec2:sa-east-1:950876749850:route-table/rtb-01770c5d687d88d0d",
            "id": "rtb-01770c5d687d88d0d",
            "owner_id": "950876749850",
            "propagating_vgws": [],
            "region": "sa-east-1",
            "route": [
              {
                "carrier_gateway_id": "",
                "cidr_block": "0.0.0.0/0",
                "core_network_arn": "",
                "destination_prefix_list_id": "",
                "egress_only_gateway_id": "",
                "gateway_id": "igw-08370e79bda0a68a0",
                "ipv6_cidr_block": "",
                "local_gateway_id": "",
                "nat_gateway_id": "",
                "network_interface_id": "",
                "transit_gateway_id": "",
                "vpc_endpoint_id": "",
                "vpc_peering_connection_id": ""
              }
            ],
            "tags": {
              "Name": "sao-public-route"
            },
            "tags_all": {
              "Name": "sao-public-route"
            },
            "timeouts": null,
            "vpc_id": "vpc-09496ac03847d0650"
          },
          "sensitive_attributes": [],
          "identity_schema_version": 0,
          "identity": {
            "account_id": "950876749850",
            "id": "rtb-01770c5d687d88d0d",
            "region": "sa-east-1"
          },
          "private": "eyJlMmJmYjczMC1lY2FhLTExZTYtOGY4OC0zNDM2M2JjN2M0YzAiOnsiY3JlYXRlIjozMDAwMDAwMDAwMDAsImRlbGV0ZSI6MzAwMDAwMDAwMDAwLCJ1cGRhdGUiOjEyMDAwMDAwMDAwMH19",
          "dependencies": [
            "aws_internet_gateway.sao_main_igw",
            "aws_vpc.sao_main_vpc"
          ]
        }
      ]
    },
    {
      "mode": "managed",
      "type": "aws_route_table_association",
      "name": "private",
      "provider": "provider[\"registry.terraform.io/hashicorp/aws\"]",
      "instances": [
        {
          "index_key": 0,
          "schema_version": 0,
          "attributes": {
            "gateway_id": "",
            "id": "rtbassoc-0623ec5541df7b30b",
            "region": "ap-northeast-1",
            "route_table_id": "rtb-04210d35e3a513e4f",
            "subnet_id": "subnet-049f9a70a0cc913c3",
            "timeouts": null
          },
          "sensitive_attributes": [],
          "identity_schema_version": 0,
          "private": "eyJlMmJmYjczMC1lY2FhLTExZTYtOGY4OC0zNDM2M2JjN2M0YzAiOnsiY3JlYXRlIjozMDAwMDAwMDAwMDAsImRlbGV0ZSI6MzAwMDAwMDAwMDAwLCJ1cGRhdGUiOjEyMDAwMDAwMDAwMH19",
          "dependencies": [
            "aws_eip.main_nat_eip",
            "aws_internet_gateway.main_igw",
            "aws_nat_gateway.main_nat",
            "aws_route_table.private_route",
            "aws_subnet.private",
            "aws_subnet.public",
            "aws_vpc.main_vpc",
            "data.aws_availability_zones.available"
          ]
        },
        {
          "index_key": 1,
          "schema_version": 0,
          "attributes": {
            "gateway_id": "",
            "id": "rtbassoc-03d32db99026a4d8f",
            "region": "ap-northeast-1",
            "route_table_id": "rtb-04210d35e3a513e4f",
            "subnet_id": "subnet-00f33d24cc6f4c692",
            "timeouts": null
          },
          "sensitive_attributes": [],
          "identity_schema_version": 0,
          "private": "eyJlMmJmYjczMC1lY2FhLTExZTYtOGY4OC0zNDM2M2JjN2M0YzAiOnsiY3JlYXRlIjozMDAwMDAwMDAwMDAsImRlbGV0ZSI6MzAwMDAwMDAwMDAwLCJ1cGRhdGUiOjEyMDAwMDAwMDAwMH19",
          "dependencies": [
            "aws_eip.main_nat_eip",
            "aws_internet_gateway.main_igw",
            "aws_nat_gateway.main_nat",
            "aws_route_table.private_route",
            "aws_subnet.private",
            "aws_subnet.public",
            "aws_vpc.main_vpc",
            "data.aws_availability_zones.available"
          ]
        },
        {
          "index_key": 2,
          "schema_version": 0,
          "attributes": {
            "gateway_id": "",
            "id": "rtbassoc-0a5f341a21dcad560",
            "region": "ap-northeast-1",
            "route_table_id": "rtb-04210d35e3a513e4f",
            "subnet_id": "subnet-0cb9f5c1c3f49e1df",
            "timeouts": null
          },
          "sensitive_attributes": [],
          "identity_schema_version": 0,
          "private": "eyJlMmJmYjczMC1lY2FhLTExZTYtOGY4OC0zNDM2M2JjN2M0YzAiOnsiY3JlYXRlIjozMDAwMDAwMDAwMDAsImRlbGV0ZSI6MzAwMDAwMDAwMDAwLCJ1cGRhdGUiOjEyMDAwMDAwMDAwMH19",
          "dependencies": [
            "aws_eip.main_nat_eip",
            "aws_internet_gateway.main_igw",
            "aws_nat_gateway.main_nat",
            "aws_route_table.private_route",
            "aws_subnet.private",
            "aws_subnet.public",
            "aws_vpc.main_vpc",
            "data.aws_availability_zones.available"
          ]
        }
      ]
    },
    {
      "mode": "managed",
      "type": "aws_route_table_association",
      "name": "public",
      "provider": "provider[\"registry.terraform.io/hashicorp/aws\"]",
      "instances": [
        {
          "index_key": 0,
          "schema_version": 0,
          "attributes": {
            "gateway_id": "",
            "id": "rtbassoc-0736c4e7c01bd7977",
            "region": "ap-northeast-1",
            "route_table_id": "rtb-042e90d2f8095db2e",
            "subnet_id": "subnet-0f07690dbd8ecb3e6",
            "timeouts": null
          },
          "sensitive_attributes": [],
          "identity_schema_version": 0,
          "private": "eyJlMmJmYjczMC1lY2FhLTExZTYtOGY4OC0zNDM2M2JjN2M0YzAiOnsiY3JlYXRlIjozMDAwMDAwMDAwMDAsImRlbGV0ZSI6MzAwMDAwMDAwMDAwLCJ1cGRhdGUiOjEyMDAwMDAwMDAwMH19",
          "dependencies": [
            "aws_internet_gateway.main_igw",
            "aws_route_table.public_route",
            "aws_subnet.public",
            "aws_vpc.main_vpc",
            "data.aws_availability_zones.available"
          ]
        },
        {
          "index_key": 1,
          "schema_version": 0,
          "attributes": {
            "gateway_id": "",
            "id": "rtbassoc-0949e91dec215e926",
            "region": "ap-northeast-1",
            "route_table_id": "rtb-042e90d2f8095db2e",
            "subnet_id": "subnet-05d57d9bd2bd6141f",
            "timeouts": null
          },
          "sensitive_attributes": [],
          "identity_schema_version": 0,
          "private": "eyJlMmJmYjczMC1lY2FhLTExZTYtOGY4OC0zNDM2M2JjN2M0YzAiOnsiY3JlYXRlIjozMDAwMDAwMDAwMDAsImRlbGV0ZSI6MzAwMDAwMDAwMDAwLCJ1cGRhdGUiOjEyMDAwMDAwMDAwMH19",
          "dependencies": [
            "aws_internet_gateway.main_igw",
            "aws_route_table.public_route",
            "aws_subnet.public",
            "aws_vpc.main_vpc",
            "data.aws_availability_zones.available"
          ]
        },
        {
          "index_key": 2,
          "schema_version": 0,
          "attributes": {
            "gateway_id": "",
            "id": "rtbassoc-0d51b96301564cfd5",
            "region": "ap-northeast-1",
            "route_table_id": "rtb-042e90d2f8095db2e",
            "subnet_id": "subnet-0e235c0fe1d92c38b",
            "timeouts": null
          },
          "sensitive_attributes": [],
          "identity_schema_version": 0,
          "private": "eyJlMmJmYjczMC1lY2FhLTExZTYtOGY4OC0zNDM2M2JjN2M0YzAiOnsiY3JlYXRlIjozMDAwMDAwMDAwMDAsImRlbGV0ZSI6MzAwMDAwMDAwMDAwLCJ1cGRhdGUiOjEyMDAwMDAwMDAwMH19",
          "dependencies": [
            "aws_internet_gateway.main_igw",
            "aws_route_table.public_route",
            "aws_subnet.public",
            "aws_vpc.main_vpc",
            "data.aws_availability_zones.available"
          ]
        }
      ]
    },
    {
      "mode": "managed",
      "type": "aws_route_table_association",
      "name": "sao_private",
      "provider": "provider[\"registry.terraform.io/hashicorp/aws\"].saopaulo",
      "instances": [
        {
          "index_key": 0,
          "schema_version": 0,
          "attributes": {
            "gateway_id": "",
            "id": "rtbassoc-0711308daa18db189",
            "region": "sa-east-1",
            "route_table_id": "rtb-02f2a3c9c6bfdad59",
            "subnet_id": "subnet-07dbf568111e634f5",
            "timeouts": null
          },
          "sensitive_attributes": [],
          "identity_schema_version": 0,
          "private": "eyJlMmJmYjczMC1lY2FhLTExZTYtOGY4OC0zNDM2M2JjN2M0YzAiOnsiY3JlYXRlIjozMDAwMDAwMDAwMDAsImRlbGV0ZSI6MzAwMDAwMDAwMDAwLCJ1cGRhdGUiOjEyMDAwMDAwMDAwMH19",
          "dependencies": [
            "aws_eip.sao_main_nat_eip",
            "aws_internet_gateway.sao_main_igw",
            "aws_nat_gateway.sao_main_nat",
            "aws_route_table.sao_private_route",
            "aws_subnet.sao_private",
            "aws_subnet.sao_public",
            "aws_vpc.sao_main_vpc",
            "data.aws_availability_zones.sao_available"
          ]
        },
        {
          "index_key": 1,
          "schema_version": 0,
          "attributes": {
            "gateway_id": "",
            "id": "rtbassoc-03828d6b9fae570d9",
            "region": "sa-east-1",
            "route_table_id": "rtb-02f2a3c9c6bfdad59",
            "subnet_id": "subnet-06d5c75c6accf200c",
            "timeouts": null
          },
          "sensitive_attributes": [],
          "identity_schema_version": 0,
          "private": "eyJlMmJmYjczMC1lY2FhLTExZTYtOGY4OC0zNDM2M2JjN2M0YzAiOnsiY3JlYXRlIjozMDAwMDAwMDAwMDAsImRlbGV0ZSI6MzAwMDAwMDAwMDAwLCJ1cGRhdGUiOjEyMDAwMDAwMDAwMH19",
          "dependencies": [
            "aws_eip.sao_main_nat_eip",
            "aws_internet_gateway.sao_main_igw",
            "aws_nat_gateway.sao_main_nat",
            "aws_route_table.sao_private_route",
            "aws_subnet.sao_private",
            "aws_subnet.sao_public",
            "aws_vpc.sao_main_vpc",
            "data.aws_availability_zones.sao_available"
          ]
        },
        {
          "index_key": 2,
          "schema_version": 0,
          "attributes": {
            "gateway_id": "",
            "id": "rtbassoc-01eac590aa2f89877",
            "region": "sa-east-1",
            "route_table_id": "rtb-02f2a3c9c6bfdad59",
            "subnet_id": "subnet-0873ecf862bb2eb5b",
            "timeouts": null
          },
          "sensitive_attributes": [],
          "identity_schema_version": 0,
          "private": "eyJlMmJmYjczMC1lY2FhLTExZTYtOGY4OC0zNDM2M2JjN2M0YzAiOnsiY3JlYXRlIjozMDAwMDAwMDAwMDAsImRlbGV0ZSI6MzAwMDAwMDAwMDAwLCJ1cGRhdGUiOjEyMDAwMDAwMDAwMH19",
          "dependencies": [
            "aws_eip.sao_main_nat_eip",
            "aws_internet_gateway.sao_main_igw",
            "aws_nat_gateway.sao_main_nat",
            "aws_route_table.sao_private_route",
            "aws_subnet.sao_private",
            "aws_subnet.sao_public",
            "aws_vpc.sao_main_vpc",
            "data.aws_availability_zones.sao_available"
          ]
        }
      ]
    },
    {
      "mode": "managed",
      "type": "aws_route_table_association",
      "name": "sao_public",
      "provider": "provider[\"registry.terraform.io/hashicorp/aws\"].saopaulo",
      "instances": [
        {
          "index_key": 0,
          "schema_version": 0,
          "attributes": {
            "gateway_id": "",
            "id": "rtbassoc-084fb1fef72e0abe7",
            "region": "sa-east-1",
            "route_table_id": "rtb-01770c5d687d88d0d",
            "subnet_id": "subnet-08fea6611c110d68b",
            "timeouts": null
          },
          "sensitive_attributes": [],
          "identity_schema_version": 0,
          "private": "eyJlMmJmYjczMC1lY2FhLTExZTYtOGY4OC0zNDM2M2JjN2M0YzAiOnsiY3JlYXRlIjozMDAwMDAwMDAwMDAsImRlbGV0ZSI6MzAwMDAwMDAwMDAwLCJ1cGRhdGUiOjEyMDAwMDAwMDAwMH19",
          "dependencies": [
            "aws_internet_gateway.sao_main_igw",
            "aws_route_table.sao_public_route",
            "aws_subnet.sao_public",
            "aws_vpc.sao_main_vpc",
            "data.aws_availability_zones.sao_available"
          ]
        },
        {
          "index_key": 1,
          "schema_version": 0,
          "attributes": {
            "gateway_id": "",
            "id": "rtbassoc-053d3ca3c679e372b",
            "region": "sa-east-1",
            "route_table_id": "rtb-01770c5d687d88d0d",
            "subnet_id": "subnet-02ac27edfcb694c34",
            "timeouts": null
          },
          "sensitive_attributes": [],
          "identity_schema_version": 0,
          "private": "eyJlMmJmYjczMC1lY2FhLTExZTYtOGY4OC0zNDM2M2JjN2M0YzAiOnsiY3JlYXRlIjozMDAwMDAwMDAwMDAsImRlbGV0ZSI6MzAwMDAwMDAwMDAwLCJ1cGRhdGUiOjEyMDAwMDAwMDAwMH19",
          "dependencies": [
            "aws_internet_gateway.sao_main_igw",
            "aws_route_table.sao_public_route",
            "aws_subnet.sao_public",
            "aws_vpc.sao_main_vpc",
            "data.aws_availability_zones.sao_available"
          ]
        },
        {
          "index_key": 2,
          "schema_version": 0,
          "attributes": {
            "gateway_id": "",
            "id": "rtbassoc-095c46063c6fbb55c",
            "region": "sa-east-1",
            "route_table_id": "rtb-01770c5d687d88d0d",
            "subnet_id": "subnet-0a5fce957bdc13efe",
            "timeouts": null
          },
          "sensitive_attributes": [],
          "identity_schema_version": 0,
          "private": "eyJlMmJmYjczMC1lY2FhLTExZTYtOGY4OC0zNDM2M2JjN2M0YzAiOnsiY3JlYXRlIjozMDAwMDAwMDAwMDAsImRlbGV0ZSI6MzAwMDAwMDAwMDAwLCJ1cGRhdGUiOjEyMDAwMDAwMDAwMH19",
          "dependencies": [
            "aws_internet_gateway.sao_main_igw",
            "aws_route_table.sao_public_route",
            "aws_subnet.sao_public",
            "aws_vpc.sao_main_vpc",
            "data.aws_availability_zones.sao_available"
          ]
        }
      ]
    },
    {
      "mode": "managed",
      "type": "aws_s3_bucket",
      "name": "armageddon_alb_logs_bucket",
      "provider": "provider[\"registry.terraform.io/hashicorp/aws\"]",
      "instances": [
        {
          "index_key": 0,
          "schema_version": 0,
          "attributes": {
            "acceleration_status": "",
            "acl": null,
            "arn": "arn:aws:s3:::armageddon-alb-logs-950876749850",
            "bucket": "armageddon-alb-logs-950876749850",
            "bucket_domain_name": "armageddon-alb-logs-950876749850.s3.amazonaws.com",
            "bucket_prefix": "",
            "bucket_region": "ap-northeast-1",
            "bucket_regional_domain_name": "armageddon-alb-logs-950876749850.s3.ap-northeast-1.amazonaws.com",
            "cors_rule": [],
            "force_destroy": false,
            "grant": [
              {
                "id": "c00f1d8e85c0c6f29f3ecbbe554b2172c57313454a9fdcd1c2b57109e446d44c",
                "permissions": [
                  "FULL_CONTROL"
                ],
                "type": "CanonicalUser",
                "uri": ""
              }
            ],
            "hosted_zone_id": "Z2M4EHUR26P7ZW",
            "id": "armageddon-alb-logs-950876749850",
            "lifecycle_rule": [],
            "logging": [],
            "object_lock_configuration": [],
            "object_lock_enabled": false,
            "policy": "{\"Statement\":[{\"Action\":\"s3:*\",\"Condition\":{\"Bool\":{\"aws:SecureTransport\":\"false\"}},\"Effect\":\"Deny\",\"Principal\":\"*\",\"Resource\":[\"arn:aws:s3:::armageddon-alb-logs-950876749850\",\"arn:aws:s3:::armageddon-alb-logs-950876749850/*\"],\"Sid\":\"DenyInsecureTransport\"},{\"Action\":\"s3:PutObject\",\"Effect\":\"Allow\",\"Principal\":{\"Service\":\"logdelivery.elasticloadbalancing.amazonaws.com\"},\"Resource\":\"arn:aws:s3:::armageddon-alb-logs-950876749850/alb-access-logs/AWSLogs/950876749850/*\",\"Sid\":\"AllowALBLogDelivery\"}],\"Version\":\"2012-10-17\"}",
            "region": "ap-northeast-1",
            "replication_configuration": [],
            "request_payer": "BucketOwner",
            "server_side_encryption_configuration": [
              {
                "rule": [
                  {
                    "apply_server_side_encryption_by_default": [
                      {
                        "kms_master_key_id": "",
                        "sse_algorithm": "AES256"
                      }
                    ],
                    "bucket_key_enabled": false
                  }
                ]
              }
            ],
            "tags": {
              "Name": "armageddon-alb-logs-bucket"
            },
            "tags_all": {
              "Name": "armageddon-alb-logs-bucket"
            },
            "timeouts": null,
            "versioning": [
              {
                "enabled": false,
                "mfa_delete": false
              }
            ],
            "website": [],
            "website_domain": null,
            "website_endpoint": null
          },
          "sensitive_attributes": [],
          "identity_schema_version": 0,
          "identity": {
            "account_id": "950876749850",
            "bucket": "armageddon-alb-logs-950876749850",
            "region": "ap-northeast-1"
          },
          "private": "eyJlMmJmYjczMC1lY2FhLTExZTYtOGY4OC0zNDM2M2JjN2M0YzAiOnsiY3JlYXRlIjoxMjAwMDAwMDAwMDAwLCJkZWxldGUiOjM2MDAwMDAwMDAwMDAsInJlYWQiOjEyMDAwMDAwMDAwMDAsInVwZGF0ZSI6MTIwMDAwMDAwMDAwMH19",
          "dependencies": [
            "data.aws_caller_identity.armageddon_self"
          ]
        }
      ]
    },
    {
      "mode": "managed",
      "type": "aws_s3_bucket",
      "name": "armageddon_firehose_waf_dest_bucket_tokyo01",
      "provider": "provider[\"registry.terraform.io/hashicorp/aws\"]",
      "instances": [
        {
          "index_key": 0,
          "schema_version": 0,
          "attributes": {
            "acceleration_status": "",
            "acl": null,
            "arn": "arn:aws:s3:::armageddon-waf-firehose-dest-apne1-950876749850",
            "bucket": "armageddon-waf-firehose-dest-apne1-950876749850",
            "bucket_domain_name": "armageddon-waf-firehose-dest-apne1-950876749850.s3.amazonaws.com",
            "bucket_prefix": "",
            "bucket_region": "ap-northeast-1",
            "bucket_regional_domain_name": "armageddon-waf-firehose-dest-apne1-950876749850.s3.ap-northeast-1.amazonaws.com",
            "cors_rule": [],
            "force_destroy": true,
            "grant": [
              {
                "id": "c00f1d8e85c0c6f29f3ecbbe554b2172c57313454a9fdcd1c2b57109e446d44c",
                "permissions": [
                  "FULL_CONTROL"
                ],
                "type": "CanonicalUser",
                "uri": ""
              }
            ],
            "hosted_zone_id": "Z2M4EHUR26P7ZW",
            "id": "armageddon-waf-firehose-dest-apne1-950876749850",
            "lifecycle_rule": [],
            "logging": [],
            "object_lock_configuration": [],
            "object_lock_enabled": false,
            "policy": "",
            "region": "ap-northeast-1",
            "replication_configuration": [],
            "request_payer": "BucketOwner",
            "server_side_encryption_configuration": [
              {
                "rule": [
                  {
                    "apply_server_side_encryption_by_default": [
                      {
                        "kms_master_key_id": "",
                        "sse_algorithm": "AES256"
                      }
                    ],
                    "bucket_key_enabled": false
                  }
                ]
              }
            ],
            "tags": {},
            "tags_all": {},
            "timeouts": null,
            "versioning": [
              {
                "enabled": false,
                "mfa_delete": false
              }
            ],
            "website": [],
            "website_domain": null,
            "website_endpoint": null
          },
          "sensitive_attributes": [],
          "identity_schema_version": 0,
          "identity": {
            "account_id": "950876749850",
            "bucket": "armageddon-waf-firehose-dest-apne1-950876749850",
            "region": "ap-northeast-1"
          },
          "private": "eyJlMmJmYjczMC1lY2FhLTExZTYtOGY4OC0zNDM2M2JjN2M0YzAiOnsiY3JlYXRlIjoxMjAwMDAwMDAwMDAwLCJkZWxldGUiOjM2MDAwMDAwMDAwMDAsInJlYWQiOjEyMDAwMDAwMDAwMDAsInVwZGF0ZSI6MTIwMDAwMDAwMDAwMH19",
          "dependencies": [
            "data.aws_caller_identity.armageddon_self"
          ]
        }
      ]
    },
    {
      "mode": "managed",
      "type": "aws_s3_bucket",
      "name": "sao_armageddon_alb_logs_bucket",
      "provider": "provider[\"registry.terraform.io/hashicorp/aws\"].saopaulo",
      "instances": [
        {
          "index_key": 0,
          "schema_version": 0,
          "attributes": {
            "acceleration_status": "",
            "acl": null,
            "arn": "arn:aws:s3:::sao-armageddon-alb-logs-950876749850",
            "bucket": "sao-armageddon-alb-logs-950876749850",
            "bucket_domain_name": "sao-armageddon-alb-logs-950876749850.s3.amazonaws.com",
            "bucket_prefix": "",
            "bucket_region": "sa-east-1",
            "bucket_regional_domain_name": "sao-armageddon-alb-logs-950876749850.s3.sa-east-1.amazonaws.com",
            "cors_rule": [],
            "force_destroy": false,
            "grant": [
              {
                "id": "c00f1d8e85c0c6f29f3ecbbe554b2172c57313454a9fdcd1c2b57109e446d44c",
                "permissions": [
                  "FULL_CONTROL"
                ],
                "type": "CanonicalUser",
                "uri": ""
              }
            ],
            "hosted_zone_id": "Z7KQH4QJS55SO",
            "id": "sao-armageddon-alb-logs-950876749850",
            "lifecycle_rule": [],
            "logging": [],
            "object_lock_configuration": [],
            "object_lock_enabled": false,
            "policy": "{\"Statement\":[{\"Action\":\"s3:*\",\"Condition\":{\"Bool\":{\"aws:SecureTransport\":\"false\"}},\"Effect\":\"Deny\",\"Principal\":\"*\",\"Resource\":[\"arn:aws:s3:::sao-armageddon-alb-logs-950876749850\",\"arn:aws:s3:::sao-armageddon-alb-logs-950876749850/*\"],\"Sid\":\"DenyInsecureTransport\"},{\"Action\":\"s3:PutObject\",\"Effect\":\"Allow\",\"Principal\":{\"Service\":\"logdelivery.elasticloadbalancing.amazonaws.com\"},\"Resource\":\"arn:aws:s3:::sao-armageddon-alb-logs-950876749850/alb-access-logs/AWSLogs/950876749850/*\",\"Sid\":\"AllowALBLogDelivery\"}],\"Version\":\"2012-10-17\"}",
            "region": "sa-east-1",
            "replication_configuration": [],
            "request_payer": "BucketOwner",
            "server_side_encryption_configuration": [
              {
                "rule": [
                  {
                    "apply_server_side_encryption_by_default": [
                      {
                        "kms_master_key_id": "",
                        "sse_algorithm": "AES256"
                      }
                    ],
                    "bucket_key_enabled": false
                  }
                ]
              }
            ],
            "tags": {
              "Name": "sao-armageddon-alb-logs-bucket"
            },
            "tags_all": {
              "Name": "sao-armageddon-alb-logs-bucket"
            },
            "timeouts": null,
            "versioning": [
              {
                "enabled": false,
                "mfa_delete": false
              }
            ],
            "website": [],
            "website_domain": null,
            "website_endpoint": null
          },
          "sensitive_attributes": [],
          "identity_schema_version": 0,
          "identity": {
            "account_id": "950876749850",
            "bucket": "sao-armageddon-alb-logs-950876749850",
            "region": "sa-east-1"
          },
          "private": "eyJlMmJmYjczMC1lY2FhLTExZTYtOGY4OC0zNDM2M2JjN2M0YzAiOnsiY3JlYXRlIjoxMjAwMDAwMDAwMDAwLCJkZWxldGUiOjM2MDAwMDAwMDAwMDAsInJlYWQiOjEyMDAwMDAwMDAwMDAsInVwZGF0ZSI6MTIwMDAwMDAwMDAwMH19",
          "dependencies": [
            "data.aws_caller_identity.sao_armageddon_self"
          ]
        }
      ]
    },
    {
      "mode": "managed",
      "type": "aws_s3_bucket",
      "name": "sao_armageddon_firehose_waf_dest_bucket01",
      "provider": "provider[\"registry.terraform.io/hashicorp/aws\"].saopaulo",
      "instances": [
        {
          "index_key": 0,
          "schema_version": 0,
          "attributes": {
            "acceleration_status": "",
            "acl": null,
            "arn": "arn:aws:s3:::armageddon-sao-waf-firehose-dest-950876749850",
            "bucket": "armageddon-sao-waf-firehose-dest-950876749850",
            "bucket_domain_name": "armageddon-sao-waf-firehose-dest-950876749850.s3.amazonaws.com",
            "bucket_prefix": "",
            "bucket_region": "sa-east-1",
            "bucket_regional_domain_name": "armageddon-sao-waf-firehose-dest-950876749850.s3.sa-east-1.amazonaws.com",
            "cors_rule": [],
            "force_destroy": false,
            "grant": [
              {
                "id": "c00f1d8e85c0c6f29f3ecbbe554b2172c57313454a9fdcd1c2b57109e446d44c",
                "permissions": [
                  "FULL_CONTROL"
                ],
                "type": "CanonicalUser",
                "uri": ""
              }
            ],
            "hosted_zone_id": "Z7KQH4QJS55SO",
            "id": "armageddon-sao-waf-firehose-dest-950876749850",
            "lifecycle_rule": [],
            "logging": [],
            "object_lock_configuration": [],
            "object_lock_enabled": false,
            "policy": "",
            "region": "sa-east-1",
            "replication_configuration": [],
            "request_payer": "BucketOwner",
            "server_side_encryption_configuration": [
              {
                "rule": [
                  {
                    "apply_server_side_encryption_by_default": [
                      {
                        "kms_master_key_id": "",
                        "sse_algorithm": "AES256"
                      }
                    ],
                    "bucket_key_enabled": false
                  }
                ]
              }
            ],
            "tags": {
              "Name": "armageddon-sao-waf-firehose-dest-bucket01"
            },
            "tags_all": {
              "Name": "armageddon-sao-waf-firehose-dest-bucket01"
            },
            "timeouts": null,
            "versioning": [
              {
                "enabled": false,
                "mfa_delete": false
              }
            ],
            "website": [],
            "website_domain": null,
            "website_endpoint": null
          },
          "sensitive_attributes": [],
          "identity_schema_version": 0,
          "identity": {
            "account_id": "950876749850",
            "bucket": "armageddon-sao-waf-firehose-dest-950876749850",
            "region": "sa-east-1"
          },
          "private": "eyJlMmJmYjczMC1lY2FhLTExZTYtOGY4OC0zNDM2M2JjN2M0YzAiOnsiY3JlYXRlIjoxMjAwMDAwMDAwMDAwLCJkZWxldGUiOjM2MDAwMDAwMDAwMDAsInJlYWQiOjEyMDAwMDAwMDAwMDAsInVwZGF0ZSI6MTIwMDAwMDAwMDAwMH19",
          "dependencies": [
            "data.aws_caller_identity.sao_armageddon_self"
          ]
        }
      ]
    },
    {
      "mode": "managed",
      "type": "aws_s3_bucket_ownership_controls",
      "name": "armageddon_alb_logs_owner",
      "provider": "provider[\"registry.terraform.io/hashicorp/aws\"]",
      "instances": [
        {
          "index_key": 0,
          "schema_version": 0,
          "attributes": {
            "bucket": "armageddon-alb-logs-950876749850",
            "id": "armageddon-alb-logs-950876749850",
            "region": "ap-northeast-1",
            "rule": [
              {
                "object_ownership": "BucketOwnerPreferred"
              }
            ]
          },
          "sensitive_attributes": [],
          "identity_schema_version": 0,
          "identity": {
            "account_id": "950876749850",
            "bucket": "armageddon-alb-logs-950876749850",
            "region": "ap-northeast-1"
          },
          "private": "bnVsbA==",
          "dependencies": [
            "aws_s3_bucket.armageddon_alb_logs_bucket",
            "data.aws_caller_identity.armageddon_self"
          ]
        }
      ]
    },
    {
      "mode": "managed",
      "type": "aws_s3_bucket_ownership_controls",
      "name": "sao_armageddon_alb_logs_owner",
      "provider": "provider[\"registry.terraform.io/hashicorp/aws\"].saopaulo",
      "instances": [
        {
          "index_key": 0,
          "schema_version": 0,
          "attributes": {
            "bucket": "sao-armageddon-alb-logs-950876749850",
            "id": "sao-armageddon-alb-logs-950876749850",
            "region": "sa-east-1",
            "rule": [
              {
                "object_ownership": "BucketOwnerPreferred"
              }
            ]
          },
          "sensitive_attributes": [],
          "identity_schema_version": 0,
          "identity": {
            "account_id": "950876749850",
            "bucket": "sao-armageddon-alb-logs-950876749850",
            "region": "sa-east-1"
          },
          "private": "bnVsbA==",
          "dependencies": [
            "aws_s3_bucket.sao_armageddon_alb_logs_bucket",
            "data.aws_caller_identity.sao_armageddon_self"
          ]
        }
      ]
    },
    {
      "mode": "managed",
      "type": "aws_s3_bucket_policy",
      "name": "armageddon_alb_logs_policy",
      "provider": "provider[\"registry.terraform.io/hashicorp/aws\"]",
      "instances": [
        {
          "index_key": 0,
          "schema_version": 0,
          "attributes": {
            "bucket": "armageddon-alb-logs-950876749850",
            "id": "armageddon-alb-logs-950876749850",
            "policy": "{\"Statement\":[{\"Action\":\"s3:*\",\"Condition\":{\"Bool\":{\"aws:SecureTransport\":\"false\"}},\"Effect\":\"Deny\",\"Principal\":\"*\",\"Resource\":[\"arn:aws:s3:::armageddon-alb-logs-950876749850\",\"arn:aws:s3:::armageddon-alb-logs-950876749850/*\"],\"Sid\":\"DenyInsecureTransport\"},{\"Action\":\"s3:PutObject\",\"Effect\":\"Allow\",\"Principal\":{\"Service\":\"logdelivery.elasticloadbalancing.amazonaws.com\"},\"Resource\":\"arn:aws:s3:::armageddon-alb-logs-950876749850/alb-access-logs/AWSLogs/950876749850/*\",\"Sid\":\"AllowALBLogDelivery\"}],\"Version\":\"2012-10-17\"}",
            "region": "ap-northeast-1"
          },
          "sensitive_attributes": [],
          "identity_schema_version": 0,
          "identity": {
            "account_id": "950876749850",
            "bucket": "armageddon-alb-logs-950876749850",
            "region": "ap-northeast-1"
          },
          "private": "bnVsbA==",
          "dependencies": [
            "aws_s3_bucket.armageddon_alb_logs_bucket",
            "data.aws_caller_identity.armageddon_self"
          ]
        }
      ]
    },
    {
      "mode": "managed",
      "type": "aws_s3_bucket_policy",
      "name": "sao_armageddon_alb_logs_policy",
      "provider": "provider[\"registry.terraform.io/hashicorp/aws\"].saopaulo",
      "instances": [
        {
          "index_key": 0,
          "schema_version": 0,
          "attributes": {
            "bucket": "sao-armageddon-alb-logs-950876749850",
            "id": "sao-armageddon-alb-logs-950876749850",
            "policy": "{\"Statement\":[{\"Action\":\"s3:*\",\"Condition\":{\"Bool\":{\"aws:SecureTransport\":\"false\"}},\"Effect\":\"Deny\",\"Principal\":\"*\",\"Resource\":[\"arn:aws:s3:::sao-armageddon-alb-logs-950876749850\",\"arn:aws:s3:::sao-armageddon-alb-logs-950876749850/*\"],\"Sid\":\"DenyInsecureTransport\"},{\"Action\":\"s3:PutObject\",\"Effect\":\"Allow\",\"Principal\":{\"Service\":\"logdelivery.elasticloadbalancing.amazonaws.com\"},\"Resource\":\"arn:aws:s3:::sao-armageddon-alb-logs-950876749850/alb-access-logs/AWSLogs/950876749850/*\",\"Sid\":\"AllowALBLogDelivery\"}],\"Version\":\"2012-10-17\"}",
            "region": "sa-east-1"
          },
          "sensitive_attributes": [],
          "identity_schema_version": 0,
          "identity": {
            "account_id": "950876749850",
            "bucket": "sao-armageddon-alb-logs-950876749850",
            "region": "sa-east-1"
          },
          "private": "bnVsbA==",
          "dependencies": [
            "aws_s3_bucket.sao_armageddon_alb_logs_bucket",
            "data.aws_caller_identity.sao_armageddon_self"
          ]
        }
      ]
    },
    {
      "mode": "managed",
      "type": "aws_s3_bucket_public_access_block",
      "name": "armageddon_alb_logs_pab",
      "provider": "provider[\"registry.terraform.io/hashicorp/aws\"]",
      "instances": [
        {
          "index_key": 0,
          "schema_version": 0,
          "attributes": {
            "block_public_acls": true,
            "block_public_policy": true,
            "bucket": "armageddon-alb-logs-950876749850",
            "id": "armageddon-alb-logs-950876749850",
            "ignore_public_acls": true,
            "region": "ap-northeast-1",
            "restrict_public_buckets": true,
            "skip_destroy": null
          },
          "sensitive_attributes": [],
          "identity_schema_version": 0,
          "identity": {
            "account_id": "950876749850",
            "bucket": "armageddon-alb-logs-950876749850",
            "region": "ap-northeast-1"
          },
          "private": "bnVsbA==",
          "dependencies": [
            "aws_s3_bucket.armageddon_alb_logs_bucket",
            "data.aws_caller_identity.armageddon_self"
          ]
        }
      ]
    },
    {
      "mode": "managed",
      "type": "aws_s3_bucket_public_access_block",
      "name": "sao_armageddon_alb_logs_pab",
      "provider": "provider[\"registry.terraform.io/hashicorp/aws\"].saopaulo",
      "instances": [
        {
          "index_key": 0,
          "schema_version": 0,
          "attributes": {
            "block_public_acls": true,
            "block_public_policy": true,
            "bucket": "sao-armageddon-alb-logs-950876749850",
            "id": "sao-armageddon-alb-logs-950876749850",
            "ignore_public_acls": true,
            "region": "sa-east-1",
            "restrict_public_buckets": true,
            "skip_destroy": null
          },
          "sensitive_attributes": [],
          "identity_schema_version": 0,
          "identity": {
            "account_id": "950876749850",
            "bucket": "sao-armageddon-alb-logs-950876749850",
            "region": "sa-east-1"
          },
          "private": "bnVsbA==",
          "dependencies": [
            "aws_s3_bucket.sao_armageddon_alb_logs_bucket",
            "data.aws_caller_identity.sao_armageddon_self"
          ]
        }
      ]
    },
    {
      "mode": "managed",
      "type": "aws_secretsmanager_secret",
      "name": "lab_rds_mysql",
      "provider": "provider[\"registry.terraform.io/hashicorp/aws\"]",
      "instances": [
        {
          "schema_version": 0,
          "attributes": {
            "arn": "arn:aws:secretsmanager:ap-northeast-1:950876749850:secret:lab/rds/mysql-ouHFmC",
            "description": "",
            "force_overwrite_replica_secret": false,
            "id": "arn:aws:secretsmanager:ap-northeast-1:950876749850:secret:lab/rds/mysql-ouHFmC",
            "kms_key_id": "",
            "name": "lab/rds/mysql",
            "name_prefix": "",
            "policy": "",
            "recovery_window_in_days": 0,
            "region": "ap-northeast-1",
            "replica": [],
            "tags": {},
            "tags_all": {}
          },
          "sensitive_attributes": [],
          "identity_schema_version": 0,
          "identity": {
            "arn": "arn:aws:secretsmanager:ap-northeast-1:950876749850:secret:lab/rds/mysql-ouHFmC"
          },
          "private": "bnVsbA=="
        }
      ]
    },
    {
      "mode": "managed",
      "type": "aws_secretsmanager_secret_version",
      "name": "lab_rds_mysql",
      "provider": "provider[\"registry.terraform.io/hashicorp/aws\"]",
      "instances": [
        {
          "schema_version": 0,
          "attributes": {
            "arn": "arn:aws:secretsmanager:ap-northeast-1:950876749850:secret:lab/rds/mysql-ouHFmC",
            "has_secret_string_wo": null,
            "id": "arn:aws:secretsmanager:ap-northeast-1:950876749850:secret:lab/rds/mysql-ouHFmC|terraform-20260209182333030400000010",
            "region": "ap-northeast-1",
            "secret_binary": "",
            "secret_id": "arn:aws:secretsmanager:ap-northeast-1:950876749850:secret:lab/rds/mysql-ouHFmC",
            "secret_string": "{\"dbname\":\"labdb\",\"host\":\"lab-mysql.cvg02cgm0zpq.ap-northeast-1.rds.amazonaws.com\",\"password\":\"KingofIronFist1997\",\"port\":3306,\"username\":\"admin\"}",
            "secret_string_wo": null,
            "secret_string_wo_version": null,
            "version_id": "terraform-20260209182333030400000010",
            "version_stages": [
              "AWSCURRENT"
            ]
          },
          "sensitive_attributes": [
            [
              {
                "type": "get_attr",
                "value": "secret_binary"
              }
            ],
            [
              {
                "type": "get_attr",
                "value": "secret_string"
              }
            ],
            [
              {
                "type": "get_attr",
                "value": "secret_string_wo"
              }
            ]
          ],
          "identity_schema_version": 0,
          "identity": {
            "account_id": "950876749850",
            "region": "ap-northeast-1",
            "secret_id": "arn:aws:secretsmanager:ap-northeast-1:950876749850:secret:lab/rds/mysql-ouHFmC",
            "version_id": "terraform-20260209182333030400000010"
          },
          "private": "bnVsbA==",
          "dependencies": [
            "aws_db_instance.rds_lab_mysql",
            "aws_db_subnet_group.rds_subnet_group",
            "aws_secretsmanager_secret.lab_rds_mysql",
            "aws_security_group.rds_lab_sg",
            "aws_subnet.private",
            "aws_vpc.main_vpc",
            "data.aws_availability_zones.available"
          ]
        }
      ]
    },
    {
      "mode": "managed",
      "type": "aws_security_group",
      "name": "alb_sg",
      "provider": "provider[\"registry.terraform.io/hashicorp/aws\"]",
      "instances": [
        {
          "schema_version": 1,
          "attributes": {
            "arn": "arn:aws:ec2:ap-northeast-1:950876749850:security-group/sg-041e9ba1255546532",
            "description": "ALB security group",
            "egress": [
              {
                "cidr_blocks": [],
                "description": "",
                "from_port": 80,
                "ipv6_cidr_blocks": [],
                "prefix_list_ids": [],
                "protocol": "tcp",
                "security_groups": [
                  "sg-0f4a71233c11678e0"
                ],
                "self": false,
                "to_port": 80
              }
            ],
            "id": "sg-041e9ba1255546532",
            "ingress": [
              {
                "cidr_blocks": [],
                "description": "",
                "from_port": 443,
                "ipv6_cidr_blocks": [],
                "prefix_list_ids": [
                  "pl-58a04531"
                ],
                "protocol": "tcp",
                "security_groups": [],
                "self": false,
                "to_port": 443
              }
            ],
            "name": "alb-sg",
            "name_prefix": "",
            "owner_id": "950876749850",
            "region": "ap-northeast-1",
            "revoke_rules_on_delete": false,
            "tags": {
              "Name": "alb-sg"
            },
            "tags_all": {
              "Name": "alb-sg"
            },
            "timeouts": null,
            "vpc_id": "vpc-0749dcd9e4d0b62f2"
          },
          "sensitive_attributes": [],
          "identity_schema_version": 0,
          "identity": {
            "account_id": "950876749850",
            "id": "sg-041e9ba1255546532",
            "region": "ap-northeast-1"
          },
          "private": "eyJlMmJmYjczMC1lY2FhLTExZTYtOGY4OC0zNDM2M2JjN2M0YzAiOnsiY3JlYXRlIjo2MDAwMDAwMDAwMDAsImRlbGV0ZSI6OTAwMDAwMDAwMDAwfSwic2NoZW1hX3ZlcnNpb24iOiIxIn0=",
          "dependencies": [
            "aws_vpc.main_vpc"
          ]
        }
      ]
    },
    {
      "mode": "managed",
      "type": "aws_security_group",
      "name": "ec2_lab_sg",
      "provider": "provider[\"registry.terraform.io/hashicorp/aws\"]",
      "instances": [
        {
          "schema_version": 1,
          "attributes": {
            "arn": "arn:aws:ec2:ap-northeast-1:950876749850:security-group/sg-0e80c2eae8e0c2c67",
            "description": "sg for http browser \u0026 ssh into",
            "egress": [
              {
                "cidr_blocks": [
                  "0.0.0.0/0"
                ],
                "description": "",
                "from_port": 0,
                "ipv6_cidr_blocks": [],
                "prefix_list_ids": [],
                "protocol": "-1",
                "security_groups": [],
                "self": false,
                "to_port": 0
              }
            ],
            "id": "sg-0e80c2eae8e0c2c67",
            "ingress": [
              {
                "cidr_blocks": [
                  "0.0.0.0/0"
                ],
                "description": "",
                "from_port": 80,
                "ipv6_cidr_blocks": [],
                "prefix_list_ids": [],
                "protocol": "tcp",
                "security_groups": [],
                "self": false,
                "to_port": 80
              },
              {
                "cidr_blocks": [
                  "192.159.210.72/32"
                ],
                "description": "",
                "from_port": 22,
                "ipv6_cidr_blocks": [],
                "prefix_list_ids": [],
                "protocol": "tcp",
                "security_groups": [],
                "self": false,
                "to_port": 22
              }
            ],
            "name": "ec2-lab",
            "name_prefix": "",
            "owner_id": "950876749850",
            "region": "ap-northeast-1",
            "revoke_rules_on_delete": false,
            "tags": {
              "Name": "ec2-lab-sg"
            },
            "tags_all": {
              "Name": "ec2-lab-sg"
            },
            "timeouts": null,
            "vpc_id": "vpc-0749dcd9e4d0b62f2"
          },
          "sensitive_attributes": [],
          "identity_schema_version": 0,
          "identity": {
            "account_id": "950876749850",
            "id": "sg-0e80c2eae8e0c2c67",
            "region": "ap-northeast-1"
          },
          "private": "eyJlMmJmYjczMC1lY2FhLTExZTYtOGY4OC0zNDM2M2JjN2M0YzAiOnsiY3JlYXRlIjo2MDAwMDAwMDAwMDAsImRlbGV0ZSI6OTAwMDAwMDAwMDAwfSwic2NoZW1hX3ZlcnNpb24iOiIxIn0=",
          "dependencies": [
            "aws_vpc.main_vpc"
          ]
        }
      ]
    },
    {
      "mode": "managed",
      "type": "aws_security_group",
      "name": "ec2_private_sg",
      "provider": "provider[\"registry.terraform.io/hashicorp/aws\"]",
      "instances": [
        {
          "schema_version": 1,
          "attributes": {
            "arn": "arn:aws:ec2:ap-northeast-1:950876749850:security-group/sg-0f4a71233c11678e0",
            "description": "Private app instance SG (HTTP only from ALB)",
            "egress": [
              {
                "cidr_blocks": [
                  "0.0.0.0/0"
                ],
                "description": "",
                "from_port": 0,
                "ipv6_cidr_blocks": [],
                "prefix_list_ids": [],
                "protocol": "-1",
                "security_groups": [],
                "self": false,
                "to_port": 0
              }
            ],
            "id": "sg-0f4a71233c11678e0",
            "ingress": [
              {
                "cidr_blocks": [
                  "10.80.0.0/16"
                ],
                "description": "",
                "from_port": 80,
                "ipv6_cidr_blocks": [],
                "prefix_list_ids": [],
                "protocol": "tcp",
                "security_groups": [],
                "self": false,
                "to_port": 80
              },
              {
                "cidr_blocks": [],
                "description": "",
                "from_port": 80,
                "ipv6_cidr_blocks": [],
                "prefix_list_ids": [],
                "protocol": "tcp",
                "security_groups": [
                  "sg-041e9ba1255546532"
                ],
                "self": false,
                "to_port": 80
              }
            ],
            "name": "ec2-private-sg",
            "name_prefix": "",
            "owner_id": "950876749850",
            "region": "ap-northeast-1",
            "revoke_rules_on_delete": false,
            "tags": {
              "Name": "ec2-private-sg"
            },
            "tags_all": {
              "Name": "ec2-private-sg"
            },
            "timeouts": null,
            "vpc_id": "vpc-0749dcd9e4d0b62f2"
          },
          "sensitive_attributes": [],
          "identity_schema_version": 0,
          "identity": {
            "account_id": "950876749850",
            "id": "sg-0f4a71233c11678e0",
            "region": "ap-northeast-1"
          },
          "private": "eyJlMmJmYjczMC1lY2FhLTExZTYtOGY4OC0zNDM2M2JjN2M0YzAiOnsiY3JlYXRlIjo2MDAwMDAwMDAwMDAsImRlbGV0ZSI6OTAwMDAwMDAwMDAwfSwic2NoZW1hX3ZlcnNpb24iOiIxIn0=",
          "dependencies": [
            "aws_vpc.main_vpc"
          ]
        }
      ]
    },
    {
      "mode": "managed",
      "type": "aws_security_group",
      "name": "rds_lab_sg",
      "provider": "provider[\"registry.terraform.io/hashicorp/aws\"]",
      "instances": [
        {
          "schema_version": 1,
          "attributes": {
            "arn": "arn:aws:ec2:ap-northeast-1:950876749850:security-group/sg-0b9fb6a9e4b7d48e9",
            "description": "sg for rds private",
            "egress": [
              {
                "cidr_blocks": [
                  "0.0.0.0/0"
                ],
                "description": "",
                "from_port": 0,
                "ipv6_cidr_blocks": [],
                "prefix_list_ids": [],
                "protocol": "-1",
                "security_groups": [],
                "self": false,
                "to_port": 0
              }
            ],
            "id": "sg-0b9fb6a9e4b7d48e9",
            "ingress": [
              {
                "cidr_blocks": [
                  "10.80.0.0/16"
                ],
                "description": "",
                "from_port": 3306,
                "ipv6_cidr_blocks": [],
                "prefix_list_ids": [],
                "protocol": "tcp",
                "security_groups": [
                  "sg-0e80c2eae8e0c2c67",
                  "sg-0f4a71233c11678e0"
                ],
                "self": false,
                "to_port": 3306
              }
            ],
            "name": "rds-lab",
            "name_prefix": "",
            "owner_id": "950876749850",
            "region": "ap-northeast-1",
            "revoke_rules_on_delete": false,
            "tags": {
              "Name": "rds-lab-sg"
            },
            "tags_all": {
              "Name": "rds-lab-sg"
            },
            "timeouts": null,
            "vpc_id": "vpc-0749dcd9e4d0b62f2"
          },
          "sensitive_attributes": [],
          "identity_schema_version": 0,
          "identity": {
            "account_id": "950876749850",
            "id": "sg-0b9fb6a9e4b7d48e9",
            "region": "ap-northeast-1"
          },
          "private": "eyJlMmJmYjczMC1lY2FhLTExZTYtOGY4OC0zNDM2M2JjN2M0YzAiOnsiY3JlYXRlIjo2MDAwMDAwMDAwMDAsImRlbGV0ZSI6OTAwMDAwMDAwMDAwfSwic2NoZW1hX3ZlcnNpb24iOiIxIn0=",
          "dependencies": [
            "aws_vpc.main_vpc"
          ]
        }
      ]
    },
    {
      "mode": "managed",
      "type": "aws_security_group",
      "name": "sao_alb_sg",
      "provider": "provider[\"registry.terraform.io/hashicorp/aws\"].saopaulo",
      "instances": [
        {
          "schema_version": 1,
          "attributes": {
            "arn": "arn:aws:ec2:sa-east-1:950876749850:security-group/sg-057c0559388369e59",
            "description": "ALB security group",
            "egress": [
              {
                "cidr_blocks": [],
                "description": "",
                "from_port": 80,
                "ipv6_cidr_blocks": [],
                "prefix_list_ids": [],
                "protocol": "tcp",
                "security_groups": [
                  "sg-0933a6eb306a72286"
                ],
                "self": false,
                "to_port": 80
              }
            ],
            "id": "sg-057c0559388369e59",
            "ingress": [
              {
                "cidr_blocks": [
                  "0.0.0.0/0"
                ],
                "description": "",
                "from_port": 443,
                "ipv6_cidr_blocks": [],
                "prefix_list_ids": [],
                "protocol": "tcp",
                "security_groups": [],
                "self": false,
                "to_port": 443
              }
            ],
            "name": "alb-sg",
            "name_prefix": "",
            "owner_id": "950876749850",
            "region": "sa-east-1",
            "revoke_rules_on_delete": false,
            "tags": {
              "Name": "sao-alb-sg"
            },
            "tags_all": {
              "Name": "sao-alb-sg"
            },
            "timeouts": null,
            "vpc_id": "vpc-09496ac03847d0650"
          },
          "sensitive_attributes": [],
          "identity_schema_version": 0,
          "identity": {
            "account_id": "950876749850",
            "id": "sg-057c0559388369e59",
            "region": "sa-east-1"
          },
          "private": "eyJlMmJmYjczMC1lY2FhLTExZTYtOGY4OC0zNDM2M2JjN2M0YzAiOnsiY3JlYXRlIjo2MDAwMDAwMDAwMDAsImRlbGV0ZSI6OTAwMDAwMDAwMDAwfSwic2NoZW1hX3ZlcnNpb24iOiIxIn0=",
          "dependencies": [
            "aws_vpc.sao_main_vpc"
          ]
        }
      ]
    },
    {
      "mode": "managed",
      "type": "aws_security_group",
      "name": "sao_ec2_lab_sg",
      "provider": "provider[\"registry.terraform.io/hashicorp/aws\"].saopaulo",
      "instances": [
        {
          "schema_version": 1,
          "attributes": {
            "arn": "arn:aws:ec2:sa-east-1:950876749850:security-group/sg-0635c16a71aa83e36",
            "description": "sg for http browser \u0026 ssh into",
            "egress": [
              {
                "cidr_blocks": [
                  "0.0.0.0/0"
                ],
                "description": "",
                "from_port": 0,
                "ipv6_cidr_blocks": [],
                "prefix_list_ids": [],
                "protocol": "-1",
                "security_groups": [],
                "self": false,
                "to_port": 0
              }
            ],
            "id": "sg-0635c16a71aa83e36",
            "ingress": [
              {
                "cidr_blocks": [
                  "0.0.0.0/0"
                ],
                "description": "",
                "from_port": 80,
                "ipv6_cidr_blocks": [],
                "prefix_list_ids": [],
                "protocol": "tcp",
                "security_groups": [],
                "self": false,
                "to_port": 80
              },
              {
                "cidr_blocks": [
                  "192.159.210.72/32"
                ],
                "description": "",
                "from_port": 22,
                "ipv6_cidr_blocks": [],
                "prefix_list_ids": [],
                "protocol": "tcp",
                "security_groups": [],
                "self": false,
                "to_port": 22
              }
            ],
            "name": "sao-ec2-lab",
            "name_prefix": "",
            "owner_id": "950876749850",
            "region": "sa-east-1",
            "revoke_rules_on_delete": false,
            "tags": {
              "Name": "sao-ec2-lab-sg"
            },
            "tags_all": {
              "Name": "sao-ec2-lab-sg"
            },
            "timeouts": null,
            "vpc_id": "vpc-09496ac03847d0650"
          },
          "sensitive_attributes": [],
          "identity_schema_version": 0,
          "identity": {
            "account_id": "950876749850",
            "id": "sg-0635c16a71aa83e36",
            "region": "sa-east-1"
          },
          "private": "eyJlMmJmYjczMC1lY2FhLTExZTYtOGY4OC0zNDM2M2JjN2M0YzAiOnsiY3JlYXRlIjo2MDAwMDAwMDAwMDAsImRlbGV0ZSI6OTAwMDAwMDAwMDAwfSwic2NoZW1hX3ZlcnNpb24iOiIxIn0=",
          "dependencies": [
            "aws_vpc.sao_main_vpc"
          ]
        }
      ]
    },
    {
      "mode": "managed",
      "type": "aws_security_group",
      "name": "sao_ec2pri_sg",
      "provider": "provider[\"registry.terraform.io/hashicorp/aws\"].saopaulo",
      "instances": [
        {
          "schema_version": 1,
          "attributes": {
            "arn": "arn:aws:ec2:sa-east-1:950876749850:security-group/sg-0933a6eb306a72286",
            "description": "SG for VPC Interface Endpoints",
            "egress": [
              {
                "cidr_blocks": [
                  "0.0.0.0/0"
                ],
                "description": "",
                "from_port": 0,
                "ipv6_cidr_blocks": [],
                "prefix_list_ids": [],
                "protocol": "-1",
                "security_groups": [],
                "self": false,
                "to_port": 0
              }
            ],
            "id": "sg-0933a6eb306a72286",
            "ingress": [
              {
                "cidr_blocks": [],
                "description": "",
                "from_port": 80,
                "ipv6_cidr_blocks": [],
                "prefix_list_ids": [],
                "protocol": "tcp",
                "security_groups": [
                  "sg-057c0559388369e59"
                ],
                "self": false,
                "to_port": 80
              }
            ],
            "name": "sao-ec2pri-sg",
            "name_prefix": "",
            "owner_id": "950876749850",
            "region": "sa-east-1",
            "revoke_rules_on_delete": false,
            "tags": {
              "Name": "sao-ec2pri-sg"
            },
            "tags_all": {
              "Name": "sao-ec2pri-sg"
            },
            "timeouts": null,
            "vpc_id": "vpc-09496ac03847d0650"
          },
          "sensitive_attributes": [],
          "identity_schema_version": 0,
          "identity": {
            "account_id": "950876749850",
            "id": "sg-0933a6eb306a72286",
            "region": "sa-east-1"
          },
          "private": "eyJlMmJmYjczMC1lY2FhLTExZTYtOGY4OC0zNDM2M2JjN2M0YzAiOnsiY3JlYXRlIjo2MDAwMDAwMDAwMDAsImRlbGV0ZSI6OTAwMDAwMDAwMDAwfSwic2NoZW1hX3ZlcnNpb24iOiIxIn0=",
          "dependencies": [
            "aws_vpc.sao_main_vpc"
          ]
        }
      ]
    },
    {
      "mode": "managed",
      "type": "aws_security_group",
      "name": "sao_vpc_endpoints_sg",
      "provider": "provider[\"registry.terraform.io/hashicorp/aws\"].saopaulo",
      "instances": [
        {
          "schema_version": 1,
          "attributes": {
            "arn": "arn:aws:ec2:sa-east-1:950876749850:security-group/sg-0e04c172c4d29d86b",
            "description": "Allow 443 to VPC interface endpoints only from private EC2 SG",
            "egress": [
              {
                "cidr_blocks": [
                  "0.0.0.0/0"
                ],
                "description": "",
                "from_port": 0,
                "ipv6_cidr_blocks": [],
                "prefix_list_ids": [],
                "protocol": "-1",
                "security_groups": [],
                "self": false,
                "to_port": 0
              }
            ],
            "id": "sg-0e04c172c4d29d86b",
            "ingress": [
              {
                "cidr_blocks": [],
                "description": "",
                "from_port": 443,
                "ipv6_cidr_blocks": [],
                "prefix_list_ids": [],
                "protocol": "tcp",
                "security_groups": [
                  "sg-0933a6eb306a72286"
                ],
                "self": false,
                "to_port": 443
              }
            ],
            "name": "sao-vpc-endpoints-sg",
            "name_prefix": "",
            "owner_id": "950876749850",
            "region": "sa-east-1",
            "revoke_rules_on_delete": false,
            "tags": {
              "Name": "sao-vpc-endpoints-sg"
            },
            "tags_all": {
              "Name": "sao-vpc-endpoints-sg"
            },
            "timeouts": null,
            "vpc_id": "vpc-09496ac03847d0650"
          },
          "sensitive_attributes": [],
          "identity_schema_version": 0,
          "identity": {
            "account_id": "950876749850",
            "id": "sg-0e04c172c4d29d86b",
            "region": "sa-east-1"
          },
          "private": "eyJlMmJmYjczMC1lY2FhLTExZTYtOGY4OC0zNDM2M2JjN2M0YzAiOnsiY3JlYXRlIjo2MDAwMDAwMDAwMDAsImRlbGV0ZSI6OTAwMDAwMDAwMDAwfSwic2NoZW1hX3ZlcnNpb24iOiIxIn0=",
          "dependencies": [
            "aws_vpc.sao_main_vpc"
          ]
        }
      ]
    },
    {
      "mode": "managed",
      "type": "aws_security_group",
      "name": "vpc_endpoints_sg",
      "provider": "provider[\"registry.terraform.io/hashicorp/aws\"]",
      "instances": [
        {
          "schema_version": 1,
          "attributes": {
            "arn": "arn:aws:ec2:ap-northeast-1:950876749850:security-group/sg-0ca3138feb614a8a1",
            "description": "Interface endpoints SG (443 only from private EC2)",
            "egress": [
              {
                "cidr_blocks": [
                  "0.0.0.0/0"
                ],
                "description": "",
                "from_port": 0,
                "ipv6_cidr_blocks": [],
                "prefix_list_ids": [],
                "protocol": "-1",
                "security_groups": [],
                "self": false,
                "to_port": 0
              }
            ],
            "id": "sg-0ca3138feb614a8a1",
            "ingress": [
              {
                "cidr_blocks": [],
                "description": "",
                "from_port": 443,
                "ipv6_cidr_blocks": [],
                "prefix_list_ids": [],
                "protocol": "tcp",
                "security_groups": [
                  "sg-0e80c2eae8e0c2c67"
                ],
                "self": false,
                "to_port": 443
              },
              {
                "cidr_blocks": [],
                "description": "",
                "from_port": 443,
                "ipv6_cidr_blocks": [],
                "prefix_list_ids": [],
                "protocol": "tcp",
                "security_groups": [
                  "sg-0f4a71233c11678e0"
                ],
                "self": false,
                "to_port": 443
              }
            ],
            "name": "vpc-endpoints-sg",
            "name_prefix": "",
            "owner_id": "950876749850",
            "region": "ap-northeast-1",
            "revoke_rules_on_delete": false,
            "tags": {
              "Name": "vpc-endpoints-sg"
            },
            "tags_all": {
              "Name": "vpc-endpoints-sg"
            },
            "timeouts": null,
            "vpc_id": "vpc-0749dcd9e4d0b62f2"
          },
          "sensitive_attributes": [],
          "identity_schema_version": 0,
          "identity": {
            "account_id": "950876749850",
            "id": "sg-0ca3138feb614a8a1",
            "region": "ap-northeast-1"
          },
          "private": "eyJlMmJmYjczMC1lY2FhLTExZTYtOGY4OC0zNDM2M2JjN2M0YzAiOnsiY3JlYXRlIjo2MDAwMDAwMDAwMDAsImRlbGV0ZSI6OTAwMDAwMDAwMDAwfSwic2NoZW1hX3ZlcnNpb24iOiIxIn0=",
          "dependencies": [
            "aws_vpc.main_vpc"
          ]
        }
      ]
    },
    {
      "mode": "managed",
      "type": "aws_security_group_rule",
      "name": "sao_alb_ingress_https_public",
      "provider": "provider[\"registry.terraform.io/hashicorp/aws\"].saopaulo",
      "instances": [
        {
          "schema_version": 2,
          "attributes": {
            "cidr_blocks": [
              "0.0.0.0/0"
            ],
            "description": null,
            "from_port": 443,
            "id": "sgrule-1456966811",
            "ipv6_cidr_blocks": null,
            "prefix_list_ids": null,
            "protocol": "tcp",
            "region": "sa-east-1",
            "security_group_id": "sg-057c0559388369e59",
            "security_group_rule_id": "sgr-092cb3cc25d34f21b",
            "self": false,
            "source_security_group_id": null,
            "timeouts": null,
            "to_port": 443,
            "type": "ingress"
          },
          "sensitive_attributes": [],
          "identity_schema_version": 0,
          "private": "eyJlMmJmYjczMC1lY2FhLTExZTYtOGY4OC0zNDM2M2JjN2M0YzAiOnsiY3JlYXRlIjozMDAwMDAwMDAwMDB9LCJzY2hlbWFfdmVyc2lvbiI6IjIifQ==",
          "dependencies": [
            "aws_security_group.sao_alb_sg",
            "aws_vpc.sao_main_vpc"
          ]
        }
      ]
    },
    {
      "mode": "managed",
      "type": "aws_security_group_rule",
      "name": "sao_alb_to_ec2_http",
      "provider": "provider[\"registry.terraform.io/hashicorp/aws\"].saopaulo",
      "instances": [
        {
          "schema_version": 2,
          "attributes": {
            "cidr_blocks": null,
            "description": null,
            "from_port": 80,
            "id": "sgrule-2564658531",
            "ipv6_cidr_blocks": null,
            "prefix_list_ids": null,
            "protocol": "tcp",
            "region": "sa-east-1",
            "security_group_id": "sg-057c0559388369e59",
            "security_group_rule_id": "sgr-0cc81470a977ecd48",
            "self": false,
            "source_security_group_id": "sg-0933a6eb306a72286",
            "timeouts": null,
            "to_port": 80,
            "type": "egress"
          },
          "sensitive_attributes": [],
          "identity_schema_version": 0,
          "private": "eyJlMmJmYjczMC1lY2FhLTExZTYtOGY4OC0zNDM2M2JjN2M0YzAiOnsiY3JlYXRlIjozMDAwMDAwMDAwMDB9LCJzY2hlbWFfdmVyc2lvbiI6IjIifQ==",
          "dependencies": [
            "aws_security_group.sao_alb_sg",
            "aws_security_group.sao_ec2pri_sg",
            "aws_vpc.sao_main_vpc"
          ]
        }
      ]
    },
    {
      "mode": "managed",
      "type": "aws_security_group_rule",
      "name": "sao_ec2_all_out",
      "provider": "provider[\"registry.terraform.io/hashicorp/aws\"].saopaulo",
      "instances": [
        {
          "schema_version": 2,
          "attributes": {
            "cidr_blocks": [
              "0.0.0.0/0"
            ],
            "description": null,
            "from_port": 0,
            "id": "sgrule-3661902219",
            "ipv6_cidr_blocks": null,
            "prefix_list_ids": null,
            "protocol": "-1",
            "region": "sa-east-1",
            "security_group_id": "sg-0933a6eb306a72286",
            "security_group_rule_id": "sgr-081165a4c23acbeb1",
            "self": false,
            "source_security_group_id": null,
            "timeouts": null,
            "to_port": 0,
            "type": "egress"
          },
          "sensitive_attributes": [],
          "identity_schema_version": 0,
          "private": "eyJlMmJmYjczMC1lY2FhLTExZTYtOGY4OC0zNDM2M2JjN2M0YzAiOnsiY3JlYXRlIjozMDAwMDAwMDAwMDB9LCJzY2hlbWFfdmVyc2lvbiI6IjIifQ==",
          "dependencies": [
            "aws_security_group.sao_ec2pri_sg",
            "aws_vpc.sao_main_vpc"
          ]
        }
      ]
    },
    {
      "mode": "managed",
      "type": "aws_security_group_rule",
      "name": "sao_ec2_ingress_from_alb_http",
      "provider": "provider[\"registry.terraform.io/hashicorp/aws\"].saopaulo",
      "instances": [
        {
          "schema_version": 2,
          "attributes": {
            "cidr_blocks": null,
            "description": null,
            "from_port": 80,
            "id": "sgrule-3210623684",
            "ipv6_cidr_blocks": null,
            "prefix_list_ids": null,
            "protocol": "tcp",
            "region": "sa-east-1",
            "security_group_id": "sg-0933a6eb306a72286",
            "security_group_rule_id": "sgr-0791578413b777a91",
            "self": false,
            "source_security_group_id": "sg-057c0559388369e59",
            "timeouts": null,
            "to_port": 80,
            "type": "ingress"
          },
          "sensitive_attributes": [],
          "identity_schema_version": 0,
          "private": "eyJlMmJmYjczMC1lY2FhLTExZTYtOGY4OC0zNDM2M2JjN2M0YzAiOnsiY3JlYXRlIjozMDAwMDAwMDAwMDB9LCJzY2hlbWFfdmVyc2lvbiI6IjIifQ==",
          "dependencies": [
            "aws_security_group.sao_alb_sg",
            "aws_security_group.sao_ec2pri_sg",
            "aws_vpc.sao_main_vpc"
          ]
        }
      ]
    },
    {
      "mode": "managed",
      "type": "aws_sns_topic",
      "name": "incidents_sao",
      "provider": "provider[\"registry.terraform.io/hashicorp/aws\"].saopaulo",
      "instances": [
        {
          "schema_version": 0,
          "attributes": {
            "application_failure_feedback_role_arn": "",
            "application_success_feedback_role_arn": "",
            "application_success_feedback_sample_rate": 0,
            "archive_policy": "",
            "arn": "arn:aws:sns:sa-east-1:950876749850:incidents-sao",
            "beginning_archive_time": "",
            "content_based_deduplication": false,
            "delivery_policy": "",
            "display_name": "",
            "fifo_throughput_scope": "",
            "fifo_topic": false,
            "firehose_failure_feedback_role_arn": "",
            "firehose_success_feedback_role_arn": "",
            "firehose_success_feedback_sample_rate": 0,
            "http_failure_feedback_role_arn": "",
            "http_success_feedback_role_arn": "",
            "http_success_feedback_sample_rate": 0,
            "id": "arn:aws:sns:sa-east-1:950876749850:incidents-sao",
            "kms_master_key_id": "",
            "lambda_failure_feedback_role_arn": "",
            "lambda_success_feedback_role_arn": "",
            "lambda_success_feedback_sample_rate": 0,
            "name": "incidents-sao",
            "name_prefix": "",
            "owner": "950876749850",
            "policy": "{\"Id\":\"__default_policy_ID\",\"Statement\":[{\"Action\":[\"SNS:GetTopicAttributes\",\"SNS:SetTopicAttributes\",\"SNS:AddPermission\",\"SNS:RemovePermission\",\"SNS:DeleteTopic\",\"SNS:Subscribe\",\"SNS:ListSubscriptionsByTopic\",\"SNS:Publish\"],\"Condition\":{\"StringEquals\":{\"AWS:SourceOwner\":\"950876749850\"}},\"Effect\":\"Allow\",\"Principal\":{\"AWS\":\"*\"},\"Resource\":\"arn:aws:sns:sa-east-1:950876749850:incidents-sao\",\"Sid\":\"__default_statement_ID\"}],\"Version\":\"2008-10-17\"}",
            "region": "sa-east-1",
            "signature_version": 0,
            "sqs_failure_feedback_role_arn": "",
            "sqs_success_feedback_role_arn": "",
            "sqs_success_feedback_sample_rate": 0,
            "tags": {},
            "tags_all": {},
            "tracing_config": ""
          },
          "sensitive_attributes": [],
          "identity_schema_version": 0,
          "identity": {
            "arn": "arn:aws:sns:sa-east-1:950876749850:incidents-sao"
          },
          "private": "bnVsbA=="
        }
      ]
    },
    {
      "mode": "managed",
      "type": "aws_sns_topic",
      "name": "lab_db_incidents",
      "provider": "provider[\"registry.terraform.io/hashicorp/aws\"]",
      "instances": [
        {
          "schema_version": 0,
          "attributes": {
            "application_failure_feedback_role_arn": "",
            "application_success_feedback_role_arn": "",
            "application_success_feedback_sample_rate": 0,
            "archive_policy": "",
            "arn": "arn:aws:sns:ap-northeast-1:950876749850:db-incidents",
            "beginning_archive_time": "",
            "content_based_deduplication": false,
            "delivery_policy": "",
            "display_name": "",
            "fifo_throughput_scope": "",
            "fifo_topic": false,
            "firehose_failure_feedback_role_arn": "",
            "firehose_success_feedback_role_arn": "",
            "firehose_success_feedback_sample_rate": 0,
            "http_failure_feedback_role_arn": "",
            "http_success_feedback_role_arn": "",
            "http_success_feedback_sample_rate": 0,
            "id": "arn:aws:sns:ap-northeast-1:950876749850:db-incidents",
            "kms_master_key_id": "",
            "lambda_failure_feedback_role_arn": "",
            "lambda_success_feedback_role_arn": "",
            "lambda_success_feedback_sample_rate": 0,
            "name": "db-incidents",
            "name_prefix": "",
            "owner": "950876749850",
            "policy": "{\"Id\":\"__default_policy_ID\",\"Statement\":[{\"Action\":[\"SNS:GetTopicAttributes\",\"SNS:SetTopicAttributes\",\"SNS:AddPermission\",\"SNS:RemovePermission\",\"SNS:DeleteTopic\",\"SNS:Subscribe\",\"SNS:ListSubscriptionsByTopic\",\"SNS:Publish\"],\"Condition\":{\"StringEquals\":{\"AWS:SourceOwner\":\"950876749850\"}},\"Effect\":\"Allow\",\"Principal\":{\"AWS\":\"*\"},\"Resource\":\"arn:aws:sns:ap-northeast-1:950876749850:db-incidents\",\"Sid\":\"__default_statement_ID\"}],\"Version\":\"2008-10-17\"}",
            "region": "ap-northeast-1",
            "signature_version": 0,
            "sqs_failure_feedback_role_arn": "",
            "sqs_success_feedback_role_arn": "",
            "sqs_success_feedback_sample_rate": 0,
            "tags": {},
            "tags_all": {},
            "tracing_config": ""
          },
          "sensitive_attributes": [],
          "identity_schema_version": 0,
          "identity": {
            "arn": "arn:aws:sns:ap-northeast-1:950876749850:db-incidents"
          },
          "private": "bnVsbA=="
        }
      ]
    },
    {
      "mode": "managed",
      "type": "aws_sns_topic_subscription",
      "name": "db_incidents",
      "provider": "provider[\"registry.terraform.io/hashicorp/aws\"]",
      "instances": [
        {
          "schema_version": 0,
          "attributes": {
            "arn": "arn:aws:sns:ap-northeast-1:950876749850:db-incidents:3d699867-2a77-4d5c-8f82-2c09fd615bac",
            "confirmation_timeout_in_minutes": 1,
            "confirmation_was_authenticated": false,
            "delivery_policy": "",
            "endpoint": "hotbox.extinct962@passinbox.com",
            "endpoint_auto_confirms": false,
            "filter_policy": "",
            "filter_policy_scope": "",
            "id": "arn:aws:sns:ap-northeast-1:950876749850:db-incidents:3d699867-2a77-4d5c-8f82-2c09fd615bac",
            "owner_id": "950876749850",
            "pending_confirmation": false,
            "protocol": "email",
            "raw_message_delivery": false,
            "redrive_policy": "",
            "region": "ap-northeast-1",
            "replay_policy": "",
            "subscription_role_arn": "",
            "topic_arn": "arn:aws:sns:ap-northeast-1:950876749850:db-incidents"
          },
          "sensitive_attributes": [],
          "identity_schema_version": 0,
          "identity": {
            "arn": "arn:aws:sns:ap-northeast-1:950876749850:db-incidents:3d699867-2a77-4d5c-8f82-2c09fd615bac"
          },
          "private": "bnVsbA==",
          "dependencies": [
            "aws_sns_topic.lab_db_incidents"
          ]
        }
      ]
    },
    {
      "mode": "managed",
      "type": "aws_ssm_parameter",
      "name": "armageddon_db_endpoint",
      "provider": "provider[\"registry.terraform.io/hashicorp/aws\"]",
      "instances": [
        {
          "schema_version": 0,
          "attributes": {
            "allowed_pattern": "",
            "arn": "arn:aws:ssm:ap-northeast-1:950876749850:parameter/lab-db-endpoint",
            "data_type": "text",
            "description": "",
            "has_value_wo": false,
            "id": "lab-db-endpoint",
            "insecure_value": null,
            "key_id": "",
            "name": "lab-db-endpoint",
            "overwrite": null,
            "region": "ap-northeast-1",
            "tags": {
              "Name": "param-db-endpoint"
            },
            "tags_all": {
              "Name": "param-db-endpoint"
            },
            "tier": "Standard",
            "type": "String",
            "value": "lab-mysql.cvg02cgm0zpq.ap-northeast-1.rds.amazonaws.com",
            "value_wo": null,
            "value_wo_version": null,
            "version": 1
          },
          "sensitive_attributes": [
            [
              {
                "type": "get_attr",
                "value": "value"
              }
            ],
            [
              {
                "type": "get_attr",
                "value": "value_wo"
              }
            ]
          ],
          "identity_schema_version": 0,
          "identity": {
            "account_id": "950876749850",
            "name": "lab-db-endpoint",
            "region": "ap-northeast-1"
          },
          "private": "bnVsbA==",
          "dependencies": [
            "aws_db_instance.rds_lab_mysql",
            "aws_db_subnet_group.rds_subnet_group",
            "aws_security_group.rds_lab_sg",
            "aws_subnet.private",
            "aws_vpc.main_vpc",
            "data.aws_availability_zones.available"
          ]
        }
      ]
    },
    {
      "mode": "managed",
      "type": "aws_ssm_parameter",
      "name": "armageddon_db_name",
      "provider": "provider[\"registry.terraform.io/hashicorp/aws\"]",
      "instances": [
        {
          "schema_version": 0,
          "attributes": {
            "allowed_pattern": "",
            "arn": "arn:aws:ssm:ap-northeast-1:950876749850:parameter/lab-db-name",
            "data_type": "text",
            "description": "",
            "has_value_wo": false,
            "id": "lab-db-name",
            "insecure_value": null,
            "key_id": "",
            "name": "lab-db-name",
            "overwrite": null,
            "region": "ap-northeast-1",
            "tags": {
              "Name": "param-db-name"
            },
            "tags_all": {
              "Name": "param-db-name"
            },
            "tier": "Standard",
            "type": "String",
            "value": "labdb",
            "value_wo": null,
            "value_wo_version": null,
            "version": 1
          },
          "sensitive_attributes": [
            [
              {
                "type": "get_attr",
                "value": "value"
              }
            ],
            [
              {
                "type": "get_attr",
                "value": "value_wo"
              }
            ]
          ],
          "identity_schema_version": 0,
          "identity": {
            "account_id": "950876749850",
            "name": "lab-db-name",
            "region": "ap-northeast-1"
          },
          "private": "bnVsbA=="
        }
      ]
    },
    {
      "mode": "managed",
      "type": "aws_ssm_parameter",
      "name": "armageddona_db_port",
      "provider": "provider[\"registry.terraform.io/hashicorp/aws\"]",
      "instances": [
        {
          "schema_version": 0,
          "attributes": {
            "allowed_pattern": "",
            "arn": "arn:aws:ssm:ap-northeast-1:950876749850:parameter/lab-db-port",
            "data_type": "text",
            "description": "",
            "has_value_wo": false,
            "id": "lab-db-port",
            "insecure_value": null,
            "key_id": "",
            "name": "lab-db-port",
            "overwrite": null,
            "region": "ap-northeast-1",
            "tags": {
              "Name": "param-db-port"
            },
            "tags_all": {
              "Name": "param-db-port"
            },
            "tier": "Standard",
            "type": "String",
            "value": "3306",
            "value_wo": null,
            "value_wo_version": null,
            "version": 1
          },
          "sensitive_attributes": [
            [
              {
                "type": "get_attr",
                "value": "value"
              }
            ],
            [
              {
                "type": "get_attr",
                "value": "value_wo"
              }
            ]
          ],
          "identity_schema_version": 0,
          "identity": {
            "account_id": "950876749850",
            "name": "lab-db-port",
            "region": "ap-northeast-1"
          },
          "private": "bnVsbA==",
          "dependencies": [
            "aws_db_instance.rds_lab_mysql",
            "aws_db_subnet_group.rds_subnet_group",
            "aws_security_group.rds_lab_sg",
            "aws_subnet.private",
            "aws_vpc.main_vpc",
            "data.aws_availability_zones.available"
          ]
        }
      ]
    },
    {
      "mode": "managed",
      "type": "aws_subnet",
      "name": "private",
      "provider": "provider[\"registry.terraform.io/hashicorp/aws\"]",
      "instances": [
        {
          "index_key": 0,
          "schema_version": 1,
          "attributes": {
            "arn": "arn:aws:ec2:ap-northeast-1:950876749850:subnet/subnet-049f9a70a0cc913c3",
            "assign_ipv6_address_on_creation": false,
            "availability_zone": "ap-northeast-1a",
            "availability_zone_id": "apne1-az4",
            "cidr_block": "10.30.11.0/24",
            "customer_owned_ipv4_pool": "",
            "enable_dns64": false,
            "enable_lni_at_device_index": 0,
            "enable_resource_name_dns_a_record_on_launch": false,
            "enable_resource_name_dns_aaaa_record_on_launch": false,
            "id": "subnet-049f9a70a0cc913c3",
            "ipv6_cidr_block": "",
            "ipv6_cidr_block_association_id": "",
            "ipv6_native": false,
            "map_customer_owned_ip_on_launch": false,
            "map_public_ip_on_launch": false,
            "outpost_arn": "",
            "owner_id": "950876749850",
            "private_dns_hostname_type_on_launch": "ip-name",
            "region": "ap-northeast-1",
            "tags": {
              "Name": "private-1"
            },
            "tags_all": {
              "Name": "private-1"
            },
            "timeouts": null,
            "vpc_id": "vpc-0749dcd9e4d0b62f2"
          },
          "sensitive_attributes": [],
          "identity_schema_version": 0,
          "identity": {
            "account_id": "950876749850",
            "id": "subnet-049f9a70a0cc913c3",
            "region": "ap-northeast-1"
          },
          "private": "eyJlMmJmYjczMC1lY2FhLTExZTYtOGY4OC0zNDM2M2JjN2M0YzAiOnsiY3JlYXRlIjo2MDAwMDAwMDAwMDAsImRlbGV0ZSI6MTIwMDAwMDAwMDAwMH0sInNjaGVtYV92ZXJzaW9uIjoiMSJ9",
          "dependencies": [
            "aws_vpc.main_vpc",
            "data.aws_availability_zones.available"
          ]
        },
        {
          "index_key": 1,
          "schema_version": 1,
          "attributes": {
            "arn": "arn:aws:ec2:ap-northeast-1:950876749850:subnet/subnet-00f33d24cc6f4c692",
            "assign_ipv6_address_on_creation": false,
            "availability_zone": "ap-northeast-1c",
            "availability_zone_id": "apne1-az1",
            "cidr_block": "10.30.12.0/24",
            "customer_owned_ipv4_pool": "",
            "enable_dns64": false,
            "enable_lni_at_device_index": 0,
            "enable_resource_name_dns_a_record_on_launch": false,
            "enable_resource_name_dns_aaaa_record_on_launch": false,
            "id": "subnet-00f33d24cc6f4c692",
            "ipv6_cidr_block": "",
            "ipv6_cidr_block_association_id": "",
            "ipv6_native": false,
            "map_customer_owned_ip_on_launch": false,
            "map_public_ip_on_launch": false,
            "outpost_arn": "",
            "owner_id": "950876749850",
            "private_dns_hostname_type_on_launch": "ip-name",
            "region": "ap-northeast-1",
            "tags": {
              "Name": "private-2"
            },
            "tags_all": {
              "Name": "private-2"
            },
            "timeouts": null,
            "vpc_id": "vpc-0749dcd9e4d0b62f2"
          },
          "sensitive_attributes": [],
          "identity_schema_version": 0,
          "identity": {
            "account_id": "950876749850",
            "id": "subnet-00f33d24cc6f4c692",
            "region": "ap-northeast-1"
          },
          "private": "eyJlMmJmYjczMC1lY2FhLTExZTYtOGY4OC0zNDM2M2JjN2M0YzAiOnsiY3JlYXRlIjo2MDAwMDAwMDAwMDAsImRlbGV0ZSI6MTIwMDAwMDAwMDAwMH0sInNjaGVtYV92ZXJzaW9uIjoiMSJ9",
          "dependencies": [
            "aws_vpc.main_vpc",
            "data.aws_availability_zones.available"
          ]
        },
        {
          "index_key": 2,
          "schema_version": 1,
          "attributes": {
            "arn": "arn:aws:ec2:ap-northeast-1:950876749850:subnet/subnet-0cb9f5c1c3f49e1df",
            "assign_ipv6_address_on_creation": false,
            "availability_zone": "ap-northeast-1d",
            "availability_zone_id": "apne1-az2",
            "cidr_block": "10.30.13.0/24",
            "customer_owned_ipv4_pool": "",
            "enable_dns64": false,
            "enable_lni_at_device_index": 0,
            "enable_resource_name_dns_a_record_on_launch": false,
            "enable_resource_name_dns_aaaa_record_on_launch": false,
            "id": "subnet-0cb9f5c1c3f49e1df",
            "ipv6_cidr_block": "",
            "ipv6_cidr_block_association_id": "",
            "ipv6_native": false,
            "map_customer_owned_ip_on_launch": false,
            "map_public_ip_on_launch": false,
            "outpost_arn": "",
            "owner_id": "950876749850",
            "private_dns_hostname_type_on_launch": "ip-name",
            "region": "ap-northeast-1",
            "tags": {
              "Name": "private-3"
            },
            "tags_all": {
              "Name": "private-3"
            },
            "timeouts": null,
            "vpc_id": "vpc-0749dcd9e4d0b62f2"
          },
          "sensitive_attributes": [],
          "identity_schema_version": 0,
          "identity": {
            "account_id": "950876749850",
            "id": "subnet-0cb9f5c1c3f49e1df",
            "region": "ap-northeast-1"
          },
          "private": "eyJlMmJmYjczMC1lY2FhLTExZTYtOGY4OC0zNDM2M2JjN2M0YzAiOnsiY3JlYXRlIjo2MDAwMDAwMDAwMDAsImRlbGV0ZSI6MTIwMDAwMDAwMDAwMH0sInNjaGVtYV92ZXJzaW9uIjoiMSJ9",
          "dependencies": [
            "aws_vpc.main_vpc",
            "data.aws_availability_zones.available"
          ]
        }
      ]
    },
    {
      "mode": "managed",
      "type": "aws_subnet",
      "name": "public",
      "provider": "provider[\"registry.terraform.io/hashicorp/aws\"]",
      "instances": [
        {
          "index_key": 0,
          "schema_version": 1,
          "attributes": {
            "arn": "arn:aws:ec2:ap-northeast-1:950876749850:subnet/subnet-0f07690dbd8ecb3e6",
            "assign_ipv6_address_on_creation": false,
            "availability_zone": "ap-northeast-1a",
            "availability_zone_id": "apne1-az4",
            "cidr_block": "10.30.1.0/24",
            "customer_owned_ipv4_pool": "",
            "enable_dns64": false,
            "enable_lni_at_device_index": 0,
            "enable_resource_name_dns_a_record_on_launch": false,
            "enable_resource_name_dns_aaaa_record_on_launch": false,
            "id": "subnet-0f07690dbd8ecb3e6",
            "ipv6_cidr_block": "",
            "ipv6_cidr_block_association_id": "",
            "ipv6_native": false,
            "map_customer_owned_ip_on_launch": false,
            "map_public_ip_on_launch": true,
            "outpost_arn": "",
            "owner_id": "950876749850",
            "private_dns_hostname_type_on_launch": "ip-name",
            "region": "ap-northeast-1",
            "tags": {
              "Name": "public-a"
            },
            "tags_all": {
              "Name": "public-a"
            },
            "timeouts": null,
            "vpc_id": "vpc-0749dcd9e4d0b62f2"
          },
          "sensitive_attributes": [],
          "identity_schema_version": 0,
          "identity": {
            "account_id": "950876749850",
            "id": "subnet-0f07690dbd8ecb3e6",
            "region": "ap-northeast-1"
          },
          "private": "eyJlMmJmYjczMC1lY2FhLTExZTYtOGY4OC0zNDM2M2JjN2M0YzAiOnsiY3JlYXRlIjo2MDAwMDAwMDAwMDAsImRlbGV0ZSI6MTIwMDAwMDAwMDAwMH0sInNjaGVtYV92ZXJzaW9uIjoiMSJ9",
          "dependencies": [
            "aws_vpc.main_vpc",
            "data.aws_availability_zones.available"
          ]
        },
        {
          "index_key": 1,
          "schema_version": 1,
          "attributes": {
            "arn": "arn:aws:ec2:ap-northeast-1:950876749850:subnet/subnet-05d57d9bd2bd6141f",
            "assign_ipv6_address_on_creation": false,
            "availability_zone": "ap-northeast-1c",
            "availability_zone_id": "apne1-az1",
            "cidr_block": "10.30.2.0/24",
            "customer_owned_ipv4_pool": "",
            "enable_dns64": false,
            "enable_lni_at_device_index": 0,
            "enable_resource_name_dns_a_record_on_launch": false,
            "enable_resource_name_dns_aaaa_record_on_launch": false,
            "id": "subnet-05d57d9bd2bd6141f",
            "ipv6_cidr_block": "",
            "ipv6_cidr_block_association_id": "",
            "ipv6_native": false,
            "map_customer_owned_ip_on_launch": false,
            "map_public_ip_on_launch": true,
            "outpost_arn": "",
            "owner_id": "950876749850",
            "private_dns_hostname_type_on_launch": "ip-name",
            "region": "ap-northeast-1",
            "tags": {
              "Name": "public-b"
            },
            "tags_all": {
              "Name": "public-b"
            },
            "timeouts": null,
            "vpc_id": "vpc-0749dcd9e4d0b62f2"
          },
          "sensitive_attributes": [],
          "identity_schema_version": 0,
          "identity": {
            "account_id": "950876749850",
            "id": "subnet-05d57d9bd2bd6141f",
            "region": "ap-northeast-1"
          },
          "private": "eyJlMmJmYjczMC1lY2FhLTExZTYtOGY4OC0zNDM2M2JjN2M0YzAiOnsiY3JlYXRlIjo2MDAwMDAwMDAwMDAsImRlbGV0ZSI6MTIwMDAwMDAwMDAwMH0sInNjaGVtYV92ZXJzaW9uIjoiMSJ9",
          "dependencies": [
            "aws_vpc.main_vpc",
            "data.aws_availability_zones.available"
          ]
        },
        {
          "index_key": 2,
          "schema_version": 1,
          "attributes": {
            "arn": "arn:aws:ec2:ap-northeast-1:950876749850:subnet/subnet-0e235c0fe1d92c38b",
            "assign_ipv6_address_on_creation": false,
            "availability_zone": "ap-northeast-1d",
            "availability_zone_id": "apne1-az2",
            "cidr_block": "10.30.3.0/24",
            "customer_owned_ipv4_pool": "",
            "enable_dns64": false,
            "enable_lni_at_device_index": 0,
            "enable_resource_name_dns_a_record_on_launch": false,
            "enable_resource_name_dns_aaaa_record_on_launch": false,
            "id": "subnet-0e235c0fe1d92c38b",
            "ipv6_cidr_block": "",
            "ipv6_cidr_block_association_id": "",
            "ipv6_native": false,
            "map_customer_owned_ip_on_launch": false,
            "map_public_ip_on_launch": true,
            "outpost_arn": "",
            "owner_id": "950876749850",
            "private_dns_hostname_type_on_launch": "ip-name",
            "region": "ap-northeast-1",
            "tags": {
              "Name": "public-c"
            },
            "tags_all": {
              "Name": "public-c"
            },
            "timeouts": null,
            "vpc_id": "vpc-0749dcd9e4d0b62f2"
          },
          "sensitive_attributes": [],
          "identity_schema_version": 0,
          "identity": {
            "account_id": "950876749850",
            "id": "subnet-0e235c0fe1d92c38b",
            "region": "ap-northeast-1"
          },
          "private": "eyJlMmJmYjczMC1lY2FhLTExZTYtOGY4OC0zNDM2M2JjN2M0YzAiOnsiY3JlYXRlIjo2MDAwMDAwMDAwMDAsImRlbGV0ZSI6MTIwMDAwMDAwMDAwMH0sInNjaGVtYV92ZXJzaW9uIjoiMSJ9",
          "dependencies": [
            "aws_vpc.main_vpc",
            "data.aws_availability_zones.available"
          ]
        }
      ]
    },
    {
      "mode": "managed",
      "type": "aws_subnet",
      "name": "sao_private",
      "provider": "provider[\"registry.terraform.io/hashicorp/aws\"].saopaulo",
      "instances": [
        {
          "index_key": 0,
          "schema_version": 1,
          "attributes": {
            "arn": "arn:aws:ec2:sa-east-1:950876749850:subnet/subnet-07dbf568111e634f5",
            "assign_ipv6_address_on_creation": false,
            "availability_zone": "sa-east-1a",
            "availability_zone_id": "sae1-az1",
            "cidr_block": "10.80.11.0/24",
            "customer_owned_ipv4_pool": "",
            "enable_dns64": false,
            "enable_lni_at_device_index": 0,
            "enable_resource_name_dns_a_record_on_launch": false,
            "enable_resource_name_dns_aaaa_record_on_launch": false,
            "id": "subnet-07dbf568111e634f5",
            "ipv6_cidr_block": "",
            "ipv6_cidr_block_association_id": "",
            "ipv6_native": false,
            "map_customer_owned_ip_on_launch": false,
            "map_public_ip_on_launch": false,
            "outpost_arn": "",
            "owner_id": "950876749850",
            "private_dns_hostname_type_on_launch": "ip-name",
            "region": "sa-east-1",
            "tags": {
              "Name": "sao-private-1"
            },
            "tags_all": {
              "Name": "sao-private-1"
            },
            "timeouts": null,
            "vpc_id": "vpc-09496ac03847d0650"
          },
          "sensitive_attributes": [],
          "identity_schema_version": 0,
          "identity": {
            "account_id": "950876749850",
            "id": "subnet-07dbf568111e634f5",
            "region": "sa-east-1"
          },
          "private": "eyJlMmJmYjczMC1lY2FhLTExZTYtOGY4OC0zNDM2M2JjN2M0YzAiOnsiY3JlYXRlIjo2MDAwMDAwMDAwMDAsImRlbGV0ZSI6MTIwMDAwMDAwMDAwMH0sInNjaGVtYV92ZXJzaW9uIjoiMSJ9",
          "dependencies": [
            "aws_vpc.sao_main_vpc",
            "data.aws_availability_zones.sao_available"
          ]
        },
        {
          "index_key": 1,
          "schema_version": 1,
          "attributes": {
            "arn": "arn:aws:ec2:sa-east-1:950876749850:subnet/subnet-06d5c75c6accf200c",
            "assign_ipv6_address_on_creation": false,
            "availability_zone": "sa-east-1b",
            "availability_zone_id": "sae1-az2",
            "cidr_block": "10.80.12.0/24",
            "customer_owned_ipv4_pool": "",
            "enable_dns64": false,
            "enable_lni_at_device_index": 0,
            "enable_resource_name_dns_a_record_on_launch": false,
            "enable_resource_name_dns_aaaa_record_on_launch": false,
            "id": "subnet-06d5c75c6accf200c",
            "ipv6_cidr_block": "",
            "ipv6_cidr_block_association_id": "",
            "ipv6_native": false,
            "map_customer_owned_ip_on_launch": false,
            "map_public_ip_on_launch": false,
            "outpost_arn": "",
            "owner_id": "950876749850",
            "private_dns_hostname_type_on_launch": "ip-name",
            "region": "sa-east-1",
            "tags": {
              "Name": "sao-private-2"
            },
            "tags_all": {
              "Name": "sao-private-2"
            },
            "timeouts": null,
            "vpc_id": "vpc-09496ac03847d0650"
          },
          "sensitive_attributes": [],
          "identity_schema_version": 0,
          "identity": {
            "account_id": "950876749850",
            "id": "subnet-06d5c75c6accf200c",
            "region": "sa-east-1"
          },
          "private": "eyJlMmJmYjczMC1lY2FhLTExZTYtOGY4OC0zNDM2M2JjN2M0YzAiOnsiY3JlYXRlIjo2MDAwMDAwMDAwMDAsImRlbGV0ZSI6MTIwMDAwMDAwMDAwMH0sInNjaGVtYV92ZXJzaW9uIjoiMSJ9",
          "dependencies": [
            "aws_vpc.sao_main_vpc",
            "data.aws_availability_zones.sao_available"
          ]
        },
        {
          "index_key": 2,
          "schema_version": 1,
          "attributes": {
            "arn": "arn:aws:ec2:sa-east-1:950876749850:subnet/subnet-0873ecf862bb2eb5b",
            "assign_ipv6_address_on_creation": false,
            "availability_zone": "sa-east-1c",
            "availability_zone_id": "sae1-az3",
            "cidr_block": "10.80.13.0/24",
            "customer_owned_ipv4_pool": "",
            "enable_dns64": false,
            "enable_lni_at_device_index": 0,
            "enable_resource_name_dns_a_record_on_launch": false,
            "enable_resource_name_dns_aaaa_record_on_launch": false,
            "id": "subnet-0873ecf862bb2eb5b",
            "ipv6_cidr_block": "",
            "ipv6_cidr_block_association_id": "",
            "ipv6_native": false,
            "map_customer_owned_ip_on_launch": false,
            "map_public_ip_on_launch": false,
            "outpost_arn": "",
            "owner_id": "950876749850",
            "private_dns_hostname_type_on_launch": "ip-name",
            "region": "sa-east-1",
            "tags": {
              "Name": "sao-private-3"
            },
            "tags_all": {
              "Name": "sao-private-3"
            },
            "timeouts": null,
            "vpc_id": "vpc-09496ac03847d0650"
          },
          "sensitive_attributes": [],
          "identity_schema_version": 0,
          "identity": {
            "account_id": "950876749850",
            "id": "subnet-0873ecf862bb2eb5b",
            "region": "sa-east-1"
          },
          "private": "eyJlMmJmYjczMC1lY2FhLTExZTYtOGY4OC0zNDM2M2JjN2M0YzAiOnsiY3JlYXRlIjo2MDAwMDAwMDAwMDAsImRlbGV0ZSI6MTIwMDAwMDAwMDAwMH0sInNjaGVtYV92ZXJzaW9uIjoiMSJ9",
          "dependencies": [
            "aws_vpc.sao_main_vpc",
            "data.aws_availability_zones.sao_available"
          ]
        }
      ]
    },
    {
      "mode": "managed",
      "type": "aws_subnet",
      "name": "sao_public",
      "provider": "provider[\"registry.terraform.io/hashicorp/aws\"].saopaulo",
      "instances": [
        {
          "index_key": 0,
          "schema_version": 1,
          "attributes": {
            "arn": "arn:aws:ec2:sa-east-1:950876749850:subnet/subnet-08fea6611c110d68b",
            "assign_ipv6_address_on_creation": false,
            "availability_zone": "sa-east-1a",
            "availability_zone_id": "sae1-az1",
            "cidr_block": "10.80.1.0/24",
            "customer_owned_ipv4_pool": "",
            "enable_dns64": false,
            "enable_lni_at_device_index": 0,
            "enable_resource_name_dns_a_record_on_launch": false,
            "enable_resource_name_dns_aaaa_record_on_launch": false,
            "id": "subnet-08fea6611c110d68b",
            "ipv6_cidr_block": "",
            "ipv6_cidr_block_association_id": "",
            "ipv6_native": false,
            "map_customer_owned_ip_on_launch": false,
            "map_public_ip_on_launch": true,
            "outpost_arn": "",
            "owner_id": "950876749850",
            "private_dns_hostname_type_on_launch": "ip-name",
            "region": "sa-east-1",
            "tags": {
              "Name": "sao-public-1"
            },
            "tags_all": {
              "Name": "sao-public-1"
            },
            "timeouts": null,
            "vpc_id": "vpc-09496ac03847d0650"
          },
          "sensitive_attributes": [],
          "identity_schema_version": 0,
          "identity": {
            "account_id": "950876749850",
            "id": "subnet-08fea6611c110d68b",
            "region": "sa-east-1"
          },
          "private": "eyJlMmJmYjczMC1lY2FhLTExZTYtOGY4OC0zNDM2M2JjN2M0YzAiOnsiY3JlYXRlIjo2MDAwMDAwMDAwMDAsImRlbGV0ZSI6MTIwMDAwMDAwMDAwMH0sInNjaGVtYV92ZXJzaW9uIjoiMSJ9",
          "dependencies": [
            "aws_vpc.sao_main_vpc",
            "data.aws_availability_zones.sao_available"
          ]
        },
        {
          "index_key": 1,
          "schema_version": 1,
          "attributes": {
            "arn": "arn:aws:ec2:sa-east-1:950876749850:subnet/subnet-02ac27edfcb694c34",
            "assign_ipv6_address_on_creation": false,
            "availability_zone": "sa-east-1b",
            "availability_zone_id": "sae1-az2",
            "cidr_block": "10.80.2.0/24",
            "customer_owned_ipv4_pool": "",
            "enable_dns64": false,
            "enable_lni_at_device_index": 0,
            "enable_resource_name_dns_a_record_on_launch": false,
            "enable_resource_name_dns_aaaa_record_on_launch": false,
            "id": "subnet-02ac27edfcb694c34",
            "ipv6_cidr_block": "",
            "ipv6_cidr_block_association_id": "",
            "ipv6_native": false,
            "map_customer_owned_ip_on_launch": false,
            "map_public_ip_on_launch": true,
            "outpost_arn": "",
            "owner_id": "950876749850",
            "private_dns_hostname_type_on_launch": "ip-name",
            "region": "sa-east-1",
            "tags": {
              "Name": "sao-public-2"
            },
            "tags_all": {
              "Name": "sao-public-2"
            },
            "timeouts": null,
            "vpc_id": "vpc-09496ac03847d0650"
          },
          "sensitive_attributes": [],
          "identity_schema_version": 0,
          "identity": {
            "account_id": "950876749850",
            "id": "subnet-02ac27edfcb694c34",
            "region": "sa-east-1"
          },
          "private": "eyJlMmJmYjczMC1lY2FhLTExZTYtOGY4OC0zNDM2M2JjN2M0YzAiOnsiY3JlYXRlIjo2MDAwMDAwMDAwMDAsImRlbGV0ZSI6MTIwMDAwMDAwMDAwMH0sInNjaGVtYV92ZXJzaW9uIjoiMSJ9",
          "dependencies": [
            "aws_vpc.sao_main_vpc",
            "data.aws_availability_zones.sao_available"
          ]
        },
        {
          "index_key": 2,
          "schema_version": 1,
          "attributes": {
            "arn": "arn:aws:ec2:sa-east-1:950876749850:subnet/subnet-0a5fce957bdc13efe",
            "assign_ipv6_address_on_creation": false,
            "availability_zone": "sa-east-1c",
            "availability_zone_id": "sae1-az3",
            "cidr_block": "10.80.3.0/24",
            "customer_owned_ipv4_pool": "",
            "enable_dns64": false,
            "enable_lni_at_device_index": 0,
            "enable_resource_name_dns_a_record_on_launch": false,
            "enable_resource_name_dns_aaaa_record_on_launch": false,
            "id": "subnet-0a5fce957bdc13efe",
            "ipv6_cidr_block": "",
            "ipv6_cidr_block_association_id": "",
            "ipv6_native": false,
            "map_customer_owned_ip_on_launch": false,
            "map_public_ip_on_launch": true,
            "outpost_arn": "",
            "owner_id": "950876749850",
            "private_dns_hostname_type_on_launch": "ip-name",
            "region": "sa-east-1",
            "tags": {
              "Name": "sao-public-3"
            },
            "tags_all": {
              "Name": "sao-public-3"
            },
            "timeouts": null,
            "vpc_id": "vpc-09496ac03847d0650"
          },
          "sensitive_attributes": [],
          "identity_schema_version": 0,
          "identity": {
            "account_id": "950876749850",
            "id": "subnet-0a5fce957bdc13efe",
            "region": "sa-east-1"
          },
          "private": "eyJlMmJmYjczMC1lY2FhLTExZTYtOGY4OC0zNDM2M2JjN2M0YzAiOnsiY3JlYXRlIjo2MDAwMDAwMDAwMDAsImRlbGV0ZSI6MTIwMDAwMDAwMDAwMH0sInNjaGVtYV92ZXJzaW9uIjoiMSJ9",
          "dependencies": [
            "aws_vpc.sao_main_vpc",
            "data.aws_availability_zones.sao_available"
          ]
        }
      ]
    },
    {
      "mode": "managed",
      "type": "aws_vpc",
      "name": "main_vpc",
      "provider": "provider[\"registry.terraform.io/hashicorp/aws\"]",
      "instances": [
        {
          "schema_version": 1,
          "attributes": {
            "arn": "arn:aws:ec2:ap-northeast-1:950876749850:vpc/vpc-0749dcd9e4d0b62f2",
            "assign_generated_ipv6_cidr_block": false,
            "cidr_block": "10.30.0.0/16",
            "default_network_acl_id": "acl-0456869215c2509c8",
            "default_route_table_id": "rtb-07078e019d71e026f",
            "default_security_group_id": "sg-03c329f3d96a2073f",
            "dhcp_options_id": "dopt-06adab3cbf072301f",
            "enable_dns_hostnames": true,
            "enable_dns_support": true,
            "enable_network_address_usage_metrics": false,
            "id": "vpc-0749dcd9e4d0b62f2",
            "instance_tenancy": "default",
            "ipv4_ipam_pool_id": null,
            "ipv4_netmask_length": null,
            "ipv6_association_id": "",
            "ipv6_cidr_block": "",
            "ipv6_cidr_block_network_border_group": "",
            "ipv6_ipam_pool_id": "",
            "ipv6_netmask_length": 0,
            "main_route_table_id": "rtb-07078e019d71e026f",
            "owner_id": "950876749850",
            "region": "ap-northeast-1",
            "tags": {
              "Name": "main-vpc"
            },
            "tags_all": {
              "Name": "main-vpc"
            }
          },
          "sensitive_attributes": [],
          "identity_schema_version": 0,
          "identity": {
            "account_id": "950876749850",
            "id": "vpc-0749dcd9e4d0b62f2",
            "region": "ap-northeast-1"
          },
          "private": "eyJzY2hlbWFfdmVyc2lvbiI6IjEifQ=="
        }
      ]
    },
    {
      "mode": "managed",
      "type": "aws_vpc",
      "name": "sao_main_vpc",
      "provider": "provider[\"registry.terraform.io/hashicorp/aws\"].saopaulo",
      "instances": [
        {
          "schema_version": 1,
          "attributes": {
            "arn": "arn:aws:ec2:sa-east-1:950876749850:vpc/vpc-09496ac03847d0650",
            "assign_generated_ipv6_cidr_block": false,
            "cidr_block": "10.80.0.0/16",
            "default_network_acl_id": "acl-088f3bf9bf8e39964",
            "default_route_table_id": "rtb-0ebcf8d57fbf428f2",
            "default_security_group_id": "sg-010631e3b23ec7a4a",
            "dhcp_options_id": "dopt-0d6c46154e4ddc8fa",
            "enable_dns_hostnames": true,
            "enable_dns_support": true,
            "enable_network_address_usage_metrics": false,
            "id": "vpc-09496ac03847d0650",
            "instance_tenancy": "default",
            "ipv4_ipam_pool_id": null,
            "ipv4_netmask_length": null,
            "ipv6_association_id": "",
            "ipv6_cidr_block": "",
            "ipv6_cidr_block_network_border_group": "",
            "ipv6_ipam_pool_id": "",
            "ipv6_netmask_length": 0,
            "main_route_table_id": "rtb-0ebcf8d57fbf428f2",
            "owner_id": "950876749850",
            "region": "sa-east-1",
            "tags": {
              "Name": "sao-main-vpc"
            },
            "tags_all": {
              "Name": "sao-main-vpc"
            }
          },
          "sensitive_attributes": [],
          "identity_schema_version": 0,
          "identity": {
            "account_id": "950876749850",
            "id": "vpc-09496ac03847d0650",
            "region": "sa-east-1"
          },
          "private": "eyJzY2hlbWFfdmVyc2lvbiI6IjEifQ=="
        }
      ]
    },
    {
      "mode": "managed",
      "type": "aws_vpc_endpoint",
      "name": "ec2pri_ec2messages",
      "provider": "provider[\"registry.terraform.io/hashicorp/aws\"]",
      "instances": [
        {
          "schema_version": 0,
          "attributes": {
            "arn": "arn:aws:ec2:ap-northeast-1:950876749850:vpc-endpoint/vpce-0aeb390412efeb007",
            "auto_accept": null,
            "cidr_blocks": [],
            "dns_entry": [
              {
                "dns_name": "vpce-0aeb390412efeb007-9zjmx98j.ec2messages.ap-northeast-1.vpce.amazonaws.com",
                "hosted_zone_id": "Z2E726K9Y6RL4W"
              },
              {
                "dns_name": "vpce-0aeb390412efeb007-9zjmx98j-ap-northeast-1d.ec2messages.ap-northeast-1.vpce.amazonaws.com",
                "hosted_zone_id": "Z2E726K9Y6RL4W"
              },
              {
                "dns_name": "vpce-0aeb390412efeb007-9zjmx98j-ap-northeast-1c.ec2messages.ap-northeast-1.vpce.amazonaws.com",
                "hosted_zone_id": "Z2E726K9Y6RL4W"
              },
              {
                "dns_name": "vpce-0aeb390412efeb007-9zjmx98j-ap-northeast-1a.ec2messages.ap-northeast-1.vpce.amazonaws.com",
                "hosted_zone_id": "Z2E726K9Y6RL4W"
              },
              {
                "dns_name": "ec2messages.ap-northeast-1.amazonaws.com",
                "hosted_zone_id": "Z04806583A890T91MIUJJ"
              }
            ],
            "dns_options": [
              {
                "dns_record_ip_type": "ipv4",
                "private_dns_only_for_inbound_resolver_endpoint": false,
                "private_dns_preference": "",
                "private_dns_specified_domains": []
              }
            ],
            "id": "vpce-0aeb390412efeb007",
            "ip_address_type": "ipv4",
            "network_interface_ids": [
              "eni-03dd1dacae95fec77",
              "eni-089d830b38928579d",
              "eni-0ff86ff6fdd853caf"
            ],
            "owner_id": "950876749850",
            "policy": "{\"Statement\":[{\"Action\":\"*\",\"Effect\":\"Allow\",\"Principal\":\"*\",\"Resource\":\"*\"}]}",
            "prefix_list_id": null,
            "private_dns_enabled": true,
            "region": "ap-northeast-1",
            "requester_managed": false,
            "resource_configuration_arn": "",
            "route_table_ids": [],
            "security_group_ids": [
              "sg-0ca3138feb614a8a1"
            ],
            "service_name": "com.amazonaws.ap-northeast-1.ec2messages",
            "service_network_arn": "",
            "service_region": "ap-northeast-1",
            "state": "available",
            "subnet_configuration": [
              {
                "ipv4": "10.30.11.201",
                "ipv6": "",
                "subnet_id": "subnet-049f9a70a0cc913c3"
              },
              {
                "ipv4": "10.30.12.186",
                "ipv6": "",
                "subnet_id": "subnet-00f33d24cc6f4c692"
              },
              {
                "ipv4": "10.30.13.204",
                "ipv6": "",
                "subnet_id": "subnet-0cb9f5c1c3f49e1df"
              }
            ],
            "subnet_ids": [
              "subnet-00f33d24cc6f4c692",
              "subnet-049f9a70a0cc913c3",
              "subnet-0cb9f5c1c3f49e1df"
            ],
            "tags": {
              "Name": "ec2pri-ec2messages"
            },
            "tags_all": {
              "Name": "ec2pri-ec2messages"
            },
            "timeouts": null,
            "vpc_endpoint_type": "Interface",
            "vpc_id": "vpc-0749dcd9e4d0b62f2"
          },
          "sensitive_attributes": [],
          "identity_schema_version": 0,
          "identity": {
            "account_id": "950876749850",
            "id": "vpce-0aeb390412efeb007",
            "region": "ap-northeast-1"
          },
          "private": "eyJlMmJmYjczMC1lY2FhLTExZTYtOGY4OC0zNDM2M2JjN2M0YzAiOnsiY3JlYXRlIjo2MDAwMDAwMDAwMDAsImRlbGV0ZSI6NjAwMDAwMDAwMDAwLCJ1cGRhdGUiOjYwMDAwMDAwMDAwMH19",
          "dependencies": [
            "aws_security_group.vpc_endpoints_sg",
            "aws_subnet.private",
            "aws_vpc.main_vpc",
            "data.aws_availability_zones.available",
            "data.aws_region.current_region"
          ]
        }
      ]
    },
    {
      "mode": "managed",
      "type": "aws_vpc_endpoint",
      "name": "ec2pri_kms",
      "provider": "provider[\"registry.terraform.io/hashicorp/aws\"]",
      "instances": [
        {
          "schema_version": 0,
          "attributes": {
            "arn": "arn:aws:ec2:ap-northeast-1:950876749850:vpc-endpoint/vpce-0ec605122d849cb54",
            "auto_accept": null,
            "cidr_blocks": [],
            "dns_entry": [
              {
                "dns_name": "vpce-0ec605122d849cb54-z82uakys.kms.ap-northeast-1.vpce.amazonaws.com",
                "hosted_zone_id": "Z2E726K9Y6RL4W"
              },
              {
                "dns_name": "vpce-0ec605122d849cb54-z82uakys-ap-northeast-1d.kms.ap-northeast-1.vpce.amazonaws.com",
                "hosted_zone_id": "Z2E726K9Y6RL4W"
              },
              {
                "dns_name": "vpce-0ec605122d849cb54-z82uakys-ap-northeast-1a.kms.ap-northeast-1.vpce.amazonaws.com",
                "hosted_zone_id": "Z2E726K9Y6RL4W"
              },
              {
                "dns_name": "vpce-0ec605122d849cb54-z82uakys-ap-northeast-1c.kms.ap-northeast-1.vpce.amazonaws.com",
                "hosted_zone_id": "Z2E726K9Y6RL4W"
              },
              {
                "dns_name": "kms.ap-northeast-1.amazonaws.com",
                "hosted_zone_id": "Z04809613QOWHUKEEAE4G"
              },
              {
                "dns_name": "kms.ap-northeast-1.api.aws",
                "hosted_zone_id": "Z06571851227KI2ZSPEI7"
              }
            ],
            "dns_options": [
              {
                "dns_record_ip_type": "ipv4",
                "private_dns_only_for_inbound_resolver_endpoint": false,
                "private_dns_preference": "",
                "private_dns_specified_domains": []
              }
            ],
            "id": "vpce-0ec605122d849cb54",
            "ip_address_type": "ipv4",
            "network_interface_ids": [
              "eni-085a3b29c91cb6594",
              "eni-0925c6f76dd50028e",
              "eni-09e054d35a79867b9"
            ],
            "owner_id": "950876749850",
            "policy": "{\"Statement\":[{\"Action\":\"*\",\"Effect\":\"Allow\",\"Principal\":\"*\",\"Resource\":\"*\"}]}",
            "prefix_list_id": null,
            "private_dns_enabled": true,
            "region": "ap-northeast-1",
            "requester_managed": false,
            "resource_configuration_arn": "",
            "route_table_ids": [],
            "security_group_ids": [
              "sg-0ca3138feb614a8a1"
            ],
            "service_name": "com.amazonaws.ap-northeast-1.kms",
            "service_network_arn": "",
            "service_region": "ap-northeast-1",
            "state": "available",
            "subnet_configuration": [
              {
                "ipv4": "10.30.11.129",
                "ipv6": "",
                "subnet_id": "subnet-049f9a70a0cc913c3"
              },
              {
                "ipv4": "10.30.12.114",
                "ipv6": "",
                "subnet_id": "subnet-00f33d24cc6f4c692"
              },
              {
                "ipv4": "10.30.13.171",
                "ipv6": "",
                "subnet_id": "subnet-0cb9f5c1c3f49e1df"
              }
            ],
            "subnet_ids": [
              "subnet-00f33d24cc6f4c692",
              "subnet-049f9a70a0cc913c3",
              "subnet-0cb9f5c1c3f49e1df"
            ],
            "tags": {
              "Name": "ec2pri-kms"
            },
            "tags_all": {
              "Name": "ec2pri-kms"
            },
            "timeouts": null,
            "vpc_endpoint_type": "Interface",
            "vpc_id": "vpc-0749dcd9e4d0b62f2"
          },
          "sensitive_attributes": [],
          "identity_schema_version": 0,
          "identity": {
            "account_id": "950876749850",
            "id": "vpce-0ec605122d849cb54",
            "region": "ap-northeast-1"
          },
          "private": "eyJlMmJmYjczMC1lY2FhLTExZTYtOGY4OC0zNDM2M2JjN2M0YzAiOnsiY3JlYXRlIjo2MDAwMDAwMDAwMDAsImRlbGV0ZSI6NjAwMDAwMDAwMDAwLCJ1cGRhdGUiOjYwMDAwMDAwMDAwMH19",
          "dependencies": [
            "aws_security_group.vpc_endpoints_sg",
            "aws_subnet.private",
            "aws_vpc.main_vpc",
            "data.aws_availability_zones.available",
            "data.aws_region.current_region"
          ]
        }
      ]
    },
    {
      "mode": "managed",
      "type": "aws_vpc_endpoint",
      "name": "ec2pri_logs",
      "provider": "provider[\"registry.terraform.io/hashicorp/aws\"]",
      "instances": [
        {
          "schema_version": 0,
          "attributes": {
            "arn": "arn:aws:ec2:ap-northeast-1:950876749850:vpc-endpoint/vpce-0f9aa8f5c57b03551",
            "auto_accept": null,
            "cidr_blocks": [],
            "dns_entry": [
              {
                "dns_name": "vpce-0f9aa8f5c57b03551-i7bzj940.logs.ap-northeast-1.vpce.amazonaws.com",
                "hosted_zone_id": "Z2E726K9Y6RL4W"
              },
              {
                "dns_name": "vpce-0f9aa8f5c57b03551-i7bzj940-ap-northeast-1c.logs.ap-northeast-1.vpce.amazonaws.com",
                "hosted_zone_id": "Z2E726K9Y6RL4W"
              },
              {
                "dns_name": "vpce-0f9aa8f5c57b03551-i7bzj940-ap-northeast-1d.logs.ap-northeast-1.vpce.amazonaws.com",
                "hosted_zone_id": "Z2E726K9Y6RL4W"
              },
              {
                "dns_name": "vpce-0f9aa8f5c57b03551-i7bzj940-ap-northeast-1a.logs.ap-northeast-1.vpce.amazonaws.com",
                "hosted_zone_id": "Z2E726K9Y6RL4W"
              },
              {
                "dns_name": "logs.ap-northeast-1.amazonaws.com",
                "hosted_zone_id": "Z066180018WYM4R2SQQEI"
              },
              {
                "dns_name": "logs.ap-northeast-1.api.aws",
                "hosted_zone_id": "Z0686129SMD5478UI7X3"
              },
              {
                "dns_name": "streaming-logs.ap-northeast-1.amazonaws.com",
                "hosted_zone_id": "Z068608437OMHE7G23IHU"
              },
              {
                "dns_name": "streaming-logs.ap-northeast-1.api.aws",
                "hosted_zone_id": "Z0656931HHZ2AVGIPHR6"
              }
            ],
            "dns_options": [
              {
                "dns_record_ip_type": "ipv4",
                "private_dns_only_for_inbound_resolver_endpoint": false,
                "private_dns_preference": "",
                "private_dns_specified_domains": []
              }
            ],
            "id": "vpce-0f9aa8f5c57b03551",
            "ip_address_type": "ipv4",
            "network_interface_ids": [
              "eni-05c2ff4da6b30b901",
              "eni-0728d759fca05bd39",
              "eni-0cf2afd781cdff69b"
            ],
            "owner_id": "950876749850",
            "policy": "{\"Statement\":[{\"Action\":\"*\",\"Effect\":\"Allow\",\"Principal\":\"*\",\"Resource\":\"*\"}]}",
            "prefix_list_id": null,
            "private_dns_enabled": true,
            "region": "ap-northeast-1",
            "requester_managed": false,
            "resource_configuration_arn": "",
            "route_table_ids": [],
            "security_group_ids": [
              "sg-0ca3138feb614a8a1"
            ],
            "service_name": "com.amazonaws.ap-northeast-1.logs",
            "service_network_arn": "",
            "service_region": "ap-northeast-1",
            "state": "available",
            "subnet_configuration": [
              {
                "ipv4": "10.30.11.78",
                "ipv6": "",
                "subnet_id": "subnet-049f9a70a0cc913c3"
              },
              {
                "ipv4": "10.30.12.83",
                "ipv6": "",
                "subnet_id": "subnet-00f33d24cc6f4c692"
              },
              {
                "ipv4": "10.30.13.70",
                "ipv6": "",
                "subnet_id": "subnet-0cb9f5c1c3f49e1df"
              }
            ],
            "subnet_ids": [
              "subnet-00f33d24cc6f4c692",
              "subnet-049f9a70a0cc913c3",
              "subnet-0cb9f5c1c3f49e1df"
            ],
            "tags": {
              "Name": "ec2pri-logs"
            },
            "tags_all": {
              "Name": "ec2pri-logs"
            },
            "timeouts": null,
            "vpc_endpoint_type": "Interface",
            "vpc_id": "vpc-0749dcd9e4d0b62f2"
          },
          "sensitive_attributes": [],
          "identity_schema_version": 0,
          "identity": {
            "account_id": "950876749850",
            "id": "vpce-0f9aa8f5c57b03551",
            "region": "ap-northeast-1"
          },
          "private": "eyJlMmJmYjczMC1lY2FhLTExZTYtOGY4OC0zNDM2M2JjN2M0YzAiOnsiY3JlYXRlIjo2MDAwMDAwMDAwMDAsImRlbGV0ZSI6NjAwMDAwMDAwMDAwLCJ1cGRhdGUiOjYwMDAwMDAwMDAwMH19",
          "dependencies": [
            "aws_security_group.vpc_endpoints_sg",
            "aws_subnet.private",
            "aws_vpc.main_vpc",
            "data.aws_availability_zones.available",
            "data.aws_region.current_region"
          ]
        }
      ]
    },
    {
      "mode": "managed",
      "type": "aws_vpc_endpoint",
      "name": "ec2pri_s3_gw",
      "provider": "provider[\"registry.terraform.io/hashicorp/aws\"]",
      "instances": [
        {
          "schema_version": 0,
          "attributes": {
            "arn": "arn:aws:ec2:ap-northeast-1:950876749850:vpc-endpoint/vpce-084d727ebe5d6fa5f",
            "auto_accept": null,
            "cidr_blocks": [
              "3.5.152.0/21",
              "52.219.162.0/23",
              "52.219.0.0/20",
              "52.219.16.0/22",
              "52.219.196.0/22",
              "52.219.172.0/22",
              "52.219.20.0/23",
              "52.219.195.0/24",
              "52.219.200.0/23",
              "52.219.150.0/23",
              "52.219.152.0/22",
              "52.219.136.0/22",
              "52.219.68.0/22"
            ],
            "dns_entry": [],
            "dns_options": [
              {
                "dns_record_ip_type": "service-defined",
                "private_dns_only_for_inbound_resolver_endpoint": false,
                "private_dns_preference": "",
                "private_dns_specified_domains": []
              }
            ],
            "id": "vpce-084d727ebe5d6fa5f",
            "ip_address_type": "ipv4",
            "network_interface_ids": [],
            "owner_id": "950876749850",
            "policy": "{\"Statement\":[{\"Action\":\"*\",\"Effect\":\"Allow\",\"Principal\":\"*\",\"Resource\":\"*\"}],\"Version\":\"2008-10-17\"}",
            "prefix_list_id": "pl-61a54008",
            "private_dns_enabled": false,
            "region": "ap-northeast-1",
            "requester_managed": false,
            "resource_configuration_arn": "",
            "route_table_ids": [
              "rtb-04210d35e3a513e4f"
            ],
            "security_group_ids": [],
            "service_name": "com.amazonaws.ap-northeast-1.s3",
            "service_network_arn": "",
            "service_region": "ap-northeast-1",
            "state": "available",
            "subnet_configuration": [],
            "subnet_ids": [],
            "tags": {
              "Name": "ec2pri-s3-gw"
            },
            "tags_all": {
              "Name": "ec2pri-s3-gw"
            },
            "timeouts": null,
            "vpc_endpoint_type": "Gateway",
            "vpc_id": "vpc-0749dcd9e4d0b62f2"
          },
          "sensitive_attributes": [],
          "identity_schema_version": 0,
          "identity": {
            "account_id": "950876749850",
            "id": "vpce-084d727ebe5d6fa5f",
            "region": "ap-northeast-1"
          },
          "private": "eyJlMmJmYjczMC1lY2FhLTExZTYtOGY4OC0zNDM2M2JjN2M0YzAiOnsiY3JlYXRlIjo2MDAwMDAwMDAwMDAsImRlbGV0ZSI6NjAwMDAwMDAwMDAwLCJ1cGRhdGUiOjYwMDAwMDAwMDAwMH19",
          "dependencies": [
            "aws_eip.main_nat_eip",
            "aws_internet_gateway.main_igw",
            "aws_nat_gateway.main_nat",
            "aws_route_table.private_route",
            "aws_subnet.public",
            "aws_vpc.main_vpc",
            "data.aws_availability_zones.available",
            "data.aws_region.current_region"
          ]
        }
      ]
    },
    {
      "mode": "managed",
      "type": "aws_vpc_endpoint",
      "name": "ec2pri_secrets",
      "provider": "provider[\"registry.terraform.io/hashicorp/aws\"]",
      "instances": [
        {
          "schema_version": 0,
          "attributes": {
            "arn": "arn:aws:ec2:ap-northeast-1:950876749850:vpc-endpoint/vpce-0a7ea6b340d424935",
            "auto_accept": null,
            "cidr_blocks": [],
            "dns_entry": [
              {
                "dns_name": "vpce-0a7ea6b340d424935-01cotqmr.secretsmanager.ap-northeast-1.vpce.amazonaws.com",
                "hosted_zone_id": "Z2E726K9Y6RL4W"
              },
              {
                "dns_name": "vpce-0a7ea6b340d424935-01cotqmr-ap-northeast-1a.secretsmanager.ap-northeast-1.vpce.amazonaws.com",
                "hosted_zone_id": "Z2E726K9Y6RL4W"
              },
              {
                "dns_name": "vpce-0a7ea6b340d424935-01cotqmr-ap-northeast-1c.secretsmanager.ap-northeast-1.vpce.amazonaws.com",
                "hosted_zone_id": "Z2E726K9Y6RL4W"
              },
              {
                "dns_name": "vpce-0a7ea6b340d424935-01cotqmr-ap-northeast-1d.secretsmanager.ap-northeast-1.vpce.amazonaws.com",
                "hosted_zone_id": "Z2E726K9Y6RL4W"
              },
              {
                "dns_name": "secretsmanager.ap-northeast-1.amazonaws.com",
                "hosted_zone_id": "Z06558142QG5V7J6ON0L6"
              }
            ],
            "dns_options": [
              {
                "dns_record_ip_type": "ipv4",
                "private_dns_only_for_inbound_resolver_endpoint": false,
                "private_dns_preference": "",
                "private_dns_specified_domains": []
              }
            ],
            "id": "vpce-0a7ea6b340d424935",
            "ip_address_type": "ipv4",
            "network_interface_ids": [
              "eni-018e3dcf5f92b02e9",
              "eni-053a9a82eba217878",
              "eni-06fcaade0e23a60cc"
            ],
            "owner_id": "950876749850",
            "policy": "{\"Statement\":[{\"Action\":\"*\",\"Effect\":\"Allow\",\"Principal\":\"*\",\"Resource\":\"*\"}]}",
            "prefix_list_id": null,
            "private_dns_enabled": true,
            "region": "ap-northeast-1",
            "requester_managed": false,
            "resource_configuration_arn": "",
            "route_table_ids": [],
            "security_group_ids": [
              "sg-0ca3138feb614a8a1"
            ],
            "service_name": "com.amazonaws.ap-northeast-1.secretsmanager",
            "service_network_arn": "",
            "service_region": "ap-northeast-1",
            "state": "available",
            "subnet_configuration": [
              {
                "ipv4": "10.30.11.229",
                "ipv6": "",
                "subnet_id": "subnet-049f9a70a0cc913c3"
              },
              {
                "ipv4": "10.30.12.211",
                "ipv6": "",
                "subnet_id": "subnet-00f33d24cc6f4c692"
              },
              {
                "ipv4": "10.30.13.58",
                "ipv6": "",
                "subnet_id": "subnet-0cb9f5c1c3f49e1df"
              }
            ],
            "subnet_ids": [
              "subnet-00f33d24cc6f4c692",
              "subnet-049f9a70a0cc913c3",
              "subnet-0cb9f5c1c3f49e1df"
            ],
            "tags": {
              "Name": "ec2pri-secrets"
            },
            "tags_all": {
              "Name": "ec2pri-secrets"
            },
            "timeouts": null,
            "vpc_endpoint_type": "Interface",
            "vpc_id": "vpc-0749dcd9e4d0b62f2"
          },
          "sensitive_attributes": [],
          "identity_schema_version": 0,
          "identity": {
            "account_id": "950876749850",
            "id": "vpce-0a7ea6b340d424935",
            "region": "ap-northeast-1"
          },
          "private": "eyJlMmJmYjczMC1lY2FhLTExZTYtOGY4OC0zNDM2M2JjN2M0YzAiOnsiY3JlYXRlIjo2MDAwMDAwMDAwMDAsImRlbGV0ZSI6NjAwMDAwMDAwMDAwLCJ1cGRhdGUiOjYwMDAwMDAwMDAwMH19",
          "dependencies": [
            "aws_security_group.vpc_endpoints_sg",
            "aws_subnet.private",
            "aws_vpc.main_vpc",
            "data.aws_availability_zones.available",
            "data.aws_region.current_region"
          ]
        }
      ]
    },
    {
      "mode": "managed",
      "type": "aws_vpc_endpoint",
      "name": "ec2pri_ssm",
      "provider": "provider[\"registry.terraform.io/hashicorp/aws\"]",
      "instances": [
        {
          "schema_version": 0,
          "attributes": {
            "arn": "arn:aws:ec2:ap-northeast-1:950876749850:vpc-endpoint/vpce-015d4aa21a68fb0da",
            "auto_accept": null,
            "cidr_blocks": [],
            "dns_entry": [
              {
                "dns_name": "vpce-015d4aa21a68fb0da-ecr9edcu.ssm.ap-northeast-1.vpce.amazonaws.com",
                "hosted_zone_id": "Z2E726K9Y6RL4W"
              },
              {
                "dns_name": "vpce-015d4aa21a68fb0da-ecr9edcu-ap-northeast-1a.ssm.ap-northeast-1.vpce.amazonaws.com",
                "hosted_zone_id": "Z2E726K9Y6RL4W"
              },
              {
                "dns_name": "vpce-015d4aa21a68fb0da-ecr9edcu-ap-northeast-1d.ssm.ap-northeast-1.vpce.amazonaws.com",
                "hosted_zone_id": "Z2E726K9Y6RL4W"
              },
              {
                "dns_name": "vpce-015d4aa21a68fb0da-ecr9edcu-ap-northeast-1c.ssm.ap-northeast-1.vpce.amazonaws.com",
                "hosted_zone_id": "Z2E726K9Y6RL4W"
              },
              {
                "dns_name": "ssm.ap-northeast-1.amazonaws.com",
                "hosted_zone_id": "Z0680570A44EEJUZ9359"
              },
              {
                "dns_name": "ssm.ap-northeast-1.api.aws",
                "hosted_zone_id": "Z0686980KBR0VASN7GPN"
              }
            ],
            "dns_options": [
              {
                "dns_record_ip_type": "ipv4",
                "private_dns_only_for_inbound_resolver_endpoint": false,
                "private_dns_preference": "",
                "private_dns_specified_domains": []
              }
            ],
            "id": "vpce-015d4aa21a68fb0da",
            "ip_address_type": "ipv4",
            "network_interface_ids": [
              "eni-02ce827397ae8871b",
              "eni-03f7b4a535c0cb5e2",
              "eni-0e4321ebe40ca372e"
            ],
            "owner_id": "950876749850",
            "policy": "{\"Statement\":[{\"Action\":\"*\",\"Effect\":\"Allow\",\"Principal\":\"*\",\"Resource\":\"*\"}]}",
            "prefix_list_id": null,
            "private_dns_enabled": true,
            "region": "ap-northeast-1",
            "requester_managed": false,
            "resource_configuration_arn": "",
            "route_table_ids": [],
            "security_group_ids": [
              "sg-0ca3138feb614a8a1"
            ],
            "service_name": "com.amazonaws.ap-northeast-1.ssm",
            "service_network_arn": "",
            "service_region": "ap-northeast-1",
            "state": "available",
            "subnet_configuration": [
              {
                "ipv4": "10.30.11.176",
                "ipv6": "",
                "subnet_id": "subnet-049f9a70a0cc913c3"
              },
              {
                "ipv4": "10.30.12.25",
                "ipv6": "",
                "subnet_id": "subnet-00f33d24cc6f4c692"
              },
              {
                "ipv4": "10.30.13.246",
                "ipv6": "",
                "subnet_id": "subnet-0cb9f5c1c3f49e1df"
              }
            ],
            "subnet_ids": [
              "subnet-00f33d24cc6f4c692",
              "subnet-049f9a70a0cc913c3",
              "subnet-0cb9f5c1c3f49e1df"
            ],
            "tags": {
              "Name": "ec2pri-ssm"
            },
            "tags_all": {
              "Name": "ec2pri-ssm"
            },
            "timeouts": null,
            "vpc_endpoint_type": "Interface",
            "vpc_id": "vpc-0749dcd9e4d0b62f2"
          },
          "sensitive_attributes": [],
          "identity_schema_version": 0,
          "identity": {
            "account_id": "950876749850",
            "id": "vpce-015d4aa21a68fb0da",
            "region": "ap-northeast-1"
          },
          "private": "eyJlMmJmYjczMC1lY2FhLTExZTYtOGY4OC0zNDM2M2JjN2M0YzAiOnsiY3JlYXRlIjo2MDAwMDAwMDAwMDAsImRlbGV0ZSI6NjAwMDAwMDAwMDAwLCJ1cGRhdGUiOjYwMDAwMDAwMDAwMH19",
          "dependencies": [
            "aws_security_group.vpc_endpoints_sg",
            "aws_subnet.private",
            "aws_vpc.main_vpc",
            "data.aws_availability_zones.available",
            "data.aws_region.current_region"
          ]
        }
      ]
    },
    {
      "mode": "managed",
      "type": "aws_vpc_endpoint",
      "name": "ec2pri_ssmmessages",
      "provider": "provider[\"registry.terraform.io/hashicorp/aws\"]",
      "instances": [
        {
          "schema_version": 0,
          "attributes": {
            "arn": "arn:aws:ec2:ap-northeast-1:950876749850:vpc-endpoint/vpce-0d7cddd9f1cf5907c",
            "auto_accept": null,
            "cidr_blocks": [],
            "dns_entry": [
              {
                "dns_name": "vpce-0d7cddd9f1cf5907c-fceb0obc.ssmmessages.ap-northeast-1.vpce.amazonaws.com",
                "hosted_zone_id": "Z2E726K9Y6RL4W"
              },
              {
                "dns_name": "vpce-0d7cddd9f1cf5907c-fceb0obc-ap-northeast-1d.ssmmessages.ap-northeast-1.vpce.amazonaws.com",
                "hosted_zone_id": "Z2E726K9Y6RL4W"
              },
              {
                "dns_name": "vpce-0d7cddd9f1cf5907c-fceb0obc-ap-northeast-1a.ssmmessages.ap-northeast-1.vpce.amazonaws.com",
                "hosted_zone_id": "Z2E726K9Y6RL4W"
              },
              {
                "dns_name": "vpce-0d7cddd9f1cf5907c-fceb0obc-ap-northeast-1c.ssmmessages.ap-northeast-1.vpce.amazonaws.com",
                "hosted_zone_id": "Z2E726K9Y6RL4W"
              },
              {
                "dns_name": "ssmmessages.ap-northeast-1.amazonaws.com",
                "hosted_zone_id": "Z06870323Q96PH9FS37J6"
              },
              {
                "dns_name": "ssmmessages.ap-northeast-1.api.aws",
                "hosted_zone_id": "Z04825452KCZXTVISERSP"
              }
            ],
            "dns_options": [
              {
                "dns_record_ip_type": "ipv4",
                "private_dns_only_for_inbound_resolver_endpoint": false,
                "private_dns_preference": "",
                "private_dns_specified_domains": []
              }
            ],
            "id": "vpce-0d7cddd9f1cf5907c",
            "ip_address_type": "ipv4",
            "network_interface_ids": [
              "eni-03a29cb540720c9c7",
              "eni-0acf475b8da1829df",
              "eni-0de0862d9a199ff3c"
            ],
            "owner_id": "950876749850",
            "policy": "{\"Statement\":[{\"Action\":\"*\",\"Effect\":\"Allow\",\"Principal\":\"*\",\"Resource\":\"*\"}]}",
            "prefix_list_id": null,
            "private_dns_enabled": true,
            "region": "ap-northeast-1",
            "requester_managed": false,
            "resource_configuration_arn": "",
            "route_table_ids": [],
            "security_group_ids": [
              "sg-0ca3138feb614a8a1"
            ],
            "service_name": "com.amazonaws.ap-northeast-1.ssmmessages",
            "service_network_arn": "",
            "service_region": "ap-northeast-1",
            "state": "available",
            "subnet_configuration": [
              {
                "ipv4": "10.30.11.128",
                "ipv6": "",
                "subnet_id": "subnet-049f9a70a0cc913c3"
              },
              {
                "ipv4": "10.30.12.58",
                "ipv6": "",
                "subnet_id": "subnet-00f33d24cc6f4c692"
              },
              {
                "ipv4": "10.30.13.104",
                "ipv6": "",
                "subnet_id": "subnet-0cb9f5c1c3f49e1df"
              }
            ],
            "subnet_ids": [
              "subnet-00f33d24cc6f4c692",
              "subnet-049f9a70a0cc913c3",
              "subnet-0cb9f5c1c3f49e1df"
            ],
            "tags": {
              "Name": "vpcend-ssmmessages"
            },
            "tags_all": {
              "Name": "vpcend-ssmmessages"
            },
            "timeouts": null,
            "vpc_endpoint_type": "Interface",
            "vpc_id": "vpc-0749dcd9e4d0b62f2"
          },
          "sensitive_attributes": [],
          "identity_schema_version": 0,
          "identity": {
            "account_id": "950876749850",
            "id": "vpce-0d7cddd9f1cf5907c",
            "region": "ap-northeast-1"
          },
          "private": "eyJlMmJmYjczMC1lY2FhLTExZTYtOGY4OC0zNDM2M2JjN2M0YzAiOnsiY3JlYXRlIjo2MDAwMDAwMDAwMDAsImRlbGV0ZSI6NjAwMDAwMDAwMDAwLCJ1cGRhdGUiOjYwMDAwMDAwMDAwMH19",
          "dependencies": [
            "aws_security_group.vpc_endpoints_sg",
            "aws_subnet.private",
            "aws_vpc.main_vpc",
            "data.aws_availability_zones.available",
            "data.aws_region.current_region"
          ]
        }
      ]
    },
    {
      "mode": "managed",
      "type": "aws_vpc_endpoint",
      "name": "sao_ec2pri_ec2messages",
      "provider": "provider[\"registry.terraform.io/hashicorp/aws\"].saopaulo",
      "instances": [
        {
          "schema_version": 0,
          "attributes": {
            "arn": "arn:aws:ec2:sa-east-1:950876749850:vpc-endpoint/vpce-0bac5071c922283fc",
            "auto_accept": null,
            "cidr_blocks": [],
            "dns_entry": [
              {
                "dns_name": "vpce-0bac5071c922283fc-ed3gwz7a.ec2messages.sa-east-1.vpce.amazonaws.com",
                "hosted_zone_id": "Z2LXUWEVLCVZIB"
              },
              {
                "dns_name": "vpce-0bac5071c922283fc-ed3gwz7a-sa-east-1a.ec2messages.sa-east-1.vpce.amazonaws.com",
                "hosted_zone_id": "Z2LXUWEVLCVZIB"
              },
              {
                "dns_name": "vpce-0bac5071c922283fc-ed3gwz7a-sa-east-1c.ec2messages.sa-east-1.vpce.amazonaws.com",
                "hosted_zone_id": "Z2LXUWEVLCVZIB"
              },
              {
                "dns_name": "vpce-0bac5071c922283fc-ed3gwz7a-sa-east-1b.ec2messages.sa-east-1.vpce.amazonaws.com",
                "hosted_zone_id": "Z2LXUWEVLCVZIB"
              },
              {
                "dns_name": "ec2messages.sa-east-1.amazonaws.com",
                "hosted_zone_id": "Z09009341HFUAYGEWZ4OF"
              }
            ],
            "dns_options": [
              {
                "dns_record_ip_type": "ipv4",
                "private_dns_only_for_inbound_resolver_endpoint": false,
                "private_dns_preference": "",
                "private_dns_specified_domains": []
              }
            ],
            "id": "vpce-0bac5071c922283fc",
            "ip_address_type": "ipv4",
            "network_interface_ids": [
              "eni-050332fa81a887f48",
              "eni-0849e23d6788f90f7",
              "eni-0fde80a0a63b6d6f9"
            ],
            "owner_id": "950876749850",
            "policy": "{\"Statement\":[{\"Action\":\"*\",\"Effect\":\"Allow\",\"Principal\":\"*\",\"Resource\":\"*\"}]}",
            "prefix_list_id": null,
            "private_dns_enabled": true,
            "region": "sa-east-1",
            "requester_managed": false,
            "resource_configuration_arn": "",
            "route_table_ids": [],
            "security_group_ids": [
              "sg-0e04c172c4d29d86b"
            ],
            "service_name": "com.amazonaws.sa-east-1.ec2messages",
            "service_network_arn": "",
            "service_region": "sa-east-1",
            "state": "available",
            "subnet_configuration": [
              {
                "ipv4": "10.80.11.27",
                "ipv6": "",
                "subnet_id": "subnet-07dbf568111e634f5"
              },
              {
                "ipv4": "10.80.12.34",
                "ipv6": "",
                "subnet_id": "subnet-06d5c75c6accf200c"
              },
              {
                "ipv4": "10.80.13.65",
                "ipv6": "",
                "subnet_id": "subnet-0873ecf862bb2eb5b"
              }
            ],
            "subnet_ids": [
              "subnet-06d5c75c6accf200c",
              "subnet-07dbf568111e634f5",
              "subnet-0873ecf862bb2eb5b"
            ],
            "tags": {
              "Name": "sao-vpce-ec2messages"
            },
            "tags_all": {
              "Name": "sao-vpce-ec2messages"
            },
            "timeouts": null,
            "vpc_endpoint_type": "Interface",
            "vpc_id": "vpc-09496ac03847d0650"
          },
          "sensitive_attributes": [],
          "identity_schema_version": 0,
          "identity": {
            "account_id": "950876749850",
            "id": "vpce-0bac5071c922283fc",
            "region": "sa-east-1"
          },
          "private": "eyJlMmJmYjczMC1lY2FhLTExZTYtOGY4OC0zNDM2M2JjN2M0YzAiOnsiY3JlYXRlIjo2MDAwMDAwMDAwMDAsImRlbGV0ZSI6NjAwMDAwMDAwMDAwLCJ1cGRhdGUiOjYwMDAwMDAwMDAwMH19",
          "dependencies": [
            "aws_security_group.sao_vpc_endpoints_sg",
            "aws_subnet.sao_private",
            "aws_vpc.sao_main_vpc",
            "data.aws_availability_zones.sao_available",
            "data.aws_region.sao_current_region"
          ]
        }
      ]
    },
    {
      "mode": "managed",
      "type": "aws_vpc_endpoint",
      "name": "sao_ec2pri_s3_gw",
      "provider": "provider[\"registry.terraform.io/hashicorp/aws\"].saopaulo",
      "instances": [
        {
          "schema_version": 0,
          "attributes": {
            "arn": "arn:aws:ec2:sa-east-1:950876749850:vpc-endpoint/vpce-0f43eaac0f586d80f",
            "auto_accept": null,
            "cidr_blocks": [
              "16.12.2.0/24",
              "3.5.232.0/22",
              "16.12.0.0/23",
              "52.95.163.0/24",
              "52.95.164.0/23"
            ],
            "dns_entry": [],
            "dns_options": [
              {
                "dns_record_ip_type": "service-defined",
                "private_dns_only_for_inbound_resolver_endpoint": false,
                "private_dns_preference": "",
                "private_dns_specified_domains": []
              }
            ],
            "id": "vpce-0f43eaac0f586d80f",
            "ip_address_type": "ipv4",
            "network_interface_ids": [],
            "owner_id": "950876749850",
            "policy": "{\"Statement\":[{\"Action\":\"*\",\"Effect\":\"Allow\",\"Principal\":\"*\",\"Resource\":\"*\"}],\"Version\":\"2008-10-17\"}",
            "prefix_list_id": "pl-6aa54003",
            "private_dns_enabled": false,
            "region": "sa-east-1",
            "requester_managed": false,
            "resource_configuration_arn": "",
            "route_table_ids": [
              "rtb-02f2a3c9c6bfdad59"
            ],
            "security_group_ids": [],
            "service_name": "com.amazonaws.sa-east-1.s3",
            "service_network_arn": "",
            "service_region": "sa-east-1",
            "state": "available",
            "subnet_configuration": [],
            "subnet_ids": [],
            "tags": {
              "Name": "sao-ec2pri-s3-gw"
            },
            "tags_all": {
              "Name": "sao-ec2pri-s3-gw"
            },
            "timeouts": null,
            "vpc_endpoint_type": "Gateway",
            "vpc_id": "vpc-09496ac03847d0650"
          },
          "sensitive_attributes": [],
          "identity_schema_version": 0,
          "identity": {
            "account_id": "950876749850",
            "id": "vpce-0f43eaac0f586d80f",
            "region": "sa-east-1"
          },
          "private": "eyJlMmJmYjczMC1lY2FhLTExZTYtOGY4OC0zNDM2M2JjN2M0YzAiOnsiY3JlYXRlIjo2MDAwMDAwMDAwMDAsImRlbGV0ZSI6NjAwMDAwMDAwMDAwLCJ1cGRhdGUiOjYwMDAwMDAwMDAwMH19",
          "dependencies": [
            "aws_eip.sao_main_nat_eip",
            "aws_internet_gateway.sao_main_igw",
            "aws_nat_gateway.sao_main_nat",
            "aws_route_table.sao_private_route",
            "aws_subnet.sao_public",
            "aws_vpc.sao_main_vpc",
            "data.aws_availability_zones.sao_available",
            "data.aws_region.sao_current_region"
          ]
        }
      ]
    },
    {
      "mode": "managed",
      "type": "aws_vpc_endpoint",
      "name": "sao_ec2pri_ssm",
      "provider": "provider[\"registry.terraform.io/hashicorp/aws\"].saopaulo",
      "instances": [
        {
          "schema_version": 0,
          "attributes": {
            "arn": "arn:aws:ec2:sa-east-1:950876749850:vpc-endpoint/vpce-0c447196011533870",
            "auto_accept": null,
            "cidr_blocks": [],
            "dns_entry": [
              {
                "dns_name": "vpce-0c447196011533870-9rib8eu5.ssm.sa-east-1.vpce.amazonaws.com",
                "hosted_zone_id": "Z2LXUWEVLCVZIB"
              },
              {
                "dns_name": "vpce-0c447196011533870-9rib8eu5-sa-east-1a.ssm.sa-east-1.vpce.amazonaws.com",
                "hosted_zone_id": "Z2LXUWEVLCVZIB"
              },
              {
                "dns_name": "vpce-0c447196011533870-9rib8eu5-sa-east-1b.ssm.sa-east-1.vpce.amazonaws.com",
                "hosted_zone_id": "Z2LXUWEVLCVZIB"
              },
              {
                "dns_name": "vpce-0c447196011533870-9rib8eu5-sa-east-1c.ssm.sa-east-1.vpce.amazonaws.com",
                "hosted_zone_id": "Z2LXUWEVLCVZIB"
              },
              {
                "dns_name": "ssm.sa-east-1.amazonaws.com",
                "hosted_zone_id": "Z0900955YY5XQBWTZ83S"
              },
              {
                "dns_name": "ssm-facade.sa-east-1.amazonaws.com",
                "hosted_zone_id": "Z06573391X31F9S74CLRB"
              },
              {
                "dns_name": "ssm.sa-east-1.api.aws",
                "hosted_zone_id": "Z068213425XRU8TMOOTRI"
              }
            ],
            "dns_options": [
              {
                "dns_record_ip_type": "ipv4",
                "private_dns_only_for_inbound_resolver_endpoint": false,
                "private_dns_preference": "",
                "private_dns_specified_domains": []
              }
            ],
            "id": "vpce-0c447196011533870",
            "ip_address_type": "ipv4",
            "network_interface_ids": [
              "eni-0103896fade03fa84",
              "eni-016729ccfc6f13f33",
              "eni-0df76d1018325222e"
            ],
            "owner_id": "950876749850",
            "policy": "{\"Statement\":[{\"Action\":\"*\",\"Effect\":\"Allow\",\"Principal\":\"*\",\"Resource\":\"*\"}]}",
            "prefix_list_id": null,
            "private_dns_enabled": true,
            "region": "sa-east-1",
            "requester_managed": false,
            "resource_configuration_arn": "",
            "route_table_ids": [],
            "security_group_ids": [
              "sg-0e04c172c4d29d86b"
            ],
            "service_name": "com.amazonaws.sa-east-1.ssm",
            "service_network_arn": "",
            "service_region": "sa-east-1",
            "state": "available",
            "subnet_configuration": [
              {
                "ipv4": "10.80.11.94",
                "ipv6": "",
                "subnet_id": "subnet-07dbf568111e634f5"
              },
              {
                "ipv4": "10.80.12.68",
                "ipv6": "",
                "subnet_id": "subnet-06d5c75c6accf200c"
              },
              {
                "ipv4": "10.80.13.79",
                "ipv6": "",
                "subnet_id": "subnet-0873ecf862bb2eb5b"
              }
            ],
            "subnet_ids": [
              "subnet-06d5c75c6accf200c",
              "subnet-07dbf568111e634f5",
              "subnet-0873ecf862bb2eb5b"
            ],
            "tags": {
              "Name": "sao-vpce-ssm"
            },
            "tags_all": {
              "Name": "sao-vpce-ssm"
            },
            "timeouts": null,
            "vpc_endpoint_type": "Interface",
            "vpc_id": "vpc-09496ac03847d0650"
          },
          "sensitive_attributes": [],
          "identity_schema_version": 0,
          "identity": {
            "account_id": "950876749850",
            "id": "vpce-0c447196011533870",
            "region": "sa-east-1"
          },
          "private": "eyJlMmJmYjczMC1lY2FhLTExZTYtOGY4OC0zNDM2M2JjN2M0YzAiOnsiY3JlYXRlIjo2MDAwMDAwMDAwMDAsImRlbGV0ZSI6NjAwMDAwMDAwMDAwLCJ1cGRhdGUiOjYwMDAwMDAwMDAwMH19",
          "dependencies": [
            "aws_security_group.sao_vpc_endpoints_sg",
            "aws_subnet.sao_private",
            "aws_vpc.sao_main_vpc",
            "data.aws_availability_zones.sao_available",
            "data.aws_region.sao_current_region"
          ]
        }
      ]
    },
    {
      "mode": "managed",
      "type": "aws_vpc_endpoint",
      "name": "sao_ec2pri_ssmmessages",
      "provider": "provider[\"registry.terraform.io/hashicorp/aws\"].saopaulo",
      "instances": [
        {
          "schema_version": 0,
          "attributes": {
            "arn": "arn:aws:ec2:sa-east-1:950876749850:vpc-endpoint/vpce-00af5d2f6f9c68778",
            "auto_accept": null,
            "cidr_blocks": [],
            "dns_entry": [
              {
                "dns_name": "vpce-00af5d2f6f9c68778-bknchkxq.ssmmessages.sa-east-1.vpce.amazonaws.com",
                "hosted_zone_id": "Z2LXUWEVLCVZIB"
              },
              {
                "dns_name": "vpce-00af5d2f6f9c68778-bknchkxq-sa-east-1a.ssmmessages.sa-east-1.vpce.amazonaws.com",
                "hosted_zone_id": "Z2LXUWEVLCVZIB"
              },
              {
                "dns_name": "vpce-00af5d2f6f9c68778-bknchkxq-sa-east-1c.ssmmessages.sa-east-1.vpce.amazonaws.com",
                "hosted_zone_id": "Z2LXUWEVLCVZIB"
              },
              {
                "dns_name": "vpce-00af5d2f6f9c68778-bknchkxq-sa-east-1b.ssmmessages.sa-east-1.vpce.amazonaws.com",
                "hosted_zone_id": "Z2LXUWEVLCVZIB"
              },
              {
                "dns_name": "ssmmessages.sa-east-1.amazonaws.com",
                "hosted_zone_id": "Z06628391EIBKPKPLQBDG"
              },
              {
                "dns_name": "ssmmessages.sa-east-1.api.aws",
                "hosted_zone_id": "Z06560612WWBW8CRFM29Y"
              }
            ],
            "dns_options": [
              {
                "dns_record_ip_type": "ipv4",
                "private_dns_only_for_inbound_resolver_endpoint": false,
                "private_dns_preference": "",
                "private_dns_specified_domains": []
              }
            ],
            "id": "vpce-00af5d2f6f9c68778",
            "ip_address_type": "ipv4",
            "network_interface_ids": [
              "eni-0419d2f7976f4ad91",
              "eni-04790b74f6dcede19",
              "eni-050df23d23dbdbd93"
            ],
            "owner_id": "950876749850",
            "policy": "{\"Statement\":[{\"Action\":\"*\",\"Effect\":\"Allow\",\"Principal\":\"*\",\"Resource\":\"*\"}]}",
            "prefix_list_id": null,
            "private_dns_enabled": true,
            "region": "sa-east-1",
            "requester_managed": false,
            "resource_configuration_arn": "",
            "route_table_ids": [],
            "security_group_ids": [
              "sg-0e04c172c4d29d86b"
            ],
            "service_name": "com.amazonaws.sa-east-1.ssmmessages",
            "service_network_arn": "",
            "service_region": "sa-east-1",
            "state": "available",
            "subnet_configuration": [
              {
                "ipv4": "10.80.11.184",
                "ipv6": "",
                "subnet_id": "subnet-07dbf568111e634f5"
              },
              {
                "ipv4": "10.80.12.232",
                "ipv6": "",
                "subnet_id": "subnet-06d5c75c6accf200c"
              },
              {
                "ipv4": "10.80.13.29",
                "ipv6": "",
                "subnet_id": "subnet-0873ecf862bb2eb5b"
              }
            ],
            "subnet_ids": [
              "subnet-06d5c75c6accf200c",
              "subnet-07dbf568111e634f5",
              "subnet-0873ecf862bb2eb5b"
            ],
            "tags": {
              "Name": "sao-vpce-ssmmessages"
            },
            "tags_all": {
              "Name": "sao-vpce-ssmmessages"
            },
            "timeouts": null,
            "vpc_endpoint_type": "Interface",
            "vpc_id": "vpc-09496ac03847d0650"
          },
          "sensitive_attributes": [],
          "identity_schema_version": 0,
          "identity": {
            "account_id": "950876749850",
            "id": "vpce-00af5d2f6f9c68778",
            "region": "sa-east-1"
          },
          "private": "eyJlMmJmYjczMC1lY2FhLTExZTYtOGY4OC0zNDM2M2JjN2M0YzAiOnsiY3JlYXRlIjo2MDAwMDAwMDAwMDAsImRlbGV0ZSI6NjAwMDAwMDAwMDAwLCJ1cGRhdGUiOjYwMDAwMDAwMDAwMH19",
          "dependencies": [
            "aws_security_group.sao_vpc_endpoints_sg",
            "aws_subnet.sao_private",
            "aws_vpc.sao_main_vpc",
            "data.aws_availability_zones.sao_available",
            "data.aws_region.sao_current_region"
          ]
        }
      ]
    },
    {
      "mode": "managed",
      "type": "aws_vpc_security_group_egress_rule",
      "name": "alb_to_ec2_private_http",
      "provider": "provider[\"registry.terraform.io/hashicorp/aws\"]",
      "instances": [
        {
          "schema_version": 0,
          "attributes": {
            "arn": "arn:aws:ec2:ap-northeast-1:950876749850:security-group-rule/sgr-0dcd8c7a8e1291f9b",
            "cidr_ipv4": null,
            "cidr_ipv6": null,
            "description": null,
            "from_port": 80,
            "id": "sgr-0dcd8c7a8e1291f9b",
            "ip_protocol": "tcp",
            "prefix_list_id": null,
            "referenced_security_group_id": "sg-0f4a71233c11678e0",
            "region": "ap-northeast-1",
            "security_group_id": "sg-041e9ba1255546532",
            "security_group_rule_id": "sgr-0dcd8c7a8e1291f9b",
            "tags": null,
            "tags_all": {},
            "to_port": 80
          },
          "sensitive_attributes": [],
          "identity_schema_version": 0,
          "identity": {
            "account_id": "950876749850",
            "id": "sgr-0dcd8c7a8e1291f9b",
            "region": "ap-northeast-1"
          },
          "dependencies": [
            "aws_security_group.alb_sg",
            "aws_security_group.ec2_private_sg",
            "aws_vpc.main_vpc"
          ]
        }
      ]
    },
    {
      "mode": "managed",
      "type": "aws_vpc_security_group_egress_rule",
      "name": "ec2_lab_outbound",
      "provider": "provider[\"registry.terraform.io/hashicorp/aws\"]",
      "instances": [
        {
          "schema_version": 0,
          "attributes": {
            "arn": "arn:aws:ec2:ap-northeast-1:950876749850:security-group-rule/sgr-07ca60c4c9e8e5be0",
            "cidr_ipv4": "0.0.0.0/0",
            "cidr_ipv6": null,
            "description": null,
            "from_port": null,
            "id": "sgr-07ca60c4c9e8e5be0",
            "ip_protocol": "-1",
            "prefix_list_id": null,
            "referenced_security_group_id": null,
            "region": "ap-northeast-1",
            "security_group_id": "sg-0e80c2eae8e0c2c67",
            "security_group_rule_id": "sgr-07ca60c4c9e8e5be0",
            "tags": null,
            "tags_all": {},
            "to_port": null
          },
          "sensitive_attributes": [],
          "identity_schema_version": 0,
          "identity": {
            "account_id": "950876749850",
            "id": "sgr-07ca60c4c9e8e5be0",
            "region": "ap-northeast-1"
          },
          "dependencies": [
            "aws_security_group.ec2_lab_sg",
            "aws_vpc.main_vpc"
          ]
        }
      ]
    },
    {
      "mode": "managed",
      "type": "aws_vpc_security_group_egress_rule",
      "name": "ec2_private_all_out",
      "provider": "provider[\"registry.terraform.io/hashicorp/aws\"]",
      "instances": [
        {
          "schema_version": 0,
          "attributes": {
            "arn": "arn:aws:ec2:ap-northeast-1:950876749850:security-group-rule/sgr-014a997a8d01f3499",
            "cidr_ipv4": "0.0.0.0/0",
            "cidr_ipv6": null,
            "description": null,
            "from_port": null,
            "id": "sgr-014a997a8d01f3499",
            "ip_protocol": "-1",
            "prefix_list_id": null,
            "referenced_security_group_id": null,
            "region": "ap-northeast-1",
            "security_group_id": "sg-0f4a71233c11678e0",
            "security_group_rule_id": "sgr-014a997a8d01f3499",
            "tags": null,
            "tags_all": {},
            "to_port": null
          },
          "sensitive_attributes": [],
          "identity_schema_version": 0,
          "identity": {
            "account_id": "950876749850",
            "id": "sgr-014a997a8d01f3499",
            "region": "ap-northeast-1"
          },
          "dependencies": [
            "aws_security_group.ec2_private_sg",
            "aws_vpc.main_vpc"
          ]
        }
      ]
    },
    {
      "mode": "managed",
      "type": "aws_vpc_security_group_egress_rule",
      "name": "rds_mysql_outbound",
      "provider": "provider[\"registry.terraform.io/hashicorp/aws\"]",
      "instances": [
        {
          "schema_version": 0,
          "attributes": {
            "arn": "arn:aws:ec2:ap-northeast-1:950876749850:security-group-rule/sgr-0f780c88f574eb880",
            "cidr_ipv4": "0.0.0.0/0",
            "cidr_ipv6": null,
            "description": null,
            "from_port": null,
            "id": "sgr-0f780c88f574eb880",
            "ip_protocol": "-1",
            "prefix_list_id": null,
            "referenced_security_group_id": null,
            "region": "ap-northeast-1",
            "security_group_id": "sg-0b9fb6a9e4b7d48e9",
            "security_group_rule_id": "sgr-0f780c88f574eb880",
            "tags": null,
            "tags_all": {},
            "to_port": null
          },
          "sensitive_attributes": [],
          "identity_schema_version": 0,
          "identity": {
            "account_id": "950876749850",
            "id": "sgr-0f780c88f574eb880",
            "region": "ap-northeast-1"
          },
          "dependencies": [
            "aws_security_group.rds_lab_sg",
            "aws_vpc.main_vpc"
          ]
        }
      ]
    },
    {
      "mode": "managed",
      "type": "aws_vpc_security_group_egress_rule",
      "name": "sao_ec2_lab_outbound",
      "provider": "provider[\"registry.terraform.io/hashicorp/aws\"].saopaulo",
      "instances": [
        {
          "schema_version": 0,
          "attributes": {
            "arn": "arn:aws:ec2:sa-east-1:950876749850:security-group-rule/sgr-099b62259e639a048",
            "cidr_ipv4": "0.0.0.0/0",
            "cidr_ipv6": null,
            "description": null,
            "from_port": null,
            "id": "sgr-099b62259e639a048",
            "ip_protocol": "-1",
            "prefix_list_id": null,
            "referenced_security_group_id": null,
            "region": "sa-east-1",
            "security_group_id": "sg-0635c16a71aa83e36",
            "security_group_rule_id": "sgr-099b62259e639a048",
            "tags": null,
            "tags_all": {},
            "to_port": null
          },
          "sensitive_attributes": [],
          "identity_schema_version": 0,
          "identity": {
            "account_id": "950876749850",
            "id": "sgr-099b62259e639a048",
            "region": "sa-east-1"
          },
          "dependencies": [
            "aws_security_group.sao_ec2_lab_sg",
            "aws_vpc.sao_main_vpc"
          ]
        }
      ]
    },
    {
      "mode": "managed",
      "type": "aws_vpc_security_group_egress_rule",
      "name": "sao_vpc_endpoints_out_all",
      "provider": "provider[\"registry.terraform.io/hashicorp/aws\"].saopaulo",
      "instances": [
        {
          "schema_version": 0,
          "attributes": {
            "arn": "arn:aws:ec2:sa-east-1:950876749850:security-group-rule/sgr-0548ebf63492f4c73",
            "cidr_ipv4": "0.0.0.0/0",
            "cidr_ipv6": null,
            "description": null,
            "from_port": null,
            "id": "sgr-0548ebf63492f4c73",
            "ip_protocol": "-1",
            "prefix_list_id": null,
            "referenced_security_group_id": null,
            "region": "sa-east-1",
            "security_group_id": "sg-0e04c172c4d29d86b",
            "security_group_rule_id": "sgr-0548ebf63492f4c73",
            "tags": null,
            "tags_all": {},
            "to_port": null
          },
          "sensitive_attributes": [],
          "identity_schema_version": 0,
          "identity": {
            "account_id": "950876749850",
            "id": "sgr-0548ebf63492f4c73",
            "region": "sa-east-1"
          },
          "dependencies": [
            "aws_security_group.sao_vpc_endpoints_sg",
            "aws_vpc.sao_main_vpc"
          ]
        }
      ]
    },
    {
      "mode": "managed",
      "type": "aws_vpc_security_group_egress_rule",
      "name": "vpc_endpoints_all_out",
      "provider": "provider[\"registry.terraform.io/hashicorp/aws\"]",
      "instances": [
        {
          "schema_version": 0,
          "attributes": {
            "arn": "arn:aws:ec2:ap-northeast-1:950876749850:security-group-rule/sgr-01b20947d430e786e",
            "cidr_ipv4": "0.0.0.0/0",
            "cidr_ipv6": null,
            "description": null,
            "from_port": null,
            "id": "sgr-01b20947d430e786e",
            "ip_protocol": "-1",
            "prefix_list_id": null,
            "referenced_security_group_id": null,
            "region": "ap-northeast-1",
            "security_group_id": "sg-0ca3138feb614a8a1",
            "security_group_rule_id": "sgr-01b20947d430e786e",
            "tags": null,
            "tags_all": {},
            "to_port": null
          },
          "sensitive_attributes": [],
          "identity_schema_version": 0,
          "identity": {
            "account_id": "950876749850",
            "id": "sgr-01b20947d430e786e",
            "region": "ap-northeast-1"
          },
          "dependencies": [
            "aws_security_group.vpc_endpoints_sg",
            "aws_vpc.main_vpc"
          ]
        }
      ]
    },
    {
      "mode": "managed",
      "type": "aws_vpc_security_group_ingress_rule",
      "name": "alb_ingress_443_from_cf",
      "provider": "provider[\"registry.terraform.io/hashicorp/aws\"]",
      "instances": [
        {
          "schema_version": 0,
          "attributes": {
            "arn": "arn:aws:ec2:ap-northeast-1:950876749850:security-group-rule/sgr-0743bf42e5a1b398b",
            "cidr_ipv4": null,
            "cidr_ipv6": null,
            "description": null,
            "from_port": 443,
            "id": "sgr-0743bf42e5a1b398b",
            "ip_protocol": "tcp",
            "prefix_list_id": "pl-58a04531",
            "referenced_security_group_id": null,
            "region": "ap-northeast-1",
            "security_group_id": "sg-041e9ba1255546532",
            "security_group_rule_id": "sgr-0743bf42e5a1b398b",
            "tags": null,
            "tags_all": {},
            "to_port": 443
          },
          "sensitive_attributes": [],
          "identity_schema_version": 0,
          "identity": {
            "account_id": "950876749850",
            "id": "sgr-0743bf42e5a1b398b",
            "region": "ap-northeast-1"
          },
          "dependencies": [
            "aws_security_group.alb_sg",
            "aws_vpc.main_vpc",
            "data.aws_ec2_managed_prefix_list.armageddon_cf_origin_facing01"
          ]
        }
      ]
    },
    {
      "mode": "managed",
      "type": "aws_vpc_security_group_ingress_rule",
      "name": "ec2_lab_http",
      "provider": "provider[\"registry.terraform.io/hashicorp/aws\"]",
      "instances": [
        {
          "schema_version": 0,
          "attributes": {
            "arn": "arn:aws:ec2:ap-northeast-1:950876749850:security-group-rule/sgr-076d4ea2cd3b017e9",
            "cidr_ipv4": "0.0.0.0/0",
            "cidr_ipv6": null,
            "description": null,
            "from_port": 80,
            "id": "sgr-076d4ea2cd3b017e9",
            "ip_protocol": "tcp",
            "prefix_list_id": null,
            "referenced_security_group_id": null,
            "region": "ap-northeast-1",
            "security_group_id": "sg-0e80c2eae8e0c2c67",
            "security_group_rule_id": "sgr-076d4ea2cd3b017e9",
            "tags": null,
            "tags_all": {},
            "to_port": 80
          },
          "sensitive_attributes": [],
          "identity_schema_version": 0,
          "identity": {
            "account_id": "950876749850",
            "id": "sgr-076d4ea2cd3b017e9",
            "region": "ap-northeast-1"
          },
          "dependencies": [
            "aws_security_group.ec2_lab_sg",
            "aws_vpc.main_vpc"
          ]
        }
      ]
    },
    {
      "mode": "managed",
      "type": "aws_vpc_security_group_ingress_rule",
      "name": "ec2_lab_ssh",
      "provider": "provider[\"registry.terraform.io/hashicorp/aws\"]",
      "instances": [
        {
          "schema_version": 0,
          "attributes": {
            "arn": "arn:aws:ec2:ap-northeast-1:950876749850:security-group-rule/sgr-0d432707e652df73b",
            "cidr_ipv4": "192.159.210.72/32",
            "cidr_ipv6": null,
            "description": null,
            "from_port": 22,
            "id": "sgr-0d432707e652df73b",
            "ip_protocol": "tcp",
            "prefix_list_id": null,
            "referenced_security_group_id": null,
            "region": "ap-northeast-1",
            "security_group_id": "sg-0e80c2eae8e0c2c67",
            "security_group_rule_id": "sgr-0d432707e652df73b",
            "tags": null,
            "tags_all": {},
            "to_port": 22
          },
          "sensitive_attributes": [],
          "identity_schema_version": 0,
          "identity": {
            "account_id": "950876749850",
            "id": "sgr-0d432707e652df73b",
            "region": "ap-northeast-1"
          },
          "dependencies": [
            "aws_security_group.ec2_lab_sg",
            "aws_vpc.main_vpc"
          ]
        }
      ]
    },
    {
      "mode": "managed",
      "type": "aws_vpc_security_group_ingress_rule",
      "name": "ec2_private_from_alb_http",
      "provider": "provider[\"registry.terraform.io/hashicorp/aws\"]",
      "instances": [
        {
          "schema_version": 0,
          "attributes": {
            "arn": "arn:aws:ec2:ap-northeast-1:950876749850:security-group-rule/sgr-0126e8d4018cd1ecf",
            "cidr_ipv4": null,
            "cidr_ipv6": null,
            "description": null,
            "from_port": 80,
            "id": "sgr-0126e8d4018cd1ecf",
            "ip_protocol": "tcp",
            "prefix_list_id": null,
            "referenced_security_group_id": "sg-041e9ba1255546532",
            "region": "ap-northeast-1",
            "security_group_id": "sg-0f4a71233c11678e0",
            "security_group_rule_id": "sgr-0126e8d4018cd1ecf",
            "tags": null,
            "tags_all": {},
            "to_port": 80
          },
          "sensitive_attributes": [],
          "identity_schema_version": 0,
          "identity": {
            "account_id": "950876749850",
            "id": "sgr-0126e8d4018cd1ecf",
            "region": "ap-northeast-1"
          },
          "dependencies": [
            "aws_security_group.alb_sg",
            "aws_security_group.ec2_private_sg",
            "aws_vpc.main_vpc"
          ]
        }
      ]
    },
    {
      "mode": "managed",
      "type": "aws_vpc_security_group_ingress_rule",
      "name": "rds_lab_mysql",
      "provider": "provider[\"registry.terraform.io/hashicorp/aws\"]",
      "instances": [
        {
          "schema_version": 0,
          "attributes": {
            "arn": "arn:aws:ec2:ap-northeast-1:950876749850:security-group-rule/sgr-0411630d31229fe08",
            "cidr_ipv4": null,
            "cidr_ipv6": null,
            "description": null,
            "from_port": 3306,
            "id": "sgr-0411630d31229fe08",
            "ip_protocol": "tcp",
            "prefix_list_id": null,
            "referenced_security_group_id": "sg-0e80c2eae8e0c2c67",
            "region": "ap-northeast-1",
            "security_group_id": "sg-0b9fb6a9e4b7d48e9",
            "security_group_rule_id": "sgr-0411630d31229fe08",
            "tags": null,
            "tags_all": {},
            "to_port": 3306
          },
          "sensitive_attributes": [],
          "identity_schema_version": 0,
          "identity": {
            "account_id": "950876749850",
            "id": "sgr-0411630d31229fe08",
            "region": "ap-northeast-1"
          },
          "dependencies": [
            "aws_security_group.ec2_lab_sg",
            "aws_security_group.rds_lab_sg",
            "aws_vpc.main_vpc"
          ]
        }
      ]
    },
    {
      "mode": "managed",
      "type": "aws_vpc_security_group_ingress_rule",
      "name": "rds_lab_mysql_from_ec2_private",
      "provider": "provider[\"registry.terraform.io/hashicorp/aws\"]",
      "instances": [
        {
          "schema_version": 0,
          "attributes": {
            "arn": "arn:aws:ec2:ap-northeast-1:950876749850:security-group-rule/sgr-0a408055c29ec189a",
            "cidr_ipv4": null,
            "cidr_ipv6": null,
            "description": null,
            "from_port": 3306,
            "id": "sgr-0a408055c29ec189a",
            "ip_protocol": "tcp",
            "prefix_list_id": null,
            "referenced_security_group_id": "sg-0f4a71233c11678e0",
            "region": "ap-northeast-1",
            "security_group_id": "sg-0b9fb6a9e4b7d48e9",
            "security_group_rule_id": "sgr-0a408055c29ec189a",
            "tags": null,
            "tags_all": {},
            "to_port": 3306
          },
          "sensitive_attributes": [],
          "identity_schema_version": 0,
          "identity": {
            "account_id": "950876749850",
            "id": "sgr-0a408055c29ec189a",
            "region": "ap-northeast-1"
          },
          "dependencies": [
            "aws_security_group.ec2_private_sg",
            "aws_security_group.rds_lab_sg",
            "aws_vpc.main_vpc"
          ]
        }
      ]
    },
    {
      "mode": "managed",
      "type": "aws_vpc_security_group_ingress_rule",
      "name": "rds_lab_mysql_from_sao",
      "provider": "provider[\"registry.terraform.io/hashicorp/aws\"]",
      "instances": [
        {
          "schema_version": 0,
          "attributes": {
            "arn": "arn:aws:ec2:ap-northeast-1:950876749850:security-group-rule/sgr-0419bd386ddb41fc3",
            "cidr_ipv4": "10.80.0.0/16",
            "cidr_ipv6": null,
            "description": null,
            "from_port": 3306,
            "id": "sgr-0419bd386ddb41fc3",
            "ip_protocol": "tcp",
            "prefix_list_id": null,
            "referenced_security_group_id": null,
            "region": "ap-northeast-1",
            "security_group_id": "sg-0b9fb6a9e4b7d48e9",
            "security_group_rule_id": "sgr-0419bd386ddb41fc3",
            "tags": null,
            "tags_all": {},
            "to_port": 3306
          },
          "sensitive_attributes": [],
          "identity_schema_version": 0,
          "identity": {
            "account_id": "950876749850",
            "id": "sgr-0419bd386ddb41fc3",
            "region": "ap-northeast-1"
          },
          "dependencies": [
            "aws_security_group.rds_lab_sg",
            "aws_vpc.main_vpc"
          ]
        }
      ]
    },
    {
      "mode": "managed",
      "type": "aws_vpc_security_group_ingress_rule",
      "name": "sao_ec2_lab_http",
      "provider": "provider[\"registry.terraform.io/hashicorp/aws\"].saopaulo",
      "instances": [
        {
          "schema_version": 0,
          "attributes": {
            "arn": "arn:aws:ec2:sa-east-1:950876749850:security-group-rule/sgr-0c1bad7d9f3da99d4",
            "cidr_ipv4": "0.0.0.0/0",
            "cidr_ipv6": null,
            "description": null,
            "from_port": 80,
            "id": "sgr-0c1bad7d9f3da99d4",
            "ip_protocol": "tcp",
            "prefix_list_id": null,
            "referenced_security_group_id": null,
            "region": "sa-east-1",
            "security_group_id": "sg-0635c16a71aa83e36",
            "security_group_rule_id": "sgr-0c1bad7d9f3da99d4",
            "tags": null,
            "tags_all": {},
            "to_port": 80
          },
          "sensitive_attributes": [],
          "identity_schema_version": 0,
          "identity": {
            "account_id": "950876749850",
            "id": "sgr-0c1bad7d9f3da99d4",
            "region": "sa-east-1"
          },
          "dependencies": [
            "aws_security_group.sao_ec2_lab_sg",
            "aws_vpc.sao_main_vpc"
          ]
        }
      ]
    },
    {
      "mode": "managed",
      "type": "aws_vpc_security_group_ingress_rule",
      "name": "sao_ec2_lab_ssh",
      "provider": "provider[\"registry.terraform.io/hashicorp/aws\"].saopaulo",
      "instances": [
        {
          "schema_version": 0,
          "attributes": {
            "arn": "arn:aws:ec2:sa-east-1:950876749850:security-group-rule/sgr-0bb2a971876ec3c3d",
            "cidr_ipv4": "192.159.210.72/32",
            "cidr_ipv6": null,
            "description": null,
            "from_port": 22,
            "id": "sgr-0bb2a971876ec3c3d",
            "ip_protocol": "tcp",
            "prefix_list_id": null,
            "referenced_security_group_id": null,
            "region": "sa-east-1",
            "security_group_id": "sg-0635c16a71aa83e36",
            "security_group_rule_id": "sgr-0bb2a971876ec3c3d",
            "tags": null,
            "tags_all": {},
            "to_port": 22
          },
          "sensitive_attributes": [],
          "identity_schema_version": 0,
          "identity": {
            "account_id": "950876749850",
            "id": "sgr-0bb2a971876ec3c3d",
            "region": "sa-east-1"
          },
          "dependencies": [
            "aws_security_group.sao_ec2_lab_sg",
            "aws_vpc.sao_main_vpc"
          ]
        }
      ]
    },
    {
      "mode": "managed",
      "type": "aws_vpc_security_group_ingress_rule",
      "name": "sao_vpc_endpoints_in_443_from_ec2",
      "provider": "provider[\"registry.terraform.io/hashicorp/aws\"].saopaulo",
      "instances": [
        {
          "schema_version": 0,
          "attributes": {
            "arn": "arn:aws:ec2:sa-east-1:950876749850:security-group-rule/sgr-08f4e5c453e62240a",
            "cidr_ipv4": null,
            "cidr_ipv6": null,
            "description": null,
            "from_port": 443,
            "id": "sgr-08f4e5c453e62240a",
            "ip_protocol": "tcp",
            "prefix_list_id": null,
            "referenced_security_group_id": "sg-0933a6eb306a72286",
            "region": "sa-east-1",
            "security_group_id": "sg-0e04c172c4d29d86b",
            "security_group_rule_id": "sgr-08f4e5c453e62240a",
            "tags": null,
            "tags_all": {},
            "to_port": 443
          },
          "sensitive_attributes": [],
          "identity_schema_version": 0,
          "identity": {
            "account_id": "950876749850",
            "id": "sgr-08f4e5c453e62240a",
            "region": "sa-east-1"
          },
          "dependencies": [
            "aws_security_group.sao_ec2pri_sg",
            "aws_security_group.sao_vpc_endpoints_sg",
            "aws_vpc.sao_main_vpc"
          ]
        }
      ]
    },
    {
      "mode": "managed",
      "type": "aws_vpc_security_group_ingress_rule",
      "name": "tokyo_ec2_private_from_sao_http",
      "provider": "provider[\"registry.terraform.io/hashicorp/aws\"]",
      "instances": [
        {
          "schema_version": 0,
          "attributes": {
            "arn": "arn:aws:ec2:ap-northeast-1:950876749850:security-group-rule/sgr-034f5435373eace42",
            "cidr_ipv4": "10.80.0.0/16",
            "cidr_ipv6": null,
            "description": null,
            "from_port": 80,
            "id": "sgr-034f5435373eace42",
            "ip_protocol": "tcp",
            "prefix_list_id": null,
            "referenced_security_group_id": null,
            "region": "ap-northeast-1",
            "security_group_id": "sg-0f4a71233c11678e0",
            "security_group_rule_id": "sgr-034f5435373eace42",
            "tags": null,
            "tags_all": {},
            "to_port": 80
          },
          "sensitive_attributes": [],
          "identity_schema_version": 0,
          "identity": {
            "account_id": "950876749850",
            "id": "sgr-034f5435373eace42",
            "region": "ap-northeast-1"
          },
          "dependencies": [
            "aws_security_group.ec2_private_sg",
            "aws_vpc.main_vpc"
          ]
        }
      ]
    },
    {
      "mode": "managed",
      "type": "aws_vpc_security_group_ingress_rule",
      "name": "vpc_endpoints_from_ec2_lab_443",
      "provider": "provider[\"registry.terraform.io/hashicorp/aws\"]",
      "instances": [
        {
          "schema_version": 0,
          "attributes": {
            "arn": "arn:aws:ec2:ap-northeast-1:950876749850:security-group-rule/sgr-04d0cae7e6d11c78d",
            "cidr_ipv4": null,
            "cidr_ipv6": null,
            "description": null,
            "from_port": 443,
            "id": "sgr-04d0cae7e6d11c78d",
            "ip_protocol": "tcp",
            "prefix_list_id": null,
            "referenced_security_group_id": "sg-0e80c2eae8e0c2c67",
            "region": "ap-northeast-1",
            "security_group_id": "sg-0ca3138feb614a8a1",
            "security_group_rule_id": "sgr-04d0cae7e6d11c78d",
            "tags": null,
            "tags_all": {},
            "to_port": 443
          },
          "sensitive_attributes": [],
          "identity_schema_version": 0,
          "identity": {
            "account_id": "950876749850",
            "id": "sgr-04d0cae7e6d11c78d",
            "region": "ap-northeast-1"
          },
          "dependencies": [
            "aws_security_group.ec2_lab_sg",
            "aws_security_group.vpc_endpoints_sg",
            "aws_vpc.main_vpc"
          ]
        }
      ]
    },
    {
      "mode": "managed",
      "type": "aws_vpc_security_group_ingress_rule",
      "name": "vpc_endpoints_from_ec2_private_443",
      "provider": "provider[\"registry.terraform.io/hashicorp/aws\"]",
      "instances": [
        {
          "schema_version": 0,
          "attributes": {
            "arn": "arn:aws:ec2:ap-northeast-1:950876749850:security-group-rule/sgr-0a73fd392cf7c23e3",
            "cidr_ipv4": null,
            "cidr_ipv6": null,
            "description": null,
            "from_port": 443,
            "id": "sgr-0a73fd392cf7c23e3",
            "ip_protocol": "tcp",
            "prefix_list_id": null,
            "referenced_security_group_id": "sg-0f4a71233c11678e0",
            "region": "ap-northeast-1",
            "security_group_id": "sg-0ca3138feb614a8a1",
            "security_group_rule_id": "sgr-0a73fd392cf7c23e3",
            "tags": null,
            "tags_all": {},
            "to_port": 443
          },
          "sensitive_attributes": [],
          "identity_schema_version": 0,
          "identity": {
            "account_id": "950876749850",
            "id": "sgr-0a73fd392cf7c23e3",
            "region": "ap-northeast-1"
          },
          "dependencies": [
            "aws_security_group.ec2_private_sg",
            "aws_security_group.vpc_endpoints_sg",
            "aws_vpc.main_vpc"
          ]
        }
      ]
    },
    {
      "mode": "managed",
      "type": "aws_wafv2_web_acl",
      "name": "armageddon_cf_waf",
      "provider": "provider[\"registry.terraform.io/hashicorp/aws\"].use1",
      "instances": [
        {
          "schema_version": 0,
          "attributes": {
            "application_integration_url": "",
            "arn": "arn:aws:wafv2:us-east-1:950876749850:global/webacl/armageddon-cf-waf/e7eaacf6-fbad-4c7b-b249-779813e5fb2b",
            "association_config": [],
            "capacity": 700,
            "captcha_config": [],
            "challenge_config": [],
            "custom_response_body": [],
            "data_protection_config": [],
            "default_action": [
              {
                "allow": [
                  {
                    "custom_request_handling": []
                  }
                ],
                "block": []
              }
            ],
            "description": "",
            "id": "e7eaacf6-fbad-4c7b-b249-779813e5fb2b",
            "lock_token": "58d9a46e-24c5-4601-b56d-75066147ad71",
            "name": "armageddon-cf-waf",
            "name_prefix": "",
            "region": "us-east-1",
            "rule": [
              {
                "action": [],
                "captcha_config": [],
                "challenge_config": [],
                "name": "AWSManagedRulesCommonRuleSet",
                "override_action": [
                  {
                    "count": [],
                    "none": [
                      {}
                    ]
                  }
                ],
                "priority": 1,
                "rule_label": [],
                "statement": [
                  {
                    "and_statement": [],
                    "asn_match_statement": [],
                    "byte_match_statement": [],
                    "geo_match_statement": [],
                    "ip_set_reference_statement": [],
                    "label_match_statement": [],
                    "managed_rule_group_statement": [
                      {
                        "managed_rule_group_configs": [],
                        "name": "AWSManagedRulesCommonRuleSet",
                        "rule_action_override": [],
                        "scope_down_statement": [],
                        "vendor_name": "AWS",
                        "version": ""
                      }
                    ],
                    "not_statement": [],
                    "or_statement": [],
                    "rate_based_statement": [],
                    "regex_match_statement": [],
                    "regex_pattern_set_reference_statement": [],
                    "rule_group_reference_statement": [],
                    "size_constraint_statement": [],
                    "sqli_match_statement": [],
                    "xss_match_statement": []
                  }
                ],
                "visibility_config": [
                  {
                    "cloudwatch_metrics_enabled": true,
                    "metric_name": "armageddon-cf-waf-common",
                    "sampled_requests_enabled": true
                  }
                ]
              }
            ],
            "rule_json": null,
            "scope": "CLOUDFRONT",
            "tags": {},
            "tags_all": {},
            "token_domains": [],
            "visibility_config": [
              {
                "cloudwatch_metrics_enabled": true,
                "metric_name": "armageddon-cf-waf",
                "sampled_requests_enabled": true
              }
            ]
          },
          "sensitive_attributes": [],
          "identity_schema_version": 0,
          "private": "bnVsbA=="
        }
      ]
    },
    {
      "mode": "managed",
      "type": "aws_wafv2_web_acl",
      "name": "armageddon_waf",
      "provider": "provider[\"registry.terraform.io/hashicorp/aws\"]",
      "instances": [
        {
          "index_key": 0,
          "schema_version": 0,
          "attributes": {
            "application_integration_url": "",
            "arn": "arn:aws:wafv2:ap-northeast-1:950876749850:regional/webacl/armageddon-waf/2c86bb10-17f8-4a95-a72c-54a8dba2f46f",
            "association_config": [],
            "capacity": 700,
            "captcha_config": [],
            "challenge_config": [],
            "custom_response_body": [],
            "data_protection_config": [],
            "default_action": [
              {
                "allow": [
                  {
                    "custom_request_handling": []
                  }
                ],
                "block": []
              }
            ],
            "description": "",
            "id": "2c86bb10-17f8-4a95-a72c-54a8dba2f46f",
            "lock_token": "dc464823-4171-4e4c-aa5b-7fea3253b3ba",
            "name": "armageddon-waf",
            "name_prefix": "",
            "region": "ap-northeast-1",
            "rule": [
              {
                "action": [],
                "captcha_config": [],
                "challenge_config": [],
                "name": "AWSManagedRulesCommonRuleSet",
                "override_action": [
                  {
                    "count": [],
                    "none": [
                      {}
                    ]
                  }
                ],
                "priority": 1,
                "rule_label": [],
                "statement": [
                  {
                    "and_statement": [],
                    "asn_match_statement": [],
                    "byte_match_statement": [],
                    "geo_match_statement": [],
                    "ip_set_reference_statement": [],
                    "label_match_statement": [],
                    "managed_rule_group_statement": [
                      {
                        "managed_rule_group_configs": [],
                        "name": "AWSManagedRulesCommonRuleSet",
                        "rule_action_override": [],
                        "scope_down_statement": [],
                        "vendor_name": "AWS",
                        "version": ""
                      }
                    ],
                    "not_statement": [],
                    "or_statement": [],
                    "rate_based_statement": [],
                    "regex_match_statement": [],
                    "regex_pattern_set_reference_statement": [],
                    "rule_group_reference_statement": [],
                    "size_constraint_statement": [],
                    "sqli_match_statement": [],
                    "xss_match_statement": []
                  }
                ],
                "visibility_config": [
                  {
                    "cloudwatch_metrics_enabled": true,
                    "metric_name": "waf-common",
                    "sampled_requests_enabled": true
                  }
                ]
              }
            ],
            "rule_json": null,
            "scope": "REGIONAL",
            "tags": {
              "Name": "armageddon-waf"
            },
            "tags_all": {
              "Name": "armageddon-waf"
            },
            "token_domains": [],
            "visibility_config": [
              {
                "cloudwatch_metrics_enabled": true,
                "metric_name": "armageddon-waf",
                "sampled_requests_enabled": true
              }
            ]
          },
          "sensitive_attributes": [],
          "identity_schema_version": 0,
          "private": "bnVsbA=="
        }
      ]
    },
    {
      "mode": "managed",
      "type": "aws_wafv2_web_acl",
      "name": "sao_armageddon_waf",
      "provider": "provider[\"registry.terraform.io/hashicorp/aws\"].saopaulo",
      "instances": [
        {
          "index_key": 0,
          "schema_version": 0,
          "attributes": {
            "application_integration_url": "",
            "arn": "arn:aws:wafv2:sa-east-1:950876749850:regional/webacl/sao-armageddon-waf/ad1c45f0-6e86-4eb6-9303-d783aec6ee2e",
            "association_config": [],
            "capacity": 700,
            "captcha_config": [],
            "challenge_config": [],
            "custom_response_body": [],
            "data_protection_config": [],
            "default_action": [
              {
                "allow": [
                  {
                    "custom_request_handling": []
                  }
                ],
                "block": []
              }
            ],
            "description": "",
            "id": "ad1c45f0-6e86-4eb6-9303-d783aec6ee2e",
            "lock_token": "1dcbc88c-4f59-43ea-b74b-29c9b8e59af0",
            "name": "sao-armageddon-waf",
            "name_prefix": "",
            "region": "sa-east-1",
            "rule": [
              {
                "action": [],
                "captcha_config": [],
                "challenge_config": [],
                "name": "AWSManagedRulesCommonRuleSet",
                "override_action": [
                  {
                    "count": [],
                    "none": [
                      {}
                    ]
                  }
                ],
                "priority": 1,
                "rule_label": [],
                "statement": [
                  {
                    "and_statement": [],
                    "asn_match_statement": [],
                    "byte_match_statement": [],
                    "geo_match_statement": [],
                    "ip_set_reference_statement": [],
                    "label_match_statement": [],
                    "managed_rule_group_statement": [
                      {
                        "managed_rule_group_configs": [],
                        "name": "AWSManagedRulesCommonRuleSet",
                        "rule_action_override": [],
                        "scope_down_statement": [],
                        "vendor_name": "AWS",
                        "version": ""
                      }
                    ],
                    "not_statement": [],
                    "or_statement": [],
                    "rate_based_statement": [],
                    "regex_match_statement": [],
                    "regex_pattern_set_reference_statement": [],
                    "rule_group_reference_statement": [],
                    "size_constraint_statement": [],
                    "sqli_match_statement": [],
                    "xss_match_statement": []
                  }
                ],
                "visibility_config": [
                  {
                    "cloudwatch_metrics_enabled": true,
                    "metric_name": "sao-waf-common",
                    "sampled_requests_enabled": true
                  }
                ]
              }
            ],
            "rule_json": null,
            "scope": "REGIONAL",
            "tags": {
              "Name": "sao-armageddon-waf"
            },
            "tags_all": {
              "Name": "sao-armageddon-waf"
            },
            "token_domains": [],
            "visibility_config": [
              {
                "cloudwatch_metrics_enabled": true,
                "metric_name": "sao-armageddon-waf",
                "sampled_requests_enabled": true
              }
            ]
          },
          "sensitive_attributes": [],
          "identity_schema_version": 0,
          "private": "bnVsbA=="
        }
      ]
    },
    {
      "mode": "managed",
      "type": "aws_wafv2_web_acl_association",
      "name": "armageddon_waf_assoc01",
      "provider": "provider[\"registry.terraform.io/hashicorp/aws\"]",
      "instances": [
        {
          "index_key": 0,
          "schema_version": 0,
          "attributes": {
            "id": "arn:aws:wafv2:ap-northeast-1:950876749850:regional/webacl/armageddon-waf/2c86bb10-17f8-4a95-a72c-54a8dba2f46f,arn:aws:elasticloadbalancing:ap-northeast-1:950876749850:loadbalancer/app/armageddon-alb/f4a0ef42f3edc1b1",
            "region": "ap-northeast-1",
            "resource_arn": "arn:aws:elasticloadbalancing:ap-northeast-1:950876749850:loadbalancer/app/armageddon-alb/f4a0ef42f3edc1b1",
            "timeouts": null,
            "web_acl_arn": "arn:aws:wafv2:ap-northeast-1:950876749850:regional/webacl/armageddon-waf/2c86bb10-17f8-4a95-a72c-54a8dba2f46f"
          },
          "sensitive_attributes": [],
          "identity_schema_version": 0,
          "private": "eyJlMmJmYjczMC1lY2FhLTExZTYtOGY4OC0zNDM2M2JjN2M0YzAiOnsiY3JlYXRlIjo2MDAwMDAwMDAwMDB9fQ==",
          "dependencies": [
            "aws_lb.armageddon_alb",
            "aws_s3_bucket.armageddon_alb_logs_bucket",
            "aws_security_group.alb_sg",
            "aws_subnet.public",
            "aws_vpc.main_vpc",
            "aws_wafv2_web_acl.armageddon_waf",
            "data.aws_availability_zones.available",
            "data.aws_caller_identity.armageddon_self"
          ]
        }
      ]
    },
    {
      "mode": "managed",
      "type": "aws_wafv2_web_acl_association",
      "name": "sao_armageddon_waf_assoc01",
      "provider": "provider[\"registry.terraform.io/hashicorp/aws\"].saopaulo",
      "instances": [
        {
          "index_key": 0,
          "schema_version": 0,
          "attributes": {
            "id": "arn:aws:wafv2:sa-east-1:950876749850:regional/webacl/sao-armageddon-waf/ad1c45f0-6e86-4eb6-9303-d783aec6ee2e,arn:aws:elasticloadbalancing:sa-east-1:950876749850:loadbalancer/app/sao-armageddon-alb/21fe6d104cd5e1cb",
            "region": "sa-east-1",
            "resource_arn": "arn:aws:elasticloadbalancing:sa-east-1:950876749850:loadbalancer/app/sao-armageddon-alb/21fe6d104cd5e1cb",
            "timeouts": null,
            "web_acl_arn": "arn:aws:wafv2:sa-east-1:950876749850:regional/webacl/sao-armageddon-waf/ad1c45f0-6e86-4eb6-9303-d783aec6ee2e"
          },
          "sensitive_attributes": [],
          "identity_schema_version": 0,
          "private": "eyJlMmJmYjczMC1lY2FhLTExZTYtOGY4OC0zNDM2M2JjN2M0YzAiOnsiY3JlYXRlIjo2MDAwMDAwMDAwMDB9fQ==",
          "dependencies": [
            "aws_lb.sao_armageddon_alb",
            "aws_s3_bucket.sao_armageddon_alb_logs_bucket",
            "aws_security_group.sao_alb_sg",
            "aws_subnet.sao_public",
            "aws_vpc.sao_main_vpc",
            "aws_wafv2_web_acl.sao_armageddon_waf",
            "data.aws_availability_zones.sao_available",
            "data.aws_caller_identity.sao_armageddon_self"
          ]
        }
      ]
    },
    {
      "mode": "managed",
      "type": "aws_wafv2_web_acl_logging_configuration",
      "name": "sao_armageddon_waf_logging_firehose01",
      "provider": "provider[\"registry.terraform.io/hashicorp/aws\"].saopaulo",
      "instances": [
        {
          "index_key": 0,
          "schema_version": 0,
          "attributes": {
            "id": "arn:aws:wafv2:sa-east-1:950876749850:regional/webacl/sao-armageddon-waf/ad1c45f0-6e86-4eb6-9303-d783aec6ee2e",
            "log_destination_configs": [
              "arn:aws:firehose:sa-east-1:950876749850:deliverystream/aws-waf-logs-armageddon-sao-firehose01"
            ],
            "logging_filter": [],
            "redacted_fields": [],
            "region": "sa-east-1",
            "resource_arn": "arn:aws:wafv2:sa-east-1:950876749850:regional/webacl/sao-armageddon-waf/ad1c45f0-6e86-4eb6-9303-d783aec6ee2e"
          },
          "sensitive_attributes": [],
          "identity_schema_version": 0,
          "private": "bnVsbA==",
          "dependencies": [
            "aws_iam_role.sao_armageddon_firehose_role01",
            "aws_kinesis_firehose_delivery_stream.sao_armageddon_waf_firehose01",
            "aws_s3_bucket.sao_armageddon_firehose_waf_dest_bucket01",
            "aws_wafv2_web_acl.sao_armageddon_waf",
            "data.aws_caller_identity.sao_armageddon_self"
          ]
        }
      ]
    },
    {
      "mode": "managed",
      "type": "random_password",
      "name": "armageddon_origin_header_value01",
      "provider": "provider[\"registry.terraform.io/hashicorp/random\"]",
      "instances": [
        {
          "schema_version": 3,
          "attributes": {
            "bcrypt_hash": "$2a$10$jvVUFien/vJZnQNq4RbcN.AALwFgrr65AF.tYEGLuaNbRqh165m2S",
            "id": "none",
            "keepers": null,
            "length": 32,
            "lower": true,
            "min_lower": 0,
            "min_numeric": 0,
            "min_special": 0,
            "min_upper": 0,
            "number": true,
            "numeric": true,
            "override_special": null,
            "result": "jzWgzeCMSDJv1z1iF9huDT3zorXwcReE",
            "special": false,
            "upper": true
          },
          "sensitive_attributes": [
            [
              {
                "type": "get_attr",
                "value": "bcrypt_hash"
              }
            ],
            [
              {
                "type": "get_attr",
                "value": "result"
              }
            ]
          ],
          "identity_schema_version": 0
        }
      ]
    }
  ],
  "check_results": [
    {
      "object_kind": "var",
      "config_addr": "var.route53_hosted_zone_id",
      "status": "pass",
      "objects": [
        {
          "object_addr": "var.route53_hosted_zone_id",
          "status": "pass"
        }
      ]
    }
  ]
}
