{
  "version": 4,
  "terraform_version": "1.14.3",
  "serial": 509,
  "lineage": "3d680a91-d3b1-4828-c0fa-b0357b9ad66e",
  "outputs": {},
  "resources": [
    {
      "mode": "managed",
      "type": "aws_internet_gateway",
      "name": "armageddon_igw01",
      "provider": "provider[\"registry.terraform.io/hashicorp/aws\"]",
      "instances": [
        {
          "schema_version": 0,
          "attributes": {
            "arn": "arn:aws:ec2:us-east-1:630633961968:internet-gateway/igw-0a3868dbb4745f67e",
            "id": "igw-0a3868dbb4745f67e",
            "owner_id": "630633961968",
            "region": "us-east-1",
            "tags": {
              "Name": "armageddon-igw01"
            },
            "tags_all": {
              "Name": "armageddon-igw01"
            },
            "timeouts": null,
            "vpc_id": "vpc-09e4806e3a51a5ac8"
          },
          "sensitive_attributes": [],
          "identity_schema_version": 0,
          "private": "eyJlMmJmYjczMC1lY2FhLTExZTYtOGY4OC0zNDM2M2JjN2M0YzAiOnsiY3JlYXRlIjoxMjAwMDAwMDAwMDAwLCJkZWxldGUiOjEyMDAwMDAwMDAwMDAsInVwZGF0ZSI6MTIwMDAwMDAwMDAwMH19",
          "dependencies": [
            "aws_vpc.armageddon_vpc01"
          ]
        }
      ]
    },
    {
      "mode": "managed",
      "type": "aws_s3_bucket",
      "name": "armageddon_waf_logs_bucket01",
      "provider": "provider[\"registry.terraform.io/hashicorp/aws\"]",
      "instances": []
    },
    {
      "mode": "managed",
      "type": "aws_s3_bucket_public_access_block",
      "name": "armageddon_waf_logs_pab01",
      "provider": "provider[\"registry.terraform.io/hashicorp/aws\"]",
      "instances": []
    },
    {
      "mode": "managed",
      "type": "aws_vpc",
      "name": "armageddon_vpc01",
      "provider": "provider[\"registry.terraform.io/hashicorp/aws\"]",
      "instances": [
        {
          "schema_version": 1,
          "attributes": {
            "arn": "arn:aws:ec2:us-east-1:630633961968:vpc/vpc-09e4806e3a51a5ac8",
            "assign_generated_ipv6_cidr_block": false,
            "cidr_block": "10.20.0.0/16",
            "default_network_acl_id": "acl-00e09af804660bfd2",
            "default_route_table_id": "rtb-0b5296c98292dd39a",
            "default_security_group_id": "sg-0198adf01a1c11fc4",
            "dhcp_options_id": "dopt-01915a9faad468662",
            "enable_dns_hostnames": true,
            "enable_dns_support": true,
            "enable_network_address_usage_metrics": false,
            "id": "vpc-09e4806e3a51a5ac8",
            "instance_tenancy": "default",
            "ipv4_ipam_pool_id": null,
            "ipv4_netmask_length": null,
            "ipv6_association_id": "",
            "ipv6_cidr_block": "",
            "ipv6_cidr_block_network_border_group": "",
            "ipv6_ipam_pool_id": "",
            "ipv6_netmask_length": 0,
            "main_route_table_id": "rtb-0b5296c98292dd39a",
            "owner_id": "630633961968",
            "region": "us-east-1",
            "tags": {
              "Name": "armageddon-vpc01"
            },
            "tags_all": {
              "Name": "armageddon-vpc01"
            }
          },
          "sensitive_attributes": [],
          "identity_schema_version": 0,
          "identity": {
            "account_id": "630633961968",
            "id": "vpc-09e4806e3a51a5ac8",
            "region": "us-east-1"
          },
          "private": "eyJzY2hlbWFfdmVyc2lvbiI6IjEifQ=="
        }
      ]
    },
    {
      "mode": "managed",
      "type": "aws_wafv2_web_acl_logging_configuration",
      "name": "armageddon_waf_logging_s3_01",
      "provider": "provider[\"registry.terraform.io/hashicorp/aws\"]",
      "instances": []
    }
  ],
  "check_results": null
}
